{
  "version": 4,
  "terraform_version": "1.1.2",
  "serial": 337,
  "lineage": "6b628cb2-d7ca-df0c-5d62-f76e9683a1d9",
  "outputs": {
    "aws_dynamodb_table_arn": {
      "value": "arn:aws:dynamodb:ap-southeast-1:661275851074:table/vlim-ws-chat-test-user-messages-dynamodb",
      "type": "string"
    },
    "aws_dynamodb_table_region": {
      "value": [],
      "type": [
        "set",
        [
          "object",
          {
            "kms_key_arn": "string",
            "region_name": "string"
          }
        ]
      ]
    },
    "message-response-lambda-function-arn": {
      "value": "arn:aws:lambda:ap-southeast-1:661275851074:function:vlim-ws-chat-va-message_response-test",
      "type": "string"
    },
    "message-response-lambda-function-name": {
      "value": "vlim-ws-chat-va-message_response-test",
      "type": "string"
    },
    "rootAPI": {
      "value": "https://ndad4t6ue4.execute-api.ap-southeast-1.amazonaws.com",
      "type": "string"
    },
    "user-lambda-function-arn": {
      "value": "arn:aws:lambda:ap-southeast-1:661275851074:function:vlim-ws-chat-vtest-a-user",
      "type": "string"
    },
    "user-lambda-function-name": {
      "value": "vlim-ws-chat-vtest-a-user",
      "type": "string"
    }
  },
  "resources": [
    {
      "mode": "data",
      "type": "archive_file",
      "name": "api-gateway-authorizer-lambda-archive",
      "provider": "provider[\"registry.terraform.io/hashicorp/archive\"]",
      "instances": [
        {
          "schema_version": 0,
          "attributes": {
            "excludes": null,
            "id": "f0817ad4807e1c3389db1617b30c02274c7d71b7",
            "output_base64sha256": "ZWgw1Jd3FE7/GprlPwkXzaK2+q+yJxBI2h0OYppzl6E=",
            "output_file_mode": null,
            "output_md5": "1581f53f61079de8854856d5e9ef8fb5",
            "output_path": "outputs/api-gateway-authorizer-lambda.zip",
            "output_sha": "f0817ad4807e1c3389db1617b30c02274c7d71b7",
            "output_size": 597,
            "source": [],
            "source_content": null,
            "source_content_filename": null,
            "source_dir": null,
            "source_file": "../users/users_methods/authenticate.py",
            "type": "zip"
          },
          "sensitive_attributes": []
        }
      ]
    },
    {
      "mode": "data",
      "type": "archive_file",
      "name": "core-lib-layer-archive",
      "provider": "provider[\"registry.terraform.io/hashicorp/archive\"]",
      "instances": [
        {
          "schema_version": 0,
          "attributes": {
            "excludes": null,
            "id": "9f9143be365b91b8be00497d589705b6024bf15f",
            "output_base64sha256": "Ilxc6DmM3pvGDrq3unXYScqHT4ojn/bWn1jV8n5quc4=",
            "output_file_mode": null,
            "output_md5": "52ad55d9ba4058b8561d543dbf42e724",
            "output_path": "outputs/core_lib_layer.zip",
            "output_sha": "9f9143be365b91b8be00497d589705b6024bf15f",
            "output_size": 11297,
            "source": [],
            "source_content": null,
            "source_content_filename": null,
            "source_dir": "/Users/vlim/Research/poc/chatApp/server/layer/core",
            "source_file": null,
            "type": "zip"
          },
          "sensitive_attributes": []
        }
      ]
    },
    {
      "mode": "data",
      "type": "archive_file",
      "name": "message-response-lambda-archive",
      "provider": "provider[\"registry.terraform.io/hashicorp/archive\"]",
      "instances": [
        {
          "schema_version": 0,
          "attributes": {
            "excludes": null,
            "id": "59adac7565341d462438af6ac95130504649894a",
            "output_base64sha256": "6ObCGaGdf04RzJaoTt0CVOPtBghZf1PTevr2pABEyG4=",
            "output_file_mode": null,
            "output_md5": "ff1be8e89fa6487f99556797ef3d0296",
            "output_path": "outputs/message-response-lambda.zip",
            "output_sha": "59adac7565341d462438af6ac95130504649894a",
            "output_size": 620,
            "source": [],
            "source_content": null,
            "source_content_filename": null,
            "source_dir": null,
            "source_file": "../pysendmessage/message_response.py",
            "type": "zip"
          },
          "sensitive_attributes": []
        }
      ]
    },
    {
      "mode": "data",
      "type": "archive_file",
      "name": "python-libs-layer-archive",
      "provider": "provider[\"registry.terraform.io/hashicorp/archive\"]",
      "instances": [
        {
          "schema_version": 0,
          "attributes": {
            "excludes": null,
            "id": "860f51b0a02506d8b6a7e10eb99659a52e11fcc0",
            "output_base64sha256": "yeTUu4NAuiy4AmO2HFEruojRX+VAO9g/RkGnlzDDpcY=",
            "output_file_mode": null,
            "output_md5": "4aa9b96ddfcb838e86096b575095b01f",
            "output_path": "outputs/python_libs_layer.zip",
            "output_sha": "860f51b0a02506d8b6a7e10eb99659a52e11fcc0",
            "output_size": 23402555,
            "source": [],
            "source_content": null,
            "source_content_filename": null,
            "source_dir": "/Users/vlim/Research/poc/chatApp/server/layer/python_libs",
            "source_file": null,
            "type": "zip"
          },
          "sensitive_attributes": []
        }
      ]
    },
    {
      "mode": "data",
      "type": "archive_file",
      "name": "user-lambda-archive",
      "provider": "provider[\"registry.terraform.io/hashicorp/archive\"]",
      "instances": [
        {
          "schema_version": 0,
          "attributes": {
            "excludes": null,
            "id": "33124fc68cdbbed3657b4687809babf84638fb29",
            "output_base64sha256": "+PnbKOgcpdCTxW6pTfccvp0TaH5TIqrEf0+3a5Hrwik=",
            "output_file_mode": null,
            "output_md5": "1341caac47edda304626b8ab27777b53",
            "output_path": "outputs/user-lambda.zip",
            "output_sha": "33124fc68cdbbed3657b4687809babf84638fb29",
            "output_size": 317,
            "source": [],
            "source_content": null,
            "source_content_filename": null,
            "source_dir": null,
            "source_file": "../users/handler.py",
            "type": "zip"
          },
          "sensitive_attributes": []
        }
      ]
    },
    {
      "mode": "managed",
      "type": "aws_api_gateway_deployment",
      "name": "deployment",
      "provider": "provider[\"registry.terraform.io/hashicorp/aws\"]",
      "instances": [
        {
          "schema_version": 0,
          "attributes": {
            "created_date": "2022-01-11T02:31:35Z",
            "description": "",
            "execution_arn": "arn:aws:execute-api:ap-southeast-1:661275851074:ndad4t6ue4/",
            "id": "fsla4n",
            "invoke_url": "https://ndad4t6ue4.execute-api.ap-southeast-1.amazonaws.com/",
            "rest_api_id": "ndad4t6ue4",
            "stage_description": null,
            "stage_name": null,
            "triggers": {
              "redeployment": "1cf575eb8597aabe9a701ca1994bd505e142e44e"
            },
            "variables": null
          },
          "sensitive_attributes": [],
          "private": "bnVsbA==",
          "dependencies": [
            "aws_api_gateway_gateway_response.default_4xx",
            "aws_api_gateway_gateway_response.default_5xx",
            "aws_api_gateway_gateway_response.missing_authentication_token",
            "aws_api_gateway_gateway_response.unauthorized",
            "aws_api_gateway_resource.users_api_resource",
            "aws_api_gateway_resource.users_signup_api_resource",
            "aws_api_gateway_rest_api.root_api",
            "aws_dynamodb_table.message-dynamodb-table",
            "aws_dynamodb_table.users-dynamodb-table",
            "aws_iam_role.full_access_dynamodb_lambda_role",
            "aws_lambda_function.user",
            "aws_lambda_layer_version.core_lib_layer",
            "aws_lambda_layer_version.python_libs_layer",
            "module.get_users_method_integration.aws_api_gateway_integration.api_integration",
            "module.get_users_method_integration.aws_api_gateway_method.method",
            "module.users_signup_method_integration.aws_api_gateway_integration.api_integration",
            "module.users_signup_method_integration.aws_api_gateway_method.method"
          ],
          "create_before_destroy": true
        }
      ]
    },
    {
      "mode": "managed",
      "type": "aws_api_gateway_gateway_response",
      "name": "default_4xx",
      "provider": "provider[\"registry.terraform.io/hashicorp/aws\"]",
      "instances": [
        {
          "schema_version": 0,
          "attributes": {
            "id": "aggr-ndad4t6ue4-DEFAULT_4XX",
            "response_parameters": {
              "gatewayresponse.header.Access-Control-Allow-Headers": "'Content-Type,X-Amz-Date,Authorization,X-Api-Key,X-Amz-Security-Token'",
              "gatewayresponse.header.Access-Control-Allow-Methods": "'POST,GET,PUT,PATCH,DELETE,OPTIONS'",
              "gatewayresponse.header.Access-Control-Allow-Origin": "'*'"
            },
            "response_templates": {
              "application/json": "{\"message\":$context.error.messageString}"
            },
            "response_type": "DEFAULT_4XX",
            "rest_api_id": "ndad4t6ue4",
            "status_code": ""
          },
          "sensitive_attributes": [],
          "private": "bnVsbA==",
          "dependencies": [
            "aws_api_gateway_rest_api.root_api"
          ],
          "create_before_destroy": true
        }
      ]
    },
    {
      "mode": "managed",
      "type": "aws_api_gateway_gateway_response",
      "name": "default_5xx",
      "provider": "provider[\"registry.terraform.io/hashicorp/aws\"]",
      "instances": [
        {
          "schema_version": 0,
          "attributes": {
            "id": "aggr-ndad4t6ue4-DEFAULT_5XX",
            "response_parameters": {
              "gatewayresponse.header.Access-Control-Allow-Headers": "'Content-Type,X-Amz-Date,Authorization,X-Api-Key,X-Amz-Security-Token'",
              "gatewayresponse.header.Access-Control-Allow-Methods": "'POST,GET,PUT,PATCH,DELETE,OPTIONS'",
              "gatewayresponse.header.Access-Control-Allow-Origin": "'*'"
            },
            "response_templates": {
              "application/json": "{\"message\": $context.error.messageString}"
            },
            "response_type": "DEFAULT_5XX",
            "rest_api_id": "ndad4t6ue4",
            "status_code": ""
          },
          "sensitive_attributes": [],
          "private": "bnVsbA==",
          "dependencies": [
            "aws_api_gateway_rest_api.root_api"
          ],
          "create_before_destroy": true
        }
      ]
    },
    {
      "mode": "managed",
      "type": "aws_api_gateway_gateway_response",
      "name": "missing_authentication_token",
      "provider": "provider[\"registry.terraform.io/hashicorp/aws\"]",
      "instances": [
        {
          "schema_version": 0,
          "attributes": {
            "id": "aggr-ndad4t6ue4-MISSING_AUTHENTICATION_TOKEN",
            "response_parameters": {
              "gatewayresponse.header.Access-Control-Allow-Headers": "'Content-Type,X-Amz-Date,Authorization,X-Api-Key,X-Amz-Security-Token'",
              "gatewayresponse.header.Access-Control-Allow-Methods": "'POST,GET,PUT,PATCH,DELETE,OPTIONS'",
              "gatewayresponse.header.Access-Control-Allow-Origin": "'*'"
            },
            "response_templates": {
              "application/json": "{\"message\": \"Resource not found\"}"
            },
            "response_type": "MISSING_AUTHENTICATION_TOKEN",
            "rest_api_id": "ndad4t6ue4",
            "status_code": "404"
          },
          "sensitive_attributes": [],
          "private": "bnVsbA==",
          "dependencies": [
            "aws_api_gateway_rest_api.root_api"
          ],
          "create_before_destroy": true
        }
      ]
    },
    {
      "mode": "managed",
      "type": "aws_api_gateway_gateway_response",
      "name": "unauthorized",
      "provider": "provider[\"registry.terraform.io/hashicorp/aws\"]",
      "instances": [
        {
          "schema_version": 0,
          "attributes": {
            "id": "aggr-ndad4t6ue4-UNAUTHORIZED",
            "response_parameters": {
              "gatewayresponse.header.Access-Control-Allow-Headers": "'Content-Type,X-Amz-Date,Authorization,X-Api-Key,X-Amz-Security-Token'",
              "gatewayresponse.header.Access-Control-Allow-Methods": "'POST,GET,PUT,PATCH,DELETE,OPTIONS'",
              "gatewayresponse.header.Access-Control-Allow-Origin": "'*'",
              "gatewayresponse.header.Authorization": "'Basic'"
            },
            "response_templates": {
              "application/json": "{\"message\":$context.error.messageString}"
            },
            "response_type": "UNAUTHORIZED",
            "rest_api_id": "ndad4t6ue4",
            "status_code": "401"
          },
          "sensitive_attributes": [],
          "private": "bnVsbA==",
          "dependencies": [
            "aws_api_gateway_rest_api.root_api"
          ],
          "create_before_destroy": true
        }
      ]
    },
    {
      "mode": "managed",
      "type": "aws_api_gateway_resource",
      "name": "users_api_resource",
      "provider": "provider[\"registry.terraform.io/hashicorp/aws\"]",
      "instances": [
        {
          "schema_version": 0,
          "attributes": {
            "id": "vv0dub",
            "parent_id": "2jz4dcuonc",
            "path": "/users",
            "path_part": "users",
            "rest_api_id": "ndad4t6ue4"
          },
          "sensitive_attributes": [],
          "private": "bnVsbA==",
          "dependencies": [
            "aws_api_gateway_rest_api.root_api"
          ],
          "create_before_destroy": true
        }
      ]
    },
    {
      "mode": "managed",
      "type": "aws_api_gateway_resource",
      "name": "users_signup_api_resource",
      "provider": "provider[\"registry.terraform.io/hashicorp/aws\"]",
      "instances": [
        {
          "schema_version": 0,
          "attributes": {
            "id": "znayc8",
            "parent_id": "vv0dub",
            "path": "/users/signup",
            "path_part": "signup",
            "rest_api_id": "ndad4t6ue4"
          },
          "sensitive_attributes": [],
          "private": "bnVsbA==",
          "dependencies": [
            "aws_api_gateway_resource.users_api_resource",
            "aws_api_gateway_rest_api.root_api"
          ],
          "create_before_destroy": true
        }
      ]
    },
    {
      "mode": "managed",
      "type": "aws_api_gateway_rest_api",
      "name": "root_api",
      "provider": "provider[\"registry.terraform.io/hashicorp/aws\"]",
      "instances": [
        {
          "schema_version": 0,
          "attributes": {
            "api_key_source": "HEADER",
            "arn": "arn:aws:apigateway:ap-southeast-1::/restapis/ndad4t6ue4",
            "binary_media_types": [],
            "body": null,
            "created_date": "2022-01-11T02:31:04Z",
            "description": "",
            "disable_execute_api_endpoint": false,
            "endpoint_configuration": [
              {
                "types": [
                  "EDGE"
                ],
                "vpc_endpoint_ids": []
              }
            ],
            "execution_arn": "arn:aws:execute-api:ap-southeast-1:661275851074:ndad4t6ue4",
            "id": "ndad4t6ue4",
            "minimum_compression_size": -1,
            "name": "vlim-ws-chat-test-va-root-api",
            "parameters": null,
            "policy": "",
            "root_resource_id": "2jz4dcuonc",
            "tags": null,
            "tags_all": {}
          },
          "sensitive_attributes": [],
          "private": "bnVsbA==",
          "create_before_destroy": true
        }
      ]
    },
    {
      "mode": "managed",
      "type": "aws_api_gateway_stage",
      "name": "stage",
      "provider": "provider[\"registry.terraform.io/hashicorp/aws\"]",
      "instances": [
        {
          "schema_version": 0,
          "attributes": {
            "access_log_settings": [],
            "arn": "arn:aws:apigateway:ap-southeast-1::/restapis/ndad4t6ue4/stages/test",
            "cache_cluster_enabled": false,
            "cache_cluster_size": "",
            "client_certificate_id": "",
            "deployment_id": "fsla4n",
            "description": "",
            "documentation_version": "",
            "execution_arn": "arn:aws:execute-api:ap-southeast-1:661275851074:ndad4t6ue4/test",
            "id": "ags-ndad4t6ue4-test",
            "invoke_url": "https://ndad4t6ue4.execute-api.ap-southeast-1.amazonaws.com/test",
            "rest_api_id": "ndad4t6ue4",
            "stage_name": "test",
            "tags": null,
            "tags_all": {},
            "variables": null,
            "xray_tracing_enabled": false
          },
          "sensitive_attributes": [],
          "private": "bnVsbA==",
          "dependencies": [
            "aws_api_gateway_deployment.deployment",
            "aws_api_gateway_gateway_response.default_4xx",
            "aws_api_gateway_gateway_response.default_5xx",
            "aws_api_gateway_gateway_response.missing_authentication_token",
            "aws_api_gateway_gateway_response.unauthorized",
            "aws_api_gateway_resource.users_api_resource",
            "aws_api_gateway_resource.users_signup_api_resource",
            "aws_api_gateway_rest_api.root_api",
            "aws_dynamodb_table.message-dynamodb-table",
            "aws_dynamodb_table.users-dynamodb-table",
            "aws_iam_role.full_access_dynamodb_lambda_role",
            "aws_lambda_function.user",
            "aws_lambda_layer_version.core_lib_layer",
            "aws_lambda_layer_version.python_libs_layer",
            "module.get_users_method_integration.aws_api_gateway_integration.api_integration",
            "module.get_users_method_integration.aws_api_gateway_method.method",
            "module.users_signup_method_integration.aws_api_gateway_integration.api_integration",
            "module.users_signup_method_integration.aws_api_gateway_method.method"
          ]
        }
      ]
    },
    {
      "mode": "managed",
      "type": "aws_cloudwatch_log_group",
      "name": "message_response",
      "provider": "provider[\"registry.terraform.io/hashicorp/aws\"]",
      "instances": [
        {
          "schema_version": 0,
          "attributes": {
            "arn": "arn:aws:logs:ap-southeast-1:661275851074:log-group:terraform-20220111023102649400000001",
            "id": "terraform-20220111023102649400000001",
            "kms_key_id": "",
            "name": "terraform-20220111023102649400000001",
            "name_prefix": null,
            "retention_in_days": 30,
            "tags": null,
            "tags_all": {}
          },
          "sensitive_attributes": [],
          "private": "bnVsbA=="
        }
      ]
    },
    {
      "mode": "managed",
      "type": "aws_cloudwatch_log_group",
      "name": "user",
      "provider": "provider[\"registry.terraform.io/hashicorp/aws\"]",
      "instances": [
        {
          "schema_version": 0,
          "attributes": {
            "arn": "arn:aws:logs:ap-southeast-1:661275851074:log-group:/aws/lambda/vlim-ws-chat-vtest-a-user",
            "id": "/aws/lambda/vlim-ws-chat-vtest-a-user",
            "kms_key_id": "",
            "name": "/aws/lambda/vlim-ws-chat-vtest-a-user",
            "name_prefix": null,
            "retention_in_days": 7,
            "tags": null,
            "tags_all": {}
          },
          "sensitive_attributes": [],
          "private": "bnVsbA==",
          "dependencies": [
            "aws_dynamodb_table.message-dynamodb-table",
            "aws_dynamodb_table.users-dynamodb-table",
            "aws_iam_role.full_access_dynamodb_lambda_role",
            "aws_lambda_function.user",
            "aws_lambda_layer_version.core_lib_layer",
            "aws_lambda_layer_version.python_libs_layer"
          ]
        }
      ]
    },
    {
      "mode": "managed",
      "type": "aws_dynamodb_table",
      "name": "message-dynamodb-table",
      "provider": "provider[\"registry.terraform.io/hashicorp/aws\"]",
      "instances": [
        {
          "schema_version": 1,
          "attributes": {
            "arn": "arn:aws:dynamodb:ap-southeast-1:661275851074:table/vlim-ws-chat-test-user-messages-dynamodb",
            "attribute": [
              {
                "name": "timestamp",
                "type": "N"
              },
              {
                "name": "userId",
                "type": "S"
              }
            ],
            "billing_mode": "PROVISIONED",
            "global_secondary_index": [],
            "hash_key": "userId",
            "id": "vlim-ws-chat-test-user-messages-dynamodb",
            "local_secondary_index": [],
            "name": "vlim-ws-chat-test-user-messages-dynamodb",
            "point_in_time_recovery": [
              {
                "enabled": false
              }
            ],
            "range_key": "timestamp",
            "read_capacity": 2,
            "replica": [],
            "restore_date_time": null,
            "restore_source_name": null,
            "restore_to_latest_time": null,
            "server_side_encryption": [],
            "stream_arn": "arn:aws:dynamodb:ap-southeast-1:661275851074:table/vlim-ws-chat-test-user-messages-dynamodb/stream/2022-01-11T02:31:02.928",
            "stream_enabled": true,
            "stream_label": "2022-01-11T02:31:02.928",
            "stream_view_type": "NEW_AND_OLD_IMAGES",
            "table_class": "",
            "tags": {
              "Environment": "test",
              "Name": "vlim-ws-chat-test-user-messages-dynamodb"
            },
            "tags_all": {
              "Environment": "test",
              "Name": "vlim-ws-chat-test-user-messages-dynamodb"
            },
            "timeouts": null,
            "ttl": [
              {
                "attribute_name": "",
                "enabled": false,
                "kms_key_arn": ""
              }
            ],
            "write_capacity": 2
          },
          "sensitive_attributes": [],
          "private": "eyJlMmJmYjczMC1lY2FhLTExZTYtOGY4OC0zNDM2M2JjN2M0YzAiOnsiY3JlYXRlIjoxMjAwMDAwMDAwMDAwLCJkZWxldGUiOjYwMDAwMDAwMDAwMCwidXBkYXRlIjozNjAwMDAwMDAwMDAwfSwic2NoZW1hX3ZlcnNpb24iOiIxIn0=",
          "create_before_destroy": true
        }
      ]
    },
    {
      "mode": "managed",
      "type": "aws_dynamodb_table",
      "name": "users-dynamodb-table",
      "provider": "provider[\"registry.terraform.io/hashicorp/aws\"]",
      "instances": [
        {
          "schema_version": 1,
          "attributes": {
            "arn": "arn:aws:dynamodb:ap-southeast-1:661275851074:table/vlim-ws-chat-test-users-dynamodb",
            "attribute": [
              {
                "name": "userId",
                "type": "S"
              }
            ],
            "billing_mode": "PROVISIONED",
            "global_secondary_index": [],
            "hash_key": "userId",
            "id": "vlim-ws-chat-test-users-dynamodb",
            "local_secondary_index": [],
            "name": "vlim-ws-chat-test-users-dynamodb",
            "point_in_time_recovery": [
              {
                "enabled": false
              }
            ],
            "range_key": null,
            "read_capacity": 2,
            "replica": [],
            "restore_date_time": null,
            "restore_source_name": null,
            "restore_to_latest_time": null,
            "server_side_encryption": [],
            "stream_arn": "",
            "stream_enabled": false,
            "stream_label": "",
            "stream_view_type": "",
            "table_class": "",
            "tags": {
              "Environment": "test",
              "Name": "vlim-ws-chat-test-users-dynamodb"
            },
            "tags_all": {
              "Environment": "test",
              "Name": "vlim-ws-chat-test-users-dynamodb"
            },
            "timeouts": null,
            "ttl": [
              {
                "attribute_name": "",
                "enabled": false,
                "kms_key_arn": ""
              }
            ],
            "write_capacity": 2
          },
          "sensitive_attributes": [],
          "private": "eyJlMmJmYjczMC1lY2FhLTExZTYtOGY4OC0zNDM2M2JjN2M0YzAiOnsiY3JlYXRlIjoxMjAwMDAwMDAwMDAwLCJkZWxldGUiOjYwMDAwMDAwMDAwMCwidXBkYXRlIjozNjAwMDAwMDAwMDAwfSwic2NoZW1hX3ZlcnNpb24iOiIxIn0=",
          "create_before_destroy": true
        }
      ]
    },
    {
      "mode": "managed",
      "type": "aws_iam_role",
      "name": "full_access_dynamodb_lambda_role",
      "provider": "provider[\"registry.terraform.io/hashicorp/aws\"]",
      "instances": [
        {
          "schema_version": 0,
          "attributes": {
            "arn": "arn:aws:iam::661275851074:role/vlim-ws-chat_test_va_full_access_dynamodb_lambda_role",
            "assume_role_policy": "{\"Version\":\"2012-10-17\",\"Statement\":[{\"Sid\":\"\",\"Effect\":\"Allow\",\"Principal\":{\"Service\":\"lambda.amazonaws.com\"},\"Action\":\"sts:AssumeRole\"}]}",
            "create_date": "2022-01-11T02:31:04Z",
            "description": "",
            "force_detach_policies": false,
            "id": "vlim-ws-chat_test_va_full_access_dynamodb_lambda_role",
            "inline_policy": [
              {
                "name": "",
                "policy": ""
              }
            ],
            "managed_policy_arns": [],
            "max_session_duration": 3600,
            "name": "vlim-ws-chat_test_va_full_access_dynamodb_lambda_role",
            "name_prefix": "",
            "path": "/",
            "permissions_boundary": null,
            "tags": null,
            "tags_all": {},
            "unique_id": "AROAZT5Y4XFBL6LD6BFG2"
          },
          "sensitive_attributes": [],
          "private": "bnVsbA==",
          "create_before_destroy": true
        }
      ]
    },
    {
      "mode": "managed",
      "type": "aws_iam_role",
      "name": "invocation_role",
      "provider": "provider[\"registry.terraform.io/hashicorp/aws\"]",
      "instances": [
        {
          "schema_version": 0,
          "attributes": {
            "arn": "arn:aws:iam::661275851074:role/vlim-ws-chat_test_va_api_gateway_auth_invocation",
            "assume_role_policy": "{\"Version\":\"2012-10-17\",\"Statement\":[{\"Sid\":\"\",\"Effect\":\"Allow\",\"Principal\":{\"Service\":\"lambda.amazonaws.com\"},\"Action\":\"sts:AssumeRole\"}]}",
            "create_date": "2022-01-11T02:31:04Z",
            "description": "",
            "force_detach_policies": false,
            "id": "vlim-ws-chat_test_va_api_gateway_auth_invocation",
            "inline_policy": [
              {
                "name": "",
                "policy": ""
              }
            ],
            "managed_policy_arns": [],
            "max_session_duration": 3600,
            "name": "vlim-ws-chat_test_va_api_gateway_auth_invocation",
            "name_prefix": "",
            "path": "/",
            "permissions_boundary": null,
            "tags": null,
            "tags_all": {},
            "unique_id": "AROAZT5Y4XFBFG3CKIWQX"
          },
          "sensitive_attributes": [],
          "private": "bnVsbA=="
        }
      ]
    },
    {
      "mode": "managed",
      "type": "aws_iam_role",
      "name": "lambda_assume_role",
      "provider": "provider[\"registry.terraform.io/hashicorp/aws\"]",
      "instances": [
        {
          "schema_version": 0,
          "attributes": {
            "arn": "arn:aws:iam::661275851074:role/vlim-ws-chat_lambda_role_test_va",
            "assume_role_policy": "{\"Version\":\"2012-10-17\",\"Statement\":[{\"Sid\":\"\",\"Effect\":\"Allow\",\"Principal\":{\"Service\":\"lambda.amazonaws.com\"},\"Action\":\"sts:AssumeRole\"}]}",
            "create_date": "2022-01-11T02:31:04Z",
            "description": "",
            "force_detach_policies": false,
            "id": "vlim-ws-chat_lambda_role_test_va",
            "inline_policy": [
              {
                "name": "",
                "policy": ""
              }
            ],
            "managed_policy_arns": [],
            "max_session_duration": 3600,
            "name": "vlim-ws-chat_lambda_role_test_va",
            "name_prefix": "",
            "path": "/",
            "permissions_boundary": null,
            "tags": null,
            "tags_all": {},
            "unique_id": "AROAZT5Y4XFBOPUKBM36G"
          },
          "sensitive_attributes": [],
          "private": "bnVsbA==",
          "create_before_destroy": true
        }
      ]
    },
    {
      "mode": "managed",
      "type": "aws_iam_role_policy",
      "name": "dynamodb_read_log_policy",
      "provider": "provider[\"registry.terraform.io/hashicorp/aws\"]",
      "instances": [
        {
          "schema_version": 0,
          "attributes": {
            "id": "vlim-ws-chat_lambda_role_test_va:lambda-dynamodb-log-policy",
            "name": "lambda-dynamodb-log-policy",
            "name_prefix": null,
            "policy": "{\n  \"Version\": \"2012-10-17\",\n  \"Statement\": [\n    {\n        \"Action\": [ \"logs:*\" ],\n        \"Effect\": \"Allow\",\n        \"Resource\": [ \"arn:aws:logs:*:*:*\" ]\n    },\n    {\n        \"Action\": [ \"dynamodb:BatchGetItem\",\n                    \"dynamodb:GetItem\",\n                    \"dynamodb:GetRecords\",\n                    \"dynamodb:Scan\",\n                    \"dynamodb:Query\",\n                    \"dynamodb:GetShardIterator\",\n                    \"dynamodb:DescribeStream\",\n                    \"dynamodb:ListStreams\" ],\n        \"Effect\": \"Allow\",\n        \"Resource\": [\n          \"arn:aws:dynamodb:ap-southeast-1:661275851074:table/vlim-ws-chat-test-user-messages-dynamodb\",\n          \"arn:aws:dynamodb:ap-southeast-1:661275851074:table/vlim-ws-chat-test-user-messages-dynamodb/*\"\n        ]\n    }\n  ]\n}\n",
            "role": "vlim-ws-chat_lambda_role_test_va"
          },
          "sensitive_attributes": [],
          "private": "bnVsbA==",
          "dependencies": [
            "aws_dynamodb_table.message-dynamodb-table",
            "aws_iam_role.lambda_assume_role"
          ]
        }
      ]
    },
    {
      "mode": "managed",
      "type": "aws_iam_role_policy",
      "name": "full_access_dynamodb_lambda_policy",
      "provider": "provider[\"registry.terraform.io/hashicorp/aws\"]",
      "instances": [
        {
          "schema_version": 0,
          "attributes": {
            "id": "vlim-ws-chat_test_va_full_access_dynamodb_lambda_role:vlim-ws-chat_full_access_dynamodb_lambda_policy_test_va",
            "name": "vlim-ws-chat_full_access_dynamodb_lambda_policy_test_va",
            "name_prefix": null,
            "policy": "{\n  \"Version\": \"2012-10-17\",\n  \"Statement\": [\n    {\n      \"Sid\": \"Stmt1636620306577\",\n      \"Action\": [\n        \"logs:*\",\n        \"dynamodb:BatchGetItem\",\n        \"dynamodb:GetItem\",\n        \"dynamodb:Query\",\n        \"dynamodb:Scan\",\n        \"dynamodb:BatchWriteItem\",\n        \"dynamodb:PutItem\",\n        \"dynamodb:UpdateItem\"\n      ],\n      \"Effect\": \"Allow\",\n      \"Resource\": \"*\"\n    }\n  ]\n}",
            "role": "vlim-ws-chat_test_va_full_access_dynamodb_lambda_role"
          },
          "sensitive_attributes": [],
          "private": "bnVsbA==",
          "dependencies": [
            "aws_iam_role.full_access_dynamodb_lambda_role"
          ]
        }
      ]
    },
    {
      "mode": "managed",
      "type": "aws_iam_role_policy",
      "name": "invocation_policy",
      "provider": "provider[\"registry.terraform.io/hashicorp/aws\"]",
      "instances": [
        {
          "schema_version": 0,
          "attributes": {
            "id": "vlim-ws-chat_test_va_api_gateway_auth_invocation:vlim-ws-chat_invocation_policy_test_va",
            "name": "vlim-ws-chat_invocation_policy_test_va",
            "name_prefix": null,
            "policy": "{\"Statement\":[{\"Action\":\"lambda:InvokeFunction\",\"Effect\":\"Allow\",\"Resource\":\"arn:aws:lambda:ap-southeast-1:661275851074:function:vlim-ws-chat-va-api_gateway_authorizer-test\"}],\"Version\":\"2012-10-17\"}",
            "role": "vlim-ws-chat_test_va_api_gateway_auth_invocation"
          },
          "sensitive_attributes": [],
          "private": "bnVsbA==",
          "dependencies": [
            "aws_iam_role.invocation_role",
            "aws_iam_role.lambda_assume_role",
            "aws_lambda_function.authorizer"
          ]
        }
      ]
    },
    {
      "mode": "managed",
      "type": "aws_iam_role_policy",
      "name": "lambda_assume_policy",
      "provider": "provider[\"registry.terraform.io/hashicorp/aws\"]",
      "instances": [
        {
          "schema_version": 0,
          "attributes": {
            "id": "vlim-ws-chat_lambda_role_test_va:vlim-ws-chat_lambda_assume_policy_test_va",
            "name": "vlim-ws-chat_lambda_assume_policy_test_va",
            "name_prefix": null,
            "policy": "{\n  \"Version\": \"2012-10-17\",\n  \"Statement\": [\n    {\n      \"Sid\": \"Stmt1636620306577\",\n      \"Action\": \"logs:*\",\n      \"Effect\": \"Allow\",\n      \"Resource\": \"*\"\n    }\n  ]\n}",
            "role": "vlim-ws-chat_lambda_role_test_va"
          },
          "sensitive_attributes": [],
          "private": "bnVsbA==",
          "dependencies": [
            "aws_iam_role.lambda_assume_role"
          ]
        }
      ]
    },
    {
      "mode": "managed",
      "type": "aws_lambda_event_source_mapping",
      "name": "example",
      "provider": "provider[\"registry.terraform.io/hashicorp/aws\"]",
      "instances": [
        {
          "schema_version": 0,
          "attributes": {
            "batch_size": 100,
            "bisect_batch_on_function_error": false,
            "destination_config": [
              {
                "on_failure": [
                  {
                    "destination_arn": null
                  }
                ]
              }
            ],
            "enabled": true,
            "event_source_arn": "arn:aws:dynamodb:ap-southeast-1:661275851074:table/vlim-ws-chat-test-user-messages-dynamodb/stream/2022-01-11T02:31:02.928",
            "filter_criteria": [],
            "function_arn": "arn:aws:lambda:ap-southeast-1:661275851074:function:vlim-ws-chat-va-message_response-test",
            "function_name": "arn:aws:lambda:ap-southeast-1:661275851074:function:vlim-ws-chat-va-message_response-test",
            "function_response_types": null,
            "id": "c70d5731-6c61-452d-a190-a021a307cdb6",
            "last_modified": "2022-01-11T02:31:00Z",
            "last_processing_result": "No records processed",
            "maximum_batching_window_in_seconds": 0,
            "maximum_record_age_in_seconds": -1,
            "maximum_retry_attempts": -1,
            "parallelization_factor": 1,
            "queues": null,
            "self_managed_event_source": [],
            "source_access_configuration": [],
            "starting_position": "LATEST",
            "starting_position_timestamp": "",
            "state": "Enabled",
            "state_transition_reason": "User action",
            "topics": null,
            "tumbling_window_in_seconds": 0,
            "uuid": "c70d5731-6c61-452d-a190-a021a307cdb6"
          },
          "sensitive_attributes": [],
          "private": "bnVsbA==",
          "dependencies": [
            "aws_dynamodb_table.message-dynamodb-table",
            "aws_iam_role.lambda_assume_role",
            "aws_lambda_function.message_response_lambda",
            "aws_lambda_layer_version.core_lib_layer",
            "aws_lambda_layer_version.python_libs_layer"
          ]
        }
      ]
    },
    {
      "mode": "managed",
      "type": "aws_lambda_function",
      "name": "authorizer",
      "provider": "provider[\"registry.terraform.io/hashicorp/aws\"]",
      "instances": [
        {
          "schema_version": 0,
          "attributes": {
            "architectures": [
              "x86_64"
            ],
            "arn": "arn:aws:lambda:ap-southeast-1:661275851074:function:vlim-ws-chat-va-api_gateway_authorizer-test",
            "code_signing_config_arn": "",
            "dead_letter_config": [],
            "description": "",
            "environment": [],
            "file_system_config": [],
            "filename": "outputs/api-gateway-authorizer-lambda.zip",
            "function_name": "vlim-ws-chat-va-api_gateway_authorizer-test",
            "handler": "authenticate.user_login",
            "id": "vlim-ws-chat-va-api_gateway_authorizer-test",
            "image_config": [],
            "image_uri": "",
            "invoke_arn": "arn:aws:apigateway:ap-southeast-1:lambda:path/2015-03-31/functions/arn:aws:lambda:ap-southeast-1:661275851074:function:vlim-ws-chat-va-api_gateway_authorizer-test/invocations",
            "kms_key_arn": "",
            "last_modified": "2022-01-11T02:31:16.345+0000",
            "layers": null,
            "memory_size": 128,
            "package_type": "Zip",
            "publish": false,
            "qualified_arn": "arn:aws:lambda:ap-southeast-1:661275851074:function:vlim-ws-chat-va-api_gateway_authorizer-test:$LATEST",
            "reserved_concurrent_executions": -1,
            "role": "arn:aws:iam::661275851074:role/vlim-ws-chat_lambda_role_test_va",
            "runtime": "python3.8",
            "s3_bucket": null,
            "s3_key": null,
            "s3_object_version": null,
            "signing_job_arn": "",
            "signing_profile_version_arn": "",
            "source_code_hash": "ZWgw1Jd3FE7/GprlPwkXzaK2+q+yJxBI2h0OYppzl6E=",
            "source_code_size": 597,
            "tags": null,
            "tags_all": {},
            "timeout": 3,
            "timeouts": null,
            "tracing_config": [
              {
                "mode": "PassThrough"
              }
            ],
            "version": "$LATEST",
            "vpc_config": []
          },
          "sensitive_attributes": [],
          "private": "eyJlMmJmYjczMC1lY2FhLTExZTYtOGY4OC0zNDM2M2JjN2M0YzAiOnsiY3JlYXRlIjo2MDAwMDAwMDAwMDB9fQ==",
          "dependencies": [
            "aws_iam_role.lambda_assume_role"
          ]
        }
      ]
    },
    {
      "mode": "managed",
      "type": "aws_lambda_function",
      "name": "message_response_lambda",
      "provider": "provider[\"registry.terraform.io/hashicorp/aws\"]",
      "instances": [
        {
          "schema_version": 0,
          "attributes": {
            "architectures": [
              "x86_64"
            ],
            "arn": "arn:aws:lambda:ap-southeast-1:661275851074:function:vlim-ws-chat-va-message_response-test",
            "code_signing_config_arn": "",
            "dead_letter_config": [],
            "description": "",
            "environment": [
              {
                "variables": {
                  "CONNECTION_TABLE_NAME": "vlim-ws-chat-dev-i--conns-table",
                  "IS_USING_LOCAL_DYNAMODB": "0",
                  "SECRET_KEY": "62fec8f63ccfeeb60149f4c49fbcda10",
                  "SOCKET_URL": "https://3duti05k8l.execute-api.ap-southeast-1.amazonaws.com/dev-i-vi",
                  "STAGE_NAME": "test",
                  "USER_MESSAGE_TABLE_NAME": "vlim-ws-chat-test-user-messages-dynamodb"
                }
              }
            ],
            "file_system_config": [],
            "filename": "outputs/message-response-lambda.zip",
            "function_name": "vlim-ws-chat-va-message_response-test",
            "handler": "message_response.handler",
            "id": "vlim-ws-chat-va-message_response-test",
            "image_config": [],
            "image_uri": "",
            "invoke_arn": "arn:aws:apigateway:ap-southeast-1:lambda:path/2015-03-31/functions/arn:aws:lambda:ap-southeast-1:661275851074:function:vlim-ws-chat-va-message_response-test/invocations",
            "kms_key_arn": "",
            "last_modified": "2022-01-11T02:31:46.379+0000",
            "layers": [
              "arn:aws:lambda:ap-southeast-1:661275851074:layer:vlim-ws-chat-test-va-CoreLibs:5",
              "arn:aws:lambda:ap-southeast-1:661275851074:layer:vlim-ws-chat-test-va-PythonLibs:2"
            ],
            "memory_size": 128,
            "package_type": "Zip",
            "publish": false,
            "qualified_arn": "arn:aws:lambda:ap-southeast-1:661275851074:function:vlim-ws-chat-va-message_response-test:$LATEST",
            "reserved_concurrent_executions": -1,
            "role": "arn:aws:iam::661275851074:role/vlim-ws-chat_lambda_role_test_va",
            "runtime": "python3.8",
            "s3_bucket": null,
            "s3_key": null,
            "s3_object_version": null,
            "signing_job_arn": "",
            "signing_profile_version_arn": "",
            "source_code_hash": "6ObCGaGdf04RzJaoTt0CVOPtBghZf1PTevr2pABEyG4=",
            "source_code_size": 620,
            "tags": null,
            "tags_all": {},
            "timeout": 90,
            "timeouts": null,
            "tracing_config": [
              {
                "mode": "PassThrough"
              }
            ],
            "version": "$LATEST",
            "vpc_config": []
          },
          "sensitive_attributes": [],
          "private": "eyJlMmJmYjczMC1lY2FhLTExZTYtOGY4OC0zNDM2M2JjN2M0YzAiOnsiY3JlYXRlIjo2MDAwMDAwMDAwMDB9fQ==",
          "dependencies": [
            "aws_dynamodb_table.message-dynamodb-table",
            "aws_iam_role.lambda_assume_role",
            "aws_lambda_layer_version.core_lib_layer",
            "aws_lambda_layer_version.python_libs_layer"
          ],
          "create_before_destroy": true
        }
      ]
    },
    {
      "mode": "managed",
      "type": "aws_lambda_function",
      "name": "user",
      "provider": "provider[\"registry.terraform.io/hashicorp/aws\"]",
      "instances": [
        {
          "schema_version": 0,
          "attributes": {
            "architectures": [
              "x86_64"
            ],
            "arn": "arn:aws:lambda:ap-southeast-1:661275851074:function:vlim-ws-chat-vtest-a-user",
            "code_signing_config_arn": "",
            "dead_letter_config": [],
            "description": "",
            "environment": [
              {
                "variables": {
                  "CONNECTION_TABLE_NAME": "vlim-ws-chat-dev-i--conns-table",
                  "IS_USING_LOCAL_DYNAMODB": "0",
                  "SECRET_KEY": "62fec8f63ccfeeb60149f4c49fbcda10",
                  "SOCKET_URL": "https://3duti05k8l.execute-api.ap-southeast-1.amazonaws.com/dev-i-vi",
                  "STAGE_NAME": "test",
                  "USER_MESSAGE_TABLE_NAME": "vlim-ws-chat-test-user-messages-dynamodb",
                  "USER_TABLE_NAME": "vlim-ws-chat-test-users-dynamodb"
                }
              }
            ],
            "file_system_config": [],
            "filename": "outputs/user-lambda.zip",
            "function_name": "vlim-ws-chat-vtest-a-user",
            "handler": "handler.lambda_handler",
            "id": "vlim-ws-chat-vtest-a-user",
            "image_config": [],
            "image_uri": "",
            "invoke_arn": "arn:aws:apigateway:ap-southeast-1:lambda:path/2015-03-31/functions/arn:aws:lambda:ap-southeast-1:661275851074:function:vlim-ws-chat-vtest-a-user/invocations",
            "kms_key_arn": "",
            "last_modified": "2022-01-11T02:31:23.769+0000",
            "layers": [
              "arn:aws:lambda:ap-southeast-1:661275851074:layer:vlim-ws-chat-test-va-CoreLibs:5",
              "arn:aws:lambda:ap-southeast-1:661275851074:layer:vlim-ws-chat-test-va-PythonLibs:2"
            ],
            "memory_size": 128,
            "package_type": "Zip",
            "publish": false,
            "qualified_arn": "arn:aws:lambda:ap-southeast-1:661275851074:function:vlim-ws-chat-vtest-a-user:$LATEST",
            "reserved_concurrent_executions": -1,
            "role": "arn:aws:iam::661275851074:role/vlim-ws-chat_test_va_full_access_dynamodb_lambda_role",
            "runtime": "python3.8",
            "s3_bucket": null,
            "s3_key": null,
            "s3_object_version": null,
            "signing_job_arn": "",
            "signing_profile_version_arn": "",
            "source_code_hash": "+PnbKOgcpdCTxW6pTfccvp0TaH5TIqrEf0+3a5Hrwik=",
            "source_code_size": 317,
            "tags": null,
            "tags_all": {},
            "timeout": 3,
            "timeouts": null,
            "tracing_config": [
              {
                "mode": "PassThrough"
              }
            ],
            "version": "$LATEST",
            "vpc_config": []
          },
          "sensitive_attributes": [],
          "private": "eyJlMmJmYjczMC1lY2FhLTExZTYtOGY4OC0zNDM2M2JjN2M0YzAiOnsiY3JlYXRlIjo2MDAwMDAwMDAwMDB9fQ==",
          "dependencies": [
            "aws_dynamodb_table.message-dynamodb-table",
            "aws_dynamodb_table.users-dynamodb-table",
            "aws_iam_role.full_access_dynamodb_lambda_role",
            "aws_lambda_layer_version.core_lib_layer",
            "aws_lambda_layer_version.python_libs_layer"
          ],
          "create_before_destroy": true
        }
      ]
    },
    {
      "mode": "managed",
      "type": "aws_lambda_layer_version",
      "name": "core_lib_layer",
      "provider": "provider[\"registry.terraform.io/hashicorp/aws\"]",
      "instances": [
        {
          "schema_version": 0,
          "attributes": {
            "arn": "arn:aws:lambda:ap-southeast-1:661275851074:layer:vlim-ws-chat-test-va-CoreLibs:5",
            "compatible_architectures": null,
            "compatible_runtimes": [
              "python3.8"
            ],
            "created_date": "2022-01-11T02:31:22.626+0000",
            "description": "",
            "filename": "outputs/core_lib_layer.zip",
            "id": "arn:aws:lambda:ap-southeast-1:661275851074:layer:vlim-ws-chat-test-va-CoreLibs:5",
            "layer_arn": "arn:aws:lambda:ap-southeast-1:661275851074:layer:vlim-ws-chat-test-va-CoreLibs",
            "layer_name": "vlim-ws-chat-test-va-CoreLibs",
            "license_info": "",
            "s3_bucket": null,
            "s3_key": null,
            "s3_object_version": null,
            "signing_job_arn": "",
            "signing_profile_version_arn": "",
            "skip_destroy": false,
            "source_code_hash": "Ilxc6DmM3pvGDrq3unXYScqHT4ojn/bWn1jV8n5quc4=",
            "source_code_size": 11297,
            "version": "5"
          },
          "sensitive_attributes": [],
          "private": "bnVsbA==",
          "create_before_destroy": true
        }
      ]
    },
    {
      "mode": "managed",
      "type": "aws_lambda_layer_version",
      "name": "python_libs_layer",
      "provider": "provider[\"registry.terraform.io/hashicorp/aws\"]",
      "instances": [
        {
          "schema_version": 0,
          "attributes": {
            "arn": "arn:aws:lambda:ap-southeast-1:661275851074:layer:vlim-ws-chat-test-va-PythonLibs:2",
            "compatible_architectures": null,
            "compatible_runtimes": [
              "python3.8"
            ],
            "created_date": "2022-01-11T02:31:18.617+0000",
            "description": "",
            "filename": "outputs/python_libs_layer.zip",
            "id": "arn:aws:lambda:ap-southeast-1:661275851074:layer:vlim-ws-chat-test-va-PythonLibs:2",
            "layer_arn": "arn:aws:lambda:ap-southeast-1:661275851074:layer:vlim-ws-chat-test-va-PythonLibs",
            "layer_name": "vlim-ws-chat-test-va-PythonLibs",
            "license_info": "",
            "s3_bucket": null,
            "s3_key": null,
            "s3_object_version": null,
            "signing_job_arn": "",
            "signing_profile_version_arn": "",
            "skip_destroy": false,
            "source_code_hash": "yeTUu4NAuiy4AmO2HFEruojRX+VAO9g/RkGnlzDDpcY=",
            "source_code_size": 23402555,
            "version": "2"
          },
          "sensitive_attributes": [],
          "private": "bnVsbA==",
          "create_before_destroy": true
        }
      ]
    },
    {
      "module": "module.get_users_method_integration",
      "mode": "managed",
      "type": "aws_api_gateway_integration",
      "name": "api_integration",
      "provider": "provider[\"registry.terraform.io/hashicorp/aws\"]",
      "instances": [
        {
          "schema_version": 0,
          "attributes": {
            "cache_key_parameters": null,
            "cache_namespace": "vv0dub",
            "connection_id": "",
            "connection_type": "INTERNET",
            "content_handling": "",
            "credentials": "",
            "http_method": "GET",
            "id": "agi-ndad4t6ue4-vv0dub-GET",
            "integration_http_method": "POST",
            "passthrough_behavior": "WHEN_NO_MATCH",
            "request_parameters": null,
            "request_templates": null,
            "resource_id": "vv0dub",
            "rest_api_id": "ndad4t6ue4",
            "timeout_milliseconds": 29000,
            "tls_config": [],
            "type": "AWS_PROXY",
            "uri": "arn:aws:apigateway:ap-southeast-1:lambda:path/2015-03-31/functions/arn:aws:lambda:ap-southeast-1:661275851074:function:vlim-ws-chat-vtest-a-user/invocations"
          },
          "sensitive_attributes": [],
          "private": "bnVsbA==",
          "dependencies": [
            "aws_api_gateway_resource.users_api_resource",
            "aws_api_gateway_rest_api.root_api",
            "aws_dynamodb_table.message-dynamodb-table",
            "aws_dynamodb_table.users-dynamodb-table",
            "aws_iam_role.full_access_dynamodb_lambda_role",
            "aws_lambda_function.user",
            "aws_lambda_layer_version.core_lib_layer",
            "aws_lambda_layer_version.python_libs_layer",
            "module.get_users_method_integration.aws_api_gateway_method.method"
          ],
          "create_before_destroy": true
        }
      ]
    },
    {
      "module": "module.get_users_method_integration",
      "mode": "managed",
      "type": "aws_api_gateway_method",
      "name": "method",
      "provider": "provider[\"registry.terraform.io/hashicorp/aws\"]",
      "instances": [
        {
          "schema_version": 0,
          "attributes": {
            "api_key_required": false,
            "authorization": "NONE",
            "authorization_scopes": null,
            "authorizer_id": null,
            "http_method": "GET",
            "id": "agm-ndad4t6ue4-vv0dub-GET",
            "operation_name": null,
            "request_models": null,
            "request_parameters": null,
            "request_validator_id": null,
            "resource_id": "vv0dub",
            "rest_api_id": "ndad4t6ue4"
          },
          "sensitive_attributes": [],
          "private": "bnVsbA==",
          "dependencies": [
            "aws_api_gateway_resource.users_api_resource",
            "aws_api_gateway_rest_api.root_api"
          ],
          "create_before_destroy": true
        }
      ]
    },
    {
      "module": "module.users_signup_method_integration",
      "mode": "managed",
      "type": "aws_api_gateway_integration",
      "name": "api_integration",
      "provider": "provider[\"registry.terraform.io/hashicorp/aws\"]",
      "instances": [
        {
          "schema_version": 0,
          "attributes": {
            "cache_key_parameters": null,
            "cache_namespace": "znayc8",
            "connection_id": "",
            "connection_type": "INTERNET",
            "content_handling": "",
            "credentials": "",
            "http_method": "POST",
            "id": "agi-ndad4t6ue4-znayc8-POST",
            "integration_http_method": "POST",
            "passthrough_behavior": "WHEN_NO_MATCH",
            "request_parameters": null,
            "request_templates": null,
            "resource_id": "znayc8",
            "rest_api_id": "ndad4t6ue4",
            "timeout_milliseconds": 29000,
            "tls_config": [],
            "type": "AWS_PROXY",
            "uri": "arn:aws:apigateway:ap-southeast-1:lambda:path/2015-03-31/functions/arn:aws:lambda:ap-southeast-1:661275851074:function:vlim-ws-chat-vtest-a-user/invocations"
          },
          "sensitive_attributes": [],
          "private": "bnVsbA==",
          "dependencies": [
            "aws_api_gateway_resource.users_api_resource",
            "aws_api_gateway_resource.users_signup_api_resource",
            "aws_api_gateway_rest_api.root_api",
            "aws_dynamodb_table.message-dynamodb-table",
            "aws_dynamodb_table.users-dynamodb-table",
            "aws_iam_role.full_access_dynamodb_lambda_role",
            "aws_lambda_function.user",
            "aws_lambda_layer_version.core_lib_layer",
            "aws_lambda_layer_version.python_libs_layer",
            "module.users_signup_method_integration.aws_api_gateway_method.method"
          ],
          "create_before_destroy": true
        }
      ]
    },
    {
      "module": "module.users_signup_method_integration",
      "mode": "managed",
      "type": "aws_api_gateway_method",
      "name": "method",
      "provider": "provider[\"registry.terraform.io/hashicorp/aws\"]",
      "instances": [
        {
          "schema_version": 0,
          "attributes": {
            "api_key_required": false,
            "authorization": "NONE",
            "authorization_scopes": null,
            "authorizer_id": null,
            "http_method": "POST",
            "id": "agm-ndad4t6ue4-znayc8-POST",
            "operation_name": null,
            "request_models": null,
            "request_parameters": null,
            "request_validator_id": null,
            "resource_id": "znayc8",
            "rest_api_id": "ndad4t6ue4"
          },
          "sensitive_attributes": [],
          "private": "bnVsbA==",
          "dependencies": [
            "aws_api_gateway_resource.users_api_resource",
            "aws_api_gateway_resource.users_signup_api_resource",
            "aws_api_gateway_rest_api.root_api"
          ],
          "create_before_destroy": true
        }
      ]
    },
    {
      "module": "module.users_signup_method_integration",
      "mode": "managed",
      "type": "aws_lambda_permission",
      "name": "apigw_lambda_permission",
      "provider": "provider[\"registry.terraform.io/hashicorp/aws\"]",
      "instances": [
        {
          "schema_version": 0,
          "attributes": {
            "action": "lambda:InvokeFunction",
            "event_source_token": null,
            "function_name": "vlim-ws-chat-vtest-a-user",
            "id": "Allowvlim-ws-chat-test-va-root-apiInvoke",
            "principal": "apigateway.amazonaws.com",
            "qualifier": "",
            "source_account": null,
            "source_arn": "arn:aws:execute-api:ap-southeast-1:661275851074:ndad4t6ue4/*/POST/users/signup",
            "statement_id": "Allowvlim-ws-chat-test-va-root-apiInvoke",
            "statement_id_prefix": null
          },
          "sensitive_attributes": [],
          "private": "bnVsbA==",
          "dependencies": [
            "aws_api_gateway_resource.users_api_resource",
            "aws_api_gateway_resource.users_signup_api_resource",
            "aws_api_gateway_rest_api.root_api",
            "aws_dynamodb_table.message-dynamodb-table",
            "aws_dynamodb_table.users-dynamodb-table",
            "aws_iam_role.full_access_dynamodb_lambda_role",
            "aws_lambda_function.user",
            "aws_lambda_layer_version.core_lib_layer",
            "aws_lambda_layer_version.python_libs_layer",
            "module.users_signup_method_integration.aws_api_gateway_method.method"
          ]
        }
      ]
    }
  ]
}
