{
  "version": 4,
  "terraform_version": "1.1.2",
  "serial": 23,
  "lineage": "b0a1036f-dc35-8690-1653-72397a04e7f3",
  "outputs": {
    "aws_dynamodb_table_arn": {
      "value": "arn:aws:dynamodb:ap-southeast-1:661275851074:table/vlim-ws-chat-default-user-messages-dynamodb",
      "type": "string"
    },
    "aws_dynamodb_table_region": {
      "value": [],
      "type": [
        "set",
        [
          "object",
          {
            "kms_key_arn": "string",
            "region_name": "string"
          }
        ]
      ]
    },
    "message-response-lambda-function-arn": {
      "value": "arn:aws:lambda:ap-southeast-1:661275851074:function:vlim-ws-chat-message-process-message_response-default",
      "type": "string"
    },
    "message-response-lambda-function-name": {
      "value": "vlim-ws-chat-message-process-message_response-default",
      "type": "string"
    }
  },
  "resources": [
    {
      "mode": "data",
      "type": "archive_file",
      "name": "core-lib-layer-archive",
      "provider": "provider[\"registry.terraform.io/hashicorp/archive\"]",
      "instances": [
        {
          "schema_version": 0,
          "attributes": {
            "excludes": null,
            "id": "0ce9e0b1749a6defb0159f64ea3253823ae8d638",
            "output_base64sha256": "pEHit1Ulnzp3+ePXLxgVzaXjNRz4hM3CTFlUdzYa02A=",
            "output_file_mode": null,
            "output_md5": "cb7602ca46bc8995b1b502112411ce7a",
            "output_path": "outputs/core_lib_layer.zip",
            "output_sha": "0ce9e0b1749a6defb0159f64ea3253823ae8d638",
            "output_size": 9743,
            "source": [],
            "source_content": null,
            "source_content_filename": null,
            "source_dir": "/Users/vlim/Research/poc/chatApp/server/layer/core",
            "source_file": null,
            "type": "zip"
          },
          "sensitive_attributes": []
        }
      ]
    },
    {
      "mode": "data",
      "type": "archive_file",
      "name": "message-response-lambda-archive",
      "provider": "provider[\"registry.terraform.io/hashicorp/archive\"]",
      "instances": [
        {
          "schema_version": 0,
          "attributes": {
            "excludes": null,
            "id": "33dd7e8a2cc712b61da39718c71e106931649ac4",
            "output_base64sha256": "tOs+WP31x6fGGDQJg+w0RxOU2ZejrIPZKCOQEqklcg8=",
            "output_file_mode": null,
            "output_md5": "895365908ef6429f626f90c19c205139",
            "output_path": "outputs/message-response-lambda.zip",
            "output_sha": "33dd7e8a2cc712b61da39718c71e106931649ac4",
            "output_size": 609,
            "source": [],
            "source_content": null,
            "source_content_filename": null,
            "source_dir": null,
            "source_file": "../pysendmessage/message_response.py",
            "type": "zip"
          },
          "sensitive_attributes": []
        }
      ]
    },
    {
      "mode": "data",
      "type": "archive_file",
      "name": "python-libs-layer-archive",
      "provider": "provider[\"registry.terraform.io/hashicorp/archive\"]",
      "instances": [
        {
          "schema_version": 0,
          "attributes": {
            "excludes": null,
            "id": "860f51b0a02506d8b6a7e10eb99659a52e11fcc0",
            "output_base64sha256": "yeTUu4NAuiy4AmO2HFEruojRX+VAO9g/RkGnlzDDpcY=",
            "output_file_mode": null,
            "output_md5": "4aa9b96ddfcb838e86096b575095b01f",
            "output_path": "outputs/python_libs_layer.zip",
            "output_sha": "860f51b0a02506d8b6a7e10eb99659a52e11fcc0",
            "output_size": 23402555,
            "source": [],
            "source_content": null,
            "source_content_filename": null,
            "source_dir": "/Users/vlim/Research/poc/chatApp/server/layer/python_libs",
            "source_file": null,
            "type": "zip"
          },
          "sensitive_attributes": []
        }
      ]
    },
    {
      "mode": "managed",
      "type": "aws_cloudwatch_log_group",
      "name": "message_response",
      "provider": "provider[\"registry.terraform.io/hashicorp/aws\"]",
      "instances": [
        {
          "schema_version": 0,
          "attributes": {
            "arn": "arn:aws:logs:ap-southeast-1:661275851074:log-group:terraform-20220103060434988500000001",
            "id": "terraform-20220103060434988500000001",
            "kms_key_id": "",
            "name": "terraform-20220103060434988500000001",
            "name_prefix": null,
            "retention_in_days": 30,
            "tags": {},
            "tags_all": {}
          },
          "sensitive_attributes": [],
          "private": "bnVsbA=="
        }
      ]
    },
    {
      "mode": "managed",
      "type": "aws_dynamodb_table",
      "name": "message-dynamodb-table",
      "provider": "provider[\"registry.terraform.io/hashicorp/aws\"]",
      "instances": [
        {
          "schema_version": 1,
          "attributes": {
            "arn": "arn:aws:dynamodb:ap-southeast-1:661275851074:table/vlim-ws-chat-default-user-messages-dynamodb",
            "attribute": [
              {
                "name": "timestamp",
                "type": "N"
              },
              {
                "name": "userId",
                "type": "S"
              }
            ],
            "billing_mode": "PROVISIONED",
            "global_secondary_index": [],
            "hash_key": "userId",
            "id": "vlim-ws-chat-default-user-messages-dynamodb",
            "local_secondary_index": [],
            "name": "vlim-ws-chat-default-user-messages-dynamodb",
            "point_in_time_recovery": [
              {
                "enabled": false
              }
            ],
            "range_key": "timestamp",
            "read_capacity": 2,
            "replica": [],
            "restore_date_time": null,
            "restore_source_name": null,
            "restore_to_latest_time": null,
            "server_side_encryption": [],
            "stream_arn": "arn:aws:dynamodb:ap-southeast-1:661275851074:table/vlim-ws-chat-default-user-messages-dynamodb/stream/2022-01-03T06:04:35.315",
            "stream_enabled": true,
            "stream_label": "2022-01-03T06:04:35.315",
            "stream_view_type": "NEW_AND_OLD_IMAGES",
            "table_class": "",
            "tags": {
              "Environment": "default",
              "Name": "vlim-ws-chat-default-user-messages-dynamodb"
            },
            "tags_all": {
              "Environment": "default",
              "Name": "vlim-ws-chat-default-user-messages-dynamodb"
            },
            "timeouts": null,
            "ttl": [
              {
                "attribute_name": "",
                "enabled": false,
                "kms_key_arn": ""
              }
            ],
            "write_capacity": 2
          },
          "sensitive_attributes": [],
          "private": "eyJlMmJmYjczMC1lY2FhLTExZTYtOGY4OC0zNDM2M2JjN2M0YzAiOnsiY3JlYXRlIjoxMjAwMDAwMDAwMDAwLCJkZWxldGUiOjYwMDAwMDAwMDAwMCwidXBkYXRlIjozNjAwMDAwMDAwMDAwfSwic2NoZW1hX3ZlcnNpb24iOiIxIn0=",
          "create_before_destroy": true
        }
      ]
    },
    {
      "mode": "managed",
      "type": "aws_iam_role",
      "name": "lambda_assume_role",
      "provider": "provider[\"registry.terraform.io/hashicorp/aws\"]",
      "instances": [
        {
          "schema_version": 0,
          "attributes": {
            "arn": "arn:aws:iam::661275851074:role/message-process_lambda_role_default",
            "assume_role_policy": "{\"Version\":\"2012-10-17\",\"Statement\":[{\"Sid\":\"\",\"Effect\":\"Allow\",\"Principal\":{\"Service\":\"lambda.amazonaws.com\"},\"Action\":\"sts:AssumeRole\"}]}",
            "create_date": "2022-01-03T06:04:36Z",
            "description": "",
            "force_detach_policies": false,
            "id": "message-process_lambda_role_default",
            "inline_policy": [
              {
                "name": "lambda-dynamodb-log-policy",
                "policy": "{\n  \"Version\": \"2012-10-17\",\n  \"Statement\": [\n    {\n        \"Action\": [ \"logs:*\" ],\n        \"Effect\": \"Allow\",\n        \"Resource\": [ \"arn:aws:logs:*:*:*\" ]\n    },\n    {\n        \"Action\": [ \"dynamodb:BatchGetItem\",\n                    \"dynamodb:GetItem\",\n                    \"dynamodb:GetRecords\",\n                    \"dynamodb:Scan\",\n                    \"dynamodb:Query\",\n                    \"dynamodb:GetShardIterator\",\n                    \"dynamodb:DescribeStream\",\n                    \"dynamodb:ListStreams\" ],\n        \"Effect\": \"Allow\",\n        \"Resource\": [\n          \"arn:aws:dynamodb:ap-southeast-1:661275851074:table/vlim-ws-chat-default-user-messages-dynamodb\",\n          \"arn:aws:dynamodb:ap-southeast-1:661275851074:table/vlim-ws-chat-default-user-messages-dynamodb/*\"\n        ]\n    }\n  ]\n}\n"
              },
              {
                "name": "message-process_lambda_policy_default",
                "policy": "{\n  \"Version\": \"2012-10-17\",\n  \"Statement\": [\n    {\n      \"Sid\": \"Stmt1636620306577\",\n      \"Action\": \"logs:*\",\n      \"Effect\": \"Allow\",\n      \"Resource\": \"*\"\n    }\n  ]\n}"
              }
            ],
            "managed_policy_arns": [],
            "max_session_duration": 3600,
            "name": "message-process_lambda_role_default",
            "name_prefix": "",
            "path": "/",
            "permissions_boundary": null,
            "tags": {},
            "tags_all": {},
            "unique_id": "AROAZT5Y4XFBHNKTXZFOY"
          },
          "sensitive_attributes": [],
          "private": "bnVsbA==",
          "create_before_destroy": true
        }
      ]
    },
    {
      "mode": "managed",
      "type": "aws_iam_role_policy",
      "name": "dynamodb_read_log_policy",
      "provider": "provider[\"registry.terraform.io/hashicorp/aws\"]",
      "instances": [
        {
          "schema_version": 0,
          "attributes": {
            "id": "message-process_lambda_role_default:lambda-dynamodb-log-policy",
            "name": "lambda-dynamodb-log-policy",
            "name_prefix": null,
            "policy": "{\n  \"Version\": \"2012-10-17\",\n  \"Statement\": [\n    {\n        \"Action\": [ \"logs:*\" ],\n        \"Effect\": \"Allow\",\n        \"Resource\": [ \"arn:aws:logs:*:*:*\" ]\n    },\n    {\n        \"Action\": [ \"dynamodb:BatchGetItem\",\n                    \"dynamodb:GetItem\",\n                    \"dynamodb:GetRecords\",\n                    \"dynamodb:Scan\",\n                    \"dynamodb:Query\",\n                    \"dynamodb:GetShardIterator\",\n                    \"dynamodb:DescribeStream\",\n                    \"dynamodb:ListStreams\" ],\n        \"Effect\": \"Allow\",\n        \"Resource\": [\n          \"arn:aws:dynamodb:ap-southeast-1:661275851074:table/vlim-ws-chat-default-user-messages-dynamodb\",\n          \"arn:aws:dynamodb:ap-southeast-1:661275851074:table/vlim-ws-chat-default-user-messages-dynamodb/*\"\n        ]\n    }\n  ]\n}\n",
            "role": "message-process_lambda_role_default"
          },
          "sensitive_attributes": [],
          "private": "bnVsbA==",
          "dependencies": [
            "aws_dynamodb_table.message-dynamodb-table",
            "aws_iam_role.lambda_assume_role"
          ]
        }
      ]
    },
    {
      "mode": "managed",
      "type": "aws_iam_role_policy",
      "name": "lambda_assume_policy",
      "provider": "provider[\"registry.terraform.io/hashicorp/aws\"]",
      "instances": [
        {
          "schema_version": 0,
          "attributes": {
            "id": "message-process_lambda_role_default:message-process_lambda_policy_default",
            "name": "message-process_lambda_policy_default",
            "name_prefix": null,
            "policy": "{\n  \"Version\": \"2012-10-17\",\n  \"Statement\": [\n    {\n      \"Sid\": \"Stmt1636620306577\",\n      \"Action\": \"logs:*\",\n      \"Effect\": \"Allow\",\n      \"Resource\": \"*\"\n    }\n  ]\n}",
            "role": "message-process_lambda_role_default"
          },
          "sensitive_attributes": [],
          "private": "bnVsbA==",
          "dependencies": [
            "aws_iam_role.lambda_assume_role"
          ]
        }
      ]
    },
    {
      "mode": "managed",
      "type": "aws_lambda_event_source_mapping",
      "name": "example",
      "provider": "provider[\"registry.terraform.io/hashicorp/aws\"]",
      "instances": [
        {
          "schema_version": 0,
          "attributes": {
            "batch_size": 100,
            "bisect_batch_on_function_error": false,
            "destination_config": [
              {
                "on_failure": [
                  {
                    "destination_arn": null
                  }
                ]
              }
            ],
            "enabled": true,
            "event_source_arn": "arn:aws:dynamodb:ap-southeast-1:661275851074:table/vlim-ws-chat-default-user-messages-dynamodb/stream/2022-01-03T06:04:35.315",
            "filter_criteria": [],
            "function_arn": "arn:aws:lambda:ap-southeast-1:661275851074:function:vlim-ws-chat-message-process-message_response-default",
            "function_name": "arn:aws:lambda:ap-southeast-1:661275851074:function:vlim-ws-chat-message-process-message_response-default",
            "function_response_types": [],
            "id": "007ee67c-1659-414f-8f22-7f49c73043c7",
            "last_modified": "2022-01-03T07:31:00Z",
            "last_processing_result": "No records processed",
            "maximum_batching_window_in_seconds": 0,
            "maximum_record_age_in_seconds": -1,
            "maximum_retry_attempts": -1,
            "parallelization_factor": 1,
            "queues": [],
            "self_managed_event_source": [],
            "source_access_configuration": [],
            "starting_position": "LATEST",
            "starting_position_timestamp": "",
            "state": "Enabled",
            "state_transition_reason": "User action",
            "topics": [],
            "tumbling_window_in_seconds": 0,
            "uuid": "007ee67c-1659-414f-8f22-7f49c73043c7"
          },
          "sensitive_attributes": [],
          "private": "bnVsbA==",
          "dependencies": [
            "aws_lambda_layer_version.python_libs_layer",
            "aws_dynamodb_table.message-dynamodb-table",
            "aws_iam_role.lambda_assume_role",
            "aws_lambda_function.message_response_lambda",
            "aws_lambda_layer_version.core_lib_layer"
          ]
        }
      ]
    },
    {
      "mode": "managed",
      "type": "aws_lambda_function",
      "name": "message_response_lambda",
      "provider": "provider[\"registry.terraform.io/hashicorp/aws\"]",
      "instances": [
        {
          "schema_version": 0,
          "attributes": {
            "architectures": [
              "x86_64"
            ],
            "arn": "arn:aws:lambda:ap-southeast-1:661275851074:function:vlim-ws-chat-message-process-message_response-default",
            "code_signing_config_arn": "",
            "dead_letter_config": [],
            "description": "",
            "environment": [
              {
                "variables": {
                  "CONNECTION_TABLE_NAME": "vlim-ws-chat-dev-i--conns-table",
                  "IS_USING_LOCAL_DYNAMODB": "0",
                  "SECRET_KEY": "62fec8f63ccfeeb60149f4c49fbcda10",
                  "USER_MESSAGE_TABLE_NAME": "vlim-ws-chat-default-user-messages-dynamodb"
                }
              }
            ],
            "file_system_config": [],
            "filename": "outputs/message-response-lambda.zip",
            "function_name": "vlim-ws-chat-message-process-message_response-default",
            "handler": "message_response.handler",
            "id": "vlim-ws-chat-message-process-message_response-default",
            "image_config": [],
            "image_uri": "",
            "invoke_arn": "arn:aws:apigateway:ap-southeast-1:lambda:path/2015-03-31/functions/arn:aws:lambda:ap-southeast-1:661275851074:function:vlim-ws-chat-message-process-message_response-default/invocations",
            "kms_key_arn": "",
            "last_modified": "2022-01-03T07:52:07.000+0000",
            "layers": [
              "arn:aws:lambda:ap-southeast-1:661275851074:layer:CoreLibs:58",
              "arn:aws:lambda:ap-southeast-1:661275851074:layer:PythonLibs:22"
            ],
            "memory_size": 128,
            "package_type": "Zip",
            "publish": false,
            "qualified_arn": "arn:aws:lambda:ap-southeast-1:661275851074:function:vlim-ws-chat-message-process-message_response-default:$LATEST",
            "reserved_concurrent_executions": -1,
            "role": "arn:aws:iam::661275851074:role/message-process_lambda_role_default",
            "runtime": "python3.8",
            "s3_bucket": null,
            "s3_key": null,
            "s3_object_version": null,
            "signing_job_arn": "",
            "signing_profile_version_arn": "",
            "source_code_hash": "tOs+WP31x6fGGDQJg+w0RxOU2ZejrIPZKCOQEqklcg8=",
            "source_code_size": 609,
            "tags": {},
            "tags_all": {},
            "timeout": 90,
            "timeouts": null,
            "tracing_config": [
              {
                "mode": "PassThrough"
              }
            ],
            "version": "$LATEST",
            "vpc_config": []
          },
          "sensitive_attributes": [],
          "private": "eyJlMmJmYjczMC1lY2FhLTExZTYtOGY4OC0zNDM2M2JjN2M0YzAiOnsiY3JlYXRlIjo2MDAwMDAwMDAwMDB9fQ==",
          "dependencies": [
            "aws_dynamodb_table.message-dynamodb-table",
            "aws_iam_role.lambda_assume_role",
            "aws_lambda_layer_version.core_lib_layer",
            "aws_lambda_layer_version.python_libs_layer"
          ],
          "create_before_destroy": true
        }
      ]
    },
    {
      "mode": "managed",
      "type": "aws_lambda_layer_version",
      "name": "core_lib_layer",
      "provider": "provider[\"registry.terraform.io/hashicorp/aws\"]",
      "instances": [
        {
          "schema_version": 0,
          "attributes": {
            "arn": "arn:aws:lambda:ap-southeast-1:661275851074:layer:CoreLibs:58",
            "compatible_architectures": [],
            "compatible_runtimes": [
              "python3.8"
            ],
            "created_date": "2022-01-03T06:04:38.450+0000",
            "description": "",
            "filename": "outputs/core_lib_layer.zip",
            "id": "arn:aws:lambda:ap-southeast-1:661275851074:layer:CoreLibs:58",
            "layer_arn": "arn:aws:lambda:ap-southeast-1:661275851074:layer:CoreLibs",
            "layer_name": "CoreLibs",
            "license_info": "",
            "s3_bucket": null,
            "s3_key": null,
            "s3_object_version": null,
            "signing_job_arn": "",
            "signing_profile_version_arn": "",
            "skip_destroy": false,
            "source_code_hash": "pEHit1Ulnzp3+ePXLxgVzaXjNRz4hM3CTFlUdzYa02A=",
            "source_code_size": 9743,
            "version": "58"
          },
          "sensitive_attributes": [],
          "private": "bnVsbA==",
          "create_before_destroy": true
        }
      ]
    },
    {
      "mode": "managed",
      "type": "aws_lambda_layer_version",
      "name": "python_libs_layer",
      "provider": "provider[\"registry.terraform.io/hashicorp/aws\"]",
      "instances": [
        {
          "schema_version": 0,
          "attributes": {
            "arn": "arn:aws:lambda:ap-southeast-1:661275851074:layer:PythonLibs:22",
            "compatible_architectures": [],
            "compatible_runtimes": [
              "python3.8"
            ],
            "created_date": "2022-01-03T07:42:39.545+0000",
            "description": "",
            "filename": "outputs/python_libs_layer.zip",
            "id": "arn:aws:lambda:ap-southeast-1:661275851074:layer:PythonLibs:22",
            "layer_arn": "arn:aws:lambda:ap-southeast-1:661275851074:layer:PythonLibs",
            "layer_name": "PythonLibs",
            "license_info": "",
            "s3_bucket": null,
            "s3_key": null,
            "s3_object_version": null,
            "signing_job_arn": "",
            "signing_profile_version_arn": "",
            "skip_destroy": false,
            "source_code_hash": "yeTUu4NAuiy4AmO2HFEruojRX+VAO9g/RkGnlzDDpcY=",
            "source_code_size": 23402555,
            "version": "22"
          },
          "sensitive_attributes": [],
          "private": "bnVsbA==",
          "create_before_destroy": true
        }
      ]
    }
  ]
}
