{
  "version": 4,
  "terraform_version": "1.1.2",
  "serial": 87,
  "lineage": "b0a1036f-dc35-8690-1653-72397a04e7f3",
  "outputs": {
    "aws_dynamodb_table_arn": {
      "value": "arn:aws:dynamodb:ap-southeast-1:661275851074:table/vlim-ws-chat-default-user-messages-dynamodb",
      "type": "string"
    },
    "aws_dynamodb_table_region": {
      "value": [],
      "type": [
        "set",
        [
          "object",
          {
            "kms_key_arn": "string",
            "region_name": "string"
          }
        ]
      ]
    },
    "message-response-lambda-function-arn": {
      "value": "arn:aws:lambda:ap-southeast-1:661275851074:function:vlim-ws-chat-va-message_response-default",
      "type": "string"
    },
    "message-response-lambda-function-name": {
      "value": "vlim-ws-chat-va-message_response-default",
      "type": "string"
    },
    "rootAPI": {
      "value": "https://bzsng3i3ge.execute-api.ap-southeast-1.amazonaws.com",
      "type": "string"
    }
  },
  "resources": [
    {
      "mode": "data",
      "type": "archive_file",
      "name": "api-gateway-authorizer-lambda-archive",
      "provider": "provider[\"registry.terraform.io/hashicorp/archive\"]",
      "instances": [
        {
          "schema_version": 0,
          "attributes": {
            "excludes": null,
            "id": "f0817ad4807e1c3389db1617b30c02274c7d71b7",
            "output_base64sha256": "ZWgw1Jd3FE7/GprlPwkXzaK2+q+yJxBI2h0OYppzl6E=",
            "output_file_mode": null,
            "output_md5": "1581f53f61079de8854856d5e9ef8fb5",
            "output_path": "outputs/api-gateway-authorizer-lambda.zip",
            "output_sha": "f0817ad4807e1c3389db1617b30c02274c7d71b7",
            "output_size": 597,
            "source": [],
            "source_content": null,
            "source_content_filename": null,
            "source_dir": null,
            "source_file": "../users/users_methods/authenticate.py",
            "type": "zip"
          },
          "sensitive_attributes": []
        }
      ]
    },
    {
      "mode": "data",
      "type": "archive_file",
      "name": "core-lib-layer-archive",
      "provider": "provider[\"registry.terraform.io/hashicorp/archive\"]",
      "instances": [
        {
          "schema_version": 0,
          "attributes": {
            "excludes": null,
            "id": "0b2a2ccdcc53d7d49917fb57bf59dfc929603caa",
            "output_base64sha256": "6+bpRxSxOg9jx78xHR7fgOnr8zA3fj/3O+TfQSgyFKw=",
            "output_file_mode": null,
            "output_md5": "825366dcc4a650e98121c525c39cb75a",
            "output_path": "outputs/core_lib_layer.zip",
            "output_sha": "0b2a2ccdcc53d7d49917fb57bf59dfc929603caa",
            "output_size": 10780,
            "source": [],
            "source_content": null,
            "source_content_filename": null,
            "source_dir": "/Users/vlim/Research/poc/chatApp/server/layer/core",
            "source_file": null,
            "type": "zip"
          },
          "sensitive_attributes": []
        }
      ]
    },
    {
      "mode": "data",
      "type": "archive_file",
      "name": "message-response-lambda-archive",
      "provider": "provider[\"registry.terraform.io/hashicorp/archive\"]",
      "instances": [
        {
          "schema_version": 0,
          "attributes": {
            "excludes": null,
            "id": "59adac7565341d462438af6ac95130504649894a",
            "output_base64sha256": "6ObCGaGdf04RzJaoTt0CVOPtBghZf1PTevr2pABEyG4=",
            "output_file_mode": null,
            "output_md5": "ff1be8e89fa6487f99556797ef3d0296",
            "output_path": "outputs/message-response-lambda.zip",
            "output_sha": "59adac7565341d462438af6ac95130504649894a",
            "output_size": 620,
            "source": [],
            "source_content": null,
            "source_content_filename": null,
            "source_dir": null,
            "source_file": "../pysendmessage/message_response.py",
            "type": "zip"
          },
          "sensitive_attributes": []
        }
      ]
    },
    {
      "mode": "data",
      "type": "archive_file",
      "name": "python-libs-layer-archive",
      "provider": "provider[\"registry.terraform.io/hashicorp/archive\"]",
      "instances": [
        {
          "schema_version": 0,
          "attributes": {
            "excludes": null,
            "id": "860f51b0a02506d8b6a7e10eb99659a52e11fcc0",
            "output_base64sha256": "yeTUu4NAuiy4AmO2HFEruojRX+VAO9g/RkGnlzDDpcY=",
            "output_file_mode": null,
            "output_md5": "4aa9b96ddfcb838e86096b575095b01f",
            "output_path": "outputs/python_libs_layer.zip",
            "output_sha": "860f51b0a02506d8b6a7e10eb99659a52e11fcc0",
            "output_size": 23402555,
            "source": [],
            "source_content": null,
            "source_content_filename": null,
            "source_dir": "/Users/vlim/Research/poc/chatApp/server/layer/python_libs",
            "source_file": null,
            "type": "zip"
          },
          "sensitive_attributes": []
        }
      ]
    },
    {
      "mode": "data",
      "type": "archive_file",
      "name": "user-lambda-archive",
      "provider": "provider[\"registry.terraform.io/hashicorp/archive\"]",
      "instances": [
        {
          "schema_version": 0,
          "attributes": {
            "excludes": null,
            "id": "ba8f7cf0e2631c88eff6e799511d0d03dda6efba",
            "output_base64sha256": "oFX3rfnzM3HCL7Cl4R1Nydns7Wfi4IdTTG9zvJeU3S0=",
            "output_file_mode": null,
            "output_md5": "47b92e55961e2c2ea173541fffc7dddf",
            "output_path": "outputs/user-lambda.zip",
            "output_sha": "ba8f7cf0e2631c88eff6e799511d0d03dda6efba",
            "output_size": 314,
            "source": [],
            "source_content": null,
            "source_content_filename": null,
            "source_dir": null,
            "source_file": "../users/handler.py",
            "type": "zip"
          },
          "sensitive_attributes": []
        }
      ]
    },
    {
      "mode": "managed",
      "type": "aws_api_gateway_deployment",
      "name": "deployment",
      "provider": "provider[\"registry.terraform.io/hashicorp/aws\"]",
      "instances": [
        {
          "schema_version": 0,
          "attributes": {
            "created_date": "2022-01-08T14:21:14Z",
            "description": "",
            "execution_arn": "arn:aws:execute-api:ap-southeast-1:661275851074:bzsng3i3ge/",
            "id": "8s56yd",
            "invoke_url": "https://bzsng3i3ge.execute-api.ap-southeast-1.amazonaws.com/",
            "rest_api_id": "bzsng3i3ge",
            "stage_description": null,
            "stage_name": null,
            "triggers": {
              "redeployment": "0e98306f0ce4273839191f3256058e58f22dbeec"
            },
            "variables": null
          },
          "sensitive_attributes": [],
          "private": "bnVsbA==",
          "dependencies": [
            "aws_api_gateway_integration.root_api_integration",
            "aws_api_gateway_resource.root_api_resource",
            "aws_dynamodb_table.message-dynamodb-table",
            "aws_lambda_layer_version.python_libs_layer",
            "aws_lambda_layer_version.core_lib_layer",
            "aws_api_gateway_method.method",
            "aws_api_gateway_rest_api.root_api",
            "aws_iam_role.lambda_assume_role",
            "aws_lambda_function.user"
          ],
          "create_before_destroy": true
        }
      ]
    },
    {
      "mode": "managed",
      "type": "aws_api_gateway_integration",
      "name": "root_api_integration",
      "provider": "provider[\"registry.terraform.io/hashicorp/aws\"]",
      "instances": [
        {
          "schema_version": 0,
          "attributes": {
            "cache_key_parameters": [],
            "cache_namespace": "ggabzc",
            "connection_id": "",
            "connection_type": "INTERNET",
            "content_handling": "",
            "credentials": "",
            "http_method": "GET",
            "id": "agi-bzsng3i3ge-ggabzc-GET",
            "integration_http_method": "POST",
            "passthrough_behavior": "WHEN_NO_MATCH",
            "request_parameters": {},
            "request_templates": {},
            "resource_id": "ggabzc",
            "rest_api_id": "bzsng3i3ge",
            "timeout_milliseconds": 29000,
            "tls_config": [],
            "type": "AWS_PROXY",
            "uri": "arn:aws:apigateway:ap-southeast-1:lambda:path/2015-03-31/functions/arn:aws:lambda:ap-southeast-1:661275851074:function:vlim-ws-chat-va-user-default/invocations"
          },
          "sensitive_attributes": [],
          "private": "bnVsbA==",
          "dependencies": [
            "aws_lambda_function.user",
            "aws_lambda_layer_version.core_lib_layer",
            "aws_lambda_layer_version.python_libs_layer",
            "aws_api_gateway_method.method",
            "aws_api_gateway_resource.root_api_resource",
            "aws_api_gateway_rest_api.root_api",
            "aws_dynamodb_table.message-dynamodb-table",
            "aws_iam_role.lambda_assume_role"
          ],
          "create_before_destroy": true
        }
      ]
    },
    {
      "mode": "managed",
      "type": "aws_api_gateway_method",
      "name": "method",
      "provider": "provider[\"registry.terraform.io/hashicorp/aws\"]",
      "instances": [
        {
          "schema_version": 0,
          "attributes": {
            "api_key_required": false,
            "authorization": "NONE",
            "authorization_scopes": [],
            "authorizer_id": "",
            "http_method": "GET",
            "id": "agm-bzsng3i3ge-ggabzc-GET",
            "operation_name": "",
            "request_models": {},
            "request_parameters": {},
            "request_validator_id": "",
            "resource_id": "ggabzc",
            "rest_api_id": "bzsng3i3ge"
          },
          "sensitive_attributes": [],
          "private": "bnVsbA==",
          "dependencies": [
            "aws_api_gateway_resource.root_api_resource",
            "aws_api_gateway_rest_api.root_api"
          ],
          "create_before_destroy": true
        }
      ]
    },
    {
      "mode": "managed",
      "type": "aws_api_gateway_resource",
      "name": "root_api_resource",
      "provider": "provider[\"registry.terraform.io/hashicorp/aws\"]",
      "instances": [
        {
          "schema_version": 0,
          "attributes": {
            "id": "ggabzc",
            "parent_id": "04wzu3ermc",
            "path": "/users",
            "path_part": "users",
            "rest_api_id": "bzsng3i3ge"
          },
          "sensitive_attributes": [],
          "private": "bnVsbA==",
          "dependencies": [
            "aws_api_gateway_rest_api.root_api"
          ],
          "create_before_destroy": true
        }
      ]
    },
    {
      "mode": "managed",
      "type": "aws_api_gateway_rest_api",
      "name": "root_api",
      "provider": "provider[\"registry.terraform.io/hashicorp/aws\"]",
      "instances": [
        {
          "schema_version": 0,
          "attributes": {
            "api_key_source": "HEADER",
            "arn": "arn:aws:apigateway:ap-southeast-1::/restapis/bzsng3i3ge",
            "binary_media_types": [],
            "body": null,
            "created_date": "2022-01-08T14:07:16Z",
            "description": "",
            "disable_execute_api_endpoint": false,
            "endpoint_configuration": [
              {
                "types": [
                  "EDGE"
                ],
                "vpc_endpoint_ids": []
              }
            ],
            "execution_arn": "arn:aws:execute-api:ap-southeast-1:661275851074:bzsng3i3ge",
            "id": "bzsng3i3ge",
            "minimum_compression_size": -1,
            "name": "vlim-ws-chat-default-va-root-api",
            "parameters": null,
            "policy": "",
            "root_resource_id": "04wzu3ermc",
            "tags": {},
            "tags_all": {}
          },
          "sensitive_attributes": [],
          "private": "bnVsbA==",
          "create_before_destroy": true
        }
      ]
    },
    {
      "mode": "managed",
      "type": "aws_api_gateway_stage",
      "name": "stage",
      "provider": "provider[\"registry.terraform.io/hashicorp/aws\"]",
      "instances": [
        {
          "schema_version": 0,
          "attributes": {
            "access_log_settings": [],
            "arn": "arn:aws:apigateway:ap-southeast-1::/restapis/bzsng3i3ge/stages/default",
            "cache_cluster_enabled": false,
            "cache_cluster_size": "",
            "client_certificate_id": "",
            "deployment_id": "8s56yd",
            "description": "",
            "documentation_version": "",
            "execution_arn": "arn:aws:execute-api:ap-southeast-1:661275851074:bzsng3i3ge/default",
            "id": "ags-bzsng3i3ge-default",
            "invoke_url": "https://bzsng3i3ge.execute-api.ap-southeast-1.amazonaws.com/default",
            "rest_api_id": "bzsng3i3ge",
            "stage_name": "default",
            "tags": {},
            "tags_all": {},
            "variables": {},
            "xray_tracing_enabled": false
          },
          "sensitive_attributes": [],
          "private": "bnVsbA==",
          "dependencies": [
            "aws_api_gateway_integration.root_api_integration",
            "aws_api_gateway_method.method",
            "aws_lambda_layer_version.core_lib_layer",
            "aws_lambda_layer_version.python_libs_layer",
            "aws_lambda_function.user",
            "aws_api_gateway_deployment.deployment",
            "aws_api_gateway_resource.root_api_resource",
            "aws_api_gateway_rest_api.root_api",
            "aws_dynamodb_table.message-dynamodb-table",
            "aws_iam_role.lambda_assume_role"
          ]
        }
      ]
    },
    {
      "mode": "managed",
      "type": "aws_cloudwatch_log_group",
      "name": "message_response",
      "provider": "provider[\"registry.terraform.io/hashicorp/aws\"]",
      "instances": [
        {
          "schema_version": 0,
          "attributes": {
            "arn": "arn:aws:logs:ap-southeast-1:661275851074:log-group:terraform-20220108140715027000000001",
            "id": "terraform-20220108140715027000000001",
            "kms_key_id": "",
            "name": "terraform-20220108140715027000000001",
            "name_prefix": null,
            "retention_in_days": 30,
            "tags": {},
            "tags_all": {}
          },
          "sensitive_attributes": [],
          "private": "bnVsbA=="
        }
      ]
    },
    {
      "mode": "managed",
      "type": "aws_cloudwatch_log_group",
      "name": "user",
      "provider": "provider[\"registry.terraform.io/hashicorp/aws\"]",
      "instances": [
        {
          "schema_version": 0,
          "attributes": {
            "arn": "arn:aws:logs:ap-southeast-1:661275851074:log-group:/aws/lambda/vlim-ws-chat-va-user-default",
            "id": "/aws/lambda/vlim-ws-chat-va-user-default",
            "kms_key_id": "",
            "name": "/aws/lambda/vlim-ws-chat-va-user-default",
            "name_prefix": null,
            "retention_in_days": 7,
            "tags": {},
            "tags_all": {}
          },
          "sensitive_attributes": [],
          "private": "bnVsbA==",
          "dependencies": [
            "aws_iam_role.lambda_assume_role",
            "aws_lambda_function.user",
            "aws_lambda_layer_version.core_lib_layer",
            "aws_lambda_layer_version.python_libs_layer",
            "aws_dynamodb_table.message-dynamodb-table"
          ]
        }
      ]
    },
    {
      "mode": "managed",
      "type": "aws_dynamodb_table",
      "name": "message-dynamodb-table",
      "provider": "provider[\"registry.terraform.io/hashicorp/aws\"]",
      "instances": [
        {
          "schema_version": 1,
          "attributes": {
            "arn": "arn:aws:dynamodb:ap-southeast-1:661275851074:table/vlim-ws-chat-default-user-messages-dynamodb",
            "attribute": [
              {
                "name": "timestamp",
                "type": "N"
              },
              {
                "name": "userId",
                "type": "S"
              }
            ],
            "billing_mode": "PROVISIONED",
            "global_secondary_index": [],
            "hash_key": "userId",
            "id": "vlim-ws-chat-default-user-messages-dynamodb",
            "local_secondary_index": [],
            "name": "vlim-ws-chat-default-user-messages-dynamodb",
            "point_in_time_recovery": [
              {
                "enabled": false
              }
            ],
            "range_key": "timestamp",
            "read_capacity": 2,
            "replica": [],
            "restore_date_time": null,
            "restore_source_name": null,
            "restore_to_latest_time": null,
            "server_side_encryption": [],
            "stream_arn": "arn:aws:dynamodb:ap-southeast-1:661275851074:table/vlim-ws-chat-default-user-messages-dynamodb/stream/2022-01-08T14:07:16.081",
            "stream_enabled": true,
            "stream_label": "2022-01-08T14:07:16.081",
            "stream_view_type": "NEW_AND_OLD_IMAGES",
            "table_class": "",
            "tags": {
              "Environment": "default",
              "Name": "vlim-ws-chat-default-user-messages-dynamodb"
            },
            "tags_all": {
              "Environment": "default",
              "Name": "vlim-ws-chat-default-user-messages-dynamodb"
            },
            "timeouts": null,
            "ttl": [
              {
                "attribute_name": "",
                "enabled": false,
                "kms_key_arn": ""
              }
            ],
            "write_capacity": 2
          },
          "sensitive_attributes": [],
          "private": "eyJlMmJmYjczMC1lY2FhLTExZTYtOGY4OC0zNDM2M2JjN2M0YzAiOnsiY3JlYXRlIjoxMjAwMDAwMDAwMDAwLCJkZWxldGUiOjYwMDAwMDAwMDAwMCwidXBkYXRlIjozNjAwMDAwMDAwMDAwfSwic2NoZW1hX3ZlcnNpb24iOiIxIn0=",
          "create_before_destroy": true
        }
      ]
    },
    {
      "mode": "managed",
      "type": "aws_iam_role",
      "name": "invocation_role",
      "provider": "provider[\"registry.terraform.io/hashicorp/aws\"]",
      "instances": [
        {
          "schema_version": 0,
          "attributes": {
            "arn": "arn:aws:iam::661275851074:role/vlim-ws-chat_default_va_api_gateway_auth_invocation",
            "assume_role_policy": "{\"Version\":\"2012-10-17\",\"Statement\":[{\"Sid\":\"\",\"Effect\":\"Allow\",\"Principal\":{\"Service\":\"lambda.amazonaws.com\"},\"Action\":\"sts:AssumeRole\"}]}",
            "create_date": "2022-01-08T14:07:16Z",
            "description": "",
            "force_detach_policies": false,
            "id": "vlim-ws-chat_default_va_api_gateway_auth_invocation",
            "inline_policy": [
              {
                "name": "vlim-ws-chat_invocation_policy_default_va",
                "policy": "{\n  \"Version\": \"2012-10-17\",\n  \"Statement\": [\n    {\n      \"Action\": \"lambda:InvokeFunction\",\n      \"Effect\": \"Allow\",\n      \"Resource\": \"arn:aws:lambda:ap-southeast-1:661275851074:function:vlim-ws-chat-va-api_gateway_authorizer-default\"\n    }\n  ]\n}\n"
              }
            ],
            "managed_policy_arns": [],
            "max_session_duration": 3600,
            "name": "vlim-ws-chat_default_va_api_gateway_auth_invocation",
            "name_prefix": "",
            "path": "/",
            "permissions_boundary": null,
            "tags": {},
            "tags_all": {},
            "unique_id": "AROAZT5Y4XFBJX7VNPN55"
          },
          "sensitive_attributes": [],
          "private": "bnVsbA=="
        }
      ]
    },
    {
      "mode": "managed",
      "type": "aws_iam_role",
      "name": "lambda_assume_role",
      "provider": "provider[\"registry.terraform.io/hashicorp/aws\"]",
      "instances": [
        {
          "schema_version": 0,
          "attributes": {
            "arn": "arn:aws:iam::661275851074:role/vlim-ws-chat_lambda_role_default_va",
            "assume_role_policy": "{\"Version\":\"2012-10-17\",\"Statement\":[{\"Sid\":\"\",\"Effect\":\"Allow\",\"Principal\":{\"Service\":\"lambda.amazonaws.com\"},\"Action\":\"sts:AssumeRole\"}]}",
            "create_date": "2022-01-08T14:07:16Z",
            "description": "",
            "force_detach_policies": false,
            "id": "vlim-ws-chat_lambda_role_default_va",
            "inline_policy": [
              {
                "name": "lambda-dynamodb-log-policy",
                "policy": "{\n  \"Version\": \"2012-10-17\",\n  \"Statement\": [\n    {\n        \"Action\": [ \"logs:*\" ],\n        \"Effect\": \"Allow\",\n        \"Resource\": [ \"arn:aws:logs:*:*:*\" ]\n    },\n    {\n        \"Action\": [ \"dynamodb:BatchGetItem\",\n                    \"dynamodb:GetItem\",\n                    \"dynamodb:GetRecords\",\n                    \"dynamodb:Scan\",\n                    \"dynamodb:Query\",\n                    \"dynamodb:GetShardIterator\",\n                    \"dynamodb:DescribeStream\",\n                    \"dynamodb:ListStreams\" ],\n        \"Effect\": \"Allow\",\n        \"Resource\": [\n          \"arn:aws:dynamodb:ap-southeast-1:661275851074:table/vlim-ws-chat-default-user-messages-dynamodb\",\n          \"arn:aws:dynamodb:ap-southeast-1:661275851074:table/vlim-ws-chat-default-user-messages-dynamodb/*\"\n        ]\n    }\n  ]\n}\n"
              },
              {
                "name": "vlim-ws-chat_lambda_assume_policy_default_va",
                "policy": "{\n  \"Version\": \"2012-10-17\",\n  \"Statement\": [\n    {\n      \"Sid\": \"Stmt1636620306577\",\n      \"Action\": \"logs:*\",\n      \"Effect\": \"Allow\",\n      \"Resource\": \"*\"\n    }\n  ]\n}"
              }
            ],
            "managed_policy_arns": [],
            "max_session_duration": 3600,
            "name": "vlim-ws-chat_lambda_role_default_va",
            "name_prefix": "",
            "path": "/",
            "permissions_boundary": null,
            "tags": {},
            "tags_all": {},
            "unique_id": "AROAZT5Y4XFBJKIDIBM2O"
          },
          "sensitive_attributes": [],
          "private": "bnVsbA==",
          "create_before_destroy": true
        }
      ]
    },
    {
      "mode": "managed",
      "type": "aws_iam_role_policy",
      "name": "dynamodb_read_log_policy",
      "provider": "provider[\"registry.terraform.io/hashicorp/aws\"]",
      "instances": [
        {
          "schema_version": 0,
          "attributes": {
            "id": "vlim-ws-chat_lambda_role_default_va:lambda-dynamodb-log-policy",
            "name": "lambda-dynamodb-log-policy",
            "name_prefix": null,
            "policy": "{\n  \"Version\": \"2012-10-17\",\n  \"Statement\": [\n    {\n        \"Action\": [ \"logs:*\" ],\n        \"Effect\": \"Allow\",\n        \"Resource\": [ \"arn:aws:logs:*:*:*\" ]\n    },\n    {\n        \"Action\": [ \"dynamodb:BatchGetItem\",\n                    \"dynamodb:GetItem\",\n                    \"dynamodb:GetRecords\",\n                    \"dynamodb:Scan\",\n                    \"dynamodb:Query\",\n                    \"dynamodb:GetShardIterator\",\n                    \"dynamodb:DescribeStream\",\n                    \"dynamodb:ListStreams\" ],\n        \"Effect\": \"Allow\",\n        \"Resource\": [\n          \"arn:aws:dynamodb:ap-southeast-1:661275851074:table/vlim-ws-chat-default-user-messages-dynamodb\",\n          \"arn:aws:dynamodb:ap-southeast-1:661275851074:table/vlim-ws-chat-default-user-messages-dynamodb/*\"\n        ]\n    }\n  ]\n}\n",
            "role": "vlim-ws-chat_lambda_role_default_va"
          },
          "sensitive_attributes": [],
          "private": "bnVsbA==",
          "dependencies": [
            "aws_dynamodb_table.message-dynamodb-table",
            "aws_iam_role.lambda_assume_role"
          ]
        }
      ]
    },
    {
      "mode": "managed",
      "type": "aws_iam_role_policy",
      "name": "invocation_policy",
      "provider": "provider[\"registry.terraform.io/hashicorp/aws\"]",
      "instances": [
        {
          "schema_version": 0,
          "attributes": {
            "id": "vlim-ws-chat_default_va_api_gateway_auth_invocation:vlim-ws-chat_invocation_policy_default_va",
            "name": "vlim-ws-chat_invocation_policy_default_va",
            "name_prefix": null,
            "policy": "{\n  \"Version\": \"2012-10-17\",\n  \"Statement\": [\n    {\n      \"Action\": \"lambda:InvokeFunction\",\n      \"Effect\": \"Allow\",\n      \"Resource\": \"arn:aws:lambda:ap-southeast-1:661275851074:function:vlim-ws-chat-va-api_gateway_authorizer-default\"\n    }\n  ]\n}\n",
            "role": "vlim-ws-chat_default_va_api_gateway_auth_invocation"
          },
          "sensitive_attributes": [],
          "private": "bnVsbA==",
          "dependencies": [
            "aws_iam_role.invocation_role",
            "aws_iam_role.lambda_assume_role",
            "aws_lambda_function.authorizer"
          ]
        }
      ]
    },
    {
      "mode": "managed",
      "type": "aws_iam_role_policy",
      "name": "lambda_assume_policy",
      "provider": "provider[\"registry.terraform.io/hashicorp/aws\"]",
      "instances": [
        {
          "schema_version": 0,
          "attributes": {
            "id": "vlim-ws-chat_lambda_role_default_va:vlim-ws-chat_lambda_assume_policy_default_va",
            "name": "vlim-ws-chat_lambda_assume_policy_default_va",
            "name_prefix": null,
            "policy": "{\n  \"Version\": \"2012-10-17\",\n  \"Statement\": [\n    {\n      \"Sid\": \"Stmt1636620306577\",\n      \"Action\": \"logs:*\",\n      \"Effect\": \"Allow\",\n      \"Resource\": \"*\"\n    }\n  ]\n}",
            "role": "vlim-ws-chat_lambda_role_default_va"
          },
          "sensitive_attributes": [],
          "private": "bnVsbA==",
          "dependencies": [
            "aws_iam_role.lambda_assume_role"
          ]
        }
      ]
    },
    {
      "mode": "managed",
      "type": "aws_lambda_event_source_mapping",
      "name": "example",
      "provider": "provider[\"registry.terraform.io/hashicorp/aws\"]",
      "instances": [
        {
          "schema_version": 0,
          "attributes": {
            "batch_size": 100,
            "bisect_batch_on_function_error": false,
            "destination_config": [
              {
                "on_failure": [
                  {
                    "destination_arn": null
                  }
                ]
              }
            ],
            "enabled": true,
            "event_source_arn": "arn:aws:dynamodb:ap-southeast-1:661275851074:table/vlim-ws-chat-default-user-messages-dynamodb/stream/2022-01-08T14:07:16.081",
            "filter_criteria": [],
            "function_arn": "arn:aws:lambda:ap-southeast-1:661275851074:function:vlim-ws-chat-va-message_response-default",
            "function_name": "arn:aws:lambda:ap-southeast-1:661275851074:function:vlim-ws-chat-va-message_response-default",
            "function_response_types": [],
            "id": "4ce23fd2-6061-4cec-8433-e1c0f9370ada",
            "last_modified": "2022-01-08T14:08:00Z",
            "last_processing_result": "No records processed",
            "maximum_batching_window_in_seconds": 0,
            "maximum_record_age_in_seconds": -1,
            "maximum_retry_attempts": -1,
            "parallelization_factor": 1,
            "queues": [],
            "self_managed_event_source": [],
            "source_access_configuration": [],
            "starting_position": "LATEST",
            "starting_position_timestamp": "",
            "state": "Enabled",
            "state_transition_reason": "User action",
            "topics": [],
            "tumbling_window_in_seconds": 0,
            "uuid": "4ce23fd2-6061-4cec-8433-e1c0f9370ada"
          },
          "sensitive_attributes": [],
          "private": "bnVsbA==",
          "dependencies": [
            "aws_lambda_layer_version.core_lib_layer",
            "aws_lambda_layer_version.python_libs_layer",
            "aws_dynamodb_table.message-dynamodb-table",
            "aws_iam_role.lambda_assume_role",
            "aws_lambda_function.message_response_lambda"
          ]
        }
      ]
    },
    {
      "mode": "managed",
      "type": "aws_lambda_function",
      "name": "authorizer",
      "provider": "provider[\"registry.terraform.io/hashicorp/aws\"]",
      "instances": [
        {
          "schema_version": 0,
          "attributes": {
            "architectures": [
              "x86_64"
            ],
            "arn": "arn:aws:lambda:ap-southeast-1:661275851074:function:vlim-ws-chat-va-api_gateway_authorizer-default",
            "code_signing_config_arn": "",
            "dead_letter_config": [],
            "description": "",
            "environment": [],
            "file_system_config": [],
            "filename": "outputs/api-gateway-authorizer-lambda.zip",
            "function_name": "vlim-ws-chat-va-api_gateway_authorizer-default",
            "handler": "authenticate.user_login",
            "id": "vlim-ws-chat-va-api_gateway_authorizer-default",
            "image_config": [],
            "image_uri": "",
            "invoke_arn": "arn:aws:apigateway:ap-southeast-1:lambda:path/2015-03-31/functions/arn:aws:lambda:ap-southeast-1:661275851074:function:vlim-ws-chat-va-api_gateway_authorizer-default/invocations",
            "kms_key_arn": "",
            "last_modified": "2022-01-08T14:07:29.695+0000",
            "layers": [],
            "memory_size": 128,
            "package_type": "Zip",
            "publish": false,
            "qualified_arn": "arn:aws:lambda:ap-southeast-1:661275851074:function:vlim-ws-chat-va-api_gateway_authorizer-default:$LATEST",
            "reserved_concurrent_executions": -1,
            "role": "arn:aws:iam::661275851074:role/vlim-ws-chat_lambda_role_default_va",
            "runtime": "python3.8",
            "s3_bucket": null,
            "s3_key": null,
            "s3_object_version": null,
            "signing_job_arn": "",
            "signing_profile_version_arn": "",
            "source_code_hash": "ZWgw1Jd3FE7/GprlPwkXzaK2+q+yJxBI2h0OYppzl6E=",
            "source_code_size": 597,
            "tags": {},
            "tags_all": {},
            "timeout": 3,
            "timeouts": null,
            "tracing_config": [
              {
                "mode": "PassThrough"
              }
            ],
            "version": "$LATEST",
            "vpc_config": []
          },
          "sensitive_attributes": [],
          "private": "eyJlMmJmYjczMC1lY2FhLTExZTYtOGY4OC0zNDM2M2JjN2M0YzAiOnsiY3JlYXRlIjo2MDAwMDAwMDAwMDB9fQ==",
          "dependencies": [
            "aws_iam_role.lambda_assume_role"
          ]
        }
      ]
    },
    {
      "mode": "managed",
      "type": "aws_lambda_function",
      "name": "message_response_lambda",
      "provider": "provider[\"registry.terraform.io/hashicorp/aws\"]",
      "instances": [
        {
          "schema_version": 0,
          "attributes": {
            "architectures": [
              "x86_64"
            ],
            "arn": "arn:aws:lambda:ap-southeast-1:661275851074:function:vlim-ws-chat-va-message_response-default",
            "code_signing_config_arn": "",
            "dead_letter_config": [],
            "description": "",
            "environment": [
              {
                "variables": {
                  "CONNECTION_TABLE_NAME": "vlim-ws-chat-dev-i--conns-table",
                  "IS_USING_LOCAL_DYNAMODB": "0",
                  "SECRET_KEY": "62fec8f63ccfeeb60149f4c49fbcda10",
                  "SOCKET_URL": "https://3duti05k8l.execute-api.ap-southeast-1.amazonaws.com/dev-i-vi",
                  "USER_MESSAGE_TABLE_NAME": "vlim-ws-chat-default-user-messages-dynamodb"
                }
              }
            ],
            "file_system_config": [],
            "filename": "outputs/message-response-lambda.zip",
            "function_name": "vlim-ws-chat-va-message_response-default",
            "handler": "message_response.handler",
            "id": "vlim-ws-chat-va-message_response-default",
            "image_config": [],
            "image_uri": "",
            "invoke_arn": "arn:aws:apigateway:ap-southeast-1:lambda:path/2015-03-31/functions/arn:aws:lambda:ap-southeast-1:661275851074:function:vlim-ws-chat-va-message_response-default/invocations",
            "kms_key_arn": "",
            "last_modified": "2022-01-08T14:07:35.566+0000",
            "layers": [
              "arn:aws:lambda:ap-southeast-1:661275851074:layer:vlim-ws-chat-CoreLibs:2",
              "arn:aws:lambda:ap-southeast-1:661275851074:layer:vlim-ws-chat-PythonLibs:3"
            ],
            "memory_size": 128,
            "package_type": "Zip",
            "publish": false,
            "qualified_arn": "arn:aws:lambda:ap-southeast-1:661275851074:function:vlim-ws-chat-va-message_response-default:$LATEST",
            "reserved_concurrent_executions": -1,
            "role": "arn:aws:iam::661275851074:role/vlim-ws-chat_lambda_role_default_va",
            "runtime": "python3.8",
            "s3_bucket": null,
            "s3_key": null,
            "s3_object_version": null,
            "signing_job_arn": "",
            "signing_profile_version_arn": "",
            "source_code_hash": "6ObCGaGdf04RzJaoTt0CVOPtBghZf1PTevr2pABEyG4=",
            "source_code_size": 620,
            "tags": {},
            "tags_all": {},
            "timeout": 90,
            "timeouts": null,
            "tracing_config": [
              {
                "mode": "PassThrough"
              }
            ],
            "version": "$LATEST",
            "vpc_config": []
          },
          "sensitive_attributes": [],
          "private": "eyJlMmJmYjczMC1lY2FhLTExZTYtOGY4OC0zNDM2M2JjN2M0YzAiOnsiY3JlYXRlIjo2MDAwMDAwMDAwMDB9fQ==",
          "dependencies": [
            "aws_dynamodb_table.message-dynamodb-table",
            "aws_iam_role.lambda_assume_role",
            "aws_lambda_layer_version.core_lib_layer",
            "aws_lambda_layer_version.python_libs_layer"
          ],
          "create_before_destroy": true
        }
      ]
    },
    {
      "mode": "managed",
      "type": "aws_lambda_function",
      "name": "user",
      "provider": "provider[\"registry.terraform.io/hashicorp/aws\"]",
      "instances": [
        {
          "schema_version": 0,
          "attributes": {
            "architectures": [
              "x86_64"
            ],
            "arn": "arn:aws:lambda:ap-southeast-1:661275851074:function:vlim-ws-chat-va-user-default",
            "code_signing_config_arn": "",
            "dead_letter_config": [],
            "description": "",
            "environment": [
              {
                "variables": {
                  "CONNECTION_TABLE_NAME": "vlim-ws-chat-dev-i--conns-table",
                  "IS_USING_LOCAL_DYNAMODB": "0",
                  "SECRET_KEY": "62fec8f63ccfeeb60149f4c49fbcda10",
                  "SOCKET_URL": "https://3duti05k8l.execute-api.ap-southeast-1.amazonaws.com/dev-i-vi",
                  "USER_MESSAGE_TABLE_NAME": "vlim-ws-chat-default-user-messages-dynamodb"
                }
              }
            ],
            "file_system_config": [],
            "filename": "outputs/user-lambda.zip",
            "function_name": "vlim-ws-chat-va-user-default",
            "handler": "handler.lambda_handler",
            "id": "vlim-ws-chat-va-user-default",
            "image_config": [],
            "image_uri": "",
            "invoke_arn": "arn:aws:apigateway:ap-southeast-1:lambda:path/2015-03-31/functions/arn:aws:lambda:ap-southeast-1:661275851074:function:vlim-ws-chat-va-user-default/invocations",
            "kms_key_arn": "",
            "last_modified": "2022-01-08T15:37:38.601+0000",
            "layers": [
              "arn:aws:lambda:ap-southeast-1:661275851074:layer:vlim-ws-chat-CoreLibs:2",
              "arn:aws:lambda:ap-southeast-1:661275851074:layer:vlim-ws-chat-PythonLibs:3"
            ],
            "memory_size": 128,
            "package_type": "Zip",
            "publish": false,
            "qualified_arn": "arn:aws:lambda:ap-southeast-1:661275851074:function:vlim-ws-chat-va-user-default:$LATEST",
            "reserved_concurrent_executions": -1,
            "role": "arn:aws:iam::661275851074:role/vlim-ws-chat_lambda_role_default_va",
            "runtime": "python3.8",
            "s3_bucket": null,
            "s3_key": null,
            "s3_object_version": null,
            "signing_job_arn": "",
            "signing_profile_version_arn": "",
            "source_code_hash": "oFX3rfnzM3HCL7Cl4R1Nydns7Wfi4IdTTG9zvJeU3S0=",
            "source_code_size": 314,
            "tags": {},
            "tags_all": {},
            "timeout": 3,
            "timeouts": null,
            "tracing_config": [
              {
                "mode": "PassThrough"
              }
            ],
            "version": "$LATEST",
            "vpc_config": []
          },
          "sensitive_attributes": [],
          "private": "eyJlMmJmYjczMC1lY2FhLTExZTYtOGY4OC0zNDM2M2JjN2M0YzAiOnsiY3JlYXRlIjo2MDAwMDAwMDAwMDB9fQ==",
          "dependencies": [
            "aws_dynamodb_table.message-dynamodb-table",
            "aws_iam_role.lambda_assume_role",
            "aws_lambda_layer_version.core_lib_layer",
            "aws_lambda_layer_version.python_libs_layer"
          ],
          "create_before_destroy": true
        }
      ]
    },
    {
      "mode": "managed",
      "type": "aws_lambda_layer_version",
      "name": "core_lib_layer",
      "provider": "provider[\"registry.terraform.io/hashicorp/aws\"]",
      "instances": [
        {
          "schema_version": 0,
          "attributes": {
            "arn": "arn:aws:lambda:ap-southeast-1:661275851074:layer:vlim-ws-chat-CoreLibs:2",
            "compatible_architectures": [],
            "compatible_runtimes": [
              "python3.8"
            ],
            "created_date": "2022-01-08T14:07:16.386+0000",
            "description": "",
            "filename": "outputs/core_lib_layer.zip",
            "id": "arn:aws:lambda:ap-southeast-1:661275851074:layer:vlim-ws-chat-CoreLibs:2",
            "layer_arn": "arn:aws:lambda:ap-southeast-1:661275851074:layer:vlim-ws-chat-CoreLibs",
            "layer_name": "vlim-ws-chat-CoreLibs",
            "license_info": "",
            "s3_bucket": null,
            "s3_key": null,
            "s3_object_version": null,
            "signing_job_arn": "",
            "signing_profile_version_arn": "",
            "skip_destroy": false,
            "source_code_hash": "pEHit1Ulnzp3+ePXLxgVzaXjNRz4hM3CTFlUdzYa02A=",
            "source_code_size": 9743,
            "version": "2"
          },
          "sensitive_attributes": [],
          "private": "bnVsbA==",
          "create_before_destroy": true
        }
      ]
    },
    {
      "mode": "managed",
      "type": "aws_lambda_layer_version",
      "name": "python_libs_layer",
      "provider": "provider[\"registry.terraform.io/hashicorp/aws\"]",
      "instances": [
        {
          "schema_version": 0,
          "attributes": {
            "arn": "arn:aws:lambda:ap-southeast-1:661275851074:layer:vlim-ws-chat-PythonLibs:3",
            "compatible_architectures": [],
            "compatible_runtimes": [
              "python3.8"
            ],
            "created_date": "2022-01-08T14:07:28.398+0000",
            "description": "",
            "filename": "outputs/python_libs_layer.zip",
            "id": "arn:aws:lambda:ap-southeast-1:661275851074:layer:vlim-ws-chat-PythonLibs:3",
            "layer_arn": "arn:aws:lambda:ap-southeast-1:661275851074:layer:vlim-ws-chat-PythonLibs",
            "layer_name": "vlim-ws-chat-PythonLibs",
            "license_info": "",
            "s3_bucket": null,
            "s3_key": null,
            "s3_object_version": null,
            "signing_job_arn": "",
            "signing_profile_version_arn": "",
            "skip_destroy": false,
            "source_code_hash": "yeTUu4NAuiy4AmO2HFEruojRX+VAO9g/RkGnlzDDpcY=",
            "source_code_size": 23402555,
            "version": "3"
          },
          "sensitive_attributes": [],
          "private": "bnVsbA==",
          "create_before_destroy": true
        }
      ]
    },
    {
      "mode": "managed",
      "type": "aws_lambda_permission",
      "name": "apigw_lambda_permission",
      "provider": "provider[\"registry.terraform.io/hashicorp/aws\"]",
      "instances": [
        {
          "schema_version": 0,
          "attributes": {
            "action": "lambda:InvokeFunction",
            "event_source_token": null,
            "function_name": "vlim-ws-chat-va-user-default",
            "id": "Allowvlim-ws-chat-default-va-root-apiInvoke",
            "principal": "apigateway.amazonaws.com",
            "qualifier": "",
            "source_account": null,
            "source_arn": "arn:aws:execute-api:ap-southeast-1:661275851074:bzsng3i3ge/*/GET/users",
            "statement_id": "Allowvlim-ws-chat-default-va-root-apiInvoke",
            "statement_id_prefix": null
          },
          "sensitive_attributes": [],
          "private": "bnVsbA==",
          "dependencies": [
            "aws_api_gateway_method.method",
            "aws_api_gateway_resource.root_api_resource",
            "aws_api_gateway_rest_api.root_api",
            "aws_lambda_function.user"
          ]
        }
      ]
    }
  ]
}
