{
  "version": 4,
  "terraform_version": "1.1.2",
  "serial": 536,
  "lineage": "e59b7a4e-a038-4fc3-6e33-d8d215397351",
  "outputs": {
    "aws_dynamodb_table_arn": {
      "value": "arn:aws:dynamodb:ap-southeast-1:097947100355:table/vlim-ws-chat-dev-user-messages-dynamodb",
      "type": "string"
    },
    "aws_dynamodb_table_region": {
      "value": [],
      "type": [
        "set",
        [
          "object",
          {
            "kms_key_arn": "string",
            "region_name": "string"
          }
        ]
      ]
    },
    "message-response-lambda-function-arn": {
      "value": "arn:aws:lambda:ap-southeast-1:097947100355:function:vlim-ws-chat-va-message_response-dev",
      "type": "string"
    },
    "message-response-lambda-function-name": {
      "value": "vlim-ws-chat-va-message_response-dev",
      "type": "string"
    },
    "rootAPI": {
      "value": "https://uo89jo1heh.execute-api.ap-southeast-1.amazonaws.com",
      "type": "string"
    },
    "user-lambda-function-arn": {
      "value": "arn:aws:lambda:ap-southeast-1:097947100355:function:vlim-ws-chat-vdev-a-user",
      "type": "string"
    },
    "user-lambda-function-name": {
      "value": "vlim-ws-chat-vdev-a-user",
      "type": "string"
    }
  },
  "resources": [
    {
      "mode": "data",
      "type": "archive_file",
      "name": "api-gateway-authorizer-lambda-archive",
      "provider": "provider[\"registry.terraform.io/hashicorp/archive\"]",
      "instances": [
        {
          "schema_version": 0,
          "attributes": {
            "excludes": null,
            "id": "f0817ad4807e1c3389db1617b30c02274c7d71b7",
            "output_base64sha256": "ZWgw1Jd3FE7/GprlPwkXzaK2+q+yJxBI2h0OYppzl6E=",
            "output_file_mode": null,
            "output_md5": "1581f53f61079de8854856d5e9ef8fb5",
            "output_path": "outputs/api-gateway-authorizer-lambda.zip",
            "output_sha": "f0817ad4807e1c3389db1617b30c02274c7d71b7",
            "output_size": 597,
            "source": [],
            "source_content": null,
            "source_content_filename": null,
            "source_dir": null,
            "source_file": "../users/users_methods/authenticate.py",
            "type": "zip"
          },
          "sensitive_attributes": []
        }
      ]
    },
    {
      "mode": "data",
      "type": "archive_file",
      "name": "core-lib-layer-archive",
      "provider": "provider[\"registry.terraform.io/hashicorp/archive\"]",
      "instances": [
        {
          "schema_version": 0,
          "attributes": {
            "excludes": null,
            "id": "0f15713afbe9bca1a0d58928f620add51136fb10",
            "output_base64sha256": "46xLETvLmt9DS04gOsHahtfnvGUUpdQMa1BeF2O7UDk=",
            "output_file_mode": null,
            "output_md5": "b958b009c846bfbca6b9fe9c6d4b9225",
            "output_path": "outputs/core_lib_layer.zip",
            "output_sha": "0f15713afbe9bca1a0d58928f620add51136fb10",
            "output_size": 28286,
            "source": [],
            "source_content": null,
            "source_content_filename": null,
            "source_dir": "/Users/vlim/Research/poc/chatApp/server/layer/core",
            "source_file": null,
            "type": "zip"
          },
          "sensitive_attributes": []
        }
      ]
    },
    {
      "mode": "data",
      "type": "archive_file",
      "name": "image_processing-libs-layer-archive",
      "provider": "provider[\"registry.terraform.io/hashicorp/archive\"]",
      "instances": [
        {
          "schema_version": 0,
          "attributes": {
            "excludes": null,
            "id": "2cb98abd190cb2e1306280ae2342607a34569c44",
            "output_base64sha256": "QCcoV9BuimsC6Qokb5qbYTv/ZVAGVLc0PcAbGlCdpSA=",
            "output_file_mode": null,
            "output_md5": "34c53687ac8cdb97a94e330da08135d4",
            "output_path": "outputs/image_processing_libs_layer.zip",
            "output_sha": "2cb98abd190cb2e1306280ae2342607a34569c44",
            "output_size": 4270704,
            "source": [],
            "source_content": null,
            "source_content_filename": null,
            "source_dir": "/Users/vlim/Research/poc/chatApp/server/layer/image_processing_libs",
            "source_file": null,
            "type": "zip"
          },
          "sensitive_attributes": []
        }
      ]
    },
    {
      "mode": "data",
      "type": "archive_file",
      "name": "message-response-lambda-archive",
      "provider": "provider[\"registry.terraform.io/hashicorp/archive\"]",
      "instances": [
        {
          "schema_version": 0,
          "attributes": {
            "excludes": null,
            "id": "74169d2ab09910b77b5ff64cbc792c828ec833c8",
            "output_base64sha256": "oJjmUsAQeicQHWVLMPY6vAmw/Qy7AOPjap8vR0tCb90=",
            "output_file_mode": null,
            "output_md5": "b9ba14474c4418d44333eb1f6d97251c",
            "output_path": "outputs/message-response-lambda.zip",
            "output_sha": "74169d2ab09910b77b5ff64cbc792c828ec833c8",
            "output_size": 873,
            "source": [],
            "source_content": null,
            "source_content_filename": null,
            "source_dir": null,
            "source_file": "../pysendmessage/message_response.py",
            "type": "zip"
          },
          "sensitive_attributes": []
        }
      ]
    },
    {
      "mode": "data",
      "type": "archive_file",
      "name": "python-libs-layer-archive",
      "provider": "provider[\"registry.terraform.io/hashicorp/archive\"]",
      "instances": [
        {
          "schema_version": 0,
          "attributes": {
            "excludes": null,
            "id": "14c8839a26d20377fe2d2041ecea71af6c6481da",
            "output_base64sha256": "JI60OTrJfiu09ZdtRk6d9VKf6Fz7UzyM/GurKHxu98Y=",
            "output_file_mode": null,
            "output_md5": "6dc77baa73ec70597917ddf0cbb871c4",
            "output_path": "outputs/python_libs_layer.zip",
            "output_sha": "14c8839a26d20377fe2d2041ecea71af6c6481da",
            "output_size": 18681343,
            "source": [],
            "source_content": null,
            "source_content_filename": null,
            "source_dir": "/Users/vlim/Research/poc/chatApp/server/layer/python_libs",
            "source_file": null,
            "type": "zip"
          },
          "sensitive_attributes": []
        }
      ]
    },
    {
      "mode": "data",
      "type": "archive_file",
      "name": "user-lambda-archive",
      "provider": "provider[\"registry.terraform.io/hashicorp/archive\"]",
      "instances": [
        {
          "schema_version": 0,
          "attributes": {
            "excludes": null,
            "id": "cbefd81a5117af4ad8014647b4cc6cbf19673d00",
            "output_base64sha256": "49BD+QiQMJ56btL9GLvwpFQUH9Kld9mx78CLm1jRyes=",
            "output_file_mode": null,
            "output_md5": "8722f3cf7707ecb335a6c56d3ccca3da",
            "output_path": "outputs/user-lambda.zip",
            "output_sha": "cbefd81a5117af4ad8014647b4cc6cbf19673d00",
            "output_size": 403,
            "source": [],
            "source_content": null,
            "source_content_filename": null,
            "source_dir": null,
            "source_file": "../users/handler.py",
            "type": "zip"
          },
          "sensitive_attributes": []
        }
      ]
    },
    {
      "mode": "managed",
      "type": "aws_api_gateway_deployment",
      "name": "deployment",
      "provider": "provider[\"registry.terraform.io/hashicorp/aws\"]",
      "instances": [
        {
          "schema_version": 0,
          "attributes": {
            "created_date": "2022-03-16T13:20:32Z",
            "description": "",
            "execution_arn": "arn:aws:execute-api:ap-southeast-1:097947100355:uo89jo1heh/",
            "id": "gsoyi2",
            "invoke_url": "https://uo89jo1heh.execute-api.ap-southeast-1.amazonaws.com/",
            "rest_api_id": "uo89jo1heh",
            "stage_description": null,
            "stage_name": null,
            "triggers": {
              "redeployment": "bec5cb927457f50daa39e547316fb17ce1c23fd2"
            },
            "variables": null
          },
          "sensitive_attributes": [],
          "private": "bnVsbA==",
          "dependencies": [
            "aws_api_gateway_gateway_response.missing_authentication_token",
            "aws_lambda_layer_version.python_libs_layer",
            "module.get_users_gateway_resource.aws_api_gateway_integration.api_integration",
            "module.get_users_gateway_resource.aws_api_gateway_method.options_method",
            "module.image_processing.module.post_url_gateway_resource.aws_api_gateway_integration.api_integration",
            "module.image_processing.module.post_url_gateway_resource.aws_api_gateway_method_response.options_200",
            "module.users_login_gateway_resource.aws_api_gateway_integration.api_integration",
            "module.users_signup_gateway_resource.aws_api_gateway_integration.api_integration",
            "aws_api_gateway_gateway_response.unauthorized",
            "module.get_users_gateway_resource.aws_api_gateway_resource.api_resource",
            "module.users_signup_gateway_resource.aws_api_gateway_method_response.response_200",
            "module.users_signup_gateway_resource.aws_api_gateway_resource.api_resource",
            "aws_api_gateway_gateway_response.default_5xx",
            "aws_dynamodb_table.users-dynamodb-table",
            "aws_lambda_function.user",
            "module.get_users_gateway_resource.aws_api_gateway_method.method",
            "module.image_processing.module.post_url_gateway_resource.aws_api_gateway_method.method",
            "module.users_login_gateway_resource.aws_api_gateway_method.method",
            "module.users_signup_gateway_resource.aws_api_gateway_method.options_method",
            "module.users_signup_gateway_resource.aws_api_gateway_method_response.options_200",
            "aws_api_gateway_rest_api.root_api",
            "module.users_login_gateway_resource.aws_api_gateway_method.options_method",
            "module.users_login_gateway_resource.aws_api_gateway_method_response.response_200",
            "module.users_login_gateway_resource.aws_api_gateway_resource.api_resource",
            "aws_api_gateway_gateway_response.default_4xx",
            "module.get_users_gateway_resource.aws_api_gateway_method_response.response_200",
            "module.image_processing.aws_lambda_function.image_upload_url_lambda",
            "module.image_processing.module.post_url_gateway_resource.aws_api_gateway_method_response.response_200",
            "module.users_login_gateway_resource.aws_api_gateway_method_response.options_200",
            "aws_iam_role.full_access_dynamodb_lambda_role",
            "module.image_processing.aws_s3_bucket.image_bucket",
            "module.image_processing.data.aws_iam_policy_document.lambda_assume_role_policy",
            "module.image_processing.module.post_url_gateway_resource.aws_api_gateway_integration.options_integration",
            "aws_dynamodb_table.message-dynamodb-table",
            "module.image_processing.aws_iam_role.lambda_role",
            "module.image_processing.module.post_url_gateway_resource.aws_api_gateway_method.options_method",
            "module.users_signup_gateway_resource.aws_api_gateway_integration.options_integration",
            "module.users_signup_gateway_resource.aws_api_gateway_method.method",
            "aws_lambda_layer_version.core_lib_layer",
            "module.get_users_gateway_resource.aws_api_gateway_integration.options_integration",
            "module.get_users_gateway_resource.aws_api_gateway_method_response.options_200",
            "module.image_processing.module.post_url_gateway_resource.aws_api_gateway_resource.api_resource",
            "module.users_login_gateway_resource.aws_api_gateway_integration.options_integration"
          ],
          "create_before_destroy": true
        }
      ]
    },
    {
      "mode": "managed",
      "type": "aws_api_gateway_gateway_response",
      "name": "default_4xx",
      "provider": "provider[\"registry.terraform.io/hashicorp/aws\"]",
      "instances": [
        {
          "schema_version": 0,
          "attributes": {
            "id": "aggr-uo89jo1heh-DEFAULT_4XX",
            "response_parameters": {
              "gatewayresponse.header.Access-Control-Allow-Headers": "'Content-Type,X-Amz-Date,Authorization,X-Api-Key,X-Amz-Security-Token'",
              "gatewayresponse.header.Access-Control-Allow-Methods": "'POST,GET,PUT,PATCH,DELETE,OPTIONS'",
              "gatewayresponse.header.Access-Control-Allow-Origin": "'*'"
            },
            "response_templates": {
              "application/json": "{\"message\":$context.error.messageString}"
            },
            "response_type": "DEFAULT_4XX",
            "rest_api_id": "uo89jo1heh",
            "status_code": ""
          },
          "sensitive_attributes": [],
          "private": "bnVsbA==",
          "dependencies": [
            "aws_api_gateway_rest_api.root_api"
          ],
          "create_before_destroy": true
        }
      ]
    },
    {
      "mode": "managed",
      "type": "aws_api_gateway_gateway_response",
      "name": "default_5xx",
      "provider": "provider[\"registry.terraform.io/hashicorp/aws\"]",
      "instances": [
        {
          "schema_version": 0,
          "attributes": {
            "id": "aggr-uo89jo1heh-DEFAULT_5XX",
            "response_parameters": {
              "gatewayresponse.header.Access-Control-Allow-Headers": "'Content-Type,X-Amz-Date,Authorization,X-Api-Key,X-Amz-Security-Token'",
              "gatewayresponse.header.Access-Control-Allow-Methods": "'POST,GET,PUT,PATCH,DELETE,OPTIONS'",
              "gatewayresponse.header.Access-Control-Allow-Origin": "'*'"
            },
            "response_templates": {
              "application/json": "{\"message\": $context.error.messageString}"
            },
            "response_type": "DEFAULT_5XX",
            "rest_api_id": "uo89jo1heh",
            "status_code": ""
          },
          "sensitive_attributes": [],
          "private": "bnVsbA==",
          "dependencies": [
            "aws_api_gateway_rest_api.root_api"
          ],
          "create_before_destroy": true
        }
      ]
    },
    {
      "mode": "managed",
      "type": "aws_api_gateway_gateway_response",
      "name": "missing_authentication_token",
      "provider": "provider[\"registry.terraform.io/hashicorp/aws\"]",
      "instances": [
        {
          "schema_version": 0,
          "attributes": {
            "id": "aggr-uo89jo1heh-MISSING_AUTHENTICATION_TOKEN",
            "response_parameters": {
              "gatewayresponse.header.Access-Control-Allow-Headers": "'Content-Type,X-Amz-Date,Authorization,X-Api-Key,X-Amz-Security-Token'",
              "gatewayresponse.header.Access-Control-Allow-Methods": "'POST,GET,PUT,PATCH,DELETE,OPTIONS'",
              "gatewayresponse.header.Access-Control-Allow-Origin": "'*'"
            },
            "response_templates": {
              "application/json": "{\"message\": \"Resource not found\"}"
            },
            "response_type": "MISSING_AUTHENTICATION_TOKEN",
            "rest_api_id": "uo89jo1heh",
            "status_code": "404"
          },
          "sensitive_attributes": [],
          "private": "bnVsbA==",
          "dependencies": [
            "aws_api_gateway_rest_api.root_api"
          ],
          "create_before_destroy": true
        }
      ]
    },
    {
      "mode": "managed",
      "type": "aws_api_gateway_gateway_response",
      "name": "unauthorized",
      "provider": "provider[\"registry.terraform.io/hashicorp/aws\"]",
      "instances": [
        {
          "schema_version": 0,
          "attributes": {
            "id": "aggr-uo89jo1heh-UNAUTHORIZED",
            "response_parameters": {
              "gatewayresponse.header.Access-Control-Allow-Headers": "'Content-Type,X-Amz-Date,Authorization,X-Api-Key,X-Amz-Security-Token'",
              "gatewayresponse.header.Access-Control-Allow-Methods": "'POST,GET,PUT,PATCH,DELETE,OPTIONS'",
              "gatewayresponse.header.Access-Control-Allow-Origin": "'*'",
              "gatewayresponse.header.Authorization": "'Basic'"
            },
            "response_templates": {
              "application/json": "{\"message\":$context.error.messageString}"
            },
            "response_type": "UNAUTHORIZED",
            "rest_api_id": "uo89jo1heh",
            "status_code": "401"
          },
          "sensitive_attributes": [],
          "private": "bnVsbA==",
          "dependencies": [
            "aws_api_gateway_rest_api.root_api"
          ],
          "create_before_destroy": true
        }
      ]
    },
    {
      "mode": "managed",
      "type": "aws_api_gateway_rest_api",
      "name": "root_api",
      "provider": "provider[\"registry.terraform.io/hashicorp/aws\"]",
      "instances": [
        {
          "schema_version": 0,
          "attributes": {
            "api_key_source": "HEADER",
            "arn": "arn:aws:apigateway:ap-southeast-1::/restapis/uo89jo1heh",
            "binary_media_types": [],
            "body": null,
            "created_date": "2022-03-13T03:49:07Z",
            "description": "",
            "disable_execute_api_endpoint": false,
            "endpoint_configuration": [
              {
                "types": [
                  "EDGE"
                ],
                "vpc_endpoint_ids": []
              }
            ],
            "execution_arn": "arn:aws:execute-api:ap-southeast-1:097947100355:uo89jo1heh",
            "id": "uo89jo1heh",
            "minimum_compression_size": -1,
            "name": "vlim-ws-chat-dev-va-root-api",
            "parameters": null,
            "policy": "",
            "root_resource_id": "zij3dpbw8i",
            "tags": {},
            "tags_all": {}
          },
          "sensitive_attributes": [],
          "private": "bnVsbA==",
          "create_before_destroy": true
        }
      ]
    },
    {
      "mode": "managed",
      "type": "aws_api_gateway_stage",
      "name": "stage",
      "provider": "provider[\"registry.terraform.io/hashicorp/aws\"]",
      "instances": [
        {
          "schema_version": 0,
          "attributes": {
            "access_log_settings": [],
            "arn": "arn:aws:apigateway:ap-southeast-1::/restapis/uo89jo1heh/stages/dev",
            "cache_cluster_enabled": false,
            "cache_cluster_size": "",
            "client_certificate_id": "",
            "deployment_id": "gsoyi2",
            "description": "",
            "documentation_version": "",
            "execution_arn": "arn:aws:execute-api:ap-southeast-1:097947100355:uo89jo1heh/dev",
            "id": "ags-uo89jo1heh-dev",
            "invoke_url": "https://uo89jo1heh.execute-api.ap-southeast-1.amazonaws.com/dev",
            "rest_api_id": "uo89jo1heh",
            "stage_name": "dev",
            "tags": {},
            "tags_all": {},
            "variables": {},
            "xray_tracing_enabled": false
          },
          "sensitive_attributes": [],
          "private": "bnVsbA==",
          "dependencies": [
            "module.users_signup_gateway_resource.aws_api_gateway_integration.options_integration",
            "module.users_signup_gateway_resource.aws_api_gateway_method.options_method",
            "aws_iam_role.full_access_dynamodb_lambda_role",
            "module.image_processing.aws_lambda_function.image_upload_url_lambda",
            "module.image_processing.module.post_url_gateway_resource.aws_api_gateway_method_response.response_200",
            "module.users_login_gateway_resource.aws_api_gateway_method.options_method",
            "module.users_signup_gateway_resource.aws_api_gateway_integration.api_integration",
            "module.users_signup_gateway_resource.aws_api_gateway_method_response.options_200",
            "module.get_users_gateway_resource.aws_api_gateway_method_response.options_200",
            "module.get_users_gateway_resource.aws_api_gateway_resource.api_resource",
            "module.users_login_gateway_resource.aws_api_gateway_integration.api_integration",
            "module.image_processing.module.post_url_gateway_resource.aws_api_gateway_method.method",
            "aws_dynamodb_table.users-dynamodb-table",
            "aws_lambda_function.user",
            "module.image_processing.aws_iam_role.lambda_role",
            "module.image_processing.module.post_url_gateway_resource.aws_api_gateway_integration.api_integration",
            "module.image_processing.module.post_url_gateway_resource.aws_api_gateway_resource.api_resource",
            "aws_lambda_layer_version.python_libs_layer",
            "module.get_users_gateway_resource.aws_api_gateway_integration.options_integration",
            "module.users_login_gateway_resource.aws_api_gateway_method_response.response_200",
            "aws_api_gateway_gateway_response.missing_authentication_token",
            "aws_api_gateway_rest_api.root_api",
            "aws_lambda_layer_version.core_lib_layer",
            "module.users_login_gateway_resource.aws_api_gateway_integration.options_integration",
            "module.users_signup_gateway_resource.aws_api_gateway_method.method",
            "module.users_signup_gateway_resource.aws_api_gateway_resource.api_resource",
            "aws_api_gateway_deployment.deployment",
            "module.get_users_gateway_resource.aws_api_gateway_method.options_method",
            "module.image_processing.module.post_url_gateway_resource.aws_api_gateway_method_response.options_200",
            "aws_dynamodb_table.message-dynamodb-table",
            "module.get_users_gateway_resource.aws_api_gateway_method.method",
            "module.get_users_gateway_resource.aws_api_gateway_method_response.response_200",
            "module.image_processing.aws_s3_bucket.image_bucket",
            "module.image_processing.data.aws_iam_policy_document.lambda_assume_role_policy",
            "aws_api_gateway_gateway_response.default_4xx",
            "aws_api_gateway_gateway_response.default_5xx",
            "aws_api_gateway_gateway_response.unauthorized",
            "module.users_login_gateway_resource.aws_api_gateway_method_response.options_200",
            "module.users_signup_gateway_resource.aws_api_gateway_method_response.response_200",
            "module.users_login_gateway_resource.aws_api_gateway_method.method",
            "module.users_login_gateway_resource.aws_api_gateway_resource.api_resource",
            "module.get_users_gateway_resource.aws_api_gateway_integration.api_integration",
            "module.image_processing.module.post_url_gateway_resource.aws_api_gateway_integration.options_integration",
            "module.image_processing.module.post_url_gateway_resource.aws_api_gateway_method.options_method"
          ]
        }
      ]
    },
    {
      "mode": "managed",
      "type": "aws_cloudwatch_log_group",
      "name": "message_response",
      "provider": "provider[\"registry.terraform.io/hashicorp/aws\"]",
      "instances": [
        {
          "schema_version": 0,
          "attributes": {
            "arn": "arn:aws:logs:ap-southeast-1:097947100355:log-group:terraform-20220313034905834700000001",
            "id": "terraform-20220313034905834700000001",
            "kms_key_id": "",
            "name": "terraform-20220313034905834700000001",
            "name_prefix": null,
            "retention_in_days": 30,
            "tags": {},
            "tags_all": {}
          },
          "sensitive_attributes": [],
          "private": "bnVsbA=="
        }
      ]
    },
    {
      "mode": "managed",
      "type": "aws_cloudwatch_log_group",
      "name": "user",
      "provider": "provider[\"registry.terraform.io/hashicorp/aws\"]",
      "instances": [
        {
          "schema_version": 0,
          "attributes": {
            "arn": "arn:aws:logs:ap-southeast-1:097947100355:log-group:/aws/lambda/vlim-ws-chat-vdev-a-user",
            "id": "/aws/lambda/vlim-ws-chat-vdev-a-user",
            "kms_key_id": "",
            "name": "/aws/lambda/vlim-ws-chat-vdev-a-user",
            "name_prefix": null,
            "retention_in_days": 7,
            "tags": {},
            "tags_all": {}
          },
          "sensitive_attributes": [],
          "private": "bnVsbA==",
          "dependencies": [
            "aws_dynamodb_table.message-dynamodb-table",
            "aws_dynamodb_table.users-dynamodb-table",
            "aws_iam_role.full_access_dynamodb_lambda_role",
            "aws_lambda_function.user",
            "aws_lambda_layer_version.core_lib_layer",
            "aws_lambda_layer_version.python_libs_layer"
          ]
        }
      ]
    },
    {
      "mode": "managed",
      "type": "aws_dynamodb_table",
      "name": "message-dynamodb-table",
      "provider": "provider[\"registry.terraform.io/hashicorp/aws\"]",
      "instances": [
        {
          "schema_version": 1,
          "attributes": {
            "arn": "arn:aws:dynamodb:ap-southeast-1:097947100355:table/vlim-ws-chat-dev-user-messages-dynamodb",
            "attribute": [
              {
                "name": "roomId",
                "type": "S"
              },
              {
                "name": "timestamp",
                "type": "N"
              }
            ],
            "billing_mode": "PROVISIONED",
            "global_secondary_index": [],
            "hash_key": "roomId",
            "id": "vlim-ws-chat-dev-user-messages-dynamodb",
            "local_secondary_index": [],
            "name": "vlim-ws-chat-dev-user-messages-dynamodb",
            "point_in_time_recovery": [
              {
                "enabled": false
              }
            ],
            "range_key": "timestamp",
            "read_capacity": 1,
            "replica": [],
            "restore_date_time": null,
            "restore_source_name": null,
            "restore_to_latest_time": null,
            "server_side_encryption": [],
            "stream_arn": "arn:aws:dynamodb:ap-southeast-1:097947100355:table/vlim-ws-chat-dev-user-messages-dynamodb/stream/2022-03-13T03:49:06.288",
            "stream_enabled": true,
            "stream_label": "2022-03-13T03:49:06.288",
            "stream_view_type": "NEW_AND_OLD_IMAGES",
            "table_class": "",
            "tags": {
              "Environment": "dev",
              "Name": "vlim-ws-chat-dev-user-messages-dynamodb"
            },
            "tags_all": {
              "Environment": "dev",
              "Name": "vlim-ws-chat-dev-user-messages-dynamodb"
            },
            "timeouts": null,
            "ttl": [
              {
                "attribute_name": "",
                "enabled": false,
                "kms_key_arn": ""
              }
            ],
            "write_capacity": 1
          },
          "sensitive_attributes": [],
          "private": "eyJlMmJmYjczMC1lY2FhLTExZTYtOGY4OC0zNDM2M2JjN2M0YzAiOnsiY3JlYXRlIjoxMjAwMDAwMDAwMDAwLCJkZWxldGUiOjYwMDAwMDAwMDAwMCwidXBkYXRlIjozNjAwMDAwMDAwMDAwfSwic2NoZW1hX3ZlcnNpb24iOiIxIn0=",
          "create_before_destroy": true
        }
      ]
    },
    {
      "mode": "managed",
      "type": "aws_dynamodb_table",
      "name": "users-dynamodb-table",
      "provider": "provider[\"registry.terraform.io/hashicorp/aws\"]",
      "instances": [
        {
          "schema_version": 1,
          "attributes": {
            "arn": "arn:aws:dynamodb:ap-southeast-1:097947100355:table/vlim-ws-chat-dev-users-dynamodb",
            "attribute": [
              {
                "name": "username",
                "type": "S"
              }
            ],
            "billing_mode": "PROVISIONED",
            "global_secondary_index": [],
            "hash_key": "username",
            "id": "vlim-ws-chat-dev-users-dynamodb",
            "local_secondary_index": [],
            "name": "vlim-ws-chat-dev-users-dynamodb",
            "point_in_time_recovery": [
              {
                "enabled": false
              }
            ],
            "range_key": null,
            "read_capacity": 1,
            "replica": [],
            "restore_date_time": null,
            "restore_source_name": null,
            "restore_to_latest_time": null,
            "server_side_encryption": [],
            "stream_arn": "",
            "stream_enabled": false,
            "stream_label": "",
            "stream_view_type": "",
            "table_class": "",
            "tags": {
              "Environment": "dev",
              "Name": "vlim-ws-chat-dev-users-dynamodb"
            },
            "tags_all": {
              "Environment": "dev",
              "Name": "vlim-ws-chat-dev-users-dynamodb"
            },
            "timeouts": null,
            "ttl": [
              {
                "attribute_name": "",
                "enabled": false,
                "kms_key_arn": ""
              }
            ],
            "write_capacity": 1
          },
          "sensitive_attributes": [],
          "private": "eyJlMmJmYjczMC1lY2FhLTExZTYtOGY4OC0zNDM2M2JjN2M0YzAiOnsiY3JlYXRlIjoxMjAwMDAwMDAwMDAwLCJkZWxldGUiOjYwMDAwMDAwMDAwMCwidXBkYXRlIjozNjAwMDAwMDAwMDAwfSwic2NoZW1hX3ZlcnNpb24iOiIxIn0=",
          "create_before_destroy": true
        }
      ]
    },
    {
      "mode": "managed",
      "type": "aws_iam_role",
      "name": "full_access_dynamodb_lambda_role",
      "provider": "provider[\"registry.terraform.io/hashicorp/aws\"]",
      "instances": [
        {
          "schema_version": 0,
          "attributes": {
            "arn": "arn:aws:iam::097947100355:role/vlim-ws-chat_dev_va_full_access_dynamodb_lambda_role",
            "assume_role_policy": "{\"Version\":\"2012-10-17\",\"Statement\":[{\"Sid\":\"\",\"Effect\":\"Allow\",\"Principal\":{\"Service\":\"lambda.amazonaws.com\"},\"Action\":\"sts:AssumeRole\"}]}",
            "create_date": "2022-03-13T03:49:07Z",
            "description": "",
            "force_detach_policies": false,
            "id": "vlim-ws-chat_dev_va_full_access_dynamodb_lambda_role",
            "inline_policy": [
              {
                "name": "vlim-ws-chat_full_access_dynamodb_lambda_policy_dev_va",
                "policy": "{\n  \"Version\": \"2012-10-17\",\n  \"Statement\": [\n    {\n      \"Sid\": \"Stmt1646802347020\",\n      \"Action\": [\n        \"logs:*\",\n        \"dynamodb:BatchGetItem\",\n        \"dynamodb:BatchWriteItem\",\n        \"dynamodb:ConditionCheckItem\",\n        \"dynamodb:CreateBackup\",\n        \"dynamodb:CreateGlobalTable\",\n        \"dynamodb:CreateTable\",\n        \"dynamodb:CreateTableReplica\",\n        \"dynamodb:DeleteBackup\",\n        \"dynamodb:DeleteItem\",\n        \"dynamodb:DeleteTable\",\n        \"dynamodb:DeleteTableReplica\",\n        \"dynamodb:DescribeBackup\",\n        \"dynamodb:DescribeContinuousBackups\",\n        \"dynamodb:DescribeContributorInsights\",\n        \"dynamodb:DescribeExport\",\n        \"dynamodb:DescribeGlobalTable\",\n        \"dynamodb:DescribeGlobalTableSettings\",\n        \"dynamodb:DescribeKinesisStreamingDestination\",\n        \"dynamodb:DescribeLimits\",\n        \"dynamodb:DescribeReservedCapacity\",\n        \"dynamodb:DescribeReservedCapacityOfferings\",\n        \"dynamodb:DescribeStream\",\n        \"dynamodb:DescribeTable\",\n        \"dynamodb:DescribeTableReplicaAutoScaling\",\n        \"dynamodb:DescribeTimeToLive\",\n        \"dynamodb:DisableKinesisStreamingDestination\",\n        \"dynamodb:EnableKinesisStreamingDestination\",\n        \"dynamodb:ExportTableToPointInTime\",\n        \"dynamodb:GetItem\",\n        \"dynamodb:GetRecords\",\n        \"dynamodb:GetShardIterator\",\n        \"dynamodb:ListBackups\",\n        \"dynamodb:ListContributorInsights\",\n        \"dynamodb:ListExports\",\n        \"dynamodb:ListGlobalTables\",\n        \"dynamodb:ListStreams\",\n        \"dynamodb:ListTables\",\n        \"dynamodb:ListTagsOfResource\",\n        \"dynamodb:PartiQLDelete\",\n        \"dynamodb:PartiQLInsert\",\n        \"dynamodb:PartiQLSelect\",\n        \"dynamodb:PartiQLUpdate\",\n        \"dynamodb:PurchaseReservedCapacityOfferings\",\n        \"dynamodb:PutItem\",\n        \"dynamodb:Query\",\n        \"dynamodb:RestoreTableFromAwsBackup\",\n        \"dynamodb:RestoreTableFromBackup\",\n        \"dynamodb:RestoreTableToPointInTime\",\n        \"dynamodb:Scan\",\n        \"dynamodb:StartAwsBackupJob\",\n        \"dynamodb:TagResource\",\n        \"dynamodb:UntagResource\",\n        \"dynamodb:UpdateContinuousBackups\",\n        \"dynamodb:UpdateContributorInsights\",\n        \"dynamodb:UpdateGlobalTable\",\n        \"dynamodb:UpdateGlobalTableSettings\",\n        \"dynamodb:UpdateItem\",\n        \"dynamodb:UpdateTable\",\n        \"dynamodb:UpdateTableReplicaAutoScaling\",\n        \"dynamodb:UpdateTimeToLive\",\n        \"execute-api:Invoke\",\n        \"execute-api:ManageConnections\"\n      ],\n      \"Effect\": \"Allow\",\n      \"Resource\": \"*\"\n    }\n  ]\n}"
              }
            ],
            "managed_policy_arns": [],
            "max_session_duration": 3600,
            "name": "vlim-ws-chat_dev_va_full_access_dynamodb_lambda_role",
            "name_prefix": "",
            "path": "/",
            "permissions_boundary": null,
            "tags": {},
            "tags_all": {},
            "unique_id": "AROARNTQ2ETBXBBFJV5AH"
          },
          "sensitive_attributes": [],
          "private": "bnVsbA==",
          "create_before_destroy": true
        }
      ]
    },
    {
      "mode": "managed",
      "type": "aws_iam_role",
      "name": "invocation_role",
      "provider": "provider[\"registry.terraform.io/hashicorp/aws\"]",
      "instances": [
        {
          "schema_version": 0,
          "attributes": {
            "arn": "arn:aws:iam::097947100355:role/vlim-ws-chat_dev_va_api_gateway_auth_invocation",
            "assume_role_policy": "{\"Version\":\"2012-10-17\",\"Statement\":[{\"Sid\":\"\",\"Effect\":\"Allow\",\"Principal\":{\"Service\":\"lambda.amazonaws.com\"},\"Action\":\"sts:AssumeRole\"}]}",
            "create_date": "2022-03-13T03:49:07Z",
            "description": "",
            "force_detach_policies": false,
            "id": "vlim-ws-chat_dev_va_api_gateway_auth_invocation",
            "inline_policy": [
              {
                "name": "vlim-ws-chat_invocation_policy_dev_va",
                "policy": "{\"Statement\":[{\"Action\":\"lambda:InvokeFunction\",\"Effect\":\"Allow\",\"Resource\":\"arn:aws:lambda:ap-southeast-1:097947100355:function:vlim-ws-chat-va-api_gateway_authorizer-dev\"}],\"Version\":\"2012-10-17\"}"
              }
            ],
            "managed_policy_arns": [],
            "max_session_duration": 3600,
            "name": "vlim-ws-chat_dev_va_api_gateway_auth_invocation",
            "name_prefix": "",
            "path": "/",
            "permissions_boundary": null,
            "tags": {},
            "tags_all": {},
            "unique_id": "AROARNTQ2ETBTBXPDN42M"
          },
          "sensitive_attributes": [],
          "private": "bnVsbA=="
        }
      ]
    },
    {
      "mode": "managed",
      "type": "aws_iam_role",
      "name": "lambda_assume_role",
      "provider": "provider[\"registry.terraform.io/hashicorp/aws\"]",
      "instances": [
        {
          "schema_version": 0,
          "attributes": {
            "arn": "arn:aws:iam::097947100355:role/vlim-ws-chat_lambda_role_dev_va",
            "assume_role_policy": "{\"Version\":\"2012-10-17\",\"Statement\":[{\"Sid\":\"\",\"Effect\":\"Allow\",\"Principal\":{\"Service\":\"lambda.amazonaws.com\"},\"Action\":\"sts:AssumeRole\"}]}",
            "create_date": "2022-03-13T03:49:07Z",
            "description": "",
            "force_detach_policies": false,
            "id": "vlim-ws-chat_lambda_role_dev_va",
            "inline_policy": [
              {
                "name": "lambda-dynamodb-log-policy",
                "policy": "{\n  \"Version\": \"2012-10-17\",\n  \"Statement\": [\n    {\n        \"Action\": [ \"logs:*\" ],\n        \"Effect\": \"Allow\",\n        \"Resource\": [ \"arn:aws:logs:*:*:*\" ]\n    },\n    {\n        \"Action\": [ \"dynamodb:BatchGetItem\",\n                    \"dynamodb:GetItem\",\n                    \"dynamodb:GetRecords\",\n                    \"dynamodb:Scan\",\n                    \"dynamodb:Query\",\n                    \"dynamodb:GetShardIterator\",\n                    \"dynamodb:DescribeStream\",\n                    \"dynamodb:ListStreams\" ],\n        \"Effect\": \"Allow\",\n        \"Resource\": [\n          \"arn:aws:dynamodb:ap-southeast-1:097947100355:table/vlim-ws-chat-dev-user-messages-dynamodb\",\n          \"arn:aws:dynamodb:ap-southeast-1:097947100355:table/vlim-ws-chat-dev-user-messages-dynamodb/*\"\n        ]\n    }\n  ]\n}\n"
              },
              {
                "name": "vlim-ws-chat_lambda_assume_policy_dev_va",
                "policy": "{\n  \"Version\": \"2012-10-17\",\n  \"Statement\": [\n    {\n      \"Sid\": \"Stmt1636620306577\",\n      \"Action\": \"logs:*\",\n      \"Effect\": \"Allow\",\n      \"Resource\": \"*\"\n    }\n  ]\n}"
              }
            ],
            "managed_policy_arns": [],
            "max_session_duration": 3600,
            "name": "vlim-ws-chat_lambda_role_dev_va",
            "name_prefix": "",
            "path": "/",
            "permissions_boundary": null,
            "tags": {},
            "tags_all": {},
            "unique_id": "AROARNTQ2ETB6VBXUBNQA"
          },
          "sensitive_attributes": [],
          "private": "bnVsbA=="
        }
      ]
    },
    {
      "mode": "managed",
      "type": "aws_iam_role_policy",
      "name": "dynamodb_read_log_policy",
      "provider": "provider[\"registry.terraform.io/hashicorp/aws\"]",
      "instances": [
        {
          "schema_version": 0,
          "attributes": {
            "id": "vlim-ws-chat_lambda_role_dev_va:lambda-dynamodb-log-policy",
            "name": "lambda-dynamodb-log-policy",
            "name_prefix": null,
            "policy": "{\n  \"Version\": \"2012-10-17\",\n  \"Statement\": [\n    {\n        \"Action\": [ \"logs:*\" ],\n        \"Effect\": \"Allow\",\n        \"Resource\": [ \"arn:aws:logs:*:*:*\" ]\n    },\n    {\n        \"Action\": [ \"dynamodb:BatchGetItem\",\n                    \"dynamodb:GetItem\",\n                    \"dynamodb:GetRecords\",\n                    \"dynamodb:Scan\",\n                    \"dynamodb:Query\",\n                    \"dynamodb:GetShardIterator\",\n                    \"dynamodb:DescribeStream\",\n                    \"dynamodb:ListStreams\" ],\n        \"Effect\": \"Allow\",\n        \"Resource\": [\n          \"arn:aws:dynamodb:ap-southeast-1:097947100355:table/vlim-ws-chat-dev-user-messages-dynamodb\",\n          \"arn:aws:dynamodb:ap-southeast-1:097947100355:table/vlim-ws-chat-dev-user-messages-dynamodb/*\"\n        ]\n    }\n  ]\n}\n",
            "role": "vlim-ws-chat_lambda_role_dev_va"
          },
          "sensitive_attributes": [],
          "private": "bnVsbA==",
          "dependencies": [
            "aws_dynamodb_table.message-dynamodb-table",
            "aws_iam_role.lambda_assume_role"
          ]
        }
      ]
    },
    {
      "mode": "managed",
      "type": "aws_iam_role_policy",
      "name": "full_access_dynamodb_lambda_policy",
      "provider": "provider[\"registry.terraform.io/hashicorp/aws\"]",
      "instances": [
        {
          "schema_version": 0,
          "attributes": {
            "id": "vlim-ws-chat_dev_va_full_access_dynamodb_lambda_role:vlim-ws-chat_full_access_dynamodb_lambda_policy_dev_va",
            "name": "vlim-ws-chat_full_access_dynamodb_lambda_policy_dev_va",
            "name_prefix": null,
            "policy": "{\n  \"Version\": \"2012-10-17\",\n  \"Statement\": [\n    {\n      \"Sid\": \"Stmt1646802347020\",\n      \"Action\": [\n        \"logs:*\",\n        \"dynamodb:BatchGetItem\",\n        \"dynamodb:BatchWriteItem\",\n        \"dynamodb:ConditionCheckItem\",\n        \"dynamodb:CreateBackup\",\n        \"dynamodb:CreateGlobalTable\",\n        \"dynamodb:CreateTable\",\n        \"dynamodb:CreateTableReplica\",\n        \"dynamodb:DeleteBackup\",\n        \"dynamodb:DeleteItem\",\n        \"dynamodb:DeleteTable\",\n        \"dynamodb:DeleteTableReplica\",\n        \"dynamodb:DescribeBackup\",\n        \"dynamodb:DescribeContinuousBackups\",\n        \"dynamodb:DescribeContributorInsights\",\n        \"dynamodb:DescribeExport\",\n        \"dynamodb:DescribeGlobalTable\",\n        \"dynamodb:DescribeGlobalTableSettings\",\n        \"dynamodb:DescribeKinesisStreamingDestination\",\n        \"dynamodb:DescribeLimits\",\n        \"dynamodb:DescribeReservedCapacity\",\n        \"dynamodb:DescribeReservedCapacityOfferings\",\n        \"dynamodb:DescribeStream\",\n        \"dynamodb:DescribeTable\",\n        \"dynamodb:DescribeTableReplicaAutoScaling\",\n        \"dynamodb:DescribeTimeToLive\",\n        \"dynamodb:DisableKinesisStreamingDestination\",\n        \"dynamodb:EnableKinesisStreamingDestination\",\n        \"dynamodb:ExportTableToPointInTime\",\n        \"dynamodb:GetItem\",\n        \"dynamodb:GetRecords\",\n        \"dynamodb:GetShardIterator\",\n        \"dynamodb:ListBackups\",\n        \"dynamodb:ListContributorInsights\",\n        \"dynamodb:ListExports\",\n        \"dynamodb:ListGlobalTables\",\n        \"dynamodb:ListStreams\",\n        \"dynamodb:ListTables\",\n        \"dynamodb:ListTagsOfResource\",\n        \"dynamodb:PartiQLDelete\",\n        \"dynamodb:PartiQLInsert\",\n        \"dynamodb:PartiQLSelect\",\n        \"dynamodb:PartiQLUpdate\",\n        \"dynamodb:PurchaseReservedCapacityOfferings\",\n        \"dynamodb:PutItem\",\n        \"dynamodb:Query\",\n        \"dynamodb:RestoreTableFromAwsBackup\",\n        \"dynamodb:RestoreTableFromBackup\",\n        \"dynamodb:RestoreTableToPointInTime\",\n        \"dynamodb:Scan\",\n        \"dynamodb:StartAwsBackupJob\",\n        \"dynamodb:TagResource\",\n        \"dynamodb:UntagResource\",\n        \"dynamodb:UpdateContinuousBackups\",\n        \"dynamodb:UpdateContributorInsights\",\n        \"dynamodb:UpdateGlobalTable\",\n        \"dynamodb:UpdateGlobalTableSettings\",\n        \"dynamodb:UpdateItem\",\n        \"dynamodb:UpdateTable\",\n        \"dynamodb:UpdateTableReplicaAutoScaling\",\n        \"dynamodb:UpdateTimeToLive\",\n        \"execute-api:Invoke\",\n        \"execute-api:ManageConnections\"\n      ],\n      \"Effect\": \"Allow\",\n      \"Resource\": \"*\"\n    }\n  ]\n}",
            "role": "vlim-ws-chat_dev_va_full_access_dynamodb_lambda_role"
          },
          "sensitive_attributes": [],
          "private": "bnVsbA==",
          "dependencies": [
            "aws_iam_role.full_access_dynamodb_lambda_role"
          ]
        }
      ]
    },
    {
      "mode": "managed",
      "type": "aws_iam_role_policy",
      "name": "invocation_policy",
      "provider": "provider[\"registry.terraform.io/hashicorp/aws\"]",
      "instances": [
        {
          "schema_version": 0,
          "attributes": {
            "id": "vlim-ws-chat_dev_va_api_gateway_auth_invocation:vlim-ws-chat_invocation_policy_dev_va",
            "name": "vlim-ws-chat_invocation_policy_dev_va",
            "name_prefix": null,
            "policy": "{\"Statement\":[{\"Action\":\"lambda:InvokeFunction\",\"Effect\":\"Allow\",\"Resource\":\"arn:aws:lambda:ap-southeast-1:097947100355:function:vlim-ws-chat-va-api_gateway_authorizer-dev\"}],\"Version\":\"2012-10-17\"}",
            "role": "vlim-ws-chat_dev_va_api_gateway_auth_invocation"
          },
          "sensitive_attributes": [],
          "private": "bnVsbA==",
          "dependencies": [
            "aws_iam_role.invocation_role",
            "aws_iam_role.lambda_assume_role",
            "aws_lambda_function.authorizer"
          ]
        }
      ]
    },
    {
      "mode": "managed",
      "type": "aws_iam_role_policy",
      "name": "lambda_assume_policy",
      "provider": "provider[\"registry.terraform.io/hashicorp/aws\"]",
      "instances": [
        {
          "schema_version": 0,
          "attributes": {
            "id": "vlim-ws-chat_lambda_role_dev_va:vlim-ws-chat_lambda_assume_policy_dev_va",
            "name": "vlim-ws-chat_lambda_assume_policy_dev_va",
            "name_prefix": null,
            "policy": "{\n  \"Version\": \"2012-10-17\",\n  \"Statement\": [\n    {\n      \"Sid\": \"Stmt1636620306577\",\n      \"Action\": \"logs:*\",\n      \"Effect\": \"Allow\",\n      \"Resource\": \"*\"\n    }\n  ]\n}",
            "role": "vlim-ws-chat_lambda_role_dev_va"
          },
          "sensitive_attributes": [],
          "private": "bnVsbA==",
          "dependencies": [
            "aws_iam_role.lambda_assume_role"
          ]
        }
      ]
    },
    {
      "mode": "managed",
      "type": "aws_lambda_event_source_mapping",
      "name": "message_db_source_mapping",
      "provider": "provider[\"registry.terraform.io/hashicorp/aws\"]",
      "instances": [
        {
          "schema_version": 0,
          "attributes": {
            "batch_size": 100,
            "bisect_batch_on_function_error": false,
            "destination_config": [
              {
                "on_failure": [
                  {
                    "destination_arn": null
                  }
                ]
              }
            ],
            "enabled": true,
            "event_source_arn": "arn:aws:dynamodb:ap-southeast-1:097947100355:table/vlim-ws-chat-dev-user-messages-dynamodb/stream/2022-03-13T03:49:06.288",
            "filter_criteria": [],
            "function_arn": "arn:aws:lambda:ap-southeast-1:097947100355:function:vlim-ws-chat-va-message_response-dev",
            "function_name": "arn:aws:lambda:ap-southeast-1:097947100355:function:vlim-ws-chat-va-message_response-dev",
            "function_response_types": [],
            "id": "356fc1d6-b042-4271-8b1f-fffb070f3c56",
            "last_modified": "2022-03-14T13:22:00Z",
            "last_processing_result": "OK",
            "maximum_batching_window_in_seconds": 0,
            "maximum_record_age_in_seconds": -1,
            "maximum_retry_attempts": 2,
            "parallelization_factor": 1,
            "queues": [],
            "self_managed_event_source": [],
            "source_access_configuration": [],
            "starting_position": "LATEST",
            "starting_position_timestamp": "",
            "state": "Enabled",
            "state_transition_reason": "User action",
            "topics": [],
            "tumbling_window_in_seconds": 0,
            "uuid": "356fc1d6-b042-4271-8b1f-fffb070f3c56"
          },
          "sensitive_attributes": [],
          "private": "bnVsbA==",
          "dependencies": [
            "aws_lambda_function.message_response_lambda",
            "aws_lambda_layer_version.core_lib_layer",
            "aws_lambda_layer_version.python_libs_layer",
            "aws_dynamodb_table.message-dynamodb-table",
            "aws_iam_role.full_access_dynamodb_lambda_role"
          ]
        }
      ]
    },
    {
      "mode": "managed",
      "type": "aws_lambda_function",
      "name": "authorizer",
      "provider": "provider[\"registry.terraform.io/hashicorp/aws\"]",
      "instances": [
        {
          "schema_version": 0,
          "attributes": {
            "architectures": [
              "x86_64"
            ],
            "arn": "arn:aws:lambda:ap-southeast-1:097947100355:function:vlim-ws-chat-va-api_gateway_authorizer-dev",
            "code_signing_config_arn": "",
            "dead_letter_config": [],
            "description": "",
            "environment": [],
            "file_system_config": [],
            "filename": "outputs/api-gateway-authorizer-lambda.zip",
            "function_name": "vlim-ws-chat-va-api_gateway_authorizer-dev",
            "handler": "authenticate.user_login",
            "id": "vlim-ws-chat-va-api_gateway_authorizer-dev",
            "image_config": [],
            "image_uri": "",
            "invoke_arn": "arn:aws:apigateway:ap-southeast-1:lambda:path/2015-03-31/functions/arn:aws:lambda:ap-southeast-1:097947100355:function:vlim-ws-chat-va-api_gateway_authorizer-dev/invocations",
            "kms_key_arn": "",
            "last_modified": "2022-03-13T03:49:19.604+0000",
            "layers": [],
            "memory_size": 128,
            "package_type": "Zip",
            "publish": false,
            "qualified_arn": "arn:aws:lambda:ap-southeast-1:097947100355:function:vlim-ws-chat-va-api_gateway_authorizer-dev:$LATEST",
            "reserved_concurrent_executions": -1,
            "role": "arn:aws:iam::097947100355:role/vlim-ws-chat_lambda_role_dev_va",
            "runtime": "python3.8",
            "s3_bucket": null,
            "s3_key": null,
            "s3_object_version": null,
            "signing_job_arn": "",
            "signing_profile_version_arn": "",
            "source_code_hash": "ZWgw1Jd3FE7/GprlPwkXzaK2+q+yJxBI2h0OYppzl6E=",
            "source_code_size": 597,
            "tags": {},
            "tags_all": {},
            "timeout": 3,
            "timeouts": null,
            "tracing_config": [
              {
                "mode": "PassThrough"
              }
            ],
            "version": "$LATEST",
            "vpc_config": []
          },
          "sensitive_attributes": [],
          "private": "eyJlMmJmYjczMC1lY2FhLTExZTYtOGY4OC0zNDM2M2JjN2M0YzAiOnsiY3JlYXRlIjo2MDAwMDAwMDAwMDB9fQ==",
          "dependencies": [
            "aws_iam_role.lambda_assume_role"
          ]
        }
      ]
    },
    {
      "mode": "managed",
      "type": "aws_lambda_function",
      "name": "message_response_lambda",
      "provider": "provider[\"registry.terraform.io/hashicorp/aws\"]",
      "instances": [
        {
          "schema_version": 0,
          "attributes": {
            "architectures": [
              "x86_64"
            ],
            "arn": "arn:aws:lambda:ap-southeast-1:097947100355:function:vlim-ws-chat-va-message_response-dev",
            "code_signing_config_arn": "",
            "dead_letter_config": [],
            "description": "",
            "environment": [
              {
                "variables": {
                  "CONNECTION_TABLE_NAME": "vlim_ws_chatii_dev_i_conns_table",
                  "IS_USING_LOCAL_DYNAMODB": "0",
                  "SECRET_KEY": "62fec8f63ccfeeb60149f4c49fbcda10",
                  "SOCKET_URL": "https://m4f2567sdd.execute-api.ap-southeast-1.amazonaws.com/dev-i-vi",
                  "STAGE_NAME": "dev",
                  "USER_MESSAGE_TABLE_NAME": "vlim-ws-chat-dev-user-messages-dynamodb"
                }
              }
            ],
            "file_system_config": [],
            "filename": "outputs/message-response-lambda.zip",
            "function_name": "vlim-ws-chat-va-message_response-dev",
            "handler": "message_response.handler",
            "id": "vlim-ws-chat-va-message_response-dev",
            "image_config": [],
            "image_uri": "",
            "invoke_arn": "arn:aws:apigateway:ap-southeast-1:lambda:path/2015-03-31/functions/arn:aws:lambda:ap-southeast-1:097947100355:function:vlim-ws-chat-va-message_response-dev/invocations",
            "kms_key_arn": "",
            "last_modified": "2022-03-16T13:20:18.000+0000",
            "layers": [
              "arn:aws:lambda:ap-southeast-1:097947100355:layer:vlim-ws-chat-dev-va-CoreLibs:23",
              "arn:aws:lambda:ap-southeast-1:097947100355:layer:vlim-ws-chat-dev-va-PythonLibs:2"
            ],
            "memory_size": 128,
            "package_type": "Zip",
            "publish": false,
            "qualified_arn": "arn:aws:lambda:ap-southeast-1:097947100355:function:vlim-ws-chat-va-message_response-dev:$LATEST",
            "reserved_concurrent_executions": -1,
            "role": "arn:aws:iam::097947100355:role/vlim-ws-chat_dev_va_full_access_dynamodb_lambda_role",
            "runtime": "python3.9",
            "s3_bucket": null,
            "s3_key": null,
            "s3_object_version": null,
            "signing_job_arn": "",
            "signing_profile_version_arn": "",
            "source_code_hash": "oJjmUsAQeicQHWVLMPY6vAmw/Qy7AOPjap8vR0tCb90=",
            "source_code_size": 873,
            "tags": {},
            "tags_all": {},
            "timeout": 90,
            "timeouts": null,
            "tracing_config": [
              {
                "mode": "PassThrough"
              }
            ],
            "version": "$LATEST",
            "vpc_config": []
          },
          "sensitive_attributes": [],
          "private": "eyJlMmJmYjczMC1lY2FhLTExZTYtOGY4OC0zNDM2M2JjN2M0YzAiOnsiY3JlYXRlIjo2MDAwMDAwMDAwMDB9fQ==",
          "dependencies": [
            "aws_dynamodb_table.message-dynamodb-table",
            "aws_iam_role.full_access_dynamodb_lambda_role",
            "aws_lambda_layer_version.core_lib_layer",
            "aws_lambda_layer_version.python_libs_layer"
          ],
          "create_before_destroy": true
        }
      ]
    },
    {
      "mode": "managed",
      "type": "aws_lambda_function",
      "name": "user",
      "provider": "provider[\"registry.terraform.io/hashicorp/aws\"]",
      "instances": [
        {
          "schema_version": 0,
          "attributes": {
            "architectures": [
              "x86_64"
            ],
            "arn": "arn:aws:lambda:ap-southeast-1:097947100355:function:vlim-ws-chat-vdev-a-user",
            "code_signing_config_arn": "",
            "dead_letter_config": [],
            "description": "",
            "environment": [
              {
                "variables": {
                  "CONNECTION_TABLE_NAME": "vlim-ws-chat-dev-i--conns-table",
                  "IS_USING_LOCAL_DYNAMODB": "0",
                  "SECRET_KEY": "62fec8f63ccfeeb60149f4c49fbcda10",
                  "SOCKET_URL": "https://m4f2567sdd.execute-api.ap-southeast-1.amazonaws.com/dev-i-vi",
                  "STAGE_NAME": "dev",
                  "USER_MESSAGE_TABLE_NAME": "vlim-ws-chat-dev-user-messages-dynamodb",
                  "USER_TABLE_NAME": "vlim-ws-chat-dev-users-dynamodb"
                }
              }
            ],
            "file_system_config": [],
            "filename": "outputs/user-lambda.zip",
            "function_name": "vlim-ws-chat-vdev-a-user",
            "handler": "handler.lambda_handler",
            "id": "vlim-ws-chat-vdev-a-user",
            "image_config": [],
            "image_uri": "",
            "invoke_arn": "arn:aws:apigateway:ap-southeast-1:lambda:path/2015-03-31/functions/arn:aws:lambda:ap-southeast-1:097947100355:function:vlim-ws-chat-vdev-a-user/invocations",
            "kms_key_arn": "",
            "last_modified": "2022-03-16T13:20:18.000+0000",
            "layers": [
              "arn:aws:lambda:ap-southeast-1:097947100355:layer:vlim-ws-chat-dev-va-CoreLibs:23",
              "arn:aws:lambda:ap-southeast-1:097947100355:layer:vlim-ws-chat-dev-va-PythonLibs:2"
            ],
            "memory_size": 128,
            "package_type": "Zip",
            "publish": false,
            "qualified_arn": "arn:aws:lambda:ap-southeast-1:097947100355:function:vlim-ws-chat-vdev-a-user:$LATEST",
            "reserved_concurrent_executions": -1,
            "role": "arn:aws:iam::097947100355:role/vlim-ws-chat_dev_va_full_access_dynamodb_lambda_role",
            "runtime": "python3.8",
            "s3_bucket": null,
            "s3_key": null,
            "s3_object_version": null,
            "signing_job_arn": "",
            "signing_profile_version_arn": "",
            "source_code_hash": "49BD+QiQMJ56btL9GLvwpFQUH9Kld9mx78CLm1jRyes=",
            "source_code_size": 403,
            "tags": {},
            "tags_all": {},
            "timeout": 3,
            "timeouts": null,
            "tracing_config": [
              {
                "mode": "PassThrough"
              }
            ],
            "version": "$LATEST",
            "vpc_config": []
          },
          "sensitive_attributes": [],
          "private": "eyJlMmJmYjczMC1lY2FhLTExZTYtOGY4OC0zNDM2M2JjN2M0YzAiOnsiY3JlYXRlIjo2MDAwMDAwMDAwMDB9fQ==",
          "dependencies": [
            "aws_dynamodb_table.message-dynamodb-table",
            "aws_dynamodb_table.users-dynamodb-table",
            "aws_iam_role.full_access_dynamodb_lambda_role",
            "aws_lambda_layer_version.core_lib_layer",
            "aws_lambda_layer_version.python_libs_layer"
          ],
          "create_before_destroy": true
        }
      ]
    },
    {
      "mode": "managed",
      "type": "aws_lambda_layer_version",
      "name": "core_lib_layer",
      "provider": "provider[\"registry.terraform.io/hashicorp/aws\"]",
      "instances": [
        {
          "schema_version": 0,
          "attributes": {
            "arn": "arn:aws:lambda:ap-southeast-1:097947100355:layer:vlim-ws-chat-dev-va-CoreLibs:23",
            "compatible_architectures": [],
            "compatible_runtimes": [
              "python3.8"
            ],
            "created_date": "2022-03-16T13:20:17.993+0000",
            "description": "",
            "filename": "outputs/core_lib_layer.zip",
            "id": "arn:aws:lambda:ap-southeast-1:097947100355:layer:vlim-ws-chat-dev-va-CoreLibs:23",
            "layer_arn": "arn:aws:lambda:ap-southeast-1:097947100355:layer:vlim-ws-chat-dev-va-CoreLibs",
            "layer_name": "vlim-ws-chat-dev-va-CoreLibs",
            "license_info": "",
            "s3_bucket": null,
            "s3_key": null,
            "s3_object_version": null,
            "signing_job_arn": "",
            "signing_profile_version_arn": "",
            "skip_destroy": false,
            "source_code_hash": "46xLETvLmt9DS04gOsHahtfnvGUUpdQMa1BeF2O7UDk=",
            "source_code_size": 28286,
            "version": "23"
          },
          "sensitive_attributes": [],
          "private": "bnVsbA==",
          "create_before_destroy": true
        }
      ]
    },
    {
      "mode": "managed",
      "type": "aws_lambda_layer_version",
      "name": "image_processing_libs_layer",
      "provider": "provider[\"registry.terraform.io/hashicorp/aws\"]",
      "instances": [
        {
          "schema_version": 0,
          "attributes": {
            "arn": "arn:aws:lambda:ap-southeast-1:097947100355:layer:vlim-ws-chat-dev-va-ImageProcessingLibs:2",
            "compatible_architectures": [],
            "compatible_runtimes": [
              "python3.8"
            ],
            "created_date": "2022-03-16T15:50:49.711+0000",
            "description": "",
            "filename": "outputs/image_processing_libs_layer.zip",
            "id": "arn:aws:lambda:ap-southeast-1:097947100355:layer:vlim-ws-chat-dev-va-ImageProcessingLibs:2",
            "layer_arn": "arn:aws:lambda:ap-southeast-1:097947100355:layer:vlim-ws-chat-dev-va-ImageProcessingLibs",
            "layer_name": "vlim-ws-chat-dev-va-ImageProcessingLibs",
            "license_info": "",
            "s3_bucket": null,
            "s3_key": null,
            "s3_object_version": null,
            "signing_job_arn": "",
            "signing_profile_version_arn": "",
            "skip_destroy": false,
            "source_code_hash": "QCcoV9BuimsC6Qokb5qbYTv/ZVAGVLc0PcAbGlCdpSA=",
            "source_code_size": 4270704,
            "version": "2"
          },
          "sensitive_attributes": [],
          "private": "bnVsbA=="
        }
      ]
    },
    {
      "mode": "managed",
      "type": "aws_lambda_layer_version",
      "name": "python_libs_layer",
      "provider": "provider[\"registry.terraform.io/hashicorp/aws\"]",
      "instances": [
        {
          "schema_version": 0,
          "attributes": {
            "arn": "arn:aws:lambda:ap-southeast-1:097947100355:layer:vlim-ws-chat-dev-va-PythonLibs:2",
            "compatible_architectures": [],
            "compatible_runtimes": [
              "python3.8"
            ],
            "created_date": "2022-03-13T03:49:19.753+0000",
            "description": "",
            "filename": "outputs/python_libs_layer.zip",
            "id": "arn:aws:lambda:ap-southeast-1:097947100355:layer:vlim-ws-chat-dev-va-PythonLibs:2",
            "layer_arn": "arn:aws:lambda:ap-southeast-1:097947100355:layer:vlim-ws-chat-dev-va-PythonLibs",
            "layer_name": "vlim-ws-chat-dev-va-PythonLibs",
            "license_info": "",
            "s3_bucket": null,
            "s3_key": null,
            "s3_object_version": null,
            "signing_job_arn": "",
            "signing_profile_version_arn": "",
            "skip_destroy": false,
            "source_code_hash": "JI60OTrJfiu09ZdtRk6d9VKf6Fz7UzyM/GurKHxu98Y=",
            "source_code_size": 18681343,
            "version": "2"
          },
          "sensitive_attributes": [],
          "private": "bnVsbA==",
          "create_before_destroy": true
        }
      ]
    },
    {
      "module": "module.get_users_gateway_resource",
      "mode": "managed",
      "type": "aws_api_gateway_integration",
      "name": "api_integration",
      "provider": "provider[\"registry.terraform.io/hashicorp/aws\"]",
      "instances": [
        {
          "schema_version": 0,
          "attributes": {
            "cache_key_parameters": [],
            "cache_namespace": "4cpv5p",
            "connection_id": "",
            "connection_type": "INTERNET",
            "content_handling": "",
            "credentials": "",
            "http_method": "GET",
            "id": "agi-uo89jo1heh-4cpv5p-GET",
            "integration_http_method": "POST",
            "passthrough_behavior": "WHEN_NO_MATCH",
            "request_parameters": {},
            "request_templates": {},
            "resource_id": "4cpv5p",
            "rest_api_id": "uo89jo1heh",
            "timeout_milliseconds": 29000,
            "tls_config": [],
            "type": "AWS_PROXY",
            "uri": "arn:aws:apigateway:ap-southeast-1:lambda:path/2015-03-31/functions/arn:aws:lambda:ap-southeast-1:097947100355:function:vlim-ws-chat-vdev-a-user/invocations"
          },
          "sensitive_attributes": [],
          "private": "bnVsbA==",
          "dependencies": [
            "aws_lambda_function.user",
            "aws_lambda_layer_version.python_libs_layer",
            "module.get_users_gateway_resource.aws_api_gateway_resource.api_resource",
            "aws_api_gateway_rest_api.root_api",
            "aws_dynamodb_table.message-dynamodb-table",
            "aws_lambda_layer_version.core_lib_layer",
            "module.get_users_gateway_resource.aws_api_gateway_method.method",
            "aws_dynamodb_table.users-dynamodb-table",
            "aws_iam_role.full_access_dynamodb_lambda_role"
          ],
          "create_before_destroy": true
        }
      ]
    },
    {
      "module": "module.get_users_gateway_resource",
      "mode": "managed",
      "type": "aws_api_gateway_integration",
      "name": "options_integration",
      "provider": "provider[\"registry.terraform.io/hashicorp/aws\"]",
      "instances": [
        {
          "schema_version": 0,
          "attributes": {
            "cache_key_parameters": [],
            "cache_namespace": "4cpv5p",
            "connection_id": "",
            "connection_type": "INTERNET",
            "content_handling": "",
            "credentials": "",
            "http_method": "OPTIONS",
            "id": "agi-uo89jo1heh-4cpv5p-OPTIONS",
            "integration_http_method": "",
            "passthrough_behavior": "WHEN_NO_MATCH",
            "request_parameters": {},
            "request_templates": {
              "application/json": "{\"statusCode\": 200}"
            },
            "resource_id": "4cpv5p",
            "rest_api_id": "uo89jo1heh",
            "timeout_milliseconds": 29000,
            "tls_config": [],
            "type": "MOCK",
            "uri": ""
          },
          "sensitive_attributes": [],
          "private": "bnVsbA==",
          "dependencies": [
            "aws_api_gateway_rest_api.root_api",
            "module.get_users_gateway_resource.aws_api_gateway_method.options_method",
            "module.get_users_gateway_resource.aws_api_gateway_resource.api_resource"
          ],
          "create_before_destroy": true
        }
      ]
    },
    {
      "module": "module.get_users_gateway_resource",
      "mode": "managed",
      "type": "aws_api_gateway_integration_response",
      "name": "options_integration_response",
      "provider": "provider[\"registry.terraform.io/hashicorp/aws\"]",
      "instances": [
        {
          "schema_version": 0,
          "attributes": {
            "content_handling": "",
            "http_method": "OPTIONS",
            "id": "agir-uo89jo1heh-4cpv5p-OPTIONS-200",
            "resource_id": "4cpv5p",
            "response_parameters": {
              "method.response.header.Access-Control-Allow-Headers": "'Content-Type,X-Amz-Date,Authorization,X-Api-Key,X-Amz-Security-Token'",
              "method.response.header.Access-Control-Allow-Methods": "'GET,OPTIONS,POST,PUT'",
              "method.response.header.Access-Control-Allow-Origin": "'*'"
            },
            "response_templates": {},
            "rest_api_id": "uo89jo1heh",
            "selection_pattern": "",
            "status_code": "200"
          },
          "sensitive_attributes": [],
          "private": "bnVsbA==",
          "dependencies": [
            "module.get_users_gateway_resource.aws_api_gateway_resource.api_resource",
            "aws_api_gateway_rest_api.root_api",
            "module.get_users_gateway_resource.aws_api_gateway_method.options_method",
            "module.get_users_gateway_resource.aws_api_gateway_method_response.options_200"
          ]
        }
      ]
    },
    {
      "module": "module.get_users_gateway_resource",
      "mode": "managed",
      "type": "aws_api_gateway_method",
      "name": "method",
      "provider": "provider[\"registry.terraform.io/hashicorp/aws\"]",
      "instances": [
        {
          "schema_version": 0,
          "attributes": {
            "api_key_required": false,
            "authorization": "NONE",
            "authorization_scopes": [],
            "authorizer_id": "",
            "http_method": "GET",
            "id": "agm-uo89jo1heh-4cpv5p-GET",
            "operation_name": "",
            "request_models": {},
            "request_parameters": {},
            "request_validator_id": "",
            "resource_id": "4cpv5p",
            "rest_api_id": "uo89jo1heh"
          },
          "sensitive_attributes": [],
          "private": "bnVsbA==",
          "dependencies": [
            "aws_api_gateway_rest_api.root_api",
            "module.get_users_gateway_resource.aws_api_gateway_resource.api_resource"
          ],
          "create_before_destroy": true
        }
      ]
    },
    {
      "module": "module.get_users_gateway_resource",
      "mode": "managed",
      "type": "aws_api_gateway_method",
      "name": "options_method",
      "provider": "provider[\"registry.terraform.io/hashicorp/aws\"]",
      "instances": [
        {
          "schema_version": 0,
          "attributes": {
            "api_key_required": false,
            "authorization": "NONE",
            "authorization_scopes": [],
            "authorizer_id": "",
            "http_method": "OPTIONS",
            "id": "agm-uo89jo1heh-4cpv5p-OPTIONS",
            "operation_name": "",
            "request_models": {},
            "request_parameters": {},
            "request_validator_id": "",
            "resource_id": "4cpv5p",
            "rest_api_id": "uo89jo1heh"
          },
          "sensitive_attributes": [],
          "private": "bnVsbA==",
          "dependencies": [
            "module.get_users_gateway_resource.aws_api_gateway_resource.api_resource",
            "aws_api_gateway_rest_api.root_api"
          ],
          "create_before_destroy": true
        }
      ]
    },
    {
      "module": "module.get_users_gateway_resource",
      "mode": "managed",
      "type": "aws_api_gateway_method_response",
      "name": "options_200",
      "provider": "provider[\"registry.terraform.io/hashicorp/aws\"]",
      "instances": [
        {
          "schema_version": 0,
          "attributes": {
            "http_method": "OPTIONS",
            "id": "agmr-uo89jo1heh-4cpv5p-OPTIONS-200",
            "resource_id": "4cpv5p",
            "response_models": {
              "application/json": "Empty"
            },
            "response_parameters": {
              "method.response.header.Access-Control-Allow-Headers": true,
              "method.response.header.Access-Control-Allow-Methods": true,
              "method.response.header.Access-Control-Allow-Origin": true
            },
            "rest_api_id": "uo89jo1heh",
            "status_code": "200"
          },
          "sensitive_attributes": [],
          "private": "bnVsbA==",
          "dependencies": [
            "module.get_users_gateway_resource.aws_api_gateway_method.options_method",
            "module.get_users_gateway_resource.aws_api_gateway_resource.api_resource",
            "aws_api_gateway_rest_api.root_api"
          ],
          "create_before_destroy": true
        }
      ]
    },
    {
      "module": "module.get_users_gateway_resource",
      "mode": "managed",
      "type": "aws_api_gateway_method_response",
      "name": "response_200",
      "provider": "provider[\"registry.terraform.io/hashicorp/aws\"]",
      "instances": [
        {
          "schema_version": 0,
          "attributes": {
            "http_method": "GET",
            "id": "agmr-uo89jo1heh-4cpv5p-GET-200",
            "resource_id": "4cpv5p",
            "response_models": {},
            "response_parameters": {
              "method.response.header.Access-Control-Allow-Headers": true,
              "method.response.header.Access-Control-Allow-Methods": true,
              "method.response.header.Access-Control-Allow-Origin": true
            },
            "rest_api_id": "uo89jo1heh",
            "status_code": "200"
          },
          "sensitive_attributes": [],
          "private": "bnVsbA==",
          "dependencies": [
            "aws_api_gateway_rest_api.root_api",
            "module.get_users_gateway_resource.aws_api_gateway_method.method",
            "module.get_users_gateway_resource.aws_api_gateway_resource.api_resource"
          ],
          "create_before_destroy": true
        }
      ]
    },
    {
      "module": "module.get_users_gateway_resource",
      "mode": "managed",
      "type": "aws_api_gateway_resource",
      "name": "api_resource",
      "provider": "provider[\"registry.terraform.io/hashicorp/aws\"]",
      "instances": [
        {
          "schema_version": 0,
          "attributes": {
            "id": "4cpv5p",
            "parent_id": "zij3dpbw8i",
            "path": "/users",
            "path_part": "users",
            "rest_api_id": "uo89jo1heh"
          },
          "sensitive_attributes": [],
          "private": "bnVsbA==",
          "dependencies": [
            "aws_api_gateway_rest_api.root_api"
          ],
          "create_before_destroy": true
        }
      ]
    },
    {
      "module": "module.get_users_gateway_resource",
      "mode": "managed",
      "type": "aws_lambda_permission",
      "name": "apigw_lambda_permission",
      "provider": "provider[\"registry.terraform.io/hashicorp/aws\"]",
      "instances": [
        {
          "schema_version": 0,
          "attributes": {
            "action": "lambda:InvokeFunction",
            "event_source_token": null,
            "function_name": "vlim-ws-chat-vdev-a-user",
            "id": "vlim-ws-chat-dev-va-root-apiAllow-usersGETInvoke",
            "principal": "apigateway.amazonaws.com",
            "qualifier": "",
            "source_account": null,
            "source_arn": "arn:aws:execute-api:ap-southeast-1:097947100355:uo89jo1heh/*/GET/users",
            "statement_id": "vlim-ws-chat-dev-va-root-apiAllow-usersGETInvoke",
            "statement_id_prefix": null
          },
          "sensitive_attributes": [],
          "private": "bnVsbA==",
          "dependencies": [
            "aws_lambda_layer_version.core_lib_layer",
            "aws_lambda_layer_version.python_libs_layer",
            "module.get_users_gateway_resource.aws_api_gateway_method.method",
            "module.get_users_gateway_resource.aws_api_gateway_resource.api_resource",
            "aws_api_gateway_rest_api.root_api",
            "aws_dynamodb_table.users-dynamodb-table",
            "aws_iam_role.full_access_dynamodb_lambda_role",
            "aws_dynamodb_table.message-dynamodb-table",
            "aws_lambda_function.user"
          ]
        }
      ]
    },
    {
      "module": "module.image_processing",
      "mode": "data",
      "type": "archive_file",
      "name": "image-resize-lambda-archive",
      "provider": "provider[\"registry.terraform.io/hashicorp/archive\"]",
      "instances": [
        {
          "schema_version": 0,
          "attributes": {
            "excludes": null,
            "id": "a60321edc0b020f7c84d0568b561d908449546eb",
            "output_base64sha256": "SNwAvIQebCAARPLMdWiuTqs2FfNzuEvRX0450qcdvnw=",
            "output_file_mode": null,
            "output_md5": "b40432f22fbd84694f39e444870ffbae",
            "output_path": "outputs/image-resize-lambda.zip",
            "output_sha": "a60321edc0b020f7c84d0568b561d908449546eb",
            "output_size": 631,
            "source": [],
            "source_content": null,
            "source_content_filename": null,
            "source_dir": null,
            "source_file": "../services/image_processing/lambdas/image_resize/handler.py",
            "type": "zip"
          },
          "sensitive_attributes": []
        }
      ]
    },
    {
      "module": "module.image_processing",
      "mode": "data",
      "type": "archive_file",
      "name": "image-upload-url-lambda-archive",
      "provider": "provider[\"registry.terraform.io/hashicorp/archive\"]",
      "instances": [
        {
          "schema_version": 0,
          "attributes": {
            "excludes": null,
            "id": "38d4a09e9477e7ca21d086dbba9bfbe9d36f819a",
            "output_base64sha256": "ppxQ/cQRjRyl09+wzRsZpAK72zrw2S36lekMQS/Tbkk=",
            "output_file_mode": null,
            "output_md5": "3bd94f50863e5763ab86ba569ef76dd5",
            "output_path": "outputs/image-upload-url-lambda.zip",
            "output_sha": "38d4a09e9477e7ca21d086dbba9bfbe9d36f819a",
            "output_size": 580,
            "source": [],
            "source_content": null,
            "source_content_filename": null,
            "source_dir": null,
            "source_file": "../services/image_processing/lambdas/image_upload_presign_url/handler.py",
            "type": "zip"
          },
          "sensitive_attributes": []
        }
      ]
    },
    {
      "module": "module.image_processing",
      "mode": "data",
      "type": "aws_iam_policy_document",
      "name": "allow_access_from_lambda",
      "provider": "provider[\"registry.terraform.io/hashicorp/aws\"]",
      "instances": [
        {
          "schema_version": 0,
          "attributes": {
            "id": "2816256632",
            "json": "{\n  \"Version\": \"2012-10-17\",\n  \"Statement\": [\n    {\n      \"Sid\": \"\",\n      \"Effect\": \"Allow\",\n      \"Action\": \"logs:*\",\n      \"Resource\": \"arn:aws:logs:*:*:*\"\n    },\n    {\n      \"Sid\": \"UniqueSidOne\",\n      \"Effect\": \"Allow\",\n      \"Action\": \"s3:*\",\n      \"Resource\": [\n        \"arn:aws:s3:::vlim-ws-chat-image-processing-dev-image-bucket/*\",\n        \"arn:aws:s3:::vlim-ws-chat-image-processing-dev-image-bucket\"\n      ]\n    }\n  ]\n}",
            "override_json": null,
            "override_policy_documents": null,
            "policy_id": null,
            "source_json": null,
            "source_policy_documents": null,
            "statement": [
              {
                "actions": [
                  "logs:*"
                ],
                "condition": [],
                "effect": "Allow",
                "not_actions": [],
                "not_principals": [],
                "not_resources": [],
                "principals": [],
                "resources": [
                  "arn:aws:logs:*:*:*"
                ],
                "sid": ""
              },
              {
                "actions": [
                  "s3:*"
                ],
                "condition": [],
                "effect": "Allow",
                "not_actions": [],
                "not_principals": [],
                "not_resources": [],
                "principals": [],
                "resources": [
                  "arn:aws:s3:::vlim-ws-chat-image-processing-dev-image-bucket",
                  "arn:aws:s3:::vlim-ws-chat-image-processing-dev-image-bucket/*"
                ],
                "sid": "UniqueSidOne"
              }
            ],
            "version": "2012-10-17"
          },
          "sensitive_attributes": []
        }
      ]
    },
    {
      "module": "module.image_processing",
      "mode": "data",
      "type": "aws_iam_policy_document",
      "name": "allow_access_from_public",
      "provider": "provider[\"registry.terraform.io/hashicorp/aws\"]",
      "instances": [
        {
          "schema_version": 0,
          "attributes": {
            "id": "3703078",
            "json": "{\n  \"Version\": \"2012-10-17\",\n  \"Statement\": [\n    {\n      \"Sid\": \"\",\n      \"Effect\": \"Allow\",\n      \"Action\": [\n        \"s3:ListBucket\",\n        \"s3:GetObject\"\n      ],\n      \"Resource\": [\n        \"arn:aws:s3:::vlim-ws-chat-image-processing-dev-image-bucket/*\",\n        \"arn:aws:s3:::vlim-ws-chat-image-processing-dev-image-bucket\"\n      ],\n      \"Principal\": \"*\"\n    }\n  ]\n}",
            "override_json": null,
            "override_policy_documents": null,
            "policy_id": null,
            "source_json": null,
            "source_policy_documents": null,
            "statement": [
              {
                "actions": [
                  "s3:GetObject",
                  "s3:ListBucket"
                ],
                "condition": [],
                "effect": "Allow",
                "not_actions": [],
                "not_principals": [],
                "not_resources": [],
                "principals": [
                  {
                    "identifiers": [
                      "*"
                    ],
                    "type": "*"
                  }
                ],
                "resources": [
                  "arn:aws:s3:::vlim-ws-chat-image-processing-dev-image-bucket",
                  "arn:aws:s3:::vlim-ws-chat-image-processing-dev-image-bucket/*"
                ],
                "sid": ""
              }
            ],
            "version": "2012-10-17"
          },
          "sensitive_attributes": []
        }
      ]
    },
    {
      "module": "module.image_processing",
      "mode": "data",
      "type": "aws_iam_policy_document",
      "name": "lambda_assume_role_policy",
      "provider": "provider[\"registry.terraform.io/hashicorp/aws\"]",
      "instances": [
        {
          "schema_version": 0,
          "attributes": {
            "id": "3693445097",
            "json": "{\n  \"Version\": \"2012-10-17\",\n  \"Statement\": [\n    {\n      \"Sid\": \"\",\n      \"Effect\": \"Allow\",\n      \"Action\": \"sts:AssumeRole\",\n      \"Principal\": {\n        \"Service\": \"lambda.amazonaws.com\"\n      }\n    }\n  ]\n}",
            "override_json": null,
            "override_policy_documents": null,
            "policy_id": null,
            "source_json": null,
            "source_policy_documents": null,
            "statement": [
              {
                "actions": [
                  "sts:AssumeRole"
                ],
                "condition": [],
                "effect": "Allow",
                "not_actions": [],
                "not_principals": [],
                "not_resources": [],
                "principals": [
                  {
                    "identifiers": [
                      "lambda.amazonaws.com"
                    ],
                    "type": "Service"
                  }
                ],
                "resources": [],
                "sid": ""
              }
            ],
            "version": "2012-10-17"
          },
          "sensitive_attributes": []
        }
      ]
    },
    {
      "module": "module.image_processing",
      "mode": "managed",
      "type": "aws_cloudwatch_log_group",
      "name": "image_resize",
      "provider": "provider[\"registry.terraform.io/hashicorp/aws\"]",
      "instances": [
        {
          "schema_version": 0,
          "attributes": {
            "arn": "arn:aws:logs:ap-southeast-1:097947100355:log-group:/aws/lambda/vlim-ws-chat-image-processing-image_resize-dev",
            "id": "/aws/lambda/vlim-ws-chat-image-processing-image_resize-dev",
            "kms_key_id": "",
            "name": "/aws/lambda/vlim-ws-chat-image-processing-image_resize-dev",
            "name_prefix": null,
            "retention_in_days": 30,
            "tags": {},
            "tags_all": {}
          },
          "sensitive_attributes": [],
          "private": "bnVsbA==",
          "dependencies": [
            "module.image_processing.data.aws_iam_policy_document.lambda_assume_role_policy",
            "aws_lambda_layer_version.core_lib_layer",
            "aws_lambda_layer_version.image_processing_libs_layer",
            "aws_lambda_layer_version.python_libs_layer",
            "module.image_processing.aws_iam_role.lambda_role",
            "module.image_processing.aws_lambda_function.image_resize_lambda",
            "module.image_processing.aws_s3_bucket.image_bucket"
          ]
        }
      ]
    },
    {
      "module": "module.image_processing",
      "mode": "managed",
      "type": "aws_cloudwatch_log_group",
      "name": "image_upload_url",
      "provider": "provider[\"registry.terraform.io/hashicorp/aws\"]",
      "instances": [
        {
          "schema_version": 0,
          "attributes": {
            "arn": "arn:aws:logs:ap-southeast-1:097947100355:log-group:/aws/lambda/vlim-ws-chat-image-processing-lambda_upload_url-dev",
            "id": "/aws/lambda/vlim-ws-chat-image-processing-lambda_upload_url-dev",
            "kms_key_id": "",
            "name": "/aws/lambda/vlim-ws-chat-image-processing-lambda_upload_url-dev",
            "name_prefix": null,
            "retention_in_days": 30,
            "tags": {},
            "tags_all": {}
          },
          "sensitive_attributes": [],
          "private": "bnVsbA==",
          "dependencies": [
            "aws_lambda_layer_version.python_libs_layer",
            "module.image_processing.aws_iam_role.lambda_role",
            "module.image_processing.aws_lambda_function.image_upload_url_lambda",
            "module.image_processing.aws_s3_bucket.image_bucket",
            "module.image_processing.data.aws_iam_policy_document.lambda_assume_role_policy",
            "aws_lambda_layer_version.core_lib_layer"
          ]
        }
      ]
    },
    {
      "module": "module.image_processing",
      "mode": "managed",
      "type": "aws_iam_policy",
      "name": "s3_lambda_policy",
      "provider": "provider[\"registry.terraform.io/hashicorp/aws\"]",
      "instances": [
        {
          "schema_version": 0,
          "attributes": {
            "arn": "arn:aws:iam::097947100355:policy/vlim-ws-chat-s3-lambda-policy",
            "description": "Allow lambda to access s3 policy",
            "id": "arn:aws:iam::097947100355:policy/vlim-ws-chat-s3-lambda-policy",
            "name": "vlim-ws-chat-s3-lambda-policy",
            "name_prefix": null,
            "path": "/",
            "policy": "{\"Statement\":[{\"Action\":\"logs:*\",\"Effect\":\"Allow\",\"Resource\":\"arn:aws:logs:*:*:*\",\"Sid\":\"\"},{\"Action\":\"s3:*\",\"Effect\":\"Allow\",\"Resource\":[\"arn:aws:s3:::vlim-ws-chat-image-processing-dev-image-bucket/*\",\"arn:aws:s3:::vlim-ws-chat-image-processing-dev-image-bucket\"],\"Sid\":\"UniqueSidOne\"}],\"Version\":\"2012-10-17\"}",
            "policy_id": "ANPARNTQ2ETBXJ6YIPJMD",
            "tags": {},
            "tags_all": {}
          },
          "sensitive_attributes": [],
          "private": "bnVsbA==",
          "dependencies": [
            "module.image_processing.aws_s3_bucket.image_bucket",
            "module.image_processing.data.aws_iam_policy_document.allow_access_from_lambda"
          ]
        }
      ]
    },
    {
      "module": "module.image_processing",
      "mode": "managed",
      "type": "aws_iam_role",
      "name": "lambda_role",
      "provider": "provider[\"registry.terraform.io/hashicorp/aws\"]",
      "instances": [
        {
          "schema_version": 0,
          "attributes": {
            "arn": "arn:aws:iam::097947100355:role/vlim-ws-chat_image-processing_dev_lambda_role",
            "assume_role_policy": "{\"Version\":\"2012-10-17\",\"Statement\":[{\"Sid\":\"\",\"Effect\":\"Allow\",\"Principal\":{\"Service\":\"lambda.amazonaws.com\"},\"Action\":\"sts:AssumeRole\"}]}",
            "create_date": "2022-03-16T13:20:08Z",
            "description": "",
            "force_detach_policies": false,
            "id": "vlim-ws-chat_image-processing_dev_lambda_role",
            "inline_policy": [
              {
                "name": "vlim-ws-chat_image-processing_dev_lambda_policy",
                "policy": "{\n  \"Version\": \"2012-10-17\",\n  \"Statement\": [\n    {\n      \"Sid\": \"Stmt1636620306577\",\n      \"Action\": \"logs:*\",\n      \"Effect\": \"Allow\",\n      \"Resource\": \"*\"\n    }\n  ]\n}"
              }
            ],
            "managed_policy_arns": [
              "arn:aws:iam::097947100355:policy/vlim-ws-chat-s3-lambda-policy"
            ],
            "max_session_duration": 3600,
            "name": "vlim-ws-chat_image-processing_dev_lambda_role",
            "name_prefix": "",
            "path": "/",
            "permissions_boundary": null,
            "tags": {},
            "tags_all": {},
            "unique_id": "AROARNTQ2ETBZE5UCO25U"
          },
          "sensitive_attributes": [],
          "private": "bnVsbA==",
          "dependencies": [
            "module.image_processing.data.aws_iam_policy_document.lambda_assume_role_policy"
          ],
          "create_before_destroy": true
        }
      ]
    },
    {
      "module": "module.image_processing",
      "mode": "managed",
      "type": "aws_iam_role_policy",
      "name": "lambda_policy",
      "provider": "provider[\"registry.terraform.io/hashicorp/aws\"]",
      "instances": [
        {
          "schema_version": 0,
          "attributes": {
            "id": "vlim-ws-chat_image-processing_dev_lambda_role:vlim-ws-chat_image-processing_dev_lambda_policy",
            "name": "vlim-ws-chat_image-processing_dev_lambda_policy",
            "name_prefix": null,
            "policy": "{\n  \"Version\": \"2012-10-17\",\n  \"Statement\": [\n    {\n      \"Sid\": \"Stmt1636620306577\",\n      \"Action\": \"logs:*\",\n      \"Effect\": \"Allow\",\n      \"Resource\": \"*\"\n    }\n  ]\n}",
            "role": "vlim-ws-chat_image-processing_dev_lambda_role"
          },
          "sensitive_attributes": [],
          "private": "bnVsbA==",
          "dependencies": [
            "module.image_processing.aws_iam_role.lambda_role",
            "module.image_processing.data.aws_iam_policy_document.lambda_assume_role_policy"
          ]
        }
      ]
    },
    {
      "module": "module.image_processing",
      "mode": "managed",
      "type": "aws_iam_role_policy_attachment",
      "name": "test-attach",
      "provider": "provider[\"registry.terraform.io/hashicorp/aws\"]",
      "instances": [
        {
          "schema_version": 0,
          "attributes": {
            "id": "vlim-ws-chat_image-processing_dev_lambda_role-20220316153600264600000001",
            "policy_arn": "arn:aws:iam::097947100355:policy/vlim-ws-chat-s3-lambda-policy",
            "role": "vlim-ws-chat_image-processing_dev_lambda_role"
          },
          "sensitive_attributes": [],
          "private": "bnVsbA==",
          "dependencies": [
            "module.image_processing.aws_iam_policy.s3_lambda_policy",
            "module.image_processing.aws_iam_role.lambda_role",
            "module.image_processing.aws_s3_bucket.image_bucket",
            "module.image_processing.data.aws_iam_policy_document.allow_access_from_lambda",
            "module.image_processing.data.aws_iam_policy_document.lambda_assume_role_policy"
          ]
        }
      ]
    },
    {
      "module": "module.image_processing",
      "mode": "managed",
      "type": "aws_lambda_function",
      "name": "image_resize_lambda",
      "provider": "provider[\"registry.terraform.io/hashicorp/aws\"]",
      "instances": [
        {
          "schema_version": 0,
          "attributes": {
            "architectures": [
              "x86_64"
            ],
            "arn": "arn:aws:lambda:ap-southeast-1:097947100355:function:vlim-ws-chat-image-processing-image_resize-dev",
            "code_signing_config_arn": "",
            "dead_letter_config": [],
            "description": "",
            "environment": [
              {
                "variables": {
                  "IMAGE_BUCKET_DOMAIN": "vlim-ws-chat-image-processing-dev-image-bucket.s3.amazonaws.com",
                  "IMAGE_BUCKET_NAME": "vlim-ws-chat-image-processing-dev-image-bucket",
                  "IMAGE_SIZES": "[{\"key\":\"100x100\",\"value\":[100,100]},{\"key\":\"300x300\",\"value\":[300,300]},{\"key\":\"720x720\",\"value\":[720,720]}]"
                }
              }
            ],
            "file_system_config": [],
            "filename": "outputs/image-resize-lambda.zip",
            "function_name": "vlim-ws-chat-image-processing-image_resize-dev",
            "handler": "handler.handler",
            "id": "vlim-ws-chat-image-processing-image_resize-dev",
            "image_config": [],
            "image_uri": "",
            "invoke_arn": "arn:aws:apigateway:ap-southeast-1:lambda:path/2015-03-31/functions/arn:aws:lambda:ap-southeast-1:097947100355:function:vlim-ws-chat-image-processing-image_resize-dev/invocations",
            "kms_key_arn": "",
            "last_modified": "2022-03-16T16:04:47.000+0000",
            "layers": [
              "arn:aws:lambda:ap-southeast-1:097947100355:layer:vlim-ws-chat-dev-va-CoreLibs:23",
              "arn:aws:lambda:ap-southeast-1:097947100355:layer:vlim-ws-chat-dev-va-PythonLibs:2",
              "arn:aws:lambda:ap-southeast-1:097947100355:layer:vlim-ws-chat-dev-va-ImageProcessingLibs:2"
            ],
            "memory_size": 128,
            "package_type": "Zip",
            "publish": false,
            "qualified_arn": "arn:aws:lambda:ap-southeast-1:097947100355:function:vlim-ws-chat-image-processing-image_resize-dev:$LATEST",
            "reserved_concurrent_executions": -1,
            "role": "arn:aws:iam::097947100355:role/vlim-ws-chat_image-processing_dev_lambda_role",
            "runtime": "python3.8",
            "s3_bucket": null,
            "s3_key": null,
            "s3_object_version": null,
            "signing_job_arn": "",
            "signing_profile_version_arn": "",
            "source_code_hash": "HX1gFOgMyYPYCbsR1Jdc1Sp0FHBT7Myt6yHaxXIXwVk=",
            "source_code_size": 629,
            "tags": {},
            "tags_all": {},
            "timeout": 90,
            "timeouts": null,
            "tracing_config": [
              {
                "mode": "PassThrough"
              }
            ],
            "version": "$LATEST",
            "vpc_config": []
          },
          "sensitive_attributes": [],
          "private": "eyJlMmJmYjczMC1lY2FhLTExZTYtOGY4OC0zNDM2M2JjN2M0YzAiOnsiY3JlYXRlIjo2MDAwMDAwMDAwMDB9fQ==",
          "dependencies": [
            "aws_lambda_layer_version.core_lib_layer",
            "aws_lambda_layer_version.image_processing_libs_layer",
            "aws_lambda_layer_version.python_libs_layer",
            "module.image_processing.aws_iam_role.lambda_role",
            "module.image_processing.aws_s3_bucket.image_bucket"
          ]
        }
      ]
    },
    {
      "module": "module.image_processing",
      "mode": "managed",
      "type": "aws_lambda_function",
      "name": "image_upload_url_lambda",
      "provider": "provider[\"registry.terraform.io/hashicorp/aws\"]",
      "instances": [
        {
          "schema_version": 0,
          "attributes": {
            "architectures": [
              "x86_64"
            ],
            "arn": "arn:aws:lambda:ap-southeast-1:097947100355:function:vlim-ws-chat-image-processing-lambda_upload_url-dev",
            "code_signing_config_arn": "",
            "dead_letter_config": [],
            "description": "",
            "environment": [
              {
                "variables": {
                  "IMAGE_BUCKET_DOMAIN": "vlim-ws-chat-image-processing-dev-image-bucket.s3.amazonaws.com",
                  "IMAGE_BUCKET_NAME": "vlim-ws-chat-image-processing-dev-image-bucket",
                  "IMAGE_SIZES": "[{\"key\":\"100x100\",\"value\":[100,100]},{\"key\":\"300x300\",\"value\":[300,300]},{\"key\":\"720x720\",\"value\":[720,720]}]"
                }
              }
            ],
            "file_system_config": [],
            "filename": "outputs/image-upload-url-lambda.zip",
            "function_name": "vlim-ws-chat-image-processing-lambda_upload_url-dev",
            "handler": "handler.get_upload_url",
            "id": "vlim-ws-chat-image-processing-lambda_upload_url-dev",
            "image_config": [],
            "image_uri": "",
            "invoke_arn": "arn:aws:apigateway:ap-southeast-1:lambda:path/2015-03-31/functions/arn:aws:lambda:ap-southeast-1:097947100355:function:vlim-ws-chat-image-processing-lambda_upload_url-dev/invocations",
            "kms_key_arn": "",
            "last_modified": "2022-03-16T16:04:47.000+0000",
            "layers": [
              "arn:aws:lambda:ap-southeast-1:097947100355:layer:vlim-ws-chat-dev-va-CoreLibs:23",
              "arn:aws:lambda:ap-southeast-1:097947100355:layer:vlim-ws-chat-dev-va-PythonLibs:2"
            ],
            "memory_size": 128,
            "package_type": "Zip",
            "publish": false,
            "qualified_arn": "arn:aws:lambda:ap-southeast-1:097947100355:function:vlim-ws-chat-image-processing-lambda_upload_url-dev:$LATEST",
            "reserved_concurrent_executions": -1,
            "role": "arn:aws:iam::097947100355:role/vlim-ws-chat_image-processing_dev_lambda_role",
            "runtime": "python3.8",
            "s3_bucket": null,
            "s3_key": null,
            "s3_object_version": null,
            "signing_job_arn": "",
            "signing_profile_version_arn": "",
            "source_code_hash": "mJHGEgiyNkmjMXcWbJ9lHzYE/AcRuvf92Mo0hOHk6B0=",
            "source_code_size": 579,
            "tags": {},
            "tags_all": {},
            "timeout": 3,
            "timeouts": null,
            "tracing_config": [
              {
                "mode": "PassThrough"
              }
            ],
            "version": "$LATEST",
            "vpc_config": []
          },
          "sensitive_attributes": [],
          "private": "eyJlMmJmYjczMC1lY2FhLTExZTYtOGY4OC0zNDM2M2JjN2M0YzAiOnsiY3JlYXRlIjo2MDAwMDAwMDAwMDB9fQ==",
          "dependencies": [
            "aws_lambda_layer_version.core_lib_layer",
            "aws_lambda_layer_version.python_libs_layer",
            "module.image_processing.aws_iam_role.lambda_role",
            "module.image_processing.aws_s3_bucket.image_bucket"
          ]
        }
      ]
    },
    {
      "module": "module.image_processing",
      "mode": "managed",
      "type": "aws_lambda_permission",
      "name": "allow_bucket_permission",
      "provider": "provider[\"registry.terraform.io/hashicorp/aws\"]",
      "instances": [
        {
          "schema_version": 0,
          "attributes": {
            "action": "lambda:InvokeFunction",
            "event_source_token": null,
            "function_name": "arn:aws:lambda:ap-southeast-1:097947100355:function:vlim-ws-chat-image-processing-image_resize-dev",
            "id": "AllowExecutionFromS3Bucket",
            "principal": "s3.amazonaws.com",
            "qualifier": "",
            "source_account": null,
            "source_arn": "arn:aws:s3:::vlim-ws-chat-image-processing-dev-image-bucket",
            "statement_id": "AllowExecutionFromS3Bucket",
            "statement_id_prefix": null
          },
          "sensitive_attributes": [],
          "private": "bnVsbA==",
          "dependencies": [
            "module.image_processing.aws_s3_bucket.image_bucket",
            "module.image_processing.data.aws_iam_policy_document.lambda_assume_role_policy",
            "aws_lambda_layer_version.core_lib_layer",
            "aws_lambda_layer_version.image_processing_libs_layer",
            "aws_lambda_layer_version.python_libs_layer",
            "module.image_processing.aws_iam_role.lambda_role",
            "module.image_processing.aws_lambda_function.image_resize_lambda"
          ]
        }
      ]
    },
    {
      "module": "module.image_processing",
      "mode": "managed",
      "type": "aws_s3_bucket",
      "name": "image_bucket",
      "provider": "provider[\"registry.terraform.io/hashicorp/aws\"]",
      "instances": [
        {
          "schema_version": 0,
          "attributes": {
            "acceleration_status": "",
            "acl": "public-read",
            "arn": "arn:aws:s3:::vlim-ws-chat-image-processing-dev-image-bucket",
            "bucket": "vlim-ws-chat-image-processing-dev-image-bucket",
            "bucket_domain_name": "vlim-ws-chat-image-processing-dev-image-bucket.s3.amazonaws.com",
            "bucket_prefix": null,
            "bucket_regional_domain_name": "vlim-ws-chat-image-processing-dev-image-bucket.s3.ap-southeast-1.amazonaws.com",
            "cors_rule": [
              {
                "allowed_headers": [
                  "*"
                ],
                "allowed_methods": [
                  "GET",
                  "PUT",
                  "POST",
                  "DELETE",
                  "HEAD"
                ],
                "allowed_origins": [
                  "http://*",
                  "https://*"
                ],
                "expose_headers": [
                  "x-amz-server-side-encryption",
                  "x-amz-request-id",
                  "x-amz-id-2",
                  "ETag"
                ],
                "max_age_seconds": 3600
              }
            ],
            "force_destroy": true,
            "grant": [],
            "hosted_zone_id": "Z3O0J2DXBE1FTB",
            "id": "vlim-ws-chat-image-processing-dev-image-bucket",
            "lifecycle_rule": [],
            "logging": [],
            "object_lock_configuration": [],
            "policy": null,
            "region": "ap-southeast-1",
            "replication_configuration": [],
            "request_payer": "BucketOwner",
            "server_side_encryption_configuration": [],
            "tags": {},
            "tags_all": {},
            "versioning": [
              {
                "enabled": false,
                "mfa_delete": false
              }
            ],
            "website": [],
            "website_domain": null,
            "website_endpoint": null
          },
          "sensitive_attributes": [],
          "private": "bnVsbA==",
          "create_before_destroy": true
        }
      ]
    },
    {
      "module": "module.image_processing",
      "mode": "managed",
      "type": "aws_s3_bucket_notification",
      "name": "bucket_notification",
      "provider": "provider[\"registry.terraform.io/hashicorp/aws\"]",
      "instances": [
        {
          "schema_version": 0,
          "attributes": {
            "bucket": "vlim-ws-chat-image-processing-dev-image-bucket",
            "id": "vlim-ws-chat-image-processing-dev-image-bucket",
            "lambda_function": [
              {
                "events": [
                  "s3:ObjectCreated:*"
                ],
                "filter_prefix": "original/",
                "filter_suffix": ".jpg",
                "id": "tf-s3-lambda-20220316132044035300000001",
                "lambda_function_arn": "arn:aws:lambda:ap-southeast-1:097947100355:function:vlim-ws-chat-image-processing-image_resize-dev"
              },
              {
                "events": [
                  "s3:ObjectCreated:*"
                ],
                "filter_prefix": "original/",
                "filter_suffix": ".jpeg",
                "id": "tf-s3-lambda-20220316132044035300000002",
                "lambda_function_arn": "arn:aws:lambda:ap-southeast-1:097947100355:function:vlim-ws-chat-image-processing-image_resize-dev"
              },
              {
                "events": [
                  "s3:ObjectCreated:*"
                ],
                "filter_prefix": "original/",
                "filter_suffix": ".png",
                "id": "tf-s3-lambda-20220316132044035300000003",
                "lambda_function_arn": "arn:aws:lambda:ap-southeast-1:097947100355:function:vlim-ws-chat-image-processing-image_resize-dev"
              }
            ],
            "queue": [],
            "topic": []
          },
          "sensitive_attributes": [],
          "private": "bnVsbA==",
          "dependencies": [
            "aws_lambda_layer_version.python_libs_layer",
            "module.image_processing.aws_iam_role.lambda_role",
            "module.image_processing.aws_lambda_function.image_resize_lambda",
            "module.image_processing.aws_lambda_permission.allow_bucket_permission",
            "module.image_processing.aws_s3_bucket.image_bucket",
            "module.image_processing.data.aws_iam_policy_document.lambda_assume_role_policy",
            "aws_lambda_layer_version.core_lib_layer",
            "aws_lambda_layer_version.image_processing_libs_layer"
          ]
        }
      ]
    },
    {
      "module": "module.image_processing",
      "mode": "managed",
      "type": "aws_s3_bucket_policy",
      "name": "allow_access_public",
      "provider": "provider[\"registry.terraform.io/hashicorp/aws\"]",
      "instances": [
        {
          "schema_version": 0,
          "attributes": {
            "bucket": "vlim-ws-chat-image-processing-dev-image-bucket",
            "id": "vlim-ws-chat-image-processing-dev-image-bucket",
            "policy": "{\"Statement\":[{\"Action\":[\"s3:ListBucket\",\"s3:GetObject\"],\"Effect\":\"Allow\",\"Principal\":\"*\",\"Resource\":[\"arn:aws:s3:::vlim-ws-chat-image-processing-dev-image-bucket/*\",\"arn:aws:s3:::vlim-ws-chat-image-processing-dev-image-bucket\"],\"Sid\":\"\"}],\"Version\":\"2012-10-17\"}"
          },
          "sensitive_attributes": [],
          "private": "bnVsbA==",
          "dependencies": [
            "module.image_processing.data.aws_iam_policy_document.allow_access_from_public",
            "module.image_processing.aws_s3_bucket.image_bucket"
          ]
        }
      ]
    },
    {
      "module": "module.image_processing.module.post_url_gateway_resource",
      "mode": "managed",
      "type": "aws_api_gateway_integration",
      "name": "api_integration",
      "provider": "provider[\"registry.terraform.io/hashicorp/aws\"]",
      "instances": [
        {
          "schema_version": 0,
          "attributes": {
            "cache_key_parameters": [],
            "cache_namespace": "av9u5y",
            "connection_id": "",
            "connection_type": "INTERNET",
            "content_handling": "",
            "credentials": "",
            "http_method": "POST",
            "id": "agi-uo89jo1heh-av9u5y-POST",
            "integration_http_method": "POST",
            "passthrough_behavior": "WHEN_NO_MATCH",
            "request_parameters": {},
            "request_templates": {},
            "resource_id": "av9u5y",
            "rest_api_id": "uo89jo1heh",
            "timeout_milliseconds": 29000,
            "tls_config": [],
            "type": "AWS_PROXY",
            "uri": "arn:aws:apigateway:ap-southeast-1:lambda:path/2015-03-31/functions/arn:aws:lambda:ap-southeast-1:097947100355:function:vlim-ws-chat-image-processing-lambda_upload_url-dev/invocations"
          },
          "sensitive_attributes": [],
          "private": "bnVsbA==",
          "dependencies": [
            "aws_api_gateway_rest_api.root_api",
            "aws_lambda_layer_version.python_libs_layer",
            "module.image_processing.aws_s3_bucket.image_bucket",
            "module.image_processing.module.post_url_gateway_resource.aws_api_gateway_method.method",
            "module.image_processing.module.post_url_gateway_resource.aws_api_gateway_resource.api_resource",
            "aws_lambda_layer_version.core_lib_layer",
            "module.image_processing.aws_iam_role.lambda_role",
            "module.image_processing.aws_lambda_function.image_upload_url_lambda",
            "module.image_processing.data.aws_iam_policy_document.lambda_assume_role_policy"
          ],
          "create_before_destroy": true
        }
      ]
    },
    {
      "module": "module.image_processing.module.post_url_gateway_resource",
      "mode": "managed",
      "type": "aws_api_gateway_integration",
      "name": "options_integration",
      "provider": "provider[\"registry.terraform.io/hashicorp/aws\"]",
      "instances": [
        {
          "schema_version": 0,
          "attributes": {
            "cache_key_parameters": [],
            "cache_namespace": "av9u5y",
            "connection_id": "",
            "connection_type": "INTERNET",
            "content_handling": "",
            "credentials": "",
            "http_method": "OPTIONS",
            "id": "agi-uo89jo1heh-av9u5y-OPTIONS",
            "integration_http_method": "",
            "passthrough_behavior": "WHEN_NO_MATCH",
            "request_parameters": {},
            "request_templates": {
              "application/json": "{\"statusCode\": 200}"
            },
            "resource_id": "av9u5y",
            "rest_api_id": "uo89jo1heh",
            "timeout_milliseconds": 29000,
            "tls_config": [],
            "type": "MOCK",
            "uri": ""
          },
          "sensitive_attributes": [],
          "private": "bnVsbA==",
          "dependencies": [
            "aws_api_gateway_rest_api.root_api",
            "module.image_processing.module.post_url_gateway_resource.aws_api_gateway_method.options_method",
            "module.image_processing.module.post_url_gateway_resource.aws_api_gateway_resource.api_resource"
          ],
          "create_before_destroy": true
        }
      ]
    },
    {
      "module": "module.image_processing.module.post_url_gateway_resource",
      "mode": "managed",
      "type": "aws_api_gateway_integration_response",
      "name": "options_integration_response",
      "provider": "provider[\"registry.terraform.io/hashicorp/aws\"]",
      "instances": [
        {
          "schema_version": 0,
          "attributes": {
            "content_handling": "",
            "http_method": "OPTIONS",
            "id": "agir-uo89jo1heh-av9u5y-OPTIONS-200",
            "resource_id": "av9u5y",
            "response_parameters": {
              "method.response.header.Access-Control-Allow-Headers": "'Content-Type,X-Amz-Date,Authorization,X-Api-Key,X-Amz-Security-Token'",
              "method.response.header.Access-Control-Allow-Methods": "'GET,OPTIONS,POST,PUT'",
              "method.response.header.Access-Control-Allow-Origin": "'*'"
            },
            "response_templates": {},
            "rest_api_id": "uo89jo1heh",
            "selection_pattern": "",
            "status_code": "200"
          },
          "sensitive_attributes": [],
          "private": "bnVsbA==",
          "dependencies": [
            "aws_api_gateway_rest_api.root_api",
            "module.image_processing.module.post_url_gateway_resource.aws_api_gateway_method.options_method",
            "module.image_processing.module.post_url_gateway_resource.aws_api_gateway_method_response.options_200",
            "module.image_processing.module.post_url_gateway_resource.aws_api_gateway_resource.api_resource"
          ]
        }
      ]
    },
    {
      "module": "module.image_processing.module.post_url_gateway_resource",
      "mode": "managed",
      "type": "aws_api_gateway_method",
      "name": "method",
      "provider": "provider[\"registry.terraform.io/hashicorp/aws\"]",
      "instances": [
        {
          "schema_version": 0,
          "attributes": {
            "api_key_required": false,
            "authorization": "NONE",
            "authorization_scopes": [],
            "authorizer_id": "",
            "http_method": "POST",
            "id": "agm-uo89jo1heh-av9u5y-POST",
            "operation_name": "",
            "request_models": {},
            "request_parameters": {},
            "request_validator_id": "",
            "resource_id": "av9u5y",
            "rest_api_id": "uo89jo1heh"
          },
          "sensitive_attributes": [],
          "private": "bnVsbA==",
          "dependencies": [
            "aws_api_gateway_rest_api.root_api",
            "module.image_processing.module.post_url_gateway_resource.aws_api_gateway_resource.api_resource"
          ],
          "create_before_destroy": true
        }
      ]
    },
    {
      "module": "module.image_processing.module.post_url_gateway_resource",
      "mode": "managed",
      "type": "aws_api_gateway_method",
      "name": "options_method",
      "provider": "provider[\"registry.terraform.io/hashicorp/aws\"]",
      "instances": [
        {
          "schema_version": 0,
          "attributes": {
            "api_key_required": false,
            "authorization": "NONE",
            "authorization_scopes": [],
            "authorizer_id": "",
            "http_method": "OPTIONS",
            "id": "agm-uo89jo1heh-av9u5y-OPTIONS",
            "operation_name": "",
            "request_models": {},
            "request_parameters": {},
            "request_validator_id": "",
            "resource_id": "av9u5y",
            "rest_api_id": "uo89jo1heh"
          },
          "sensitive_attributes": [],
          "private": "bnVsbA==",
          "dependencies": [
            "aws_api_gateway_rest_api.root_api",
            "module.image_processing.module.post_url_gateway_resource.aws_api_gateway_resource.api_resource"
          ],
          "create_before_destroy": true
        }
      ]
    },
    {
      "module": "module.image_processing.module.post_url_gateway_resource",
      "mode": "managed",
      "type": "aws_api_gateway_method_response",
      "name": "options_200",
      "provider": "provider[\"registry.terraform.io/hashicorp/aws\"]",
      "instances": [
        {
          "schema_version": 0,
          "attributes": {
            "http_method": "OPTIONS",
            "id": "agmr-uo89jo1heh-av9u5y-OPTIONS-200",
            "resource_id": "av9u5y",
            "response_models": {
              "application/json": "Empty"
            },
            "response_parameters": {
              "method.response.header.Access-Control-Allow-Headers": true,
              "method.response.header.Access-Control-Allow-Methods": true,
              "method.response.header.Access-Control-Allow-Origin": true
            },
            "rest_api_id": "uo89jo1heh",
            "status_code": "200"
          },
          "sensitive_attributes": [],
          "private": "bnVsbA==",
          "dependencies": [
            "aws_api_gateway_rest_api.root_api",
            "module.image_processing.module.post_url_gateway_resource.aws_api_gateway_method.options_method",
            "module.image_processing.module.post_url_gateway_resource.aws_api_gateway_resource.api_resource"
          ],
          "create_before_destroy": true
        }
      ]
    },
    {
      "module": "module.image_processing.module.post_url_gateway_resource",
      "mode": "managed",
      "type": "aws_api_gateway_method_response",
      "name": "response_200",
      "provider": "provider[\"registry.terraform.io/hashicorp/aws\"]",
      "instances": [
        {
          "schema_version": 0,
          "attributes": {
            "http_method": "POST",
            "id": "agmr-uo89jo1heh-av9u5y-POST-200",
            "resource_id": "av9u5y",
            "response_models": {},
            "response_parameters": {
              "method.response.header.Access-Control-Allow-Headers": true,
              "method.response.header.Access-Control-Allow-Methods": true,
              "method.response.header.Access-Control-Allow-Origin": true
            },
            "rest_api_id": "uo89jo1heh",
            "status_code": "200"
          },
          "sensitive_attributes": [],
          "private": "bnVsbA==",
          "dependencies": [
            "aws_api_gateway_rest_api.root_api",
            "module.image_processing.module.post_url_gateway_resource.aws_api_gateway_method.method",
            "module.image_processing.module.post_url_gateway_resource.aws_api_gateway_resource.api_resource"
          ],
          "create_before_destroy": true
        }
      ]
    },
    {
      "module": "module.image_processing.module.post_url_gateway_resource",
      "mode": "managed",
      "type": "aws_api_gateway_resource",
      "name": "api_resource",
      "provider": "provider[\"registry.terraform.io/hashicorp/aws\"]",
      "instances": [
        {
          "schema_version": 0,
          "attributes": {
            "id": "av9u5y",
            "parent_id": "zij3dpbw8i",
            "path": "/preSignUrl",
            "path_part": "preSignUrl",
            "rest_api_id": "uo89jo1heh"
          },
          "sensitive_attributes": [],
          "private": "bnVsbA==",
          "dependencies": [
            "aws_api_gateway_rest_api.root_api"
          ],
          "create_before_destroy": true
        }
      ]
    },
    {
      "module": "module.image_processing.module.post_url_gateway_resource",
      "mode": "managed",
      "type": "aws_lambda_permission",
      "name": "apigw_lambda_permission",
      "provider": "provider[\"registry.terraform.io/hashicorp/aws\"]",
      "instances": [
        {
          "schema_version": 0,
          "attributes": {
            "action": "lambda:InvokeFunction",
            "event_source_token": null,
            "function_name": "vlim-ws-chat-image-processing-lambda_upload_url-dev",
            "id": "vlim-ws-chat-dev-va-root-apiAllow-preSignUrlPOSTInvoke",
            "principal": "apigateway.amazonaws.com",
            "qualifier": "",
            "source_account": null,
            "source_arn": "arn:aws:execute-api:ap-southeast-1:097947100355:uo89jo1heh/*/POST/preSignUrl",
            "statement_id": "vlim-ws-chat-dev-va-root-apiAllow-preSignUrlPOSTInvoke",
            "statement_id_prefix": null
          },
          "sensitive_attributes": [],
          "private": "bnVsbA==",
          "dependencies": [
            "aws_api_gateway_rest_api.root_api",
            "aws_lambda_layer_version.python_libs_layer",
            "module.image_processing.data.aws_iam_policy_document.lambda_assume_role_policy",
            "module.image_processing.module.post_url_gateway_resource.aws_api_gateway_resource.api_resource",
            "aws_lambda_layer_version.core_lib_layer",
            "module.image_processing.aws_iam_role.lambda_role",
            "module.image_processing.aws_lambda_function.image_upload_url_lambda",
            "module.image_processing.aws_s3_bucket.image_bucket",
            "module.image_processing.module.post_url_gateway_resource.aws_api_gateway_method.method"
          ]
        }
      ]
    },
    {
      "module": "module.users_login_gateway_resource",
      "mode": "managed",
      "type": "aws_api_gateway_integration",
      "name": "api_integration",
      "provider": "provider[\"registry.terraform.io/hashicorp/aws\"]",
      "instances": [
        {
          "schema_version": 0,
          "attributes": {
            "cache_key_parameters": [],
            "cache_namespace": "3y0l1a",
            "connection_id": "",
            "connection_type": "INTERNET",
            "content_handling": "",
            "credentials": "",
            "http_method": "POST",
            "id": "agi-uo89jo1heh-3y0l1a-POST",
            "integration_http_method": "POST",
            "passthrough_behavior": "WHEN_NO_MATCH",
            "request_parameters": {},
            "request_templates": {},
            "resource_id": "3y0l1a",
            "rest_api_id": "uo89jo1heh",
            "timeout_milliseconds": 29000,
            "tls_config": [],
            "type": "AWS_PROXY",
            "uri": "arn:aws:apigateway:ap-southeast-1:lambda:path/2015-03-31/functions/arn:aws:lambda:ap-southeast-1:097947100355:function:vlim-ws-chat-vdev-a-user/invocations"
          },
          "sensitive_attributes": [],
          "private": "bnVsbA==",
          "dependencies": [
            "module.users_login_gateway_resource.aws_api_gateway_resource.api_resource",
            "aws_api_gateway_rest_api.root_api",
            "aws_dynamodb_table.message-dynamodb-table",
            "aws_iam_role.full_access_dynamodb_lambda_role",
            "aws_lambda_layer_version.core_lib_layer",
            "module.users_login_gateway_resource.aws_api_gateway_method.method",
            "aws_dynamodb_table.users-dynamodb-table",
            "aws_lambda_function.user",
            "aws_lambda_layer_version.python_libs_layer",
            "module.get_users_gateway_resource.aws_api_gateway_resource.api_resource"
          ],
          "create_before_destroy": true
        }
      ]
    },
    {
      "module": "module.users_login_gateway_resource",
      "mode": "managed",
      "type": "aws_api_gateway_integration",
      "name": "options_integration",
      "provider": "provider[\"registry.terraform.io/hashicorp/aws\"]",
      "instances": [
        {
          "schema_version": 0,
          "attributes": {
            "cache_key_parameters": [],
            "cache_namespace": "3y0l1a",
            "connection_id": "",
            "connection_type": "INTERNET",
            "content_handling": "",
            "credentials": "",
            "http_method": "OPTIONS",
            "id": "agi-uo89jo1heh-3y0l1a-OPTIONS",
            "integration_http_method": "",
            "passthrough_behavior": "WHEN_NO_MATCH",
            "request_parameters": {},
            "request_templates": {
              "application/json": "{\"statusCode\": 200}"
            },
            "resource_id": "3y0l1a",
            "rest_api_id": "uo89jo1heh",
            "timeout_milliseconds": 29000,
            "tls_config": [],
            "type": "MOCK",
            "uri": ""
          },
          "sensitive_attributes": [],
          "private": "bnVsbA==",
          "dependencies": [
            "aws_api_gateway_rest_api.root_api",
            "module.get_users_gateway_resource.aws_api_gateway_resource.api_resource",
            "module.users_login_gateway_resource.aws_api_gateway_method.options_method",
            "module.users_login_gateway_resource.aws_api_gateway_resource.api_resource"
          ],
          "create_before_destroy": true
        }
      ]
    },
    {
      "module": "module.users_login_gateway_resource",
      "mode": "managed",
      "type": "aws_api_gateway_integration_response",
      "name": "options_integration_response",
      "provider": "provider[\"registry.terraform.io/hashicorp/aws\"]",
      "instances": [
        {
          "schema_version": 0,
          "attributes": {
            "content_handling": "",
            "http_method": "OPTIONS",
            "id": "agir-uo89jo1heh-3y0l1a-OPTIONS-200",
            "resource_id": "3y0l1a",
            "response_parameters": {
              "method.response.header.Access-Control-Allow-Headers": "'Content-Type,X-Amz-Date,Authorization,X-Api-Key,X-Amz-Security-Token'",
              "method.response.header.Access-Control-Allow-Methods": "'GET,OPTIONS,POST,PUT'",
              "method.response.header.Access-Control-Allow-Origin": "'*'"
            },
            "response_templates": {},
            "rest_api_id": "uo89jo1heh",
            "selection_pattern": "",
            "status_code": "200"
          },
          "sensitive_attributes": [],
          "private": "bnVsbA==",
          "dependencies": [
            "module.get_users_gateway_resource.aws_api_gateway_resource.api_resource",
            "module.users_login_gateway_resource.aws_api_gateway_method.options_method",
            "module.users_login_gateway_resource.aws_api_gateway_method_response.options_200",
            "module.users_login_gateway_resource.aws_api_gateway_resource.api_resource",
            "aws_api_gateway_rest_api.root_api"
          ]
        }
      ]
    },
    {
      "module": "module.users_login_gateway_resource",
      "mode": "managed",
      "type": "aws_api_gateway_method",
      "name": "method",
      "provider": "provider[\"registry.terraform.io/hashicorp/aws\"]",
      "instances": [
        {
          "schema_version": 0,
          "attributes": {
            "api_key_required": false,
            "authorization": "NONE",
            "authorization_scopes": [],
            "authorizer_id": "",
            "http_method": "POST",
            "id": "agm-uo89jo1heh-3y0l1a-POST",
            "operation_name": "",
            "request_models": {},
            "request_parameters": {},
            "request_validator_id": "",
            "resource_id": "3y0l1a",
            "rest_api_id": "uo89jo1heh"
          },
          "sensitive_attributes": [],
          "private": "bnVsbA==",
          "dependencies": [
            "aws_api_gateway_rest_api.root_api",
            "module.get_users_gateway_resource.aws_api_gateway_resource.api_resource",
            "module.users_login_gateway_resource.aws_api_gateway_resource.api_resource"
          ],
          "create_before_destroy": true
        }
      ]
    },
    {
      "module": "module.users_login_gateway_resource",
      "mode": "managed",
      "type": "aws_api_gateway_method",
      "name": "options_method",
      "provider": "provider[\"registry.terraform.io/hashicorp/aws\"]",
      "instances": [
        {
          "schema_version": 0,
          "attributes": {
            "api_key_required": false,
            "authorization": "NONE",
            "authorization_scopes": [],
            "authorizer_id": "",
            "http_method": "OPTIONS",
            "id": "agm-uo89jo1heh-3y0l1a-OPTIONS",
            "operation_name": "",
            "request_models": {},
            "request_parameters": {},
            "request_validator_id": "",
            "resource_id": "3y0l1a",
            "rest_api_id": "uo89jo1heh"
          },
          "sensitive_attributes": [],
          "private": "bnVsbA==",
          "dependencies": [
            "aws_api_gateway_rest_api.root_api",
            "module.get_users_gateway_resource.aws_api_gateway_resource.api_resource",
            "module.users_login_gateway_resource.aws_api_gateway_resource.api_resource"
          ],
          "create_before_destroy": true
        }
      ]
    },
    {
      "module": "module.users_login_gateway_resource",
      "mode": "managed",
      "type": "aws_api_gateway_method_response",
      "name": "options_200",
      "provider": "provider[\"registry.terraform.io/hashicorp/aws\"]",
      "instances": [
        {
          "schema_version": 0,
          "attributes": {
            "http_method": "OPTIONS",
            "id": "agmr-uo89jo1heh-3y0l1a-OPTIONS-200",
            "resource_id": "3y0l1a",
            "response_models": {
              "application/json": "Empty"
            },
            "response_parameters": {
              "method.response.header.Access-Control-Allow-Headers": true,
              "method.response.header.Access-Control-Allow-Methods": true,
              "method.response.header.Access-Control-Allow-Origin": true
            },
            "rest_api_id": "uo89jo1heh",
            "status_code": "200"
          },
          "sensitive_attributes": [],
          "private": "bnVsbA==",
          "dependencies": [
            "aws_api_gateway_rest_api.root_api",
            "module.get_users_gateway_resource.aws_api_gateway_resource.api_resource",
            "module.users_login_gateway_resource.aws_api_gateway_method.options_method",
            "module.users_login_gateway_resource.aws_api_gateway_resource.api_resource"
          ],
          "create_before_destroy": true
        }
      ]
    },
    {
      "module": "module.users_login_gateway_resource",
      "mode": "managed",
      "type": "aws_api_gateway_method_response",
      "name": "response_200",
      "provider": "provider[\"registry.terraform.io/hashicorp/aws\"]",
      "instances": [
        {
          "schema_version": 0,
          "attributes": {
            "http_method": "POST",
            "id": "agmr-uo89jo1heh-3y0l1a-POST-200",
            "resource_id": "3y0l1a",
            "response_models": {},
            "response_parameters": {
              "method.response.header.Access-Control-Allow-Headers": true,
              "method.response.header.Access-Control-Allow-Methods": true,
              "method.response.header.Access-Control-Allow-Origin": true
            },
            "rest_api_id": "uo89jo1heh",
            "status_code": "200"
          },
          "sensitive_attributes": [],
          "private": "bnVsbA==",
          "dependencies": [
            "aws_api_gateway_rest_api.root_api",
            "module.get_users_gateway_resource.aws_api_gateway_resource.api_resource",
            "module.users_login_gateway_resource.aws_api_gateway_method.method",
            "module.users_login_gateway_resource.aws_api_gateway_resource.api_resource"
          ],
          "create_before_destroy": true
        }
      ]
    },
    {
      "module": "module.users_login_gateway_resource",
      "mode": "managed",
      "type": "aws_api_gateway_resource",
      "name": "api_resource",
      "provider": "provider[\"registry.terraform.io/hashicorp/aws\"]",
      "instances": [
        {
          "schema_version": 0,
          "attributes": {
            "id": "3y0l1a",
            "parent_id": "4cpv5p",
            "path": "/users/login",
            "path_part": "login",
            "rest_api_id": "uo89jo1heh"
          },
          "sensitive_attributes": [],
          "private": "bnVsbA==",
          "dependencies": [
            "aws_api_gateway_rest_api.root_api",
            "module.get_users_gateway_resource.aws_api_gateway_resource.api_resource"
          ],
          "create_before_destroy": true
        }
      ]
    },
    {
      "module": "module.users_login_gateway_resource",
      "mode": "managed",
      "type": "aws_lambda_permission",
      "name": "apigw_lambda_permission",
      "provider": "provider[\"registry.terraform.io/hashicorp/aws\"]",
      "instances": [
        {
          "schema_version": 0,
          "attributes": {
            "action": "lambda:InvokeFunction",
            "event_source_token": null,
            "function_name": "vlim-ws-chat-vdev-a-user",
            "id": "vlim-ws-chat-dev-va-root-apiAllow-users-loginPOSTInvoke",
            "principal": "apigateway.amazonaws.com",
            "qualifier": "",
            "source_account": null,
            "source_arn": "arn:aws:execute-api:ap-southeast-1:097947100355:uo89jo1heh/*/POST/users/login",
            "statement_id": "vlim-ws-chat-dev-va-root-apiAllow-users-loginPOSTInvoke",
            "statement_id_prefix": null
          },
          "sensitive_attributes": [],
          "private": "bnVsbA==",
          "dependencies": [
            "aws_api_gateway_rest_api.root_api",
            "aws_dynamodb_table.message-dynamodb-table",
            "aws_lambda_function.user",
            "module.get_users_gateway_resource.aws_api_gateway_resource.api_resource",
            "module.users_login_gateway_resource.aws_api_gateway_method.method",
            "module.users_login_gateway_resource.aws_api_gateway_resource.api_resource",
            "aws_dynamodb_table.users-dynamodb-table",
            "aws_iam_role.full_access_dynamodb_lambda_role",
            "aws_lambda_layer_version.core_lib_layer",
            "aws_lambda_layer_version.python_libs_layer"
          ]
        }
      ]
    },
    {
      "module": "module.users_signup_gateway_resource",
      "mode": "managed",
      "type": "aws_api_gateway_integration",
      "name": "api_integration",
      "provider": "provider[\"registry.terraform.io/hashicorp/aws\"]",
      "instances": [
        {
          "schema_version": 0,
          "attributes": {
            "cache_key_parameters": [],
            "cache_namespace": "izv688",
            "connection_id": "",
            "connection_type": "INTERNET",
            "content_handling": "",
            "credentials": "",
            "http_method": "POST",
            "id": "agi-uo89jo1heh-izv688-POST",
            "integration_http_method": "POST",
            "passthrough_behavior": "WHEN_NO_MATCH",
            "request_parameters": {},
            "request_templates": {},
            "resource_id": "izv688",
            "rest_api_id": "uo89jo1heh",
            "timeout_milliseconds": 29000,
            "tls_config": [],
            "type": "AWS_PROXY",
            "uri": "arn:aws:apigateway:ap-southeast-1:lambda:path/2015-03-31/functions/arn:aws:lambda:ap-southeast-1:097947100355:function:vlim-ws-chat-vdev-a-user/invocations"
          },
          "sensitive_attributes": [],
          "private": "bnVsbA==",
          "dependencies": [
            "aws_dynamodb_table.users-dynamodb-table",
            "aws_iam_role.full_access_dynamodb_lambda_role",
            "module.get_users_gateway_resource.aws_api_gateway_resource.api_resource",
            "module.users_signup_gateway_resource.aws_api_gateway_method.method",
            "aws_api_gateway_rest_api.root_api",
            "aws_dynamodb_table.message-dynamodb-table",
            "aws_lambda_layer_version.python_libs_layer",
            "module.users_signup_gateway_resource.aws_api_gateway_resource.api_resource",
            "aws_lambda_function.user",
            "aws_lambda_layer_version.core_lib_layer"
          ],
          "create_before_destroy": true
        }
      ]
    },
    {
      "module": "module.users_signup_gateway_resource",
      "mode": "managed",
      "type": "aws_api_gateway_integration",
      "name": "options_integration",
      "provider": "provider[\"registry.terraform.io/hashicorp/aws\"]",
      "instances": [
        {
          "schema_version": 0,
          "attributes": {
            "cache_key_parameters": [],
            "cache_namespace": "izv688",
            "connection_id": "",
            "connection_type": "INTERNET",
            "content_handling": "",
            "credentials": "",
            "http_method": "OPTIONS",
            "id": "agi-uo89jo1heh-izv688-OPTIONS",
            "integration_http_method": "",
            "passthrough_behavior": "WHEN_NO_MATCH",
            "request_parameters": {},
            "request_templates": {
              "application/json": "{\"statusCode\": 200}"
            },
            "resource_id": "izv688",
            "rest_api_id": "uo89jo1heh",
            "timeout_milliseconds": 29000,
            "tls_config": [],
            "type": "MOCK",
            "uri": ""
          },
          "sensitive_attributes": [],
          "private": "bnVsbA==",
          "dependencies": [
            "aws_api_gateway_rest_api.root_api",
            "module.get_users_gateway_resource.aws_api_gateway_resource.api_resource",
            "module.users_signup_gateway_resource.aws_api_gateway_method.options_method",
            "module.users_signup_gateway_resource.aws_api_gateway_resource.api_resource"
          ],
          "create_before_destroy": true
        }
      ]
    },
    {
      "module": "module.users_signup_gateway_resource",
      "mode": "managed",
      "type": "aws_api_gateway_integration_response",
      "name": "options_integration_response",
      "provider": "provider[\"registry.terraform.io/hashicorp/aws\"]",
      "instances": [
        {
          "schema_version": 0,
          "attributes": {
            "content_handling": "",
            "http_method": "OPTIONS",
            "id": "agir-uo89jo1heh-izv688-OPTIONS-200",
            "resource_id": "izv688",
            "response_parameters": {
              "method.response.header.Access-Control-Allow-Headers": "'Content-Type,X-Amz-Date,Authorization,X-Api-Key,X-Amz-Security-Token'",
              "method.response.header.Access-Control-Allow-Methods": "'GET,OPTIONS,POST,PUT'",
              "method.response.header.Access-Control-Allow-Origin": "'*'"
            },
            "response_templates": {},
            "rest_api_id": "uo89jo1heh",
            "selection_pattern": "",
            "status_code": "200"
          },
          "sensitive_attributes": [],
          "private": "bnVsbA==",
          "dependencies": [
            "aws_api_gateway_rest_api.root_api",
            "module.get_users_gateway_resource.aws_api_gateway_resource.api_resource",
            "module.users_signup_gateway_resource.aws_api_gateway_method.options_method",
            "module.users_signup_gateway_resource.aws_api_gateway_method_response.options_200",
            "module.users_signup_gateway_resource.aws_api_gateway_resource.api_resource"
          ]
        }
      ]
    },
    {
      "module": "module.users_signup_gateway_resource",
      "mode": "managed",
      "type": "aws_api_gateway_method",
      "name": "method",
      "provider": "provider[\"registry.terraform.io/hashicorp/aws\"]",
      "instances": [
        {
          "schema_version": 0,
          "attributes": {
            "api_key_required": false,
            "authorization": "NONE",
            "authorization_scopes": [],
            "authorizer_id": "",
            "http_method": "POST",
            "id": "agm-uo89jo1heh-izv688-POST",
            "operation_name": "",
            "request_models": {},
            "request_parameters": {},
            "request_validator_id": "",
            "resource_id": "izv688",
            "rest_api_id": "uo89jo1heh"
          },
          "sensitive_attributes": [],
          "private": "bnVsbA==",
          "dependencies": [
            "module.users_signup_gateway_resource.aws_api_gateway_resource.api_resource",
            "aws_api_gateway_rest_api.root_api",
            "module.get_users_gateway_resource.aws_api_gateway_resource.api_resource"
          ],
          "create_before_destroy": true
        }
      ]
    },
    {
      "module": "module.users_signup_gateway_resource",
      "mode": "managed",
      "type": "aws_api_gateway_method",
      "name": "options_method",
      "provider": "provider[\"registry.terraform.io/hashicorp/aws\"]",
      "instances": [
        {
          "schema_version": 0,
          "attributes": {
            "api_key_required": false,
            "authorization": "NONE",
            "authorization_scopes": [],
            "authorizer_id": "",
            "http_method": "OPTIONS",
            "id": "agm-uo89jo1heh-izv688-OPTIONS",
            "operation_name": "",
            "request_models": {},
            "request_parameters": {},
            "request_validator_id": "",
            "resource_id": "izv688",
            "rest_api_id": "uo89jo1heh"
          },
          "sensitive_attributes": [],
          "private": "bnVsbA==",
          "dependencies": [
            "aws_api_gateway_rest_api.root_api",
            "module.get_users_gateway_resource.aws_api_gateway_resource.api_resource",
            "module.users_signup_gateway_resource.aws_api_gateway_resource.api_resource"
          ],
          "create_before_destroy": true
        }
      ]
    },
    {
      "module": "module.users_signup_gateway_resource",
      "mode": "managed",
      "type": "aws_api_gateway_method_response",
      "name": "options_200",
      "provider": "provider[\"registry.terraform.io/hashicorp/aws\"]",
      "instances": [
        {
          "schema_version": 0,
          "attributes": {
            "http_method": "OPTIONS",
            "id": "agmr-uo89jo1heh-izv688-OPTIONS-200",
            "resource_id": "izv688",
            "response_models": {
              "application/json": "Empty"
            },
            "response_parameters": {
              "method.response.header.Access-Control-Allow-Headers": true,
              "method.response.header.Access-Control-Allow-Methods": true,
              "method.response.header.Access-Control-Allow-Origin": true
            },
            "rest_api_id": "uo89jo1heh",
            "status_code": "200"
          },
          "sensitive_attributes": [],
          "private": "bnVsbA==",
          "dependencies": [
            "module.users_signup_gateway_resource.aws_api_gateway_resource.api_resource",
            "aws_api_gateway_rest_api.root_api",
            "module.get_users_gateway_resource.aws_api_gateway_resource.api_resource",
            "module.users_signup_gateway_resource.aws_api_gateway_method.options_method"
          ],
          "create_before_destroy": true
        }
      ]
    },
    {
      "module": "module.users_signup_gateway_resource",
      "mode": "managed",
      "type": "aws_api_gateway_method_response",
      "name": "response_200",
      "provider": "provider[\"registry.terraform.io/hashicorp/aws\"]",
      "instances": [
        {
          "schema_version": 0,
          "attributes": {
            "http_method": "POST",
            "id": "agmr-uo89jo1heh-izv688-POST-200",
            "resource_id": "izv688",
            "response_models": {},
            "response_parameters": {
              "method.response.header.Access-Control-Allow-Headers": true,
              "method.response.header.Access-Control-Allow-Methods": true,
              "method.response.header.Access-Control-Allow-Origin": true
            },
            "rest_api_id": "uo89jo1heh",
            "status_code": "200"
          },
          "sensitive_attributes": [],
          "private": "bnVsbA==",
          "dependencies": [
            "module.users_signup_gateway_resource.aws_api_gateway_resource.api_resource",
            "aws_api_gateway_rest_api.root_api",
            "module.get_users_gateway_resource.aws_api_gateway_resource.api_resource",
            "module.users_signup_gateway_resource.aws_api_gateway_method.method"
          ],
          "create_before_destroy": true
        }
      ]
    },
    {
      "module": "module.users_signup_gateway_resource",
      "mode": "managed",
      "type": "aws_api_gateway_resource",
      "name": "api_resource",
      "provider": "provider[\"registry.terraform.io/hashicorp/aws\"]",
      "instances": [
        {
          "schema_version": 0,
          "attributes": {
            "id": "izv688",
            "parent_id": "4cpv5p",
            "path": "/users/signup",
            "path_part": "signup",
            "rest_api_id": "uo89jo1heh"
          },
          "sensitive_attributes": [],
          "private": "bnVsbA==",
          "dependencies": [
            "aws_api_gateway_rest_api.root_api",
            "module.get_users_gateway_resource.aws_api_gateway_resource.api_resource"
          ],
          "create_before_destroy": true
        }
      ]
    },
    {
      "module": "module.users_signup_gateway_resource",
      "mode": "managed",
      "type": "aws_lambda_permission",
      "name": "apigw_lambda_permission",
      "provider": "provider[\"registry.terraform.io/hashicorp/aws\"]",
      "instances": [
        {
          "schema_version": 0,
          "attributes": {
            "action": "lambda:InvokeFunction",
            "event_source_token": null,
            "function_name": "vlim-ws-chat-vdev-a-user",
            "id": "vlim-ws-chat-dev-va-root-apiAllow-users-signupPOSTInvoke",
            "principal": "apigateway.amazonaws.com",
            "qualifier": "",
            "source_account": null,
            "source_arn": "arn:aws:execute-api:ap-southeast-1:097947100355:uo89jo1heh/*/POST/users/signup",
            "statement_id": "vlim-ws-chat-dev-va-root-apiAllow-users-signupPOSTInvoke",
            "statement_id_prefix": null
          },
          "sensitive_attributes": [],
          "private": "bnVsbA==",
          "dependencies": [
            "aws_iam_role.full_access_dynamodb_lambda_role",
            "aws_lambda_layer_version.core_lib_layer",
            "aws_lambda_layer_version.python_libs_layer",
            "module.get_users_gateway_resource.aws_api_gateway_resource.api_resource",
            "module.users_signup_gateway_resource.aws_api_gateway_resource.api_resource",
            "aws_api_gateway_rest_api.root_api",
            "aws_dynamodb_table.message-dynamodb-table",
            "aws_dynamodb_table.users-dynamodb-table",
            "aws_lambda_function.user",
            "module.users_signup_gateway_resource.aws_api_gateway_method.method"
          ]
        }
      ]
    }
  ]
}
