{
  "version": 4,
  "terraform_version": "1.1.2",
  "serial": 476,
  "lineage": "e59b7a4e-a038-4fc3-6e33-d8d215397351",
  "outputs": {
    "aws_dynamodb_table_arn": {
      "value": "arn:aws:dynamodb:ap-southeast-1:097947100355:table/vlim-ws-chat-dev-user-messages-dynamodb",
      "type": "string"
    },
    "aws_dynamodb_table_region": {
      "value": [],
      "type": [
        "set",
        [
          "object",
          {
            "kms_key_arn": "string",
            "region_name": "string"
          }
        ]
      ]
    },
    "message-response-lambda-function-arn": {
      "value": "arn:aws:lambda:ap-southeast-1:097947100355:function:vlim-ws-chat-va-message_response-dev",
      "type": "string"
    },
    "message-response-lambda-function-name": {
      "value": "vlim-ws-chat-va-message_response-dev",
      "type": "string"
    },
    "rootAPI": {
      "value": "https://uo89jo1heh.execute-api.ap-southeast-1.amazonaws.com",
      "type": "string"
    },
    "user-lambda-function-arn": {
      "value": "arn:aws:lambda:ap-southeast-1:097947100355:function:vlim-ws-chat-vdev-a-user",
      "type": "string"
    },
    "user-lambda-function-name": {
      "value": "vlim-ws-chat-vdev-a-user",
      "type": "string"
    }
  },
  "resources": [
    {
      "mode": "data",
      "type": "archive_file",
      "name": "api-gateway-authorizer-lambda-archive",
      "provider": "provider[\"registry.terraform.io/hashicorp/archive\"]",
      "instances": [
        {
          "schema_version": 0,
          "attributes": {
            "excludes": null,
            "id": "f0817ad4807e1c3389db1617b30c02274c7d71b7",
            "output_base64sha256": "ZWgw1Jd3FE7/GprlPwkXzaK2+q+yJxBI2h0OYppzl6E=",
            "output_file_mode": null,
            "output_md5": "1581f53f61079de8854856d5e9ef8fb5",
            "output_path": "outputs/api-gateway-authorizer-lambda.zip",
            "output_sha": "f0817ad4807e1c3389db1617b30c02274c7d71b7",
            "output_size": 597,
            "source": [],
            "source_content": null,
            "source_content_filename": null,
            "source_dir": null,
            "source_file": "../users/users_methods/authenticate.py",
            "type": "zip"
          },
          "sensitive_attributes": []
        }
      ]
    },
    {
      "mode": "data",
      "type": "archive_file",
      "name": "core-lib-layer-archive",
      "provider": "provider[\"registry.terraform.io/hashicorp/archive\"]",
      "instances": [
        {
          "schema_version": 0,
          "attributes": {
            "excludes": null,
            "id": "29e3892fcb79d8c3d157bfb6c64e3acfd8b3617e",
            "output_base64sha256": "NDaBRlvgFOtBH6Y0lgJ4S+IKX8MismbJmsTB9UIKOBQ=",
            "output_file_mode": null,
            "output_md5": "0755c4fdddd2caa18f32bffa4bfff4f0",
            "output_path": "outputs/core_lib_layer.zip",
            "output_sha": "29e3892fcb79d8c3d157bfb6c64e3acfd8b3617e",
            "output_size": 27118,
            "source": [],
            "source_content": null,
            "source_content_filename": null,
            "source_dir": "/Users/vlim/Research/poc/chatApp/server/layer/core",
            "source_file": null,
            "type": "zip"
          },
          "sensitive_attributes": []
        }
      ]
    },
    {
      "mode": "data",
      "type": "archive_file",
      "name": "message-response-lambda-archive",
      "provider": "provider[\"registry.terraform.io/hashicorp/archive\"]",
      "instances": [
        {
          "schema_version": 0,
          "attributes": {
            "excludes": null,
            "id": "6c200db629830fa851b53c3e7c947130c5490f65",
            "output_base64sha256": "AuoFq/9evvEn/vvtEEh5t4Eg0UMUyZ6/1ztbCjRXwK8=",
            "output_file_mode": null,
            "output_md5": "589b47b61bdba500de8ce8d631eefd7e",
            "output_path": "outputs/message-response-lambda.zip",
            "output_sha": "6c200db629830fa851b53c3e7c947130c5490f65",
            "output_size": 867,
            "source": [],
            "source_content": null,
            "source_content_filename": null,
            "source_dir": null,
            "source_file": "../pysendmessage/message_response.py",
            "type": "zip"
          },
          "sensitive_attributes": []
        }
      ]
    },
    {
      "mode": "data",
      "type": "archive_file",
      "name": "python-libs-layer-archive",
      "provider": "provider[\"registry.terraform.io/hashicorp/archive\"]",
      "instances": [
        {
          "schema_version": 0,
          "attributes": {
            "excludes": null,
            "id": "14c8839a26d20377fe2d2041ecea71af6c6481da",
            "output_base64sha256": "JI60OTrJfiu09ZdtRk6d9VKf6Fz7UzyM/GurKHxu98Y=",
            "output_file_mode": null,
            "output_md5": "6dc77baa73ec70597917ddf0cbb871c4",
            "output_path": "outputs/python_libs_layer.zip",
            "output_sha": "14c8839a26d20377fe2d2041ecea71af6c6481da",
            "output_size": 18681343,
            "source": [],
            "source_content": null,
            "source_content_filename": null,
            "source_dir": "/Users/vlim/Research/poc/chatApp/server/layer/python_libs",
            "source_file": null,
            "type": "zip"
          },
          "sensitive_attributes": []
        }
      ]
    },
    {
      "mode": "data",
      "type": "archive_file",
      "name": "user-lambda-archive",
      "provider": "provider[\"registry.terraform.io/hashicorp/archive\"]",
      "instances": [
        {
          "schema_version": 0,
          "attributes": {
            "excludes": null,
            "id": "cbefd81a5117af4ad8014647b4cc6cbf19673d00",
            "output_base64sha256": "49BD+QiQMJ56btL9GLvwpFQUH9Kld9mx78CLm1jRyes=",
            "output_file_mode": null,
            "output_md5": "8722f3cf7707ecb335a6c56d3ccca3da",
            "output_path": "outputs/user-lambda.zip",
            "output_sha": "cbefd81a5117af4ad8014647b4cc6cbf19673d00",
            "output_size": 403,
            "source": [],
            "source_content": null,
            "source_content_filename": null,
            "source_dir": null,
            "source_file": "../users/handler.py",
            "type": "zip"
          },
          "sensitive_attributes": []
        }
      ]
    },
    {
      "mode": "managed",
      "type": "aws_api_gateway_deployment",
      "name": "deployment",
      "provider": "provider[\"registry.terraform.io/hashicorp/aws\"]",
      "instances": [
        {
          "schema_version": 0,
          "attributes": {
            "created_date": "2022-03-14T03:01:41Z",
            "description": "",
            "execution_arn": "arn:aws:execute-api:ap-southeast-1:097947100355:uo89jo1heh/",
            "id": "yscxxa",
            "invoke_url": "https://uo89jo1heh.execute-api.ap-southeast-1.amazonaws.com/",
            "rest_api_id": "uo89jo1heh",
            "stage_description": null,
            "stage_name": null,
            "triggers": {
              "redeployment": "7e62d12f2c3c9131372588702ad4f676c9417077"
            },
            "variables": null
          },
          "sensitive_attributes": [],
          "private": "bnVsbA==",
          "dependencies": [
            "module.users_signup_gateway_resource.aws_api_gateway_method_response.response_200",
            "aws_iam_role.full_access_dynamodb_lambda_role",
            "module.users_login_gateway_resource.aws_api_gateway_integration.api_integration",
            "module.users_signup_gateway_resource.aws_api_gateway_method.options_method",
            "aws_api_gateway_gateway_response.default_5xx",
            "module.get_users_gateway_resource.aws_api_gateway_method.method",
            "module.get_users_gateway_resource.aws_api_gateway_method.options_method",
            "module.get_users_gateway_resource.aws_api_gateway_resource.api_resource",
            "aws_api_gateway_gateway_response.default_4xx",
            "module.get_users_gateway_resource.aws_api_gateway_integration.api_integration",
            "module.get_users_gateway_resource.aws_api_gateway_integration.options_integration",
            "module.users_signup_gateway_resource.aws_api_gateway_integration.api_integration",
            "aws_api_gateway_gateway_response.unauthorized",
            "aws_lambda_layer_version.python_libs_layer",
            "module.users_login_gateway_resource.aws_api_gateway_method.method",
            "module.users_login_gateway_resource.aws_api_gateway_resource.api_resource",
            "module.users_signup_gateway_resource.aws_api_gateway_method.method",
            "module.users_signup_gateway_resource.aws_api_gateway_method_response.options_200",
            "aws_dynamodb_table.users-dynamodb-table",
            "module.users_login_gateway_resource.aws_api_gateway_integration.options_integration",
            "module.users_login_gateway_resource.aws_api_gateway_method_response.options_200",
            "aws_api_gateway_gateway_response.missing_authentication_token",
            "module.get_users_gateway_resource.aws_api_gateway_method_response.options_200",
            "aws_lambda_layer_version.core_lib_layer",
            "module.users_signup_gateway_resource.aws_api_gateway_integration.options_integration",
            "aws_api_gateway_rest_api.root_api",
            "aws_dynamodb_table.message-dynamodb-table",
            "aws_lambda_function.user",
            "module.get_users_gateway_resource.aws_api_gateway_method_response.response_200",
            "module.users_login_gateway_resource.aws_api_gateway_method.options_method",
            "module.users_signup_gateway_resource.aws_api_gateway_resource.api_resource"
          ],
          "create_before_destroy": true
        }
      ]
    },
    {
      "mode": "managed",
      "type": "aws_api_gateway_gateway_response",
      "name": "default_4xx",
      "provider": "provider[\"registry.terraform.io/hashicorp/aws\"]",
      "instances": [
        {
          "schema_version": 0,
          "attributes": {
            "id": "aggr-uo89jo1heh-DEFAULT_4XX",
            "response_parameters": {
              "gatewayresponse.header.Access-Control-Allow-Headers": "'Content-Type,X-Amz-Date,Authorization,X-Api-Key,X-Amz-Security-Token'",
              "gatewayresponse.header.Access-Control-Allow-Methods": "'POST,GET,PUT,PATCH,DELETE,OPTIONS'",
              "gatewayresponse.header.Access-Control-Allow-Origin": "'*'"
            },
            "response_templates": {
              "application/json": "{\"message\":$context.error.messageString}"
            },
            "response_type": "DEFAULT_4XX",
            "rest_api_id": "uo89jo1heh",
            "status_code": ""
          },
          "sensitive_attributes": [],
          "private": "bnVsbA==",
          "dependencies": [
            "aws_api_gateway_rest_api.root_api"
          ],
          "create_before_destroy": true
        }
      ]
    },
    {
      "mode": "managed",
      "type": "aws_api_gateway_gateway_response",
      "name": "default_5xx",
      "provider": "provider[\"registry.terraform.io/hashicorp/aws\"]",
      "instances": [
        {
          "schema_version": 0,
          "attributes": {
            "id": "aggr-uo89jo1heh-DEFAULT_5XX",
            "response_parameters": {
              "gatewayresponse.header.Access-Control-Allow-Headers": "'Content-Type,X-Amz-Date,Authorization,X-Api-Key,X-Amz-Security-Token'",
              "gatewayresponse.header.Access-Control-Allow-Methods": "'POST,GET,PUT,PATCH,DELETE,OPTIONS'",
              "gatewayresponse.header.Access-Control-Allow-Origin": "'*'"
            },
            "response_templates": {
              "application/json": "{\"message\": $context.error.messageString}"
            },
            "response_type": "DEFAULT_5XX",
            "rest_api_id": "uo89jo1heh",
            "status_code": ""
          },
          "sensitive_attributes": [],
          "private": "bnVsbA==",
          "dependencies": [
            "aws_api_gateway_rest_api.root_api"
          ],
          "create_before_destroy": true
        }
      ]
    },
    {
      "mode": "managed",
      "type": "aws_api_gateway_gateway_response",
      "name": "missing_authentication_token",
      "provider": "provider[\"registry.terraform.io/hashicorp/aws\"]",
      "instances": [
        {
          "schema_version": 0,
          "attributes": {
            "id": "aggr-uo89jo1heh-MISSING_AUTHENTICATION_TOKEN",
            "response_parameters": {
              "gatewayresponse.header.Access-Control-Allow-Headers": "'Content-Type,X-Amz-Date,Authorization,X-Api-Key,X-Amz-Security-Token'",
              "gatewayresponse.header.Access-Control-Allow-Methods": "'POST,GET,PUT,PATCH,DELETE,OPTIONS'",
              "gatewayresponse.header.Access-Control-Allow-Origin": "'*'"
            },
            "response_templates": {
              "application/json": "{\"message\": \"Resource not found\"}"
            },
            "response_type": "MISSING_AUTHENTICATION_TOKEN",
            "rest_api_id": "uo89jo1heh",
            "status_code": "404"
          },
          "sensitive_attributes": [],
          "private": "bnVsbA==",
          "dependencies": [
            "aws_api_gateway_rest_api.root_api"
          ],
          "create_before_destroy": true
        }
      ]
    },
    {
      "mode": "managed",
      "type": "aws_api_gateway_gateway_response",
      "name": "unauthorized",
      "provider": "provider[\"registry.terraform.io/hashicorp/aws\"]",
      "instances": [
        {
          "schema_version": 0,
          "attributes": {
            "id": "aggr-uo89jo1heh-UNAUTHORIZED",
            "response_parameters": {
              "gatewayresponse.header.Access-Control-Allow-Headers": "'Content-Type,X-Amz-Date,Authorization,X-Api-Key,X-Amz-Security-Token'",
              "gatewayresponse.header.Access-Control-Allow-Methods": "'POST,GET,PUT,PATCH,DELETE,OPTIONS'",
              "gatewayresponse.header.Access-Control-Allow-Origin": "'*'",
              "gatewayresponse.header.Authorization": "'Basic'"
            },
            "response_templates": {
              "application/json": "{\"message\":$context.error.messageString}"
            },
            "response_type": "UNAUTHORIZED",
            "rest_api_id": "uo89jo1heh",
            "status_code": "401"
          },
          "sensitive_attributes": [],
          "private": "bnVsbA==",
          "dependencies": [
            "aws_api_gateway_rest_api.root_api"
          ],
          "create_before_destroy": true
        }
      ]
    },
    {
      "mode": "managed",
      "type": "aws_api_gateway_rest_api",
      "name": "root_api",
      "provider": "provider[\"registry.terraform.io/hashicorp/aws\"]",
      "instances": [
        {
          "schema_version": 0,
          "attributes": {
            "api_key_source": "HEADER",
            "arn": "arn:aws:apigateway:ap-southeast-1::/restapis/uo89jo1heh",
            "binary_media_types": [],
            "body": null,
            "created_date": "2022-03-13T03:49:07Z",
            "description": "",
            "disable_execute_api_endpoint": false,
            "endpoint_configuration": [
              {
                "types": [
                  "EDGE"
                ],
                "vpc_endpoint_ids": []
              }
            ],
            "execution_arn": "arn:aws:execute-api:ap-southeast-1:097947100355:uo89jo1heh",
            "id": "uo89jo1heh",
            "minimum_compression_size": -1,
            "name": "vlim-ws-chat-dev-va-root-api",
            "parameters": null,
            "policy": "",
            "root_resource_id": "zij3dpbw8i",
            "tags": {},
            "tags_all": {}
          },
          "sensitive_attributes": [],
          "private": "bnVsbA==",
          "create_before_destroy": true
        }
      ]
    },
    {
      "mode": "managed",
      "type": "aws_api_gateway_stage",
      "name": "stage",
      "provider": "provider[\"registry.terraform.io/hashicorp/aws\"]",
      "instances": [
        {
          "schema_version": 0,
          "attributes": {
            "access_log_settings": [],
            "arn": "arn:aws:apigateway:ap-southeast-1::/restapis/uo89jo1heh/stages/dev",
            "cache_cluster_enabled": false,
            "cache_cluster_size": "",
            "client_certificate_id": "",
            "deployment_id": "yscxxa",
            "description": "",
            "documentation_version": "",
            "execution_arn": "arn:aws:execute-api:ap-southeast-1:097947100355:uo89jo1heh/dev",
            "id": "ags-uo89jo1heh-dev",
            "invoke_url": "https://uo89jo1heh.execute-api.ap-southeast-1.amazonaws.com/dev",
            "rest_api_id": "uo89jo1heh",
            "stage_name": "dev",
            "tags": {},
            "tags_all": {},
            "variables": {},
            "xray_tracing_enabled": false
          },
          "sensitive_attributes": [],
          "private": "bnVsbA==",
          "dependencies": [
            "module.users_login_gateway_resource.aws_api_gateway_resource.api_resource",
            "module.users_signup_gateway_resource.aws_api_gateway_method.method",
            "aws_api_gateway_rest_api.root_api",
            "aws_lambda_function.user",
            "module.get_users_gateway_resource.aws_api_gateway_integration.options_integration",
            "module.get_users_gateway_resource.aws_api_gateway_method.options_method",
            "module.users_login_gateway_resource.aws_api_gateway_method.options_method",
            "aws_lambda_layer_version.core_lib_layer",
            "module.get_users_gateway_resource.aws_api_gateway_method_response.response_200",
            "module.users_signup_gateway_resource.aws_api_gateway_method_response.response_200",
            "aws_iam_role.full_access_dynamodb_lambda_role",
            "module.get_users_gateway_resource.aws_api_gateway_resource.api_resource",
            "module.users_login_gateway_resource.aws_api_gateway_method.method",
            "module.users_signup_gateway_resource.aws_api_gateway_resource.api_resource",
            "aws_api_gateway_gateway_response.default_5xx",
            "module.get_users_gateway_resource.aws_api_gateway_method_response.options_200",
            "module.users_signup_gateway_resource.aws_api_gateway_method.options_method",
            "module.get_users_gateway_resource.aws_api_gateway_method.method",
            "module.users_signup_gateway_resource.aws_api_gateway_integration.options_integration",
            "module.users_signup_gateway_resource.aws_api_gateway_method_response.options_200",
            "aws_api_gateway_deployment.deployment",
            "aws_api_gateway_gateway_response.default_4xx",
            "aws_lambda_layer_version.python_libs_layer",
            "module.get_users_gateway_resource.aws_api_gateway_integration.api_integration",
            "module.users_login_gateway_resource.aws_api_gateway_integration.options_integration",
            "module.users_signup_gateway_resource.aws_api_gateway_integration.api_integration",
            "module.users_login_gateway_resource.aws_api_gateway_integration.api_integration",
            "module.users_login_gateway_resource.aws_api_gateway_method_response.options_200",
            "aws_api_gateway_gateway_response.missing_authentication_token",
            "aws_api_gateway_gateway_response.unauthorized",
            "aws_dynamodb_table.message-dynamodb-table",
            "aws_dynamodb_table.users-dynamodb-table"
          ]
        }
      ]
    },
    {
      "mode": "managed",
      "type": "aws_cloudwatch_log_group",
      "name": "message_response",
      "provider": "provider[\"registry.terraform.io/hashicorp/aws\"]",
      "instances": [
        {
          "schema_version": 0,
          "attributes": {
            "arn": "arn:aws:logs:ap-southeast-1:097947100355:log-group:terraform-20220313034905834700000001",
            "id": "terraform-20220313034905834700000001",
            "kms_key_id": "",
            "name": "terraform-20220313034905834700000001",
            "name_prefix": null,
            "retention_in_days": 30,
            "tags": {},
            "tags_all": {}
          },
          "sensitive_attributes": [],
          "private": "bnVsbA=="
        }
      ]
    },
    {
      "mode": "managed",
      "type": "aws_cloudwatch_log_group",
      "name": "user",
      "provider": "provider[\"registry.terraform.io/hashicorp/aws\"]",
      "instances": [
        {
          "schema_version": 0,
          "attributes": {
            "arn": "arn:aws:logs:ap-southeast-1:097947100355:log-group:/aws/lambda/vlim-ws-chat-vdev-a-user",
            "id": "/aws/lambda/vlim-ws-chat-vdev-a-user",
            "kms_key_id": "",
            "name": "/aws/lambda/vlim-ws-chat-vdev-a-user",
            "name_prefix": null,
            "retention_in_days": 7,
            "tags": {},
            "tags_all": {}
          },
          "sensitive_attributes": [],
          "private": "bnVsbA==",
          "dependencies": [
            "aws_dynamodb_table.message-dynamodb-table",
            "aws_dynamodb_table.users-dynamodb-table",
            "aws_iam_role.full_access_dynamodb_lambda_role",
            "aws_lambda_function.user",
            "aws_lambda_layer_version.core_lib_layer",
            "aws_lambda_layer_version.python_libs_layer"
          ]
        }
      ]
    },
    {
      "mode": "managed",
      "type": "aws_dynamodb_table",
      "name": "message-dynamodb-table",
      "provider": "provider[\"registry.terraform.io/hashicorp/aws\"]",
      "instances": [
        {
          "schema_version": 1,
          "attributes": {
            "arn": "arn:aws:dynamodb:ap-southeast-1:097947100355:table/vlim-ws-chat-dev-user-messages-dynamodb",
            "attribute": [
              {
                "name": "roomId",
                "type": "S"
              },
              {
                "name": "timestamp",
                "type": "N"
              }
            ],
            "billing_mode": "PROVISIONED",
            "global_secondary_index": [],
            "hash_key": "roomId",
            "id": "vlim-ws-chat-dev-user-messages-dynamodb",
            "local_secondary_index": [],
            "name": "vlim-ws-chat-dev-user-messages-dynamodb",
            "point_in_time_recovery": [
              {
                "enabled": false
              }
            ],
            "range_key": "timestamp",
            "read_capacity": 1,
            "replica": [],
            "restore_date_time": null,
            "restore_source_name": null,
            "restore_to_latest_time": null,
            "server_side_encryption": [],
            "stream_arn": "arn:aws:dynamodb:ap-southeast-1:097947100355:table/vlim-ws-chat-dev-user-messages-dynamodb/stream/2022-03-13T03:49:06.288",
            "stream_enabled": true,
            "stream_label": "2022-03-13T03:49:06.288",
            "stream_view_type": "NEW_AND_OLD_IMAGES",
            "table_class": "",
            "tags": {
              "Environment": "dev",
              "Name": "vlim-ws-chat-dev-user-messages-dynamodb"
            },
            "tags_all": {
              "Environment": "dev",
              "Name": "vlim-ws-chat-dev-user-messages-dynamodb"
            },
            "timeouts": null,
            "ttl": [
              {
                "attribute_name": "",
                "enabled": false,
                "kms_key_arn": ""
              }
            ],
            "write_capacity": 1
          },
          "sensitive_attributes": [],
          "private": "eyJlMmJmYjczMC1lY2FhLTExZTYtOGY4OC0zNDM2M2JjN2M0YzAiOnsiY3JlYXRlIjoxMjAwMDAwMDAwMDAwLCJkZWxldGUiOjYwMDAwMDAwMDAwMCwidXBkYXRlIjozNjAwMDAwMDAwMDAwfSwic2NoZW1hX3ZlcnNpb24iOiIxIn0=",
          "create_before_destroy": true
        }
      ]
    },
    {
      "mode": "managed",
      "type": "aws_dynamodb_table",
      "name": "users-dynamodb-table",
      "provider": "provider[\"registry.terraform.io/hashicorp/aws\"]",
      "instances": [
        {
          "schema_version": 1,
          "attributes": {
            "arn": "arn:aws:dynamodb:ap-southeast-1:097947100355:table/vlim-ws-chat-dev-users-dynamodb",
            "attribute": [
              {
                "name": "username",
                "type": "S"
              }
            ],
            "billing_mode": "PROVISIONED",
            "global_secondary_index": [],
            "hash_key": "username",
            "id": "vlim-ws-chat-dev-users-dynamodb",
            "local_secondary_index": [],
            "name": "vlim-ws-chat-dev-users-dynamodb",
            "point_in_time_recovery": [
              {
                "enabled": false
              }
            ],
            "range_key": null,
            "read_capacity": 1,
            "replica": [],
            "restore_date_time": null,
            "restore_source_name": null,
            "restore_to_latest_time": null,
            "server_side_encryption": [],
            "stream_arn": "",
            "stream_enabled": false,
            "stream_label": "",
            "stream_view_type": "",
            "table_class": "",
            "tags": {
              "Environment": "dev",
              "Name": "vlim-ws-chat-dev-users-dynamodb"
            },
            "tags_all": {
              "Environment": "dev",
              "Name": "vlim-ws-chat-dev-users-dynamodb"
            },
            "timeouts": null,
            "ttl": [
              {
                "attribute_name": "",
                "enabled": false,
                "kms_key_arn": ""
              }
            ],
            "write_capacity": 1
          },
          "sensitive_attributes": [],
          "private": "eyJlMmJmYjczMC1lY2FhLTExZTYtOGY4OC0zNDM2M2JjN2M0YzAiOnsiY3JlYXRlIjoxMjAwMDAwMDAwMDAwLCJkZWxldGUiOjYwMDAwMDAwMDAwMCwidXBkYXRlIjozNjAwMDAwMDAwMDAwfSwic2NoZW1hX3ZlcnNpb24iOiIxIn0=",
          "create_before_destroy": true
        }
      ]
    },
    {
      "mode": "managed",
      "type": "aws_iam_role",
      "name": "full_access_dynamodb_lambda_role",
      "provider": "provider[\"registry.terraform.io/hashicorp/aws\"]",
      "instances": [
        {
          "schema_version": 0,
          "attributes": {
            "arn": "arn:aws:iam::097947100355:role/vlim-ws-chat_dev_va_full_access_dynamodb_lambda_role",
            "assume_role_policy": "{\"Version\":\"2012-10-17\",\"Statement\":[{\"Sid\":\"\",\"Effect\":\"Allow\",\"Principal\":{\"Service\":\"lambda.amazonaws.com\"},\"Action\":\"sts:AssumeRole\"}]}",
            "create_date": "2022-03-13T03:49:07Z",
            "description": "",
            "force_detach_policies": false,
            "id": "vlim-ws-chat_dev_va_full_access_dynamodb_lambda_role",
            "inline_policy": [
              {
                "name": "vlim-ws-chat_full_access_dynamodb_lambda_policy_dev_va",
                "policy": "{\n  \"Version\": \"2012-10-17\",\n  \"Statement\": [\n    {\n      \"Sid\": \"Stmt1646802347020\",\n      \"Action\": [\n        \"logs:*\",\n        \"dynamodb:BatchGetItem\",\n        \"dynamodb:BatchWriteItem\",\n        \"dynamodb:ConditionCheckItem\",\n        \"dynamodb:CreateBackup\",\n        \"dynamodb:CreateGlobalTable\",\n        \"dynamodb:CreateTable\",\n        \"dynamodb:CreateTableReplica\",\n        \"dynamodb:DeleteBackup\",\n        \"dynamodb:DeleteItem\",\n        \"dynamodb:DeleteTable\",\n        \"dynamodb:DeleteTableReplica\",\n        \"dynamodb:DescribeBackup\",\n        \"dynamodb:DescribeContinuousBackups\",\n        \"dynamodb:DescribeContributorInsights\",\n        \"dynamodb:DescribeExport\",\n        \"dynamodb:DescribeGlobalTable\",\n        \"dynamodb:DescribeGlobalTableSettings\",\n        \"dynamodb:DescribeKinesisStreamingDestination\",\n        \"dynamodb:DescribeLimits\",\n        \"dynamodb:DescribeReservedCapacity\",\n        \"dynamodb:DescribeReservedCapacityOfferings\",\n        \"dynamodb:DescribeStream\",\n        \"dynamodb:DescribeTable\",\n        \"dynamodb:DescribeTableReplicaAutoScaling\",\n        \"dynamodb:DescribeTimeToLive\",\n        \"dynamodb:DisableKinesisStreamingDestination\",\n        \"dynamodb:EnableKinesisStreamingDestination\",\n        \"dynamodb:ExportTableToPointInTime\",\n        \"dynamodb:GetItem\",\n        \"dynamodb:GetRecords\",\n        \"dynamodb:GetShardIterator\",\n        \"dynamodb:ListBackups\",\n        \"dynamodb:ListContributorInsights\",\n        \"dynamodb:ListExports\",\n        \"dynamodb:ListGlobalTables\",\n        \"dynamodb:ListStreams\",\n        \"dynamodb:ListTables\",\n        \"dynamodb:ListTagsOfResource\",\n        \"dynamodb:PartiQLDelete\",\n        \"dynamodb:PartiQLInsert\",\n        \"dynamodb:PartiQLSelect\",\n        \"dynamodb:PartiQLUpdate\",\n        \"dynamodb:PurchaseReservedCapacityOfferings\",\n        \"dynamodb:PutItem\",\n        \"dynamodb:Query\",\n        \"dynamodb:RestoreTableFromAwsBackup\",\n        \"dynamodb:RestoreTableFromBackup\",\n        \"dynamodb:RestoreTableToPointInTime\",\n        \"dynamodb:Scan\",\n        \"dynamodb:StartAwsBackupJob\",\n        \"dynamodb:TagResource\",\n        \"dynamodb:UntagResource\",\n        \"dynamodb:UpdateContinuousBackups\",\n        \"dynamodb:UpdateContributorInsights\",\n        \"dynamodb:UpdateGlobalTable\",\n        \"dynamodb:UpdateGlobalTableSettings\",\n        \"dynamodb:UpdateItem\",\n        \"dynamodb:UpdateTable\",\n        \"dynamodb:UpdateTableReplicaAutoScaling\",\n        \"dynamodb:UpdateTimeToLive\",\n        \"execute-api:Invoke\",\n        \"execute-api:ManageConnections\"\n      ],\n      \"Effect\": \"Allow\",\n      \"Resource\": \"*\"\n    }\n  ]\n}"
              }
            ],
            "managed_policy_arns": [],
            "max_session_duration": 3600,
            "name": "vlim-ws-chat_dev_va_full_access_dynamodb_lambda_role",
            "name_prefix": "",
            "path": "/",
            "permissions_boundary": null,
            "tags": {},
            "tags_all": {},
            "unique_id": "AROARNTQ2ETBXBBFJV5AH"
          },
          "sensitive_attributes": [],
          "private": "bnVsbA==",
          "create_before_destroy": true
        }
      ]
    },
    {
      "mode": "managed",
      "type": "aws_iam_role",
      "name": "invocation_role",
      "provider": "provider[\"registry.terraform.io/hashicorp/aws\"]",
      "instances": [
        {
          "schema_version": 0,
          "attributes": {
            "arn": "arn:aws:iam::097947100355:role/vlim-ws-chat_dev_va_api_gateway_auth_invocation",
            "assume_role_policy": "{\"Version\":\"2012-10-17\",\"Statement\":[{\"Sid\":\"\",\"Effect\":\"Allow\",\"Principal\":{\"Service\":\"lambda.amazonaws.com\"},\"Action\":\"sts:AssumeRole\"}]}",
            "create_date": "2022-03-13T03:49:07Z",
            "description": "",
            "force_detach_policies": false,
            "id": "vlim-ws-chat_dev_va_api_gateway_auth_invocation",
            "inline_policy": [
              {
                "name": "vlim-ws-chat_invocation_policy_dev_va",
                "policy": "{\"Statement\":[{\"Action\":\"lambda:InvokeFunction\",\"Effect\":\"Allow\",\"Resource\":\"arn:aws:lambda:ap-southeast-1:097947100355:function:vlim-ws-chat-va-api_gateway_authorizer-dev\"}],\"Version\":\"2012-10-17\"}"
              }
            ],
            "managed_policy_arns": [],
            "max_session_duration": 3600,
            "name": "vlim-ws-chat_dev_va_api_gateway_auth_invocation",
            "name_prefix": "",
            "path": "/",
            "permissions_boundary": null,
            "tags": {},
            "tags_all": {},
            "unique_id": "AROARNTQ2ETBTBXPDN42M"
          },
          "sensitive_attributes": [],
          "private": "bnVsbA=="
        }
      ]
    },
    {
      "mode": "managed",
      "type": "aws_iam_role",
      "name": "lambda_assume_role",
      "provider": "provider[\"registry.terraform.io/hashicorp/aws\"]",
      "instances": [
        {
          "schema_version": 0,
          "attributes": {
            "arn": "arn:aws:iam::097947100355:role/vlim-ws-chat_lambda_role_dev_va",
            "assume_role_policy": "{\"Version\":\"2012-10-17\",\"Statement\":[{\"Sid\":\"\",\"Effect\":\"Allow\",\"Principal\":{\"Service\":\"lambda.amazonaws.com\"},\"Action\":\"sts:AssumeRole\"}]}",
            "create_date": "2022-03-13T03:49:07Z",
            "description": "",
            "force_detach_policies": false,
            "id": "vlim-ws-chat_lambda_role_dev_va",
            "inline_policy": [
              {
                "name": "lambda-dynamodb-log-policy",
                "policy": "{\n  \"Version\": \"2012-10-17\",\n  \"Statement\": [\n    {\n        \"Action\": [ \"logs:*\" ],\n        \"Effect\": \"Allow\",\n        \"Resource\": [ \"arn:aws:logs:*:*:*\" ]\n    },\n    {\n        \"Action\": [ \"dynamodb:BatchGetItem\",\n                    \"dynamodb:GetItem\",\n                    \"dynamodb:GetRecords\",\n                    \"dynamodb:Scan\",\n                    \"dynamodb:Query\",\n                    \"dynamodb:GetShardIterator\",\n                    \"dynamodb:DescribeStream\",\n                    \"dynamodb:ListStreams\" ],\n        \"Effect\": \"Allow\",\n        \"Resource\": [\n          \"arn:aws:dynamodb:ap-southeast-1:097947100355:table/vlim-ws-chat-dev-user-messages-dynamodb\",\n          \"arn:aws:dynamodb:ap-southeast-1:097947100355:table/vlim-ws-chat-dev-user-messages-dynamodb/*\"\n        ]\n    }\n  ]\n}\n"
              },
              {
                "name": "vlim-ws-chat_lambda_assume_policy_dev_va",
                "policy": "{\n  \"Version\": \"2012-10-17\",\n  \"Statement\": [\n    {\n      \"Sid\": \"Stmt1636620306577\",\n      \"Action\": \"logs:*\",\n      \"Effect\": \"Allow\",\n      \"Resource\": \"*\"\n    }\n  ]\n}"
              }
            ],
            "managed_policy_arns": [],
            "max_session_duration": 3600,
            "name": "vlim-ws-chat_lambda_role_dev_va",
            "name_prefix": "",
            "path": "/",
            "permissions_boundary": null,
            "tags": {},
            "tags_all": {},
            "unique_id": "AROARNTQ2ETB6VBXUBNQA"
          },
          "sensitive_attributes": [],
          "private": "bnVsbA=="
        }
      ]
    },
    {
      "mode": "managed",
      "type": "aws_iam_role_policy",
      "name": "dynamodb_read_log_policy",
      "provider": "provider[\"registry.terraform.io/hashicorp/aws\"]",
      "instances": [
        {
          "schema_version": 0,
          "attributes": {
            "id": "vlim-ws-chat_lambda_role_dev_va:lambda-dynamodb-log-policy",
            "name": "lambda-dynamodb-log-policy",
            "name_prefix": null,
            "policy": "{\n  \"Version\": \"2012-10-17\",\n  \"Statement\": [\n    {\n        \"Action\": [ \"logs:*\" ],\n        \"Effect\": \"Allow\",\n        \"Resource\": [ \"arn:aws:logs:*:*:*\" ]\n    },\n    {\n        \"Action\": [ \"dynamodb:BatchGetItem\",\n                    \"dynamodb:GetItem\",\n                    \"dynamodb:GetRecords\",\n                    \"dynamodb:Scan\",\n                    \"dynamodb:Query\",\n                    \"dynamodb:GetShardIterator\",\n                    \"dynamodb:DescribeStream\",\n                    \"dynamodb:ListStreams\" ],\n        \"Effect\": \"Allow\",\n        \"Resource\": [\n          \"arn:aws:dynamodb:ap-southeast-1:097947100355:table/vlim-ws-chat-dev-user-messages-dynamodb\",\n          \"arn:aws:dynamodb:ap-southeast-1:097947100355:table/vlim-ws-chat-dev-user-messages-dynamodb/*\"\n        ]\n    }\n  ]\n}\n",
            "role": "vlim-ws-chat_lambda_role_dev_va"
          },
          "sensitive_attributes": [],
          "private": "bnVsbA==",
          "dependencies": [
            "aws_iam_role.lambda_assume_role",
            "aws_dynamodb_table.message-dynamodb-table"
          ]
        }
      ]
    },
    {
      "mode": "managed",
      "type": "aws_iam_role_policy",
      "name": "full_access_dynamodb_lambda_policy",
      "provider": "provider[\"registry.terraform.io/hashicorp/aws\"]",
      "instances": [
        {
          "schema_version": 0,
          "attributes": {
            "id": "vlim-ws-chat_dev_va_full_access_dynamodb_lambda_role:vlim-ws-chat_full_access_dynamodb_lambda_policy_dev_va",
            "name": "vlim-ws-chat_full_access_dynamodb_lambda_policy_dev_va",
            "name_prefix": null,
            "policy": "{\n  \"Version\": \"2012-10-17\",\n  \"Statement\": [\n    {\n      \"Sid\": \"Stmt1646802347020\",\n      \"Action\": [\n        \"logs:*\",\n        \"dynamodb:BatchGetItem\",\n        \"dynamodb:BatchWriteItem\",\n        \"dynamodb:ConditionCheckItem\",\n        \"dynamodb:CreateBackup\",\n        \"dynamodb:CreateGlobalTable\",\n        \"dynamodb:CreateTable\",\n        \"dynamodb:CreateTableReplica\",\n        \"dynamodb:DeleteBackup\",\n        \"dynamodb:DeleteItem\",\n        \"dynamodb:DeleteTable\",\n        \"dynamodb:DeleteTableReplica\",\n        \"dynamodb:DescribeBackup\",\n        \"dynamodb:DescribeContinuousBackups\",\n        \"dynamodb:DescribeContributorInsights\",\n        \"dynamodb:DescribeExport\",\n        \"dynamodb:DescribeGlobalTable\",\n        \"dynamodb:DescribeGlobalTableSettings\",\n        \"dynamodb:DescribeKinesisStreamingDestination\",\n        \"dynamodb:DescribeLimits\",\n        \"dynamodb:DescribeReservedCapacity\",\n        \"dynamodb:DescribeReservedCapacityOfferings\",\n        \"dynamodb:DescribeStream\",\n        \"dynamodb:DescribeTable\",\n        \"dynamodb:DescribeTableReplicaAutoScaling\",\n        \"dynamodb:DescribeTimeToLive\",\n        \"dynamodb:DisableKinesisStreamingDestination\",\n        \"dynamodb:EnableKinesisStreamingDestination\",\n        \"dynamodb:ExportTableToPointInTime\",\n        \"dynamodb:GetItem\",\n        \"dynamodb:GetRecords\",\n        \"dynamodb:GetShardIterator\",\n        \"dynamodb:ListBackups\",\n        \"dynamodb:ListContributorInsights\",\n        \"dynamodb:ListExports\",\n        \"dynamodb:ListGlobalTables\",\n        \"dynamodb:ListStreams\",\n        \"dynamodb:ListTables\",\n        \"dynamodb:ListTagsOfResource\",\n        \"dynamodb:PartiQLDelete\",\n        \"dynamodb:PartiQLInsert\",\n        \"dynamodb:PartiQLSelect\",\n        \"dynamodb:PartiQLUpdate\",\n        \"dynamodb:PurchaseReservedCapacityOfferings\",\n        \"dynamodb:PutItem\",\n        \"dynamodb:Query\",\n        \"dynamodb:RestoreTableFromAwsBackup\",\n        \"dynamodb:RestoreTableFromBackup\",\n        \"dynamodb:RestoreTableToPointInTime\",\n        \"dynamodb:Scan\",\n        \"dynamodb:StartAwsBackupJob\",\n        \"dynamodb:TagResource\",\n        \"dynamodb:UntagResource\",\n        \"dynamodb:UpdateContinuousBackups\",\n        \"dynamodb:UpdateContributorInsights\",\n        \"dynamodb:UpdateGlobalTable\",\n        \"dynamodb:UpdateGlobalTableSettings\",\n        \"dynamodb:UpdateItem\",\n        \"dynamodb:UpdateTable\",\n        \"dynamodb:UpdateTableReplicaAutoScaling\",\n        \"dynamodb:UpdateTimeToLive\",\n        \"execute-api:Invoke\",\n        \"execute-api:ManageConnections\"\n      ],\n      \"Effect\": \"Allow\",\n      \"Resource\": \"*\"\n    }\n  ]\n}",
            "role": "vlim-ws-chat_dev_va_full_access_dynamodb_lambda_role"
          },
          "sensitive_attributes": [],
          "private": "bnVsbA==",
          "dependencies": [
            "aws_iam_role.full_access_dynamodb_lambda_role"
          ]
        }
      ]
    },
    {
      "mode": "managed",
      "type": "aws_iam_role_policy",
      "name": "invocation_policy",
      "provider": "provider[\"registry.terraform.io/hashicorp/aws\"]",
      "instances": [
        {
          "schema_version": 0,
          "attributes": {
            "id": "vlim-ws-chat_dev_va_api_gateway_auth_invocation:vlim-ws-chat_invocation_policy_dev_va",
            "name": "vlim-ws-chat_invocation_policy_dev_va",
            "name_prefix": null,
            "policy": "{\"Statement\":[{\"Action\":\"lambda:InvokeFunction\",\"Effect\":\"Allow\",\"Resource\":\"arn:aws:lambda:ap-southeast-1:097947100355:function:vlim-ws-chat-va-api_gateway_authorizer-dev\"}],\"Version\":\"2012-10-17\"}",
            "role": "vlim-ws-chat_dev_va_api_gateway_auth_invocation"
          },
          "sensitive_attributes": [],
          "private": "bnVsbA==",
          "dependencies": [
            "aws_iam_role.invocation_role",
            "aws_iam_role.lambda_assume_role",
            "aws_lambda_function.authorizer"
          ]
        }
      ]
    },
    {
      "mode": "managed",
      "type": "aws_iam_role_policy",
      "name": "lambda_assume_policy",
      "provider": "provider[\"registry.terraform.io/hashicorp/aws\"]",
      "instances": [
        {
          "schema_version": 0,
          "attributes": {
            "id": "vlim-ws-chat_lambda_role_dev_va:vlim-ws-chat_lambda_assume_policy_dev_va",
            "name": "vlim-ws-chat_lambda_assume_policy_dev_va",
            "name_prefix": null,
            "policy": "{\n  \"Version\": \"2012-10-17\",\n  \"Statement\": [\n    {\n      \"Sid\": \"Stmt1636620306577\",\n      \"Action\": \"logs:*\",\n      \"Effect\": \"Allow\",\n      \"Resource\": \"*\"\n    }\n  ]\n}",
            "role": "vlim-ws-chat_lambda_role_dev_va"
          },
          "sensitive_attributes": [],
          "private": "bnVsbA==",
          "dependencies": [
            "aws_iam_role.lambda_assume_role"
          ]
        }
      ]
    },
    {
      "mode": "managed",
      "type": "aws_lambda_event_source_mapping",
      "name": "message_db_source_mapping",
      "provider": "provider[\"registry.terraform.io/hashicorp/aws\"]",
      "instances": [
        {
          "schema_version": 0,
          "attributes": {
            "batch_size": 100,
            "bisect_batch_on_function_error": false,
            "destination_config": [
              {
                "on_failure": [
                  {
                    "destination_arn": null
                  }
                ]
              }
            ],
            "enabled": true,
            "event_source_arn": "arn:aws:dynamodb:ap-southeast-1:097947100355:table/vlim-ws-chat-dev-user-messages-dynamodb/stream/2022-03-13T03:49:06.288",
            "filter_criteria": [],
            "function_arn": "arn:aws:lambda:ap-southeast-1:097947100355:function:vlim-ws-chat-va-message_response-dev",
            "function_name": "arn:aws:lambda:ap-southeast-1:097947100355:function:vlim-ws-chat-va-message_response-dev",
            "function_response_types": [],
            "id": "356fc1d6-b042-4271-8b1f-fffb070f3c56",
            "last_modified": "2022-03-14T13:22:00Z",
            "last_processing_result": "OK",
            "maximum_batching_window_in_seconds": 0,
            "maximum_record_age_in_seconds": -1,
            "maximum_retry_attempts": 2,
            "parallelization_factor": 1,
            "queues": [],
            "self_managed_event_source": [],
            "source_access_configuration": [],
            "starting_position": "LATEST",
            "starting_position_timestamp": "",
            "state": "Enabled",
            "state_transition_reason": "User action",
            "topics": [],
            "tumbling_window_in_seconds": 0,
            "uuid": "356fc1d6-b042-4271-8b1f-fffb070f3c56"
          },
          "sensitive_attributes": [],
          "private": "bnVsbA==",
          "dependencies": [
            "aws_lambda_layer_version.python_libs_layer",
            "aws_dynamodb_table.message-dynamodb-table",
            "aws_iam_role.full_access_dynamodb_lambda_role",
            "aws_lambda_function.message_response_lambda",
            "aws_lambda_layer_version.core_lib_layer"
          ]
        }
      ]
    },
    {
      "mode": "managed",
      "type": "aws_lambda_function",
      "name": "authorizer",
      "provider": "provider[\"registry.terraform.io/hashicorp/aws\"]",
      "instances": [
        {
          "schema_version": 0,
          "attributes": {
            "architectures": [
              "x86_64"
            ],
            "arn": "arn:aws:lambda:ap-southeast-1:097947100355:function:vlim-ws-chat-va-api_gateway_authorizer-dev",
            "code_signing_config_arn": "",
            "dead_letter_config": [],
            "description": "",
            "environment": [],
            "file_system_config": [],
            "filename": "outputs/api-gateway-authorizer-lambda.zip",
            "function_name": "vlim-ws-chat-va-api_gateway_authorizer-dev",
            "handler": "authenticate.user_login",
            "id": "vlim-ws-chat-va-api_gateway_authorizer-dev",
            "image_config": [],
            "image_uri": "",
            "invoke_arn": "arn:aws:apigateway:ap-southeast-1:lambda:path/2015-03-31/functions/arn:aws:lambda:ap-southeast-1:097947100355:function:vlim-ws-chat-va-api_gateway_authorizer-dev/invocations",
            "kms_key_arn": "",
            "last_modified": "2022-03-13T03:49:19.604+0000",
            "layers": [],
            "memory_size": 128,
            "package_type": "Zip",
            "publish": false,
            "qualified_arn": "arn:aws:lambda:ap-southeast-1:097947100355:function:vlim-ws-chat-va-api_gateway_authorizer-dev:$LATEST",
            "reserved_concurrent_executions": -1,
            "role": "arn:aws:iam::097947100355:role/vlim-ws-chat_lambda_role_dev_va",
            "runtime": "python3.8",
            "s3_bucket": null,
            "s3_key": null,
            "s3_object_version": null,
            "signing_job_arn": "",
            "signing_profile_version_arn": "",
            "source_code_hash": "ZWgw1Jd3FE7/GprlPwkXzaK2+q+yJxBI2h0OYppzl6E=",
            "source_code_size": 597,
            "tags": {},
            "tags_all": {},
            "timeout": 3,
            "timeouts": null,
            "tracing_config": [
              {
                "mode": "PassThrough"
              }
            ],
            "version": "$LATEST",
            "vpc_config": []
          },
          "sensitive_attributes": [],
          "private": "eyJlMmJmYjczMC1lY2FhLTExZTYtOGY4OC0zNDM2M2JjN2M0YzAiOnsiY3JlYXRlIjo2MDAwMDAwMDAwMDB9fQ==",
          "dependencies": [
            "aws_iam_role.lambda_assume_role"
          ]
        }
      ]
    },
    {
      "mode": "managed",
      "type": "aws_lambda_function",
      "name": "message_response_lambda",
      "provider": "provider[\"registry.terraform.io/hashicorp/aws\"]",
      "instances": [
        {
          "schema_version": 0,
          "attributes": {
            "architectures": [
              "x86_64"
            ],
            "arn": "arn:aws:lambda:ap-southeast-1:097947100355:function:vlim-ws-chat-va-message_response-dev",
            "code_signing_config_arn": "",
            "dead_letter_config": [],
            "description": "",
            "environment": [
              {
                "variables": {
                  "CONNECTION_TABLE_NAME": "vlim_ws_chatii_dev_i_conns_table",
                  "IS_USING_LOCAL_DYNAMODB": "0",
                  "SECRET_KEY": "62fec8f63ccfeeb60149f4c49fbcda10",
                  "SOCKET_URL": "https://m4f2567sdd.execute-api.ap-southeast-1.amazonaws.com/dev-i-vi",
                  "STAGE_NAME": "dev",
                  "USER_MESSAGE_TABLE_NAME": "vlim-ws-chat-dev-user-messages-dynamodb"
                }
              }
            ],
            "file_system_config": [],
            "filename": "outputs/message-response-lambda.zip",
            "function_name": "vlim-ws-chat-va-message_response-dev",
            "handler": "message_response.handler",
            "id": "vlim-ws-chat-va-message_response-dev",
            "image_config": [],
            "image_uri": "",
            "invoke_arn": "arn:aws:apigateway:ap-southeast-1:lambda:path/2015-03-31/functions/arn:aws:lambda:ap-southeast-1:097947100355:function:vlim-ws-chat-va-message_response-dev/invocations",
            "kms_key_arn": "",
            "last_modified": "2022-03-14T15:55:11.000+0000",
            "layers": [
              "arn:aws:lambda:ap-southeast-1:097947100355:layer:vlim-ws-chat-dev-va-CoreLibs:21",
              "arn:aws:lambda:ap-southeast-1:097947100355:layer:vlim-ws-chat-dev-va-PythonLibs:2"
            ],
            "memory_size": 128,
            "package_type": "Zip",
            "publish": false,
            "qualified_arn": "arn:aws:lambda:ap-southeast-1:097947100355:function:vlim-ws-chat-va-message_response-dev:$LATEST",
            "reserved_concurrent_executions": -1,
            "role": "arn:aws:iam::097947100355:role/vlim-ws-chat_dev_va_full_access_dynamodb_lambda_role",
            "runtime": "python3.9",
            "s3_bucket": null,
            "s3_key": null,
            "s3_object_version": null,
            "signing_job_arn": "",
            "signing_profile_version_arn": "",
            "source_code_hash": "AuoFq/9evvEn/vvtEEh5t4Eg0UMUyZ6/1ztbCjRXwK8=",
            "source_code_size": 867,
            "tags": {},
            "tags_all": {},
            "timeout": 90,
            "timeouts": null,
            "tracing_config": [
              {
                "mode": "PassThrough"
              }
            ],
            "version": "$LATEST",
            "vpc_config": []
          },
          "sensitive_attributes": [],
          "private": "eyJlMmJmYjczMC1lY2FhLTExZTYtOGY4OC0zNDM2M2JjN2M0YzAiOnsiY3JlYXRlIjo2MDAwMDAwMDAwMDB9fQ==",
          "dependencies": [
            "aws_dynamodb_table.message-dynamodb-table",
            "aws_iam_role.full_access_dynamodb_lambda_role",
            "aws_lambda_layer_version.core_lib_layer",
            "aws_lambda_layer_version.python_libs_layer"
          ],
          "create_before_destroy": true
        }
      ]
    },
    {
      "mode": "managed",
      "type": "aws_lambda_function",
      "name": "user",
      "provider": "provider[\"registry.terraform.io/hashicorp/aws\"]",
      "instances": [
        {
          "schema_version": 0,
          "attributes": {
            "architectures": [
              "x86_64"
            ],
            "arn": "arn:aws:lambda:ap-southeast-1:097947100355:function:vlim-ws-chat-vdev-a-user",
            "code_signing_config_arn": "",
            "dead_letter_config": [],
            "description": "",
            "environment": [
              {
                "variables": {
                  "CONNECTION_TABLE_NAME": "vlim-ws-chat-dev-i--conns-table",
                  "IS_USING_LOCAL_DYNAMODB": "0",
                  "SECRET_KEY": "62fec8f63ccfeeb60149f4c49fbcda10",
                  "SOCKET_URL": "https://m4f2567sdd.execute-api.ap-southeast-1.amazonaws.com/dev-i-vi",
                  "STAGE_NAME": "dev",
                  "USER_MESSAGE_TABLE_NAME": "vlim-ws-chat-dev-user-messages-dynamodb",
                  "USER_TABLE_NAME": "vlim-ws-chat-dev-users-dynamodb"
                }
              }
            ],
            "file_system_config": [],
            "filename": "outputs/user-lambda.zip",
            "function_name": "vlim-ws-chat-vdev-a-user",
            "handler": "handler.lambda_handler",
            "id": "vlim-ws-chat-vdev-a-user",
            "image_config": [],
            "image_uri": "",
            "invoke_arn": "arn:aws:apigateway:ap-southeast-1:lambda:path/2015-03-31/functions/arn:aws:lambda:ap-southeast-1:097947100355:function:vlim-ws-chat-vdev-a-user/invocations",
            "kms_key_arn": "",
            "last_modified": "2022-03-14T15:55:11.000+0000",
            "layers": [
              "arn:aws:lambda:ap-southeast-1:097947100355:layer:vlim-ws-chat-dev-va-CoreLibs:21",
              "arn:aws:lambda:ap-southeast-1:097947100355:layer:vlim-ws-chat-dev-va-PythonLibs:2"
            ],
            "memory_size": 128,
            "package_type": "Zip",
            "publish": false,
            "qualified_arn": "arn:aws:lambda:ap-southeast-1:097947100355:function:vlim-ws-chat-vdev-a-user:$LATEST",
            "reserved_concurrent_executions": -1,
            "role": "arn:aws:iam::097947100355:role/vlim-ws-chat_dev_va_full_access_dynamodb_lambda_role",
            "runtime": "python3.8",
            "s3_bucket": null,
            "s3_key": null,
            "s3_object_version": null,
            "signing_job_arn": "",
            "signing_profile_version_arn": "",
            "source_code_hash": "49BD+QiQMJ56btL9GLvwpFQUH9Kld9mx78CLm1jRyes=",
            "source_code_size": 403,
            "tags": {},
            "tags_all": {},
            "timeout": 3,
            "timeouts": null,
            "tracing_config": [
              {
                "mode": "PassThrough"
              }
            ],
            "version": "$LATEST",
            "vpc_config": []
          },
          "sensitive_attributes": [],
          "private": "eyJlMmJmYjczMC1lY2FhLTExZTYtOGY4OC0zNDM2M2JjN2M0YzAiOnsiY3JlYXRlIjo2MDAwMDAwMDAwMDB9fQ==",
          "dependencies": [
            "aws_dynamodb_table.message-dynamodb-table",
            "aws_dynamodb_table.users-dynamodb-table",
            "aws_iam_role.full_access_dynamodb_lambda_role",
            "aws_lambda_layer_version.core_lib_layer",
            "aws_lambda_layer_version.python_libs_layer"
          ]
        }
      ]
    },
    {
      "mode": "managed",
      "type": "aws_lambda_layer_version",
      "name": "core_lib_layer",
      "provider": "provider[\"registry.terraform.io/hashicorp/aws\"]",
      "instances": [
        {
          "schema_version": 0,
          "attributes": {
            "arn": "arn:aws:lambda:ap-southeast-1:097947100355:layer:vlim-ws-chat-dev-va-CoreLibs:21",
            "compatible_architectures": null,
            "compatible_runtimes": [
              "python3.8"
            ],
            "created_date": "2022-03-14T15:55:10.853+0000",
            "description": "",
            "filename": "outputs/core_lib_layer.zip",
            "id": "arn:aws:lambda:ap-southeast-1:097947100355:layer:vlim-ws-chat-dev-va-CoreLibs:21",
            "layer_arn": "arn:aws:lambda:ap-southeast-1:097947100355:layer:vlim-ws-chat-dev-va-CoreLibs",
            "layer_name": "vlim-ws-chat-dev-va-CoreLibs",
            "license_info": "",
            "s3_bucket": null,
            "s3_key": null,
            "s3_object_version": null,
            "signing_job_arn": "",
            "signing_profile_version_arn": "",
            "skip_destroy": false,
            "source_code_hash": "NDaBRlvgFOtBH6Y0lgJ4S+IKX8MismbJmsTB9UIKOBQ=",
            "source_code_size": 27118,
            "version": "21"
          },
          "sensitive_attributes": [],
          "private": "bnVsbA==",
          "create_before_destroy": true
        }
      ]
    },
    {
      "mode": "managed",
      "type": "aws_lambda_layer_version",
      "name": "python_libs_layer",
      "provider": "provider[\"registry.terraform.io/hashicorp/aws\"]",
      "instances": [
        {
          "schema_version": 0,
          "attributes": {
            "arn": "arn:aws:lambda:ap-southeast-1:097947100355:layer:vlim-ws-chat-dev-va-PythonLibs:2",
            "compatible_architectures": [],
            "compatible_runtimes": [
              "python3.8"
            ],
            "created_date": "2022-03-13T03:49:19.753+0000",
            "description": "",
            "filename": "outputs/python_libs_layer.zip",
            "id": "arn:aws:lambda:ap-southeast-1:097947100355:layer:vlim-ws-chat-dev-va-PythonLibs:2",
            "layer_arn": "arn:aws:lambda:ap-southeast-1:097947100355:layer:vlim-ws-chat-dev-va-PythonLibs",
            "layer_name": "vlim-ws-chat-dev-va-PythonLibs",
            "license_info": "",
            "s3_bucket": null,
            "s3_key": null,
            "s3_object_version": null,
            "signing_job_arn": "",
            "signing_profile_version_arn": "",
            "skip_destroy": false,
            "source_code_hash": "JI60OTrJfiu09ZdtRk6d9VKf6Fz7UzyM/GurKHxu98Y=",
            "source_code_size": 18681343,
            "version": "2"
          },
          "sensitive_attributes": [],
          "private": "bnVsbA==",
          "create_before_destroy": true
        }
      ]
    },
    {
      "module": "module.get_users_gateway_resource",
      "mode": "managed",
      "type": "aws_api_gateway_integration",
      "name": "api_integration",
      "provider": "provider[\"registry.terraform.io/hashicorp/aws\"]",
      "instances": [
        {
          "schema_version": 0,
          "attributes": {
            "cache_key_parameters": [],
            "cache_namespace": "4cpv5p",
            "connection_id": "",
            "connection_type": "INTERNET",
            "content_handling": "",
            "credentials": "",
            "http_method": "GET",
            "id": "agi-uo89jo1heh-4cpv5p-GET",
            "integration_http_method": "POST",
            "passthrough_behavior": "WHEN_NO_MATCH",
            "request_parameters": {},
            "request_templates": {},
            "resource_id": "4cpv5p",
            "rest_api_id": "uo89jo1heh",
            "timeout_milliseconds": 29000,
            "tls_config": [],
            "type": "AWS_PROXY",
            "uri": "arn:aws:apigateway:ap-southeast-1:lambda:path/2015-03-31/functions/arn:aws:lambda:ap-southeast-1:097947100355:function:vlim-ws-chat-vdev-a-user/invocations"
          },
          "sensitive_attributes": [],
          "private": "bnVsbA==",
          "dependencies": [
            "aws_dynamodb_table.users-dynamodb-table",
            "aws_lambda_layer_version.python_libs_layer",
            "module.get_users_gateway_resource.aws_api_gateway_method.method",
            "module.get_users_gateway_resource.aws_api_gateway_resource.api_resource",
            "aws_api_gateway_rest_api.root_api",
            "aws_dynamodb_table.message-dynamodb-table",
            "aws_iam_role.full_access_dynamodb_lambda_role",
            "aws_lambda_function.user",
            "aws_lambda_layer_version.core_lib_layer"
          ],
          "create_before_destroy": true
        }
      ]
    },
    {
      "module": "module.get_users_gateway_resource",
      "mode": "managed",
      "type": "aws_api_gateway_integration",
      "name": "options_integration",
      "provider": "provider[\"registry.terraform.io/hashicorp/aws\"]",
      "instances": [
        {
          "schema_version": 0,
          "attributes": {
            "cache_key_parameters": [],
            "cache_namespace": "4cpv5p",
            "connection_id": "",
            "connection_type": "INTERNET",
            "content_handling": "",
            "credentials": "",
            "http_method": "OPTIONS",
            "id": "agi-uo89jo1heh-4cpv5p-OPTIONS",
            "integration_http_method": "",
            "passthrough_behavior": "WHEN_NO_MATCH",
            "request_parameters": {},
            "request_templates": {
              "application/json": "{\"statusCode\": 200}"
            },
            "resource_id": "4cpv5p",
            "rest_api_id": "uo89jo1heh",
            "timeout_milliseconds": 29000,
            "tls_config": [],
            "type": "MOCK",
            "uri": ""
          },
          "sensitive_attributes": [],
          "private": "bnVsbA==",
          "dependencies": [
            "aws_api_gateway_rest_api.root_api",
            "module.get_users_gateway_resource.aws_api_gateway_method.options_method",
            "module.get_users_gateway_resource.aws_api_gateway_resource.api_resource"
          ],
          "create_before_destroy": true
        }
      ]
    },
    {
      "module": "module.get_users_gateway_resource",
      "mode": "managed",
      "type": "aws_api_gateway_integration_response",
      "name": "options_integration_response",
      "provider": "provider[\"registry.terraform.io/hashicorp/aws\"]",
      "instances": [
        {
          "schema_version": 0,
          "attributes": {
            "content_handling": "",
            "http_method": "OPTIONS",
            "id": "agir-uo89jo1heh-4cpv5p-OPTIONS-200",
            "resource_id": "4cpv5p",
            "response_parameters": {
              "method.response.header.Access-Control-Allow-Headers": "'Content-Type,X-Amz-Date,Authorization,X-Api-Key,X-Amz-Security-Token'",
              "method.response.header.Access-Control-Allow-Methods": "'GET,OPTIONS,POST,PUT'",
              "method.response.header.Access-Control-Allow-Origin": "'*'"
            },
            "response_templates": {},
            "rest_api_id": "uo89jo1heh",
            "selection_pattern": "",
            "status_code": "200"
          },
          "sensitive_attributes": [],
          "private": "bnVsbA==",
          "dependencies": [
            "aws_api_gateway_rest_api.root_api",
            "module.get_users_gateway_resource.aws_api_gateway_method.options_method",
            "module.get_users_gateway_resource.aws_api_gateway_method_response.options_200",
            "module.get_users_gateway_resource.aws_api_gateway_resource.api_resource"
          ]
        }
      ]
    },
    {
      "module": "module.get_users_gateway_resource",
      "mode": "managed",
      "type": "aws_api_gateway_method",
      "name": "method",
      "provider": "provider[\"registry.terraform.io/hashicorp/aws\"]",
      "instances": [
        {
          "schema_version": 0,
          "attributes": {
            "api_key_required": false,
            "authorization": "NONE",
            "authorization_scopes": [],
            "authorizer_id": "",
            "http_method": "GET",
            "id": "agm-uo89jo1heh-4cpv5p-GET",
            "operation_name": "",
            "request_models": {},
            "request_parameters": {},
            "request_validator_id": "",
            "resource_id": "4cpv5p",
            "rest_api_id": "uo89jo1heh"
          },
          "sensitive_attributes": [],
          "private": "bnVsbA==",
          "dependencies": [
            "aws_api_gateway_rest_api.root_api",
            "module.get_users_gateway_resource.aws_api_gateway_resource.api_resource"
          ],
          "create_before_destroy": true
        }
      ]
    },
    {
      "module": "module.get_users_gateway_resource",
      "mode": "managed",
      "type": "aws_api_gateway_method",
      "name": "options_method",
      "provider": "provider[\"registry.terraform.io/hashicorp/aws\"]",
      "instances": [
        {
          "schema_version": 0,
          "attributes": {
            "api_key_required": false,
            "authorization": "NONE",
            "authorization_scopes": [],
            "authorizer_id": "",
            "http_method": "OPTIONS",
            "id": "agm-uo89jo1heh-4cpv5p-OPTIONS",
            "operation_name": "",
            "request_models": {},
            "request_parameters": {},
            "request_validator_id": "",
            "resource_id": "4cpv5p",
            "rest_api_id": "uo89jo1heh"
          },
          "sensitive_attributes": [],
          "private": "bnVsbA==",
          "dependencies": [
            "aws_api_gateway_rest_api.root_api",
            "module.get_users_gateway_resource.aws_api_gateway_resource.api_resource"
          ],
          "create_before_destroy": true
        }
      ]
    },
    {
      "module": "module.get_users_gateway_resource",
      "mode": "managed",
      "type": "aws_api_gateway_method_response",
      "name": "options_200",
      "provider": "provider[\"registry.terraform.io/hashicorp/aws\"]",
      "instances": [
        {
          "schema_version": 0,
          "attributes": {
            "http_method": "OPTIONS",
            "id": "agmr-uo89jo1heh-4cpv5p-OPTIONS-200",
            "resource_id": "4cpv5p",
            "response_models": {
              "application/json": "Empty"
            },
            "response_parameters": {
              "method.response.header.Access-Control-Allow-Headers": true,
              "method.response.header.Access-Control-Allow-Methods": true,
              "method.response.header.Access-Control-Allow-Origin": true
            },
            "rest_api_id": "uo89jo1heh",
            "status_code": "200"
          },
          "sensitive_attributes": [],
          "private": "bnVsbA==",
          "dependencies": [
            "aws_api_gateway_rest_api.root_api",
            "module.get_users_gateway_resource.aws_api_gateway_method.options_method",
            "module.get_users_gateway_resource.aws_api_gateway_resource.api_resource"
          ],
          "create_before_destroy": true
        }
      ]
    },
    {
      "module": "module.get_users_gateway_resource",
      "mode": "managed",
      "type": "aws_api_gateway_method_response",
      "name": "response_200",
      "provider": "provider[\"registry.terraform.io/hashicorp/aws\"]",
      "instances": [
        {
          "schema_version": 0,
          "attributes": {
            "http_method": "GET",
            "id": "agmr-uo89jo1heh-4cpv5p-GET-200",
            "resource_id": "4cpv5p",
            "response_models": {},
            "response_parameters": {
              "method.response.header.Access-Control-Allow-Headers": true,
              "method.response.header.Access-Control-Allow-Methods": true,
              "method.response.header.Access-Control-Allow-Origin": true
            },
            "rest_api_id": "uo89jo1heh",
            "status_code": "200"
          },
          "sensitive_attributes": [],
          "private": "bnVsbA==",
          "dependencies": [
            "aws_api_gateway_rest_api.root_api",
            "module.get_users_gateway_resource.aws_api_gateway_method.method",
            "module.get_users_gateway_resource.aws_api_gateway_resource.api_resource"
          ],
          "create_before_destroy": true
        }
      ]
    },
    {
      "module": "module.get_users_gateway_resource",
      "mode": "managed",
      "type": "aws_api_gateway_resource",
      "name": "api_resource",
      "provider": "provider[\"registry.terraform.io/hashicorp/aws\"]",
      "instances": [
        {
          "schema_version": 0,
          "attributes": {
            "id": "4cpv5p",
            "parent_id": "zij3dpbw8i",
            "path": "/users",
            "path_part": "users",
            "rest_api_id": "uo89jo1heh"
          },
          "sensitive_attributes": [],
          "private": "bnVsbA==",
          "dependencies": [
            "aws_api_gateway_rest_api.root_api"
          ],
          "create_before_destroy": true
        }
      ]
    },
    {
      "module": "module.get_users_gateway_resource",
      "mode": "managed",
      "type": "aws_lambda_permission",
      "name": "apigw_lambda_permission",
      "provider": "provider[\"registry.terraform.io/hashicorp/aws\"]",
      "instances": [
        {
          "schema_version": 0,
          "attributes": {
            "action": "lambda:InvokeFunction",
            "event_source_token": null,
            "function_name": "vlim-ws-chat-vdev-a-user",
            "id": "vlim-ws-chat-dev-va-root-apiAllow-usersGETInvoke",
            "principal": "apigateway.amazonaws.com",
            "qualifier": "",
            "source_account": null,
            "source_arn": "arn:aws:execute-api:ap-southeast-1:097947100355:uo89jo1heh/*/GET/users",
            "statement_id": "vlim-ws-chat-dev-va-root-apiAllow-usersGETInvoke",
            "statement_id_prefix": null
          },
          "sensitive_attributes": [],
          "private": "bnVsbA==",
          "dependencies": [
            "aws_iam_role.full_access_dynamodb_lambda_role",
            "aws_lambda_function.user",
            "aws_lambda_layer_version.core_lib_layer",
            "module.get_users_gateway_resource.aws_api_gateway_method.method",
            "aws_dynamodb_table.message-dynamodb-table",
            "aws_dynamodb_table.users-dynamodb-table",
            "aws_lambda_layer_version.python_libs_layer",
            "module.get_users_gateway_resource.aws_api_gateway_resource.api_resource",
            "aws_api_gateway_rest_api.root_api"
          ]
        }
      ]
    },
    {
      "module": "module.users_login_gateway_resource",
      "mode": "managed",
      "type": "aws_api_gateway_integration",
      "name": "api_integration",
      "provider": "provider[\"registry.terraform.io/hashicorp/aws\"]",
      "instances": [
        {
          "schema_version": 0,
          "attributes": {
            "cache_key_parameters": [],
            "cache_namespace": "3y0l1a",
            "connection_id": "",
            "connection_type": "INTERNET",
            "content_handling": "",
            "credentials": "",
            "http_method": "POST",
            "id": "agi-uo89jo1heh-3y0l1a-POST",
            "integration_http_method": "POST",
            "passthrough_behavior": "WHEN_NO_MATCH",
            "request_parameters": {},
            "request_templates": {},
            "resource_id": "3y0l1a",
            "rest_api_id": "uo89jo1heh",
            "timeout_milliseconds": 29000,
            "tls_config": [],
            "type": "AWS_PROXY",
            "uri": "arn:aws:apigateway:ap-southeast-1:lambda:path/2015-03-31/functions/arn:aws:lambda:ap-southeast-1:097947100355:function:vlim-ws-chat-vdev-a-user/invocations"
          },
          "sensitive_attributes": [],
          "private": "bnVsbA==",
          "dependencies": [
            "aws_lambda_layer_version.core_lib_layer",
            "aws_lambda_layer_version.python_libs_layer",
            "module.get_users_gateway_resource.aws_api_gateway_resource.api_resource",
            "module.users_login_gateway_resource.aws_api_gateway_resource.api_resource",
            "aws_api_gateway_rest_api.root_api",
            "aws_dynamodb_table.message-dynamodb-table",
            "aws_lambda_function.user",
            "aws_dynamodb_table.users-dynamodb-table",
            "aws_iam_role.full_access_dynamodb_lambda_role",
            "module.users_login_gateway_resource.aws_api_gateway_method.method"
          ],
          "create_before_destroy": true
        }
      ]
    },
    {
      "module": "module.users_login_gateway_resource",
      "mode": "managed",
      "type": "aws_api_gateway_integration",
      "name": "options_integration",
      "provider": "provider[\"registry.terraform.io/hashicorp/aws\"]",
      "instances": [
        {
          "schema_version": 0,
          "attributes": {
            "cache_key_parameters": [],
            "cache_namespace": "3y0l1a",
            "connection_id": "",
            "connection_type": "INTERNET",
            "content_handling": "",
            "credentials": "",
            "http_method": "OPTIONS",
            "id": "agi-uo89jo1heh-3y0l1a-OPTIONS",
            "integration_http_method": "",
            "passthrough_behavior": "WHEN_NO_MATCH",
            "request_parameters": {},
            "request_templates": {
              "application/json": "{\"statusCode\": 200}"
            },
            "resource_id": "3y0l1a",
            "rest_api_id": "uo89jo1heh",
            "timeout_milliseconds": 29000,
            "tls_config": [],
            "type": "MOCK",
            "uri": ""
          },
          "sensitive_attributes": [],
          "private": "bnVsbA==",
          "dependencies": [
            "module.users_login_gateway_resource.aws_api_gateway_resource.api_resource",
            "aws_api_gateway_rest_api.root_api",
            "module.get_users_gateway_resource.aws_api_gateway_resource.api_resource",
            "module.users_login_gateway_resource.aws_api_gateway_method.options_method"
          ],
          "create_before_destroy": true
        }
      ]
    },
    {
      "module": "module.users_login_gateway_resource",
      "mode": "managed",
      "type": "aws_api_gateway_integration_response",
      "name": "options_integration_response",
      "provider": "provider[\"registry.terraform.io/hashicorp/aws\"]",
      "instances": [
        {
          "schema_version": 0,
          "attributes": {
            "content_handling": "",
            "http_method": "OPTIONS",
            "id": "agir-uo89jo1heh-3y0l1a-OPTIONS-200",
            "resource_id": "3y0l1a",
            "response_parameters": {
              "method.response.header.Access-Control-Allow-Headers": "'Content-Type,X-Amz-Date,Authorization,X-Api-Key,X-Amz-Security-Token'",
              "method.response.header.Access-Control-Allow-Methods": "'GET,OPTIONS,POST,PUT'",
              "method.response.header.Access-Control-Allow-Origin": "'*'"
            },
            "response_templates": {},
            "rest_api_id": "uo89jo1heh",
            "selection_pattern": "",
            "status_code": "200"
          },
          "sensitive_attributes": [],
          "private": "bnVsbA==",
          "dependencies": [
            "module.users_login_gateway_resource.aws_api_gateway_method.options_method",
            "module.users_login_gateway_resource.aws_api_gateway_method_response.options_200",
            "module.users_login_gateway_resource.aws_api_gateway_resource.api_resource",
            "aws_api_gateway_rest_api.root_api",
            "module.get_users_gateway_resource.aws_api_gateway_resource.api_resource"
          ]
        }
      ]
    },
    {
      "module": "module.users_login_gateway_resource",
      "mode": "managed",
      "type": "aws_api_gateway_method",
      "name": "method",
      "provider": "provider[\"registry.terraform.io/hashicorp/aws\"]",
      "instances": [
        {
          "schema_version": 0,
          "attributes": {
            "api_key_required": false,
            "authorization": "NONE",
            "authorization_scopes": [],
            "authorizer_id": "",
            "http_method": "POST",
            "id": "agm-uo89jo1heh-3y0l1a-POST",
            "operation_name": "",
            "request_models": {},
            "request_parameters": {},
            "request_validator_id": "",
            "resource_id": "3y0l1a",
            "rest_api_id": "uo89jo1heh"
          },
          "sensitive_attributes": [],
          "private": "bnVsbA==",
          "dependencies": [
            "aws_api_gateway_rest_api.root_api",
            "module.get_users_gateway_resource.aws_api_gateway_resource.api_resource",
            "module.users_login_gateway_resource.aws_api_gateway_resource.api_resource"
          ],
          "create_before_destroy": true
        }
      ]
    },
    {
      "module": "module.users_login_gateway_resource",
      "mode": "managed",
      "type": "aws_api_gateway_method",
      "name": "options_method",
      "provider": "provider[\"registry.terraform.io/hashicorp/aws\"]",
      "instances": [
        {
          "schema_version": 0,
          "attributes": {
            "api_key_required": false,
            "authorization": "NONE",
            "authorization_scopes": [],
            "authorizer_id": "",
            "http_method": "OPTIONS",
            "id": "agm-uo89jo1heh-3y0l1a-OPTIONS",
            "operation_name": "",
            "request_models": {},
            "request_parameters": {},
            "request_validator_id": "",
            "resource_id": "3y0l1a",
            "rest_api_id": "uo89jo1heh"
          },
          "sensitive_attributes": [],
          "private": "bnVsbA==",
          "dependencies": [
            "aws_api_gateway_rest_api.root_api",
            "module.get_users_gateway_resource.aws_api_gateway_resource.api_resource",
            "module.users_login_gateway_resource.aws_api_gateway_resource.api_resource"
          ],
          "create_before_destroy": true
        }
      ]
    },
    {
      "module": "module.users_login_gateway_resource",
      "mode": "managed",
      "type": "aws_api_gateway_method_response",
      "name": "options_200",
      "provider": "provider[\"registry.terraform.io/hashicorp/aws\"]",
      "instances": [
        {
          "schema_version": 0,
          "attributes": {
            "http_method": "OPTIONS",
            "id": "agmr-uo89jo1heh-3y0l1a-OPTIONS-200",
            "resource_id": "3y0l1a",
            "response_models": {
              "application/json": "Empty"
            },
            "response_parameters": {
              "method.response.header.Access-Control-Allow-Headers": true,
              "method.response.header.Access-Control-Allow-Methods": true,
              "method.response.header.Access-Control-Allow-Origin": true
            },
            "rest_api_id": "uo89jo1heh",
            "status_code": "200"
          },
          "sensitive_attributes": [],
          "private": "bnVsbA==",
          "dependencies": [
            "aws_api_gateway_rest_api.root_api",
            "module.get_users_gateway_resource.aws_api_gateway_resource.api_resource",
            "module.users_login_gateway_resource.aws_api_gateway_method.options_method",
            "module.users_login_gateway_resource.aws_api_gateway_resource.api_resource"
          ],
          "create_before_destroy": true
        }
      ]
    },
    {
      "module": "module.users_login_gateway_resource",
      "mode": "managed",
      "type": "aws_api_gateway_method_response",
      "name": "response_200",
      "provider": "provider[\"registry.terraform.io/hashicorp/aws\"]",
      "instances": [
        {
          "schema_version": 0,
          "attributes": {
            "http_method": "POST",
            "id": "agmr-uo89jo1heh-3y0l1a-POST-200",
            "resource_id": "3y0l1a",
            "response_models": {},
            "response_parameters": {
              "method.response.header.Access-Control-Allow-Headers": true,
              "method.response.header.Access-Control-Allow-Methods": true,
              "method.response.header.Access-Control-Allow-Origin": true
            },
            "rest_api_id": "uo89jo1heh",
            "status_code": "200"
          },
          "sensitive_attributes": [],
          "private": "bnVsbA==",
          "dependencies": [
            "aws_api_gateway_rest_api.root_api",
            "module.get_users_gateway_resource.aws_api_gateway_resource.api_resource",
            "module.users_login_gateway_resource.aws_api_gateway_method.method",
            "module.users_login_gateway_resource.aws_api_gateway_resource.api_resource"
          ]
        }
      ]
    },
    {
      "module": "module.users_login_gateway_resource",
      "mode": "managed",
      "type": "aws_api_gateway_resource",
      "name": "api_resource",
      "provider": "provider[\"registry.terraform.io/hashicorp/aws\"]",
      "instances": [
        {
          "schema_version": 0,
          "attributes": {
            "id": "3y0l1a",
            "parent_id": "4cpv5p",
            "path": "/users/login",
            "path_part": "login",
            "rest_api_id": "uo89jo1heh"
          },
          "sensitive_attributes": [],
          "private": "bnVsbA==",
          "dependencies": [
            "aws_api_gateway_rest_api.root_api",
            "module.get_users_gateway_resource.aws_api_gateway_resource.api_resource"
          ],
          "create_before_destroy": true
        }
      ]
    },
    {
      "module": "module.users_login_gateway_resource",
      "mode": "managed",
      "type": "aws_lambda_permission",
      "name": "apigw_lambda_permission",
      "provider": "provider[\"registry.terraform.io/hashicorp/aws\"]",
      "instances": [
        {
          "schema_version": 0,
          "attributes": {
            "action": "lambda:InvokeFunction",
            "event_source_token": null,
            "function_name": "vlim-ws-chat-vdev-a-user",
            "id": "vlim-ws-chat-dev-va-root-apiAllow-users-loginPOSTInvoke",
            "principal": "apigateway.amazonaws.com",
            "qualifier": "",
            "source_account": null,
            "source_arn": "arn:aws:execute-api:ap-southeast-1:097947100355:uo89jo1heh/*/POST/users/login",
            "statement_id": "vlim-ws-chat-dev-va-root-apiAllow-users-loginPOSTInvoke",
            "statement_id_prefix": null
          },
          "sensitive_attributes": [],
          "private": "bnVsbA==",
          "dependencies": [
            "aws_api_gateway_rest_api.root_api",
            "aws_dynamodb_table.message-dynamodb-table",
            "aws_iam_role.full_access_dynamodb_lambda_role",
            "aws_lambda_function.user",
            "aws_dynamodb_table.users-dynamodb-table",
            "aws_lambda_layer_version.core_lib_layer",
            "aws_lambda_layer_version.python_libs_layer",
            "module.get_users_gateway_resource.aws_api_gateway_resource.api_resource",
            "module.users_login_gateway_resource.aws_api_gateway_method.method",
            "module.users_login_gateway_resource.aws_api_gateway_resource.api_resource"
          ]
        }
      ]
    },
    {
      "module": "module.users_signup_gateway_resource",
      "mode": "managed",
      "type": "aws_api_gateway_integration",
      "name": "api_integration",
      "provider": "provider[\"registry.terraform.io/hashicorp/aws\"]",
      "instances": [
        {
          "schema_version": 0,
          "attributes": {
            "cache_key_parameters": [],
            "cache_namespace": "izv688",
            "connection_id": "",
            "connection_type": "INTERNET",
            "content_handling": "",
            "credentials": "",
            "http_method": "POST",
            "id": "agi-uo89jo1heh-izv688-POST",
            "integration_http_method": "POST",
            "passthrough_behavior": "WHEN_NO_MATCH",
            "request_parameters": {},
            "request_templates": {},
            "resource_id": "izv688",
            "rest_api_id": "uo89jo1heh",
            "timeout_milliseconds": 29000,
            "tls_config": [],
            "type": "AWS_PROXY",
            "uri": "arn:aws:apigateway:ap-southeast-1:lambda:path/2015-03-31/functions/arn:aws:lambda:ap-southeast-1:097947100355:function:vlim-ws-chat-vdev-a-user/invocations"
          },
          "sensitive_attributes": [],
          "private": "bnVsbA==",
          "dependencies": [
            "aws_lambda_layer_version.core_lib_layer",
            "module.get_users_gateway_resource.aws_api_gateway_resource.api_resource",
            "aws_api_gateway_rest_api.root_api",
            "aws_iam_role.full_access_dynamodb_lambda_role",
            "aws_lambda_function.user",
            "aws_lambda_layer_version.python_libs_layer",
            "module.users_signup_gateway_resource.aws_api_gateway_method.method",
            "module.users_signup_gateway_resource.aws_api_gateway_resource.api_resource",
            "aws_dynamodb_table.message-dynamodb-table",
            "aws_dynamodb_table.users-dynamodb-table"
          ],
          "create_before_destroy": true
        }
      ]
    },
    {
      "module": "module.users_signup_gateway_resource",
      "mode": "managed",
      "type": "aws_api_gateway_integration",
      "name": "options_integration",
      "provider": "provider[\"registry.terraform.io/hashicorp/aws\"]",
      "instances": [
        {
          "schema_version": 0,
          "attributes": {
            "cache_key_parameters": [],
            "cache_namespace": "izv688",
            "connection_id": "",
            "connection_type": "INTERNET",
            "content_handling": "",
            "credentials": "",
            "http_method": "OPTIONS",
            "id": "agi-uo89jo1heh-izv688-OPTIONS",
            "integration_http_method": "",
            "passthrough_behavior": "WHEN_NO_MATCH",
            "request_parameters": {},
            "request_templates": {
              "application/json": "{\"statusCode\": 200}"
            },
            "resource_id": "izv688",
            "rest_api_id": "uo89jo1heh",
            "timeout_milliseconds": 29000,
            "tls_config": [],
            "type": "MOCK",
            "uri": ""
          },
          "sensitive_attributes": [],
          "private": "bnVsbA==",
          "dependencies": [
            "module.users_signup_gateway_resource.aws_api_gateway_resource.api_resource",
            "aws_api_gateway_rest_api.root_api",
            "module.get_users_gateway_resource.aws_api_gateway_resource.api_resource",
            "module.users_signup_gateway_resource.aws_api_gateway_method.options_method"
          ],
          "create_before_destroy": true
        }
      ]
    },
    {
      "module": "module.users_signup_gateway_resource",
      "mode": "managed",
      "type": "aws_api_gateway_integration_response",
      "name": "options_integration_response",
      "provider": "provider[\"registry.terraform.io/hashicorp/aws\"]",
      "instances": [
        {
          "schema_version": 0,
          "attributes": {
            "content_handling": "",
            "http_method": "OPTIONS",
            "id": "agir-uo89jo1heh-izv688-OPTIONS-200",
            "resource_id": "izv688",
            "response_parameters": {
              "method.response.header.Access-Control-Allow-Headers": "'Content-Type,X-Amz-Date,Authorization,X-Api-Key,X-Amz-Security-Token'",
              "method.response.header.Access-Control-Allow-Methods": "'GET,OPTIONS,POST,PUT'",
              "method.response.header.Access-Control-Allow-Origin": "'*'"
            },
            "response_templates": {},
            "rest_api_id": "uo89jo1heh",
            "selection_pattern": "",
            "status_code": "200"
          },
          "sensitive_attributes": [],
          "private": "bnVsbA==",
          "dependencies": [
            "aws_api_gateway_rest_api.root_api",
            "module.get_users_gateway_resource.aws_api_gateway_resource.api_resource",
            "module.users_signup_gateway_resource.aws_api_gateway_method.options_method",
            "module.users_signup_gateway_resource.aws_api_gateway_method_response.options_200",
            "module.users_signup_gateway_resource.aws_api_gateway_resource.api_resource"
          ]
        }
      ]
    },
    {
      "module": "module.users_signup_gateway_resource",
      "mode": "managed",
      "type": "aws_api_gateway_method",
      "name": "method",
      "provider": "provider[\"registry.terraform.io/hashicorp/aws\"]",
      "instances": [
        {
          "schema_version": 0,
          "attributes": {
            "api_key_required": false,
            "authorization": "NONE",
            "authorization_scopes": [],
            "authorizer_id": "",
            "http_method": "POST",
            "id": "agm-uo89jo1heh-izv688-POST",
            "operation_name": "",
            "request_models": {},
            "request_parameters": {},
            "request_validator_id": "",
            "resource_id": "izv688",
            "rest_api_id": "uo89jo1heh"
          },
          "sensitive_attributes": [],
          "private": "bnVsbA==",
          "dependencies": [
            "aws_api_gateway_rest_api.root_api",
            "module.get_users_gateway_resource.aws_api_gateway_resource.api_resource",
            "module.users_signup_gateway_resource.aws_api_gateway_resource.api_resource"
          ],
          "create_before_destroy": true
        }
      ]
    },
    {
      "module": "module.users_signup_gateway_resource",
      "mode": "managed",
      "type": "aws_api_gateway_method",
      "name": "options_method",
      "provider": "provider[\"registry.terraform.io/hashicorp/aws\"]",
      "instances": [
        {
          "schema_version": 0,
          "attributes": {
            "api_key_required": false,
            "authorization": "NONE",
            "authorization_scopes": [],
            "authorizer_id": "",
            "http_method": "OPTIONS",
            "id": "agm-uo89jo1heh-izv688-OPTIONS",
            "operation_name": "",
            "request_models": {},
            "request_parameters": {},
            "request_validator_id": "",
            "resource_id": "izv688",
            "rest_api_id": "uo89jo1heh"
          },
          "sensitive_attributes": [],
          "private": "bnVsbA==",
          "dependencies": [
            "module.users_signup_gateway_resource.aws_api_gateway_resource.api_resource",
            "aws_api_gateway_rest_api.root_api",
            "module.get_users_gateway_resource.aws_api_gateway_resource.api_resource"
          ],
          "create_before_destroy": true
        }
      ]
    },
    {
      "module": "module.users_signup_gateway_resource",
      "mode": "managed",
      "type": "aws_api_gateway_method_response",
      "name": "options_200",
      "provider": "provider[\"registry.terraform.io/hashicorp/aws\"]",
      "instances": [
        {
          "schema_version": 0,
          "attributes": {
            "http_method": "OPTIONS",
            "id": "agmr-uo89jo1heh-izv688-OPTIONS-200",
            "resource_id": "izv688",
            "response_models": {
              "application/json": "Empty"
            },
            "response_parameters": {
              "method.response.header.Access-Control-Allow-Headers": true,
              "method.response.header.Access-Control-Allow-Methods": true,
              "method.response.header.Access-Control-Allow-Origin": true
            },
            "rest_api_id": "uo89jo1heh",
            "status_code": "200"
          },
          "sensitive_attributes": [],
          "private": "bnVsbA==",
          "dependencies": [
            "aws_api_gateway_rest_api.root_api",
            "module.get_users_gateway_resource.aws_api_gateway_resource.api_resource",
            "module.users_signup_gateway_resource.aws_api_gateway_method.options_method",
            "module.users_signup_gateway_resource.aws_api_gateway_resource.api_resource"
          ],
          "create_before_destroy": true
        }
      ]
    },
    {
      "module": "module.users_signup_gateway_resource",
      "mode": "managed",
      "type": "aws_api_gateway_method_response",
      "name": "response_200",
      "provider": "provider[\"registry.terraform.io/hashicorp/aws\"]",
      "instances": [
        {
          "schema_version": 0,
          "attributes": {
            "http_method": "POST",
            "id": "agmr-uo89jo1heh-izv688-POST-200",
            "resource_id": "izv688",
            "response_models": {},
            "response_parameters": {
              "method.response.header.Access-Control-Allow-Headers": true,
              "method.response.header.Access-Control-Allow-Methods": true,
              "method.response.header.Access-Control-Allow-Origin": true
            },
            "rest_api_id": "uo89jo1heh",
            "status_code": "200"
          },
          "sensitive_attributes": [],
          "private": "bnVsbA==",
          "dependencies": [
            "module.users_signup_gateway_resource.aws_api_gateway_resource.api_resource",
            "aws_api_gateway_rest_api.root_api",
            "module.get_users_gateway_resource.aws_api_gateway_resource.api_resource",
            "module.users_signup_gateway_resource.aws_api_gateway_method.method"
          ],
          "create_before_destroy": true
        }
      ]
    },
    {
      "module": "module.users_signup_gateway_resource",
      "mode": "managed",
      "type": "aws_api_gateway_resource",
      "name": "api_resource",
      "provider": "provider[\"registry.terraform.io/hashicorp/aws\"]",
      "instances": [
        {
          "schema_version": 0,
          "attributes": {
            "id": "izv688",
            "parent_id": "4cpv5p",
            "path": "/users/signup",
            "path_part": "signup",
            "rest_api_id": "uo89jo1heh"
          },
          "sensitive_attributes": [],
          "private": "bnVsbA==",
          "dependencies": [
            "aws_api_gateway_rest_api.root_api",
            "module.get_users_gateway_resource.aws_api_gateway_resource.api_resource"
          ],
          "create_before_destroy": true
        }
      ]
    },
    {
      "module": "module.users_signup_gateway_resource",
      "mode": "managed",
      "type": "aws_lambda_permission",
      "name": "apigw_lambda_permission",
      "provider": "provider[\"registry.terraform.io/hashicorp/aws\"]",
      "instances": [
        {
          "schema_version": 0,
          "attributes": {
            "action": "lambda:InvokeFunction",
            "event_source_token": null,
            "function_name": "vlim-ws-chat-vdev-a-user",
            "id": "vlim-ws-chat-dev-va-root-apiAllow-users-signupPOSTInvoke",
            "principal": "apigateway.amazonaws.com",
            "qualifier": "",
            "source_account": null,
            "source_arn": "arn:aws:execute-api:ap-southeast-1:097947100355:uo89jo1heh/*/POST/users/signup",
            "statement_id": "vlim-ws-chat-dev-va-root-apiAllow-users-signupPOSTInvoke",
            "statement_id_prefix": null
          },
          "sensitive_attributes": [],
          "private": "bnVsbA==",
          "dependencies": [
            "aws_dynamodb_table.users-dynamodb-table",
            "aws_lambda_layer_version.core_lib_layer",
            "aws_lambda_layer_version.python_libs_layer",
            "module.users_signup_gateway_resource.aws_api_gateway_resource.api_resource",
            "aws_api_gateway_rest_api.root_api",
            "aws_dynamodb_table.message-dynamodb-table",
            "aws_iam_role.full_access_dynamodb_lambda_role",
            "aws_lambda_function.user",
            "module.get_users_gateway_resource.aws_api_gateway_resource.api_resource",
            "module.users_signup_gateway_resource.aws_api_gateway_method.method"
          ]
        }
      ]
    }
  ]
}
