{
  "version": 4,
  "terraform_version": "1.1.7",
  "serial": 491,
  "lineage": "11a01098-76f1-fa89-8a59-e461bddcde69",
  "outputs": {
    "aws_dynamodb_table_arn": {
      "value": "arn:aws:dynamodb:ap-southeast-1:097947100355:table/vlim-ws-chat-dev-user-messages-dynamodb",
      "type": "string"
    },
    "aws_dynamodb_table_region": {
      "value": [],
      "type": [
        "set",
        [
          "object",
          {
            "kms_key_arn": "string",
            "region_name": "string"
          }
        ]
      ]
    },
    "image_bucket_domain_name": {
      "value": "vlim-ws-chat-image-processing-dev-image-bucket.s3.amazonaws.com",
      "type": "string"
    },
    "rootAPI": {
      "value": "https://3kixvnepjc.execute-api.ap-southeast-1.amazonaws.com/dev",
      "type": "string"
    },
    "user-lambda-function-arn": {
      "value": "arn:aws:lambda:ap-southeast-1:097947100355:function:vlim-ws-chat-dev-ver-i-user",
      "type": "string"
    },
    "user-lambda-function-name": {
      "value": "vlim-ws-chat-dev-ver-i-user",
      "type": "string"
    },
    "webSocketApi": {
      "value": "wss://7wkf4olvsa.execute-api.ap-southeast-1.amazonaws.com/dev",
      "type": "string"
    },
    "webSocketUrl": {
      "value": "https://7wkf4olvsa.execute-api.ap-southeast-1.amazonaws.com/dev",
      "type": "string"
    },
    "web_bucket_domain_name": {
      "value": "dev.vlim-ws-chat.vlim.co.s3.amazonaws.com",
      "type": "string"
    },
    "web_bucket_name": {
      "value": "dev.vlim-ws-chat.vlim.co",
      "type": "string"
    },
    "webpage_domain_name": {
      "value": "dev.vlim-ws-chat.vlim.co.s3-website-ap-southeast-1.amazonaws.com",
      "type": "string"
    }
  },
  "resources": [
    {
      "mode": "data",
      "type": "archive_file",
      "name": "api-gateway-authorizer-lambda-archive",
      "provider": "provider[\"registry.terraform.io/hashicorp/archive\"]",
      "instances": [
        {
          "schema_version": 0,
          "attributes": {
            "excludes": null,
            "id": "47e7c2831305986b6d381725452cfda96fa36ac9",
            "output_base64sha256": "hdSRkVl+QBjdQUE7b4rKgm7fpexe0PFlfmBuTkbT/FA=",
            "output_file_mode": null,
            "output_md5": "fc1cf94c40b4ad6956a7a1b10b37425f",
            "output_path": "outputs/api-gateway-authorizer-lambda.zip",
            "output_sha": "47e7c2831305986b6d381725452cfda96fa36ac9",
            "output_size": 602,
            "source": [],
            "source_content": null,
            "source_content_filename": null,
            "source_dir": null,
            "source_file": "../users/users_methods/authenticate.py",
            "type": "zip"
          },
          "sensitive_attributes": []
        }
      ]
    },
    {
      "mode": "data",
      "type": "archive_file",
      "name": "core-lib-layer-archive",
      "provider": "provider[\"registry.terraform.io/hashicorp/archive\"]",
      "instances": [
        {
          "schema_version": 0,
          "attributes": {
            "excludes": null,
            "id": "9ec9a09024ab48fb924634cf3873ccce8295a845",
            "output_base64sha256": "wMxl6hTqLSAkVJR4zO6PtbYxHgKYrfNasang0GMk/7M=",
            "output_file_mode": null,
            "output_md5": "9451109a0193e46e539595d30c5d2663",
            "output_path": "outputs/core_lib_layer.zip",
            "output_sha": "9ec9a09024ab48fb924634cf3873ccce8295a845",
            "output_size": 21857,
            "source": [],
            "source_content": null,
            "source_content_filename": null,
            "source_dir": "/Users/vlim/Research/poc/chatApp/server/layer/core",
            "source_file": null,
            "type": "zip"
          },
          "sensitive_attributes": []
        }
      ]
    },
    {
      "mode": "data",
      "type": "archive_file",
      "name": "image_processing-libs-layer-archive",
      "provider": "provider[\"registry.terraform.io/hashicorp/archive\"]",
      "instances": [
        {
          "schema_version": 0,
          "attributes": {
            "excludes": null,
            "id": "2cb98abd190cb2e1306280ae2342607a34569c44",
            "output_base64sha256": "QCcoV9BuimsC6Qokb5qbYTv/ZVAGVLc0PcAbGlCdpSA=",
            "output_file_mode": null,
            "output_md5": "34c53687ac8cdb97a94e330da08135d4",
            "output_path": "outputs/image_processing_libs_layer.zip",
            "output_sha": "2cb98abd190cb2e1306280ae2342607a34569c44",
            "output_size": 4270704,
            "source": [],
            "source_content": null,
            "source_content_filename": null,
            "source_dir": "/Users/vlim/Research/poc/chatApp/server/layer/image_processing_libs",
            "source_file": null,
            "type": "zip"
          },
          "sensitive_attributes": []
        }
      ]
    },
    {
      "mode": "data",
      "type": "archive_file",
      "name": "python-libs-layer-archive",
      "provider": "provider[\"registry.terraform.io/hashicorp/archive\"]",
      "instances": [
        {
          "schema_version": 0,
          "attributes": {
            "excludes": null,
            "id": "14c8839a26d20377fe2d2041ecea71af6c6481da",
            "output_base64sha256": "JI60OTrJfiu09ZdtRk6d9VKf6Fz7UzyM/GurKHxu98Y=",
            "output_file_mode": null,
            "output_md5": "6dc77baa73ec70597917ddf0cbb871c4",
            "output_path": "outputs/python_libs_layer.zip",
            "output_sha": "14c8839a26d20377fe2d2041ecea71af6c6481da",
            "output_size": 18681343,
            "source": [],
            "source_content": null,
            "source_content_filename": null,
            "source_dir": "/Users/vlim/Research/poc/chatApp/server/layer/python_libs",
            "source_file": null,
            "type": "zip"
          },
          "sensitive_attributes": []
        }
      ]
    },
    {
      "mode": "data",
      "type": "archive_file",
      "name": "user-lambda-archive",
      "provider": "provider[\"registry.terraform.io/hashicorp/archive\"]",
      "instances": [
        {
          "schema_version": 0,
          "attributes": {
            "excludes": null,
            "id": "9b82254c265dc09cabbbee69e6d971c462449e9d",
            "output_base64sha256": "aJc7vQFrmL9aSsXAcFRh4Kf1w4Z8OryeCYPIiUNEIjY=",
            "output_file_mode": null,
            "output_md5": "ac303deb017c479c058c985351c0af6b",
            "output_path": "outputs/user-lambda.zip",
            "output_sha": "9b82254c265dc09cabbbee69e6d971c462449e9d",
            "output_size": 394,
            "source": [],
            "source_content": null,
            "source_content_filename": null,
            "source_dir": null,
            "source_file": "../users/handler.py",
            "type": "zip"
          },
          "sensitive_attributes": []
        }
      ]
    },
    {
      "mode": "data",
      "type": "aws_iam_policy_document",
      "name": "allow_access_from_public",
      "provider": "provider[\"registry.terraform.io/hashicorp/aws\"]",
      "instances": [
        {
          "schema_version": 0,
          "attributes": {
            "id": "2619257289",
            "json": "{\n  \"Version\": \"2012-10-17\",\n  \"Statement\": [\n    {\n      \"Sid\": \"allow_access_from_public-image_bucket\",\n      \"Effect\": \"Allow\",\n      \"Action\": [\n        \"s3:ListBucket\",\n        \"s3:GetObject\"\n      ],\n      \"Resource\": [\n        \"arn:aws:s3:::dev.vlim-ws-chat.vlim.co/*\",\n        \"arn:aws:s3:::dev.vlim-ws-chat.vlim.co\"\n      ],\n      \"Principal\": \"*\"\n    }\n  ]\n}",
            "override_json": null,
            "override_policy_documents": null,
            "policy_id": null,
            "source_json": null,
            "source_policy_documents": null,
            "statement": [
              {
                "actions": [
                  "s3:GetObject",
                  "s3:ListBucket"
                ],
                "condition": [],
                "effect": "Allow",
                "not_actions": [],
                "not_principals": [],
                "not_resources": [],
                "principals": [
                  {
                    "identifiers": [
                      "*"
                    ],
                    "type": "*"
                  }
                ],
                "resources": [
                  "arn:aws:s3:::dev.vlim-ws-chat.vlim.co",
                  "arn:aws:s3:::dev.vlim-ws-chat.vlim.co/*"
                ],
                "sid": "allow_access_from_public-image_bucket"
              }
            ],
            "version": "2012-10-17"
          },
          "sensitive_attributes": []
        }
      ]
    },
    {
      "mode": "managed",
      "type": "aws_api_gateway_deployment",
      "name": "deployment",
      "provider": "provider[\"registry.terraform.io/hashicorp/aws\"]",
      "instances": [
        {
          "schema_version": 0,
          "attributes": {
            "created_date": "2022-03-28T02:35:40Z",
            "description": "",
            "execution_arn": "arn:aws:execute-api:ap-southeast-1:097947100355:3kixvnepjc/",
            "id": "gh9mhh",
            "invoke_url": "https://3kixvnepjc.execute-api.ap-southeast-1.amazonaws.com/",
            "rest_api_id": "3kixvnepjc",
            "stage_description": null,
            "stage_name": null,
            "triggers": {
              "redeployment": "c9276670f622a95eacedddc6cdfa50f07fdc3b5f"
            },
            "variables": null
          },
          "sensitive_attributes": [],
          "private": "bnVsbA==",
          "dependencies": [
            "aws_api_gateway_gateway_response.default_4xx",
            "aws_api_gateway_gateway_response.default_5xx",
            "aws_api_gateway_gateway_response.missing_authentication_token",
            "aws_api_gateway_gateway_response.unauthorized",
            "aws_api_gateway_rest_api.root_api",
            "aws_dynamodb_table.message-dynamodb-table",
            "aws_dynamodb_table.socket-connection-dynamodb-table",
            "aws_dynamodb_table.users-dynamodb-table",
            "aws_iam_role.full_access_dynamodb_lambda_role",
            "aws_lambda_function.user",
            "aws_lambda_layer_version.core_lib_layer",
            "aws_lambda_layer_version.image_processing_libs_layer",
            "aws_lambda_layer_version.python_libs_layer",
            "module.chat_engine.aws_apigatewayv2_api.socket_api_gateway",
            "module.chat_engine.aws_apigatewayv2_deployment.socket_deployment",
            "module.chat_engine.aws_apigatewayv2_stage.stage",
            "module.chat_engine.aws_iam_role.socket_lambda_role",
            "module.chat_engine.data.aws_iam_policy_document.lambda_assume_role_policy",
            "module.chat_engine.module.configuration_route.aws_apigatewayv2_integration.route_integration",
            "module.chat_engine.module.configuration_route.aws_apigatewayv2_route.route",
            "module.chat_engine.module.configuration_route.aws_lambda_function.socket_route_lambda",
            "module.chat_engine.module.connect_route.aws_apigatewayv2_integration.route_integration",
            "module.chat_engine.module.connect_route.aws_apigatewayv2_route.route",
            "module.chat_engine.module.connect_route.aws_lambda_function.socket_route_lambda",
            "module.chat_engine.module.disconnect_route.aws_apigatewayv2_integration.route_integration",
            "module.chat_engine.module.disconnect_route.aws_apigatewayv2_route.route",
            "module.chat_engine.module.disconnect_route.aws_lambda_function.socket_route_lambda",
            "module.chat_engine.module.sendmessage_route.aws_apigatewayv2_integration.route_integration",
            "module.chat_engine.module.sendmessage_route.aws_apigatewayv2_route.route",
            "module.chat_engine.module.sendmessage_route.aws_lambda_function.socket_route_lambda",
            "module.get_users_gateway_resource.aws_api_gateway_integration.api_integration",
            "module.get_users_gateway_resource.aws_api_gateway_integration.api_resource_specific_integration",
            "module.get_users_gateway_resource.aws_api_gateway_integration.options_integration",
            "module.get_users_gateway_resource.aws_api_gateway_method.api_resource_specific_method",
            "module.get_users_gateway_resource.aws_api_gateway_method.method",
            "module.get_users_gateway_resource.aws_api_gateway_method.options_method",
            "module.get_users_gateway_resource.aws_api_gateway_method_response.options_200",
            "module.get_users_gateway_resource.aws_api_gateway_resource.api_resource",
            "module.get_users_gateway_resource.aws_api_gateway_resource.api_resource_specific",
            "module.image_processing.aws_iam_role.presign_url_lambda_role",
            "module.image_processing.aws_lambda_function.image_upload_url_lambda",
            "module.image_processing.aws_s3_bucket.image_bucket",
            "module.image_processing.data.aws_iam_policy_document.lambda_assume_role_policy_docs",
            "module.image_processing.module.post_url_gateway_resource.aws_api_gateway_integration.api_integration",
            "module.image_processing.module.post_url_gateway_resource.aws_api_gateway_integration.api_resource_specific_integration",
            "module.image_processing.module.post_url_gateway_resource.aws_api_gateway_integration.options_integration",
            "module.image_processing.module.post_url_gateway_resource.aws_api_gateway_method.api_resource_specific_method",
            "module.image_processing.module.post_url_gateway_resource.aws_api_gateway_method.method",
            "module.image_processing.module.post_url_gateway_resource.aws_api_gateway_method.options_method",
            "module.image_processing.module.post_url_gateway_resource.aws_api_gateway_method_response.options_200",
            "module.image_processing.module.post_url_gateway_resource.aws_api_gateway_resource.api_resource",
            "module.image_processing.module.post_url_gateway_resource.aws_api_gateway_resource.api_resource_specific",
            "module.users_login_gateway_resource.aws_api_gateway_integration.api_integration",
            "module.users_login_gateway_resource.aws_api_gateway_integration.api_resource_specific_integration",
            "module.users_login_gateway_resource.aws_api_gateway_integration.options_integration",
            "module.users_login_gateway_resource.aws_api_gateway_method.api_resource_specific_method",
            "module.users_login_gateway_resource.aws_api_gateway_method.method",
            "module.users_login_gateway_resource.aws_api_gateway_method.options_method",
            "module.users_login_gateway_resource.aws_api_gateway_method_response.options_200",
            "module.users_login_gateway_resource.aws_api_gateway_resource.api_resource",
            "module.users_login_gateway_resource.aws_api_gateway_resource.api_resource_specific",
            "module.users_signup_gateway_resource.aws_api_gateway_integration.api_integration",
            "module.users_signup_gateway_resource.aws_api_gateway_integration.api_resource_specific_integration",
            "module.users_signup_gateway_resource.aws_api_gateway_integration.options_integration",
            "module.users_signup_gateway_resource.aws_api_gateway_method.api_resource_specific_method",
            "module.users_signup_gateway_resource.aws_api_gateway_method.method",
            "module.users_signup_gateway_resource.aws_api_gateway_method.options_method",
            "module.users_signup_gateway_resource.aws_api_gateway_method_response.options_200",
            "module.users_signup_gateway_resource.aws_api_gateway_resource.api_resource",
            "module.users_signup_gateway_resource.aws_api_gateway_resource.api_resource_specific"
          ],
          "create_before_destroy": true
        }
      ]
    },
    {
      "mode": "managed",
      "type": "aws_api_gateway_gateway_response",
      "name": "default_4xx",
      "provider": "provider[\"registry.terraform.io/hashicorp/aws\"]",
      "instances": [
        {
          "schema_version": 0,
          "attributes": {
            "id": "aggr-3kixvnepjc-DEFAULT_4XX",
            "response_parameters": {
              "gatewayresponse.header.Access-Control-Allow-Headers": "'Content-Type,X-Amz-Date,Authorization,X-Api-Key,X-Amz-Security-Token'",
              "gatewayresponse.header.Access-Control-Allow-Methods": "'POST,GET,PUT,PATCH,DELETE,OPTIONS'",
              "gatewayresponse.header.Access-Control-Allow-Origin": "'*'"
            },
            "response_templates": {
              "application/json": "{\"message\":$context.error.messageString}"
            },
            "response_type": "DEFAULT_4XX",
            "rest_api_id": "3kixvnepjc",
            "status_code": ""
          },
          "sensitive_attributes": [],
          "private": "bnVsbA==",
          "dependencies": [
            "aws_api_gateway_rest_api.root_api"
          ],
          "create_before_destroy": true
        }
      ]
    },
    {
      "mode": "managed",
      "type": "aws_api_gateway_gateway_response",
      "name": "default_5xx",
      "provider": "provider[\"registry.terraform.io/hashicorp/aws\"]",
      "instances": [
        {
          "schema_version": 0,
          "attributes": {
            "id": "aggr-3kixvnepjc-DEFAULT_5XX",
            "response_parameters": {
              "gatewayresponse.header.Access-Control-Allow-Headers": "'Content-Type,X-Amz-Date,Authorization,X-Api-Key,X-Amz-Security-Token'",
              "gatewayresponse.header.Access-Control-Allow-Methods": "'POST,GET,PUT,PATCH,DELETE,OPTIONS'",
              "gatewayresponse.header.Access-Control-Allow-Origin": "'*'"
            },
            "response_templates": {
              "application/json": "{\"message\": $context.error.messageString}"
            },
            "response_type": "DEFAULT_5XX",
            "rest_api_id": "3kixvnepjc",
            "status_code": ""
          },
          "sensitive_attributes": [],
          "private": "bnVsbA==",
          "dependencies": [
            "aws_api_gateway_rest_api.root_api"
          ],
          "create_before_destroy": true
        }
      ]
    },
    {
      "mode": "managed",
      "type": "aws_api_gateway_gateway_response",
      "name": "missing_authentication_token",
      "provider": "provider[\"registry.terraform.io/hashicorp/aws\"]",
      "instances": [
        {
          "schema_version": 0,
          "attributes": {
            "id": "aggr-3kixvnepjc-MISSING_AUTHENTICATION_TOKEN",
            "response_parameters": {
              "gatewayresponse.header.Access-Control-Allow-Headers": "'Content-Type,X-Amz-Date,Authorization,X-Api-Key,X-Amz-Security-Token'",
              "gatewayresponse.header.Access-Control-Allow-Methods": "'POST,GET,PUT,PATCH,DELETE,OPTIONS'",
              "gatewayresponse.header.Access-Control-Allow-Origin": "'*'"
            },
            "response_templates": {
              "application/json": "{\"message\": \"Resource not found\"}"
            },
            "response_type": "MISSING_AUTHENTICATION_TOKEN",
            "rest_api_id": "3kixvnepjc",
            "status_code": "404"
          },
          "sensitive_attributes": [],
          "private": "bnVsbA==",
          "dependencies": [
            "aws_api_gateway_rest_api.root_api"
          ],
          "create_before_destroy": true
        }
      ]
    },
    {
      "mode": "managed",
      "type": "aws_api_gateway_gateway_response",
      "name": "unauthorized",
      "provider": "provider[\"registry.terraform.io/hashicorp/aws\"]",
      "instances": [
        {
          "schema_version": 0,
          "attributes": {
            "id": "aggr-3kixvnepjc-UNAUTHORIZED",
            "response_parameters": {
              "gatewayresponse.header.Access-Control-Allow-Headers": "'Content-Type,X-Amz-Date,Authorization,X-Api-Key,X-Amz-Security-Token'",
              "gatewayresponse.header.Access-Control-Allow-Methods": "'POST,GET,PUT,PATCH,DELETE,OPTIONS'",
              "gatewayresponse.header.Access-Control-Allow-Origin": "'*'",
              "gatewayresponse.header.Authorization": "'Basic'"
            },
            "response_templates": {
              "application/json": "{\"message\":$context.error.messageString}"
            },
            "response_type": "UNAUTHORIZED",
            "rest_api_id": "3kixvnepjc",
            "status_code": "401"
          },
          "sensitive_attributes": [],
          "private": "bnVsbA==",
          "dependencies": [
            "aws_api_gateway_rest_api.root_api"
          ],
          "create_before_destroy": true
        }
      ]
    },
    {
      "mode": "managed",
      "type": "aws_api_gateway_rest_api",
      "name": "root_api",
      "provider": "provider[\"registry.terraform.io/hashicorp/aws\"]",
      "instances": [
        {
          "schema_version": 0,
          "attributes": {
            "api_key_source": "HEADER",
            "arn": "arn:aws:apigateway:ap-southeast-1::/restapis/3kixvnepjc",
            "binary_media_types": [],
            "body": null,
            "created_date": "2022-03-24T16:25:41Z",
            "description": "",
            "disable_execute_api_endpoint": false,
            "endpoint_configuration": [
              {
                "types": [
                  "EDGE"
                ],
                "vpc_endpoint_ids": []
              }
            ],
            "execution_arn": "arn:aws:execute-api:ap-southeast-1:097947100355:3kixvnepjc",
            "id": "3kixvnepjc",
            "minimum_compression_size": -1,
            "name": "vlim-ws-chat-dev-ver-i-root-api",
            "parameters": null,
            "policy": "",
            "root_resource_id": "bgznpl2hs9",
            "tags": {},
            "tags_all": {
              "Environment": "dev",
              "Project": "vlim-ws-chat"
            }
          },
          "sensitive_attributes": [],
          "private": "bnVsbA==",
          "create_before_destroy": true
        }
      ]
    },
    {
      "mode": "managed",
      "type": "aws_api_gateway_stage",
      "name": "stage",
      "provider": "provider[\"registry.terraform.io/hashicorp/aws\"]",
      "instances": [
        {
          "schema_version": 0,
          "attributes": {
            "access_log_settings": [],
            "arn": "arn:aws:apigateway:ap-southeast-1::/restapis/3kixvnepjc/stages/dev",
            "cache_cluster_enabled": false,
            "cache_cluster_size": "",
            "client_certificate_id": "",
            "deployment_id": "gh9mhh",
            "description": "",
            "documentation_version": "",
            "execution_arn": "arn:aws:execute-api:ap-southeast-1:097947100355:3kixvnepjc/dev",
            "id": "ags-3kixvnepjc-dev",
            "invoke_url": "https://3kixvnepjc.execute-api.ap-southeast-1.amazonaws.com/dev",
            "rest_api_id": "3kixvnepjc",
            "stage_name": "dev",
            "tags": {},
            "tags_all": {
              "Environment": "dev",
              "Project": "vlim-ws-chat"
            },
            "variables": {},
            "web_acl_arn": "",
            "xray_tracing_enabled": false
          },
          "sensitive_attributes": [],
          "private": "bnVsbA==",
          "dependencies": [
            "aws_api_gateway_deployment.deployment",
            "aws_api_gateway_gateway_response.default_4xx",
            "aws_api_gateway_gateway_response.default_5xx",
            "aws_api_gateway_gateway_response.missing_authentication_token",
            "aws_api_gateway_gateway_response.unauthorized",
            "aws_api_gateway_rest_api.root_api",
            "aws_dynamodb_table.message-dynamodb-table",
            "aws_dynamodb_table.socket-connection-dynamodb-table",
            "aws_dynamodb_table.users-dynamodb-table",
            "aws_iam_role.full_access_dynamodb_lambda_role",
            "aws_lambda_function.user",
            "aws_lambda_layer_version.core_lib_layer",
            "aws_lambda_layer_version.image_processing_libs_layer",
            "aws_lambda_layer_version.python_libs_layer",
            "module.chat_engine.aws_apigatewayv2_api.socket_api_gateway",
            "module.chat_engine.aws_apigatewayv2_deployment.socket_deployment",
            "module.chat_engine.aws_apigatewayv2_stage.stage",
            "module.chat_engine.aws_iam_role.socket_lambda_role",
            "module.chat_engine.data.aws_iam_policy_document.lambda_assume_role_policy",
            "module.chat_engine.module.configuration_route.aws_apigatewayv2_integration.route_integration",
            "module.chat_engine.module.configuration_route.aws_apigatewayv2_route.route",
            "module.chat_engine.module.configuration_route.aws_lambda_function.socket_route_lambda",
            "module.chat_engine.module.connect_route.aws_apigatewayv2_integration.route_integration",
            "module.chat_engine.module.connect_route.aws_apigatewayv2_route.route",
            "module.chat_engine.module.connect_route.aws_lambda_function.socket_route_lambda",
            "module.chat_engine.module.disconnect_route.aws_apigatewayv2_integration.route_integration",
            "module.chat_engine.module.disconnect_route.aws_apigatewayv2_route.route",
            "module.chat_engine.module.disconnect_route.aws_lambda_function.socket_route_lambda",
            "module.chat_engine.module.sendmessage_route.aws_apigatewayv2_integration.route_integration",
            "module.chat_engine.module.sendmessage_route.aws_apigatewayv2_route.route",
            "module.chat_engine.module.sendmessage_route.aws_lambda_function.socket_route_lambda",
            "module.get_users_gateway_resource.aws_api_gateway_integration.api_integration",
            "module.get_users_gateway_resource.aws_api_gateway_integration.api_resource_specific_integration",
            "module.get_users_gateway_resource.aws_api_gateway_integration.options_integration",
            "module.get_users_gateway_resource.aws_api_gateway_method.api_resource_specific_method",
            "module.get_users_gateway_resource.aws_api_gateway_method.method",
            "module.get_users_gateway_resource.aws_api_gateway_method.options_method",
            "module.get_users_gateway_resource.aws_api_gateway_method_response.options_200",
            "module.get_users_gateway_resource.aws_api_gateway_resource.api_resource",
            "module.get_users_gateway_resource.aws_api_gateway_resource.api_resource_specific",
            "module.image_processing.aws_iam_role.presign_url_lambda_role",
            "module.image_processing.aws_lambda_function.image_upload_url_lambda",
            "module.image_processing.aws_s3_bucket.image_bucket",
            "module.image_processing.data.aws_iam_policy_document.lambda_assume_role_policy_docs",
            "module.image_processing.module.post_url_gateway_resource.aws_api_gateway_integration.api_integration",
            "module.image_processing.module.post_url_gateway_resource.aws_api_gateway_integration.api_resource_specific_integration",
            "module.image_processing.module.post_url_gateway_resource.aws_api_gateway_integration.options_integration",
            "module.image_processing.module.post_url_gateway_resource.aws_api_gateway_method.api_resource_specific_method",
            "module.image_processing.module.post_url_gateway_resource.aws_api_gateway_method.method",
            "module.image_processing.module.post_url_gateway_resource.aws_api_gateway_method.options_method",
            "module.image_processing.module.post_url_gateway_resource.aws_api_gateway_method_response.options_200",
            "module.image_processing.module.post_url_gateway_resource.aws_api_gateway_resource.api_resource",
            "module.image_processing.module.post_url_gateway_resource.aws_api_gateway_resource.api_resource_specific",
            "module.users_login_gateway_resource.aws_api_gateway_integration.api_integration",
            "module.users_login_gateway_resource.aws_api_gateway_integration.api_resource_specific_integration",
            "module.users_login_gateway_resource.aws_api_gateway_integration.options_integration",
            "module.users_login_gateway_resource.aws_api_gateway_method.api_resource_specific_method",
            "module.users_login_gateway_resource.aws_api_gateway_method.method",
            "module.users_login_gateway_resource.aws_api_gateway_method.options_method",
            "module.users_login_gateway_resource.aws_api_gateway_method_response.options_200",
            "module.users_login_gateway_resource.aws_api_gateway_resource.api_resource",
            "module.users_login_gateway_resource.aws_api_gateway_resource.api_resource_specific",
            "module.users_signup_gateway_resource.aws_api_gateway_integration.api_integration",
            "module.users_signup_gateway_resource.aws_api_gateway_integration.api_resource_specific_integration",
            "module.users_signup_gateway_resource.aws_api_gateway_integration.options_integration",
            "module.users_signup_gateway_resource.aws_api_gateway_method.api_resource_specific_method",
            "module.users_signup_gateway_resource.aws_api_gateway_method.method",
            "module.users_signup_gateway_resource.aws_api_gateway_method.options_method",
            "module.users_signup_gateway_resource.aws_api_gateway_method_response.options_200",
            "module.users_signup_gateway_resource.aws_api_gateway_resource.api_resource",
            "module.users_signup_gateway_resource.aws_api_gateway_resource.api_resource_specific"
          ]
        }
      ]
    },
    {
      "mode": "managed",
      "type": "aws_cloudwatch_log_group",
      "name": "user",
      "provider": "provider[\"registry.terraform.io/hashicorp/aws\"]",
      "instances": [
        {
          "schema_version": 0,
          "attributes": {
            "arn": "arn:aws:logs:ap-southeast-1:097947100355:log-group:/aws/lambda/vlim-ws-chat-dev-ver-i-user",
            "id": "/aws/lambda/vlim-ws-chat-dev-ver-i-user",
            "kms_key_id": "",
            "name": "/aws/lambda/vlim-ws-chat-dev-ver-i-user",
            "name_prefix": null,
            "retention_in_days": 7,
            "tags": {},
            "tags_all": {
              "Environment": "dev",
              "Project": "vlim-ws-chat"
            }
          },
          "sensitive_attributes": [],
          "private": "bnVsbA==",
          "dependencies": [
            "aws_dynamodb_table.message-dynamodb-table",
            "aws_dynamodb_table.socket-connection-dynamodb-table",
            "aws_dynamodb_table.users-dynamodb-table",
            "aws_iam_role.full_access_dynamodb_lambda_role",
            "aws_lambda_function.user",
            "aws_lambda_layer_version.core_lib_layer",
            "aws_lambda_layer_version.image_processing_libs_layer",
            "aws_lambda_layer_version.python_libs_layer",
            "module.chat_engine.aws_apigatewayv2_api.socket_api_gateway",
            "module.chat_engine.aws_apigatewayv2_deployment.socket_deployment",
            "module.chat_engine.aws_apigatewayv2_stage.stage",
            "module.chat_engine.aws_iam_role.socket_lambda_role",
            "module.chat_engine.data.aws_iam_policy_document.lambda_assume_role_policy",
            "module.chat_engine.module.configuration_route.aws_apigatewayv2_integration.route_integration",
            "module.chat_engine.module.configuration_route.aws_apigatewayv2_route.route",
            "module.chat_engine.module.configuration_route.aws_lambda_function.socket_route_lambda",
            "module.chat_engine.module.connect_route.aws_apigatewayv2_integration.route_integration",
            "module.chat_engine.module.connect_route.aws_apigatewayv2_route.route",
            "module.chat_engine.module.connect_route.aws_lambda_function.socket_route_lambda",
            "module.chat_engine.module.disconnect_route.aws_apigatewayv2_integration.route_integration",
            "module.chat_engine.module.disconnect_route.aws_apigatewayv2_route.route",
            "module.chat_engine.module.disconnect_route.aws_lambda_function.socket_route_lambda",
            "module.chat_engine.module.sendmessage_route.aws_apigatewayv2_integration.route_integration",
            "module.chat_engine.module.sendmessage_route.aws_apigatewayv2_route.route",
            "module.chat_engine.module.sendmessage_route.aws_lambda_function.socket_route_lambda"
          ]
        }
      ]
    },
    {
      "mode": "managed",
      "type": "aws_dynamodb_table",
      "name": "message-dynamodb-table",
      "provider": "provider[\"registry.terraform.io/hashicorp/aws\"]",
      "instances": [
        {
          "schema_version": 1,
          "attributes": {
            "arn": "arn:aws:dynamodb:ap-southeast-1:097947100355:table/vlim-ws-chat-dev-user-messages-dynamodb",
            "attribute": [
              {
                "name": "roomId",
                "type": "S"
              },
              {
                "name": "timestamp",
                "type": "N"
              }
            ],
            "billing_mode": "PROVISIONED",
            "global_secondary_index": [],
            "hash_key": "roomId",
            "id": "vlim-ws-chat-dev-user-messages-dynamodb",
            "local_secondary_index": [],
            "name": "vlim-ws-chat-dev-user-messages-dynamodb",
            "point_in_time_recovery": [
              {
                "enabled": false
              }
            ],
            "range_key": "timestamp",
            "read_capacity": 1,
            "replica": [],
            "restore_date_time": null,
            "restore_source_name": null,
            "restore_to_latest_time": null,
            "server_side_encryption": [],
            "stream_arn": "arn:aws:dynamodb:ap-southeast-1:097947100355:table/vlim-ws-chat-dev-user-messages-dynamodb/stream/2022-03-26T16:46:43.419",
            "stream_enabled": true,
            "stream_label": "2022-03-26T16:46:43.419",
            "stream_view_type": "NEW_AND_OLD_IMAGES",
            "table_class": "",
            "tags": {
              "Name": "vlim-ws-chat-dev-user-messages-dynamodb"
            },
            "tags_all": {
              "Environment": "dev",
              "Name": "vlim-ws-chat-dev-user-messages-dynamodb",
              "Project": "vlim-ws-chat"
            },
            "timeouts": null,
            "ttl": [
              {
                "attribute_name": "",
                "enabled": false
              }
            ],
            "write_capacity": 1
          },
          "sensitive_attributes": [],
          "private": "eyJlMmJmYjczMC1lY2FhLTExZTYtOGY4OC0zNDM2M2JjN2M0YzAiOnsiY3JlYXRlIjoxODAwMDAwMDAwMDAwLCJkZWxldGUiOjYwMDAwMDAwMDAwMCwidXBkYXRlIjozNjAwMDAwMDAwMDAwfSwic2NoZW1hX3ZlcnNpb24iOiIxIn0=",
          "create_before_destroy": true
        }
      ]
    },
    {
      "mode": "managed",
      "type": "aws_dynamodb_table",
      "name": "socket-connection-dynamodb-table",
      "provider": "provider[\"registry.terraform.io/hashicorp/aws\"]",
      "instances": [
        {
          "schema_version": 1,
          "attributes": {
            "arn": "arn:aws:dynamodb:ap-southeast-1:097947100355:table/vlim-ws-chat-dev-socket-connection-dynamodb",
            "attribute": [
              {
                "name": "connectionId",
                "type": "S"
              }
            ],
            "billing_mode": "PROVISIONED",
            "global_secondary_index": [],
            "hash_key": "connectionId",
            "id": "vlim-ws-chat-dev-socket-connection-dynamodb",
            "local_secondary_index": [],
            "name": "vlim-ws-chat-dev-socket-connection-dynamodb",
            "point_in_time_recovery": [
              {
                "enabled": false
              }
            ],
            "range_key": null,
            "read_capacity": 1,
            "replica": [],
            "restore_date_time": null,
            "restore_source_name": null,
            "restore_to_latest_time": null,
            "server_side_encryption": [],
            "stream_arn": "",
            "stream_enabled": false,
            "stream_label": "",
            "stream_view_type": "",
            "table_class": "",
            "tags": {
              "Name": "vlim-ws-chat-dev-users-dynamodb"
            },
            "tags_all": {
              "Environment": "dev",
              "Name": "vlim-ws-chat-dev-users-dynamodb",
              "Project": "vlim-ws-chat"
            },
            "timeouts": null,
            "ttl": [
              {
                "attribute_name": "",
                "enabled": false
              }
            ],
            "write_capacity": 1
          },
          "sensitive_attributes": [],
          "private": "eyJlMmJmYjczMC1lY2FhLTExZTYtOGY4OC0zNDM2M2JjN2M0YzAiOnsiY3JlYXRlIjoxODAwMDAwMDAwMDAwLCJkZWxldGUiOjYwMDAwMDAwMDAwMCwidXBkYXRlIjozNjAwMDAwMDAwMDAwfSwic2NoZW1hX3ZlcnNpb24iOiIxIn0=",
          "create_before_destroy": true
        }
      ]
    },
    {
      "mode": "managed",
      "type": "aws_dynamodb_table",
      "name": "users-dynamodb-table",
      "provider": "provider[\"registry.terraform.io/hashicorp/aws\"]",
      "instances": [
        {
          "schema_version": 1,
          "attributes": {
            "arn": "arn:aws:dynamodb:ap-southeast-1:097947100355:table/vlim-ws-chat-dev-users-dynamodb",
            "attribute": [
              {
                "name": "username",
                "type": "S"
              }
            ],
            "billing_mode": "PROVISIONED",
            "global_secondary_index": [],
            "hash_key": "username",
            "id": "vlim-ws-chat-dev-users-dynamodb",
            "local_secondary_index": [],
            "name": "vlim-ws-chat-dev-users-dynamodb",
            "point_in_time_recovery": [
              {
                "enabled": false
              }
            ],
            "range_key": null,
            "read_capacity": 1,
            "replica": [],
            "restore_date_time": null,
            "restore_source_name": null,
            "restore_to_latest_time": null,
            "server_side_encryption": [],
            "stream_arn": "",
            "stream_enabled": false,
            "stream_label": "",
            "stream_view_type": "",
            "table_class": "",
            "tags": {
              "Name": "vlim-ws-chat-dev-users-dynamodb"
            },
            "tags_all": {
              "Environment": "dev",
              "Name": "vlim-ws-chat-dev-users-dynamodb",
              "Project": "vlim-ws-chat"
            },
            "timeouts": {
              "create": null,
              "delete": null,
              "update": null
            },
            "ttl": [
              {
                "attribute_name": "",
                "enabled": false
              }
            ],
            "write_capacity": 1
          },
          "sensitive_attributes": [],
          "private": "eyJlMmJmYjczMC1lY2FhLTExZTYtOGY4OC0zNDM2M2JjN2M0YzAiOnsiY3JlYXRlIjoxODAwMDAwMDAwMDAwLCJkZWxldGUiOjYwMDAwMDAwMDAwMCwidXBkYXRlIjozNjAwMDAwMDAwMDAwfSwic2NoZW1hX3ZlcnNpb24iOiIxIn0=",
          "create_before_destroy": true
        }
      ]
    },
    {
      "mode": "managed",
      "type": "aws_iam_role",
      "name": "full_access_dynamodb_lambda_role",
      "provider": "provider[\"registry.terraform.io/hashicorp/aws\"]",
      "instances": [
        {
          "schema_version": 0,
          "attributes": {
            "arn": "arn:aws:iam::097947100355:role/vlim-ws-chat_dev_ver-i_full_access_dynamodb_lambda_role",
            "assume_role_policy": "{\"Version\":\"2012-10-17\",\"Statement\":[{\"Sid\":\"\",\"Effect\":\"Allow\",\"Principal\":{\"Service\":\"lambda.amazonaws.com\"},\"Action\":\"sts:AssumeRole\"}]}",
            "create_date": "2022-03-24T16:25:41Z",
            "description": "",
            "force_detach_policies": false,
            "id": "vlim-ws-chat_dev_ver-i_full_access_dynamodb_lambda_role",
            "inline_policy": [
              {
                "name": "vlim-ws-chat_dev_ver-i_full_access_dynamodb_lambda_policy",
                "policy": "{\n  \"Version\": \"2012-10-17\",\n  \"Statement\": [\n    {\n      \"Sid\": \"Stmt1646802347020\",\n      \"Action\": [\n        \"logs:*\",\n        \"dynamodb:BatchGetItem\",\n        \"dynamodb:BatchWriteItem\",\n        \"dynamodb:ConditionCheckItem\",\n        \"dynamodb:CreateBackup\",\n        \"dynamodb:CreateGlobalTable\",\n        \"dynamodb:CreateTable\",\n        \"dynamodb:CreateTableReplica\",\n        \"dynamodb:DeleteBackup\",\n        \"dynamodb:DeleteItem\",\n        \"dynamodb:DeleteTable\",\n        \"dynamodb:DeleteTableReplica\",\n        \"dynamodb:DescribeBackup\",\n        \"dynamodb:DescribeContinuousBackups\",\n        \"dynamodb:DescribeContributorInsights\",\n        \"dynamodb:DescribeExport\",\n        \"dynamodb:DescribeGlobalTable\",\n        \"dynamodb:DescribeGlobalTableSettings\",\n        \"dynamodb:DescribeKinesisStreamingDestination\",\n        \"dynamodb:DescribeLimits\",\n        \"dynamodb:DescribeReservedCapacity\",\n        \"dynamodb:DescribeReservedCapacityOfferings\",\n        \"dynamodb:DescribeStream\",\n        \"dynamodb:DescribeTable\",\n        \"dynamodb:DescribeTableReplicaAutoScaling\",\n        \"dynamodb:DescribeTimeToLive\",\n        \"dynamodb:DisableKinesisStreamingDestination\",\n        \"dynamodb:EnableKinesisStreamingDestination\",\n        \"dynamodb:ExportTableToPointInTime\",\n        \"dynamodb:GetItem\",\n        \"dynamodb:GetRecords\",\n        \"dynamodb:GetShardIterator\",\n        \"dynamodb:ListBackups\",\n        \"dynamodb:ListContributorInsights\",\n        \"dynamodb:ListExports\",\n        \"dynamodb:ListGlobalTables\",\n        \"dynamodb:ListStreams\",\n        \"dynamodb:ListTables\",\n        \"dynamodb:ListTagsOfResource\",\n        \"dynamodb:PartiQLDelete\",\n        \"dynamodb:PartiQLInsert\",\n        \"dynamodb:PartiQLSelect\",\n        \"dynamodb:PartiQLUpdate\",\n        \"dynamodb:PurchaseReservedCapacityOfferings\",\n        \"dynamodb:PutItem\",\n        \"dynamodb:Query\",\n        \"dynamodb:RestoreTableFromAwsBackup\",\n        \"dynamodb:RestoreTableFromBackup\",\n        \"dynamodb:RestoreTableToPointInTime\",\n        \"dynamodb:Scan\",\n        \"dynamodb:StartAwsBackupJob\",\n        \"dynamodb:TagResource\",\n        \"dynamodb:UntagResource\",\n        \"dynamodb:UpdateContinuousBackups\",\n        \"dynamodb:UpdateContributorInsights\",\n        \"dynamodb:UpdateGlobalTable\",\n        \"dynamodb:UpdateGlobalTableSettings\",\n        \"dynamodb:UpdateItem\",\n        \"dynamodb:UpdateTable\",\n        \"dynamodb:UpdateTableReplicaAutoScaling\",\n        \"dynamodb:UpdateTimeToLive\",\n        \"execute-api:Invoke\",\n        \"execute-api:ManageConnections\"\n      ],\n      \"Effect\": \"Allow\",\n      \"Resource\": \"*\"\n    }\n  ]\n}"
              }
            ],
            "managed_policy_arns": [],
            "max_session_duration": 3600,
            "name": "vlim-ws-chat_dev_ver-i_full_access_dynamodb_lambda_role",
            "name_prefix": "",
            "path": "/",
            "permissions_boundary": null,
            "tags": {},
            "tags_all": {
              "Environment": "dev",
              "Project": "vlim-ws-chat"
            },
            "unique_id": "AROARNTQ2ETBY2GVSOVKN"
          },
          "sensitive_attributes": [],
          "private": "bnVsbA==",
          "create_before_destroy": true
        }
      ]
    },
    {
      "mode": "managed",
      "type": "aws_iam_role",
      "name": "invocation_role",
      "provider": "provider[\"registry.terraform.io/hashicorp/aws\"]",
      "instances": [
        {
          "schema_version": 0,
          "attributes": {
            "arn": "arn:aws:iam::097947100355:role/vlim-ws-chat_dev_ver-i_api_gateway_auth_invocation",
            "assume_role_policy": "{\"Version\":\"2012-10-17\",\"Statement\":[{\"Sid\":\"\",\"Effect\":\"Allow\",\"Principal\":{\"Service\":\"lambda.amazonaws.com\"},\"Action\":\"sts:AssumeRole\"}]}",
            "create_date": "2022-03-24T16:25:41Z",
            "description": "",
            "force_detach_policies": false,
            "id": "vlim-ws-chat_dev_ver-i_api_gateway_auth_invocation",
            "inline_policy": [
              {
                "name": "vlim-ws-chat_dev_ver-i_invocation_policy",
                "policy": "{\"Statement\":[{\"Action\":\"lambda:InvokeFunction\",\"Effect\":\"Allow\",\"Resource\":\"arn:aws:lambda:ap-southeast-1:097947100355:function:vlim-ws-chat-ver-dev-i-api_gateway_authorizer\"}],\"Version\":\"2012-10-17\"}"
              }
            ],
            "managed_policy_arns": [],
            "max_session_duration": 3600,
            "name": "vlim-ws-chat_dev_ver-i_api_gateway_auth_invocation",
            "name_prefix": "",
            "path": "/",
            "permissions_boundary": null,
            "tags": {},
            "tags_all": {
              "Environment": "dev",
              "Project": "vlim-ws-chat"
            },
            "unique_id": "AROARNTQ2ETBTEKGCRNFS"
          },
          "sensitive_attributes": [],
          "private": "bnVsbA=="
        }
      ]
    },
    {
      "mode": "managed",
      "type": "aws_iam_role",
      "name": "lambda_assume_role",
      "provider": "provider[\"registry.terraform.io/hashicorp/aws\"]",
      "instances": [
        {
          "schema_version": 0,
          "attributes": {
            "arn": "arn:aws:iam::097947100355:role/vlim-ws-chat_dev_ver-i_lambda_role",
            "assume_role_policy": "{\"Version\":\"2012-10-17\",\"Statement\":[{\"Sid\":\"\",\"Effect\":\"Allow\",\"Principal\":{\"Service\":\"lambda.amazonaws.com\"},\"Action\":\"sts:AssumeRole\"}]}",
            "create_date": "2022-03-24T16:25:42Z",
            "description": "",
            "force_detach_policies": false,
            "id": "vlim-ws-chat_dev_ver-i_lambda_role",
            "inline_policy": [
              {
                "name": "vlim-ws-chat_lambda_assume_policy_dev_ver-i",
                "policy": "{\n  \"Version\": \"2012-10-17\",\n  \"Statement\": [\n    {\n      \"Sid\": \"Stmt1636620306577\",\n      \"Action\": \"logs:*\",\n      \"Effect\": \"Allow\",\n      \"Resource\": \"*\"\n    }\n  ]\n}"
              }
            ],
            "managed_policy_arns": [],
            "max_session_duration": 3600,
            "name": "vlim-ws-chat_dev_ver-i_lambda_role",
            "name_prefix": "",
            "path": "/",
            "permissions_boundary": null,
            "tags": {},
            "tags_all": {
              "Environment": "dev",
              "Project": "vlim-ws-chat"
            },
            "unique_id": "AROARNTQ2ETBUAVU5MAQN"
          },
          "sensitive_attributes": [],
          "private": "bnVsbA=="
        }
      ]
    },
    {
      "mode": "managed",
      "type": "aws_iam_role_policy",
      "name": "full_access_dynamodb_lambda_policy",
      "provider": "provider[\"registry.terraform.io/hashicorp/aws\"]",
      "instances": [
        {
          "schema_version": 0,
          "attributes": {
            "id": "vlim-ws-chat_dev_ver-i_full_access_dynamodb_lambda_role:vlim-ws-chat_dev_ver-i_full_access_dynamodb_lambda_policy",
            "name": "vlim-ws-chat_dev_ver-i_full_access_dynamodb_lambda_policy",
            "name_prefix": null,
            "policy": "{\n  \"Version\": \"2012-10-17\",\n  \"Statement\": [\n    {\n      \"Sid\": \"Stmt1646802347020\",\n      \"Action\": [\n        \"logs:*\",\n        \"dynamodb:BatchGetItem\",\n        \"dynamodb:BatchWriteItem\",\n        \"dynamodb:ConditionCheckItem\",\n        \"dynamodb:CreateBackup\",\n        \"dynamodb:CreateGlobalTable\",\n        \"dynamodb:CreateTable\",\n        \"dynamodb:CreateTableReplica\",\n        \"dynamodb:DeleteBackup\",\n        \"dynamodb:DeleteItem\",\n        \"dynamodb:DeleteTable\",\n        \"dynamodb:DeleteTableReplica\",\n        \"dynamodb:DescribeBackup\",\n        \"dynamodb:DescribeContinuousBackups\",\n        \"dynamodb:DescribeContributorInsights\",\n        \"dynamodb:DescribeExport\",\n        \"dynamodb:DescribeGlobalTable\",\n        \"dynamodb:DescribeGlobalTableSettings\",\n        \"dynamodb:DescribeKinesisStreamingDestination\",\n        \"dynamodb:DescribeLimits\",\n        \"dynamodb:DescribeReservedCapacity\",\n        \"dynamodb:DescribeReservedCapacityOfferings\",\n        \"dynamodb:DescribeStream\",\n        \"dynamodb:DescribeTable\",\n        \"dynamodb:DescribeTableReplicaAutoScaling\",\n        \"dynamodb:DescribeTimeToLive\",\n        \"dynamodb:DisableKinesisStreamingDestination\",\n        \"dynamodb:EnableKinesisStreamingDestination\",\n        \"dynamodb:ExportTableToPointInTime\",\n        \"dynamodb:GetItem\",\n        \"dynamodb:GetRecords\",\n        \"dynamodb:GetShardIterator\",\n        \"dynamodb:ListBackups\",\n        \"dynamodb:ListContributorInsights\",\n        \"dynamodb:ListExports\",\n        \"dynamodb:ListGlobalTables\",\n        \"dynamodb:ListStreams\",\n        \"dynamodb:ListTables\",\n        \"dynamodb:ListTagsOfResource\",\n        \"dynamodb:PartiQLDelete\",\n        \"dynamodb:PartiQLInsert\",\n        \"dynamodb:PartiQLSelect\",\n        \"dynamodb:PartiQLUpdate\",\n        \"dynamodb:PurchaseReservedCapacityOfferings\",\n        \"dynamodb:PutItem\",\n        \"dynamodb:Query\",\n        \"dynamodb:RestoreTableFromAwsBackup\",\n        \"dynamodb:RestoreTableFromBackup\",\n        \"dynamodb:RestoreTableToPointInTime\",\n        \"dynamodb:Scan\",\n        \"dynamodb:StartAwsBackupJob\",\n        \"dynamodb:TagResource\",\n        \"dynamodb:UntagResource\",\n        \"dynamodb:UpdateContinuousBackups\",\n        \"dynamodb:UpdateContributorInsights\",\n        \"dynamodb:UpdateGlobalTable\",\n        \"dynamodb:UpdateGlobalTableSettings\",\n        \"dynamodb:UpdateItem\",\n        \"dynamodb:UpdateTable\",\n        \"dynamodb:UpdateTableReplicaAutoScaling\",\n        \"dynamodb:UpdateTimeToLive\",\n        \"execute-api:Invoke\",\n        \"execute-api:ManageConnections\"\n      ],\n      \"Effect\": \"Allow\",\n      \"Resource\": \"*\"\n    }\n  ]\n}",
            "role": "vlim-ws-chat_dev_ver-i_full_access_dynamodb_lambda_role"
          },
          "sensitive_attributes": [],
          "private": "bnVsbA==",
          "dependencies": [
            "aws_iam_role.full_access_dynamodb_lambda_role"
          ]
        }
      ]
    },
    {
      "mode": "managed",
      "type": "aws_iam_role_policy",
      "name": "invocation_policy",
      "provider": "provider[\"registry.terraform.io/hashicorp/aws\"]",
      "instances": [
        {
          "schema_version": 0,
          "attributes": {
            "id": "vlim-ws-chat_dev_ver-i_api_gateway_auth_invocation:vlim-ws-chat_dev_ver-i_invocation_policy",
            "name": "vlim-ws-chat_dev_ver-i_invocation_policy",
            "name_prefix": null,
            "policy": "{\"Statement\":[{\"Action\":\"lambda:InvokeFunction\",\"Effect\":\"Allow\",\"Resource\":\"arn:aws:lambda:ap-southeast-1:097947100355:function:vlim-ws-chat-ver-dev-i-api_gateway_authorizer\"}],\"Version\":\"2012-10-17\"}",
            "role": "vlim-ws-chat_dev_ver-i_api_gateway_auth_invocation"
          },
          "sensitive_attributes": [],
          "private": "bnVsbA==",
          "dependencies": [
            "aws_iam_role.invocation_role",
            "aws_iam_role.lambda_assume_role",
            "aws_lambda_function.authorizer"
          ]
        }
      ]
    },
    {
      "mode": "managed",
      "type": "aws_iam_role_policy",
      "name": "lambda_assume_policy",
      "provider": "provider[\"registry.terraform.io/hashicorp/aws\"]",
      "instances": [
        {
          "schema_version": 0,
          "attributes": {
            "id": "vlim-ws-chat_dev_ver-i_lambda_role:vlim-ws-chat_lambda_assume_policy_dev_ver-i",
            "name": "vlim-ws-chat_lambda_assume_policy_dev_ver-i",
            "name_prefix": null,
            "policy": "{\n  \"Version\": \"2012-10-17\",\n  \"Statement\": [\n    {\n      \"Sid\": \"Stmt1636620306577\",\n      \"Action\": \"logs:*\",\n      \"Effect\": \"Allow\",\n      \"Resource\": \"*\"\n    }\n  ]\n}",
            "role": "vlim-ws-chat_dev_ver-i_lambda_role"
          },
          "sensitive_attributes": [],
          "private": "bnVsbA==",
          "dependencies": [
            "aws_iam_role.lambda_assume_role"
          ]
        }
      ]
    },
    {
      "mode": "managed",
      "type": "aws_lambda_function",
      "name": "authorizer",
      "provider": "provider[\"registry.terraform.io/hashicorp/aws\"]",
      "instances": [
        {
          "schema_version": 0,
          "attributes": {
            "architectures": [
              "x86_64"
            ],
            "arn": "arn:aws:lambda:ap-southeast-1:097947100355:function:vlim-ws-chat-ver-dev-i-api_gateway_authorizer",
            "code_signing_config_arn": "",
            "dead_letter_config": [],
            "description": "",
            "environment": [],
            "file_system_config": [],
            "filename": "outputs/api-gateway-authorizer-lambda.zip",
            "function_name": "vlim-ws-chat-ver-dev-i-api_gateway_authorizer",
            "handler": "authenticate.user_login",
            "id": "vlim-ws-chat-ver-dev-i-api_gateway_authorizer",
            "image_config": [],
            "image_uri": "",
            "invoke_arn": "arn:aws:apigateway:ap-southeast-1:lambda:path/2015-03-31/functions/arn:aws:lambda:ap-southeast-1:097947100355:function:vlim-ws-chat-ver-dev-i-api_gateway_authorizer/invocations",
            "kms_key_arn": "",
            "last_modified": "2022-03-26T15:32:55.594+0000",
            "layers": [],
            "memory_size": 128,
            "package_type": "Zip",
            "publish": false,
            "qualified_arn": "arn:aws:lambda:ap-southeast-1:097947100355:function:vlim-ws-chat-ver-dev-i-api_gateway_authorizer:$LATEST",
            "reserved_concurrent_executions": -1,
            "role": "arn:aws:iam::097947100355:role/vlim-ws-chat_dev_ver-i_lambda_role",
            "runtime": "python3.8",
            "s3_bucket": null,
            "s3_key": null,
            "s3_object_version": null,
            "signing_job_arn": "",
            "signing_profile_version_arn": "",
            "source_code_hash": "hdSRkVl+QBjdQUE7b4rKgm7fpexe0PFlfmBuTkbT/FA=",
            "source_code_size": 602,
            "tags": {
              "function_name": "vlim-ws-chat-ver-dev-i-api_gateway_authorizer",
              "service": "vlim-ws-chat"
            },
            "tags_all": {
              "Environment": "dev",
              "Project": "vlim-ws-chat",
              "function_name": "vlim-ws-chat-ver-dev-i-api_gateway_authorizer",
              "service": "vlim-ws-chat"
            },
            "timeout": 3,
            "timeouts": null,
            "tracing_config": [
              {
                "mode": "PassThrough"
              }
            ],
            "version": "$LATEST",
            "vpc_config": []
          },
          "sensitive_attributes": [],
          "private": "eyJlMmJmYjczMC1lY2FhLTExZTYtOGY4OC0zNDM2M2JjN2M0YzAiOnsiY3JlYXRlIjo2MDAwMDAwMDAwMDB9fQ==",
          "dependencies": [
            "aws_iam_role.lambda_assume_role"
          ]
        }
      ]
    },
    {
      "mode": "managed",
      "type": "aws_lambda_function",
      "name": "user",
      "provider": "provider[\"registry.terraform.io/hashicorp/aws\"]",
      "instances": [
        {
          "schema_version": 0,
          "attributes": {
            "architectures": [
              "x86_64"
            ],
            "arn": "arn:aws:lambda:ap-southeast-1:097947100355:function:vlim-ws-chat-dev-ver-i-user",
            "code_signing_config_arn": "",
            "dead_letter_config": [],
            "description": "",
            "environment": [
              {
                "variables": {
                  "CONNECTION_TABLE_NAME": "vlim-ws-chat-dev-socket-connection-dynamodb",
                  "IS_USING_LOCAL_DYNAMODB": "0",
                  "SECRET_KEY": "62fec8f63ccfeeb60149f4c49fbcda10",
                  "SOCKET_URL": "https://7wkf4olvsa.execute-api.ap-southeast-1.amazonaws.com/dev",
                  "STAGE_NAME": "dev",
                  "USER_MESSAGE_TABLE_NAME": "vlim-ws-chat-dev-user-messages-dynamodb",
                  "USER_TABLE_NAME": "vlim-ws-chat-dev-users-dynamodb"
                }
              }
            ],
            "file_system_config": [],
            "filename": "outputs/user-lambda.zip",
            "function_name": "vlim-ws-chat-dev-ver-i-user",
            "handler": "handler.lambda_handler",
            "id": "vlim-ws-chat-dev-ver-i-user",
            "image_config": [],
            "image_uri": "",
            "invoke_arn": "arn:aws:apigateway:ap-southeast-1:lambda:path/2015-03-31/functions/arn:aws:lambda:ap-southeast-1:097947100355:function:vlim-ws-chat-dev-ver-i-user/invocations",
            "kms_key_arn": "",
            "last_modified": "2022-03-26T16:46:50.000+0000",
            "layers": [
              "arn:aws:lambda:ap-southeast-1:097947100355:layer:vlim-ws-chat-dev-ver-i-CoreLibs:4",
              "arn:aws:lambda:ap-southeast-1:097947100355:layer:vlim-ws-chat-dev-ver-i-PythonLibs:2"
            ],
            "memory_size": 128,
            "package_type": "Zip",
            "publish": false,
            "qualified_arn": "arn:aws:lambda:ap-southeast-1:097947100355:function:vlim-ws-chat-dev-ver-i-user:$LATEST",
            "reserved_concurrent_executions": -1,
            "role": "arn:aws:iam::097947100355:role/vlim-ws-chat_dev_ver-i_full_access_dynamodb_lambda_role",
            "runtime": "python3.8",
            "s3_bucket": null,
            "s3_key": null,
            "s3_object_version": null,
            "signing_job_arn": "",
            "signing_profile_version_arn": "",
            "source_code_hash": "aJc7vQFrmL9aSsXAcFRh4Kf1w4Z8OryeCYPIiUNEIjY=",
            "source_code_size": 394,
            "tags": {
              "function_name": "vlim-ws-chat-dev-ver-i-user",
              "service": "vlim-ws-chat"
            },
            "tags_all": {
              "Environment": "dev",
              "Project": "vlim-ws-chat",
              "function_name": "vlim-ws-chat-dev-ver-i-user",
              "service": "vlim-ws-chat"
            },
            "timeout": 3,
            "timeouts": null,
            "tracing_config": [
              {
                "mode": "PassThrough"
              }
            ],
            "version": "$LATEST",
            "vpc_config": []
          },
          "sensitive_attributes": [],
          "private": "eyJlMmJmYjczMC1lY2FhLTExZTYtOGY4OC0zNDM2M2JjN2M0YzAiOnsiY3JlYXRlIjo2MDAwMDAwMDAwMDB9fQ==",
          "dependencies": [
            "aws_dynamodb_table.message-dynamodb-table",
            "aws_dynamodb_table.socket-connection-dynamodb-table",
            "aws_dynamodb_table.users-dynamodb-table",
            "aws_iam_role.full_access_dynamodb_lambda_role",
            "aws_lambda_layer_version.core_lib_layer",
            "aws_lambda_layer_version.image_processing_libs_layer",
            "aws_lambda_layer_version.python_libs_layer",
            "module.chat_engine.aws_apigatewayv2_api.socket_api_gateway",
            "module.chat_engine.aws_apigatewayv2_deployment.socket_deployment",
            "module.chat_engine.aws_apigatewayv2_stage.stage",
            "module.chat_engine.aws_iam_role.socket_lambda_role",
            "module.chat_engine.data.aws_iam_policy_document.lambda_assume_role_policy",
            "module.chat_engine.module.configuration_route.aws_apigatewayv2_integration.route_integration",
            "module.chat_engine.module.configuration_route.aws_apigatewayv2_route.route",
            "module.chat_engine.module.configuration_route.aws_lambda_function.socket_route_lambda",
            "module.chat_engine.module.connect_route.aws_apigatewayv2_integration.route_integration",
            "module.chat_engine.module.connect_route.aws_apigatewayv2_route.route",
            "module.chat_engine.module.connect_route.aws_lambda_function.socket_route_lambda",
            "module.chat_engine.module.disconnect_route.aws_apigatewayv2_integration.route_integration",
            "module.chat_engine.module.disconnect_route.aws_apigatewayv2_route.route",
            "module.chat_engine.module.disconnect_route.aws_lambda_function.socket_route_lambda",
            "module.chat_engine.module.sendmessage_route.aws_apigatewayv2_integration.route_integration",
            "module.chat_engine.module.sendmessage_route.aws_apigatewayv2_route.route",
            "module.chat_engine.module.sendmessage_route.aws_lambda_function.socket_route_lambda"
          ],
          "create_before_destroy": true
        }
      ]
    },
    {
      "mode": "managed",
      "type": "aws_lambda_layer_version",
      "name": "core_lib_layer",
      "provider": "provider[\"registry.terraform.io/hashicorp/aws\"]",
      "instances": [
        {
          "schema_version": 0,
          "attributes": {
            "arn": "arn:aws:lambda:ap-southeast-1:097947100355:layer:vlim-ws-chat-dev-ver-i-CoreLibs:4",
            "compatible_architectures": [],
            "compatible_runtimes": [
              "python3.8"
            ],
            "created_date": "2022-03-25T07:22:04.317+0000",
            "description": "",
            "filename": "outputs/core_lib_layer.zip",
            "id": "arn:aws:lambda:ap-southeast-1:097947100355:layer:vlim-ws-chat-dev-ver-i-CoreLibs:4",
            "layer_arn": "arn:aws:lambda:ap-southeast-1:097947100355:layer:vlim-ws-chat-dev-ver-i-CoreLibs",
            "layer_name": "vlim-ws-chat-dev-ver-i-CoreLibs",
            "license_info": "",
            "s3_bucket": null,
            "s3_key": null,
            "s3_object_version": null,
            "signing_job_arn": "",
            "signing_profile_version_arn": "",
            "skip_destroy": false,
            "source_code_hash": "wMxl6hTqLSAkVJR4zO6PtbYxHgKYrfNasang0GMk/7M=",
            "source_code_size": 21857,
            "version": "4"
          },
          "sensitive_attributes": [],
          "private": "bnVsbA==",
          "create_before_destroy": true
        }
      ]
    },
    {
      "mode": "managed",
      "type": "aws_lambda_layer_version",
      "name": "image_processing_libs_layer",
      "provider": "provider[\"registry.terraform.io/hashicorp/aws\"]",
      "instances": [
        {
          "schema_version": 0,
          "attributes": {
            "arn": "arn:aws:lambda:ap-southeast-1:097947100355:layer:vlim-ws-chat-dev-ver-i-ImageProcessingLibs:2",
            "compatible_architectures": [],
            "compatible_runtimes": [
              "python3.8"
            ],
            "created_date": "2022-03-24T16:26:02.122+0000",
            "description": "",
            "filename": "outputs/image_processing_libs_layer.zip",
            "id": "arn:aws:lambda:ap-southeast-1:097947100355:layer:vlim-ws-chat-dev-ver-i-ImageProcessingLibs:2",
            "layer_arn": "arn:aws:lambda:ap-southeast-1:097947100355:layer:vlim-ws-chat-dev-ver-i-ImageProcessingLibs",
            "layer_name": "vlim-ws-chat-dev-ver-i-ImageProcessingLibs",
            "license_info": "",
            "s3_bucket": null,
            "s3_key": null,
            "s3_object_version": null,
            "signing_job_arn": "",
            "signing_profile_version_arn": "",
            "skip_destroy": false,
            "source_code_hash": "QCcoV9BuimsC6Qokb5qbYTv/ZVAGVLc0PcAbGlCdpSA=",
            "source_code_size": 4270704,
            "version": "2"
          },
          "sensitive_attributes": [],
          "private": "bnVsbA==",
          "create_before_destroy": true
        }
      ]
    },
    {
      "mode": "managed",
      "type": "aws_lambda_layer_version",
      "name": "python_libs_layer",
      "provider": "provider[\"registry.terraform.io/hashicorp/aws\"]",
      "instances": [
        {
          "schema_version": 0,
          "attributes": {
            "arn": "arn:aws:lambda:ap-southeast-1:097947100355:layer:vlim-ws-chat-dev-ver-i-PythonLibs:2",
            "compatible_architectures": [],
            "compatible_runtimes": [
              "python3.8"
            ],
            "created_date": "2022-03-24T16:25:56.672+0000",
            "description": "",
            "filename": "outputs/python_libs_layer.zip",
            "id": "arn:aws:lambda:ap-southeast-1:097947100355:layer:vlim-ws-chat-dev-ver-i-PythonLibs:2",
            "layer_arn": "arn:aws:lambda:ap-southeast-1:097947100355:layer:vlim-ws-chat-dev-ver-i-PythonLibs",
            "layer_name": "vlim-ws-chat-dev-ver-i-PythonLibs",
            "license_info": "",
            "s3_bucket": null,
            "s3_key": null,
            "s3_object_version": null,
            "signing_job_arn": "",
            "signing_profile_version_arn": "",
            "skip_destroy": false,
            "source_code_hash": "JI60OTrJfiu09ZdtRk6d9VKf6Fz7UzyM/GurKHxu98Y=",
            "source_code_size": 18681343,
            "version": "2"
          },
          "sensitive_attributes": [],
          "private": "bnVsbA==",
          "create_before_destroy": true
        }
      ]
    },
    {
      "mode": "managed",
      "type": "aws_s3_bucket",
      "name": "webpage_bucket",
      "provider": "provider[\"registry.terraform.io/hashicorp/aws\"]",
      "instances": [
        {
          "schema_version": 0,
          "attributes": {
            "acceleration_status": "",
            "acl": "private",
            "arn": "arn:aws:s3:::dev.vlim-ws-chat.vlim.co",
            "bucket": "dev.vlim-ws-chat.vlim.co",
            "bucket_domain_name": "dev.vlim-ws-chat.vlim.co.s3.amazonaws.com",
            "bucket_prefix": null,
            "bucket_regional_domain_name": "dev.vlim-ws-chat.vlim.co.s3.ap-southeast-1.amazonaws.com",
            "cors_rule": [
              {
                "allowed_headers": [
                  "*"
                ],
                "allowed_methods": [
                  "POST",
                  "GET",
                  "PUT"
                ],
                "allowed_origins": [
                  "*"
                ],
                "expose_headers": [
                  "ETag",
                  "x-amz-server-side-encryption",
                  "x-amz-request-id",
                  "x-amz-id-2"
                ],
                "max_age_seconds": 3000
              }
            ],
            "force_destroy": true,
            "grant": [
              {
                "id": "",
                "permissions": [
                  "READ"
                ],
                "type": "Group",
                "uri": "http://acs.amazonaws.com/groups/global/AllUsers"
              },
              {
                "id": "1dfef05d296b7baadeb6ef942159abd6776f0ac99a224cb9e6ad666236d64eb9",
                "permissions": [
                  "FULL_CONTROL"
                ],
                "type": "CanonicalUser",
                "uri": ""
              }
            ],
            "hosted_zone_id": "Z3O0J2DXBE1FTB",
            "id": "dev.vlim-ws-chat.vlim.co",
            "lifecycle_rule": [],
            "logging": [],
            "object_lock_configuration": [],
            "object_lock_enabled": false,
            "policy": "{\"Version\":\"2012-10-17\",\"Statement\":[{\"Sid\":\"allow_access_from_public-image_bucket\",\"Effect\":\"Allow\",\"Principal\":\"*\",\"Action\":[\"s3:ListBucket\",\"s3:GetObject\"],\"Resource\":[\"arn:aws:s3:::dev.vlim-ws-chat.vlim.co/*\",\"arn:aws:s3:::dev.vlim-ws-chat.vlim.co\"]}]}",
            "region": "ap-southeast-1",
            "replication_configuration": [],
            "request_payer": "BucketOwner",
            "server_side_encryption_configuration": [],
            "tags": {},
            "tags_all": {
              "Environment": "dev",
              "Project": "vlim-ws-chat"
            },
            "versioning": [
              {
                "enabled": false,
                "mfa_delete": false
              }
            ],
            "website": [
              {
                "error_document": "index.html",
                "index_document": "index.html",
                "redirect_all_requests_to": "",
                "routing_rules": ""
              }
            ],
            "website_domain": "s3-website-ap-southeast-1.amazonaws.com",
            "website_endpoint": "dev.vlim-ws-chat.vlim.co.s3-website-ap-southeast-1.amazonaws.com"
          },
          "sensitive_attributes": [],
          "private": "bnVsbA=="
        }
      ]
    },
    {
      "mode": "managed",
      "type": "aws_s3_bucket_acl",
      "name": "bucket_acl",
      "provider": "provider[\"registry.terraform.io/hashicorp/aws\"]",
      "instances": [
        {
          "schema_version": 0,
          "attributes": {
            "access_control_policy": [
              {
                "grant": [
                  {
                    "grantee": [
                      {
                        "display_name": "",
                        "email_address": "",
                        "id": "",
                        "type": "Group",
                        "uri": "http://acs.amazonaws.com/groups/global/AllUsers"
                      }
                    ],
                    "permission": "READ"
                  },
                  {
                    "grantee": [
                      {
                        "display_name": "aws1.vlim",
                        "email_address": "",
                        "id": "1dfef05d296b7baadeb6ef942159abd6776f0ac99a224cb9e6ad666236d64eb9",
                        "type": "CanonicalUser",
                        "uri": ""
                      }
                    ],
                    "permission": "FULL_CONTROL"
                  }
                ],
                "owner": [
                  {
                    "display_name": "aws1.vlim",
                    "id": "1dfef05d296b7baadeb6ef942159abd6776f0ac99a224cb9e6ad666236d64eb9"
                  }
                ]
              }
            ],
            "acl": "public-read",
            "bucket": "dev.vlim-ws-chat.vlim.co",
            "expected_bucket_owner": "",
            "id": "dev.vlim-ws-chat.vlim.co,public-read"
          },
          "sensitive_attributes": [],
          "private": "bnVsbA==",
          "dependencies": [
            "aws_s3_bucket.webpage_bucket"
          ]
        }
      ]
    },
    {
      "mode": "managed",
      "type": "aws_s3_bucket_cors_configuration",
      "name": "bucket_cors_configuration",
      "provider": "provider[\"registry.terraform.io/hashicorp/aws\"]",
      "instances": [
        {
          "schema_version": 0,
          "attributes": {
            "bucket": "dev.vlim-ws-chat.vlim.co",
            "cors_rule": [
              {
                "allowed_headers": [
                  "*"
                ],
                "allowed_methods": [
                  "GET",
                  "POST",
                  "PUT"
                ],
                "allowed_origins": [
                  "*"
                ],
                "expose_headers": [
                  "ETag",
                  "x-amz-id-2",
                  "x-amz-request-id",
                  "x-amz-server-side-encryption"
                ],
                "id": "",
                "max_age_seconds": 3000
              }
            ],
            "expected_bucket_owner": "",
            "id": "dev.vlim-ws-chat.vlim.co"
          },
          "sensitive_attributes": [],
          "private": "bnVsbA==",
          "dependencies": [
            "aws_s3_bucket.webpage_bucket"
          ]
        }
      ]
    },
    {
      "mode": "managed",
      "type": "aws_s3_bucket_policy",
      "name": "allow_access_public",
      "provider": "provider[\"registry.terraform.io/hashicorp/aws\"]",
      "instances": [
        {
          "schema_version": 0,
          "attributes": {
            "bucket": "dev.vlim-ws-chat.vlim.co",
            "id": "dev.vlim-ws-chat.vlim.co",
            "policy": "{\"Statement\":[{\"Action\":[\"s3:ListBucket\",\"s3:GetObject\"],\"Effect\":\"Allow\",\"Principal\":\"*\",\"Resource\":[\"arn:aws:s3:::dev.vlim-ws-chat.vlim.co/*\",\"arn:aws:s3:::dev.vlim-ws-chat.vlim.co\"],\"Sid\":\"allow_access_from_public-image_bucket\"}],\"Version\":\"2012-10-17\"}"
          },
          "sensitive_attributes": [],
          "private": "bnVsbA==",
          "dependencies": [
            "aws_s3_bucket.webpage_bucket",
            "data.aws_iam_policy_document.allow_access_from_public"
          ]
        }
      ]
    },
    {
      "mode": "managed",
      "type": "aws_s3_bucket_website_configuration",
      "name": "website_configuration",
      "provider": "provider[\"registry.terraform.io/hashicorp/aws\"]",
      "instances": [
        {
          "schema_version": 0,
          "attributes": {
            "bucket": "dev.vlim-ws-chat.vlim.co",
            "error_document": [
              {
                "key": "index.html"
              }
            ],
            "expected_bucket_owner": "",
            "id": "dev.vlim-ws-chat.vlim.co",
            "index_document": [
              {
                "suffix": "index.html"
              }
            ],
            "redirect_all_requests_to": [],
            "routing_rule": [],
            "website_domain": "s3-website-ap-southeast-1.amazonaws.com",
            "website_endpoint": "dev.vlim-ws-chat.vlim.co.s3-website-ap-southeast-1.amazonaws.com"
          },
          "sensitive_attributes": [],
          "private": "bnVsbA==",
          "dependencies": [
            "aws_s3_bucket.webpage_bucket"
          ]
        }
      ]
    },
    {
      "module": "module.chat_engine",
      "mode": "data",
      "type": "archive_file",
      "name": "message-response-lambda-archive",
      "provider": "provider[\"registry.terraform.io/hashicorp/archive\"]",
      "instances": [
        {
          "schema_version": 0,
          "attributes": {
            "excludes": null,
            "id": "46443d961c94ed1a44f881f4ee3d48e3a431f261",
            "output_base64sha256": "FnMLCbkZX6zDRPG+l1wvWOokuXPBM13mAZf9burtWF8=",
            "output_file_mode": null,
            "output_md5": "169a110b98407dc52dcf11f7f4a46e5d",
            "output_path": "outputs/message-response-lambda.zip",
            "output_sha": "46443d961c94ed1a44f881f4ee3d48e3a431f261",
            "output_size": 888,
            "source": [],
            "source_content": null,
            "source_content_filename": null,
            "source_dir": null,
            "source_file": "../pysendmessage/message_response.py",
            "type": "zip"
          },
          "sensitive_attributes": []
        }
      ]
    },
    {
      "module": "module.chat_engine",
      "mode": "data",
      "type": "aws_iam_policy_document",
      "name": "lambda_assume_role_policy",
      "provider": "provider[\"registry.terraform.io/hashicorp/aws\"]",
      "instances": [
        {
          "schema_version": 0,
          "attributes": {
            "id": "3693445097",
            "json": "{\n  \"Version\": \"2012-10-17\",\n  \"Statement\": [\n    {\n      \"Sid\": \"\",\n      \"Effect\": \"Allow\",\n      \"Action\": \"sts:AssumeRole\",\n      \"Principal\": {\n        \"Service\": \"lambda.amazonaws.com\"\n      }\n    }\n  ]\n}",
            "override_json": null,
            "override_policy_documents": null,
            "policy_id": null,
            "source_json": null,
            "source_policy_documents": null,
            "statement": [
              {
                "actions": [
                  "sts:AssumeRole"
                ],
                "condition": [],
                "effect": "Allow",
                "not_actions": [],
                "not_principals": [],
                "not_resources": [],
                "principals": [
                  {
                    "identifiers": [
                      "lambda.amazonaws.com"
                    ],
                    "type": "Service"
                  }
                ],
                "resources": [],
                "sid": ""
              }
            ],
            "version": "2012-10-17"
          },
          "sensitive_attributes": []
        }
      ]
    },
    {
      "module": "module.chat_engine",
      "mode": "data",
      "type": "aws_iam_policy_document",
      "name": "lambda_manage_socket_connection_role_policy",
      "provider": "provider[\"registry.terraform.io/hashicorp/aws\"]",
      "instances": [
        {
          "schema_version": 0,
          "attributes": {
            "id": "2038466245",
            "json": "{\n  \"Version\": \"2012-10-17\",\n  \"Statement\": [\n    {\n      \"Sid\": \"\",\n      \"Effect\": \"Allow\",\n      \"Action\": \"execute-api:ManageConnections\",\n      \"Resource\": \"arn:aws:execute-api:ap-southeast-1:097947100355:7wkf4olvsa/*\"\n    }\n  ]\n}",
            "override_json": null,
            "override_policy_documents": null,
            "policy_id": null,
            "source_json": null,
            "source_policy_documents": null,
            "statement": [
              {
                "actions": [
                  "execute-api:ManageConnections"
                ],
                "condition": [],
                "effect": "Allow",
                "not_actions": [],
                "not_principals": [],
                "not_resources": [],
                "principals": [],
                "resources": [
                  "arn:aws:execute-api:ap-southeast-1:097947100355:7wkf4olvsa/*"
                ],
                "sid": ""
              }
            ],
            "version": "2012-10-17"
          },
          "sensitive_attributes": []
        }
      ]
    },
    {
      "module": "module.chat_engine",
      "mode": "managed",
      "type": "aws_apigatewayv2_api",
      "name": "socket_api_gateway",
      "provider": "provider[\"registry.terraform.io/hashicorp/aws\"]",
      "instances": [
        {
          "schema_version": 0,
          "attributes": {
            "api_endpoint": "wss://7wkf4olvsa.execute-api.ap-southeast-1.amazonaws.com",
            "api_key_selection_expression": "$request.header.x-api-key",
            "arn": "arn:aws:apigateway:ap-southeast-1::/apis/7wkf4olvsa",
            "body": null,
            "cors_configuration": [],
            "credentials_arn": null,
            "description": "",
            "disable_execute_api_endpoint": false,
            "execution_arn": "arn:aws:execute-api:ap-southeast-1:097947100355:7wkf4olvsa",
            "fail_on_warnings": null,
            "id": "7wkf4olvsa",
            "name": "vlim-ws-chat-chat-engine-dev",
            "protocol_type": "WEBSOCKET",
            "route_key": null,
            "route_selection_expression": "$request.body.action",
            "tags": {},
            "tags_all": {
              "Environment": "dev",
              "Project": "vlim-ws-chat"
            },
            "target": null,
            "version": ""
          },
          "sensitive_attributes": [],
          "private": "bnVsbA==",
          "create_before_destroy": true
        }
      ]
    },
    {
      "module": "module.chat_engine",
      "mode": "managed",
      "type": "aws_apigatewayv2_deployment",
      "name": "socket_deployment",
      "provider": "provider[\"registry.terraform.io/hashicorp/aws\"]",
      "instances": [
        {
          "schema_version": 0,
          "attributes": {
            "api_id": "7wkf4olvsa",
            "auto_deployed": false,
            "description": "",
            "id": "b01lc7",
            "triggers": {
              "redeployment": "7337bcf1ceaf8ad7acaeba0134f2640fb9c2f3f8"
            }
          },
          "sensitive_attributes": [],
          "private": "bnVsbA==",
          "dependencies": [
            "aws_dynamodb_table.message-dynamodb-table",
            "aws_dynamodb_table.socket-connection-dynamodb-table",
            "aws_dynamodb_table.users-dynamodb-table",
            "aws_lambda_layer_version.core_lib_layer",
            "aws_lambda_layer_version.image_processing_libs_layer",
            "aws_lambda_layer_version.python_libs_layer",
            "module.chat_engine.aws_apigatewayv2_api.socket_api_gateway",
            "module.chat_engine.aws_iam_role.socket_lambda_role",
            "module.chat_engine.data.aws_iam_policy_document.lambda_assume_role_policy",
            "module.chat_engine.module.configuration_route.aws_apigatewayv2_integration.route_integration",
            "module.chat_engine.module.configuration_route.aws_apigatewayv2_route.route",
            "module.chat_engine.module.configuration_route.aws_lambda_function.socket_route_lambda",
            "module.chat_engine.module.connect_route.aws_apigatewayv2_integration.route_integration",
            "module.chat_engine.module.connect_route.aws_apigatewayv2_route.route",
            "module.chat_engine.module.connect_route.aws_lambda_function.socket_route_lambda",
            "module.chat_engine.module.disconnect_route.aws_apigatewayv2_integration.route_integration",
            "module.chat_engine.module.disconnect_route.aws_apigatewayv2_route.route",
            "module.chat_engine.module.disconnect_route.aws_lambda_function.socket_route_lambda",
            "module.chat_engine.module.sendmessage_route.aws_apigatewayv2_integration.route_integration",
            "module.chat_engine.module.sendmessage_route.aws_apigatewayv2_route.route",
            "module.chat_engine.module.sendmessage_route.aws_lambda_function.socket_route_lambda"
          ],
          "create_before_destroy": true
        }
      ]
    },
    {
      "module": "module.chat_engine",
      "mode": "managed",
      "type": "aws_apigatewayv2_stage",
      "name": "stage",
      "provider": "provider[\"registry.terraform.io/hashicorp/aws\"]",
      "instances": [
        {
          "schema_version": 0,
          "attributes": {
            "access_log_settings": [],
            "api_id": "7wkf4olvsa",
            "arn": "arn:aws:apigateway:ap-southeast-1::/apis/7wkf4olvsa/stages/dev",
            "auto_deploy": false,
            "client_certificate_id": "",
            "default_route_settings": [
              {
                "data_trace_enabled": false,
                "detailed_metrics_enabled": false,
                "logging_level": "ERROR",
                "throttling_burst_limit": 5000,
                "throttling_rate_limit": 10000
              }
            ],
            "deployment_id": "b01lc7",
            "description": "",
            "execution_arn": "arn:aws:execute-api:ap-southeast-1:097947100355:7wkf4olvsa/dev",
            "id": "dev",
            "invoke_url": "wss://7wkf4olvsa.execute-api.ap-southeast-1.amazonaws.com/dev",
            "name": "dev",
            "route_settings": [],
            "stage_variables": {},
            "tags": {},
            "tags_all": {
              "Environment": "dev",
              "Project": "vlim-ws-chat"
            }
          },
          "sensitive_attributes": [],
          "private": "bnVsbA==",
          "dependencies": [
            "aws_dynamodb_table.message-dynamodb-table",
            "aws_dynamodb_table.socket-connection-dynamodb-table",
            "aws_dynamodb_table.users-dynamodb-table",
            "aws_lambda_layer_version.core_lib_layer",
            "aws_lambda_layer_version.image_processing_libs_layer",
            "aws_lambda_layer_version.python_libs_layer",
            "module.chat_engine.aws_apigatewayv2_api.socket_api_gateway",
            "module.chat_engine.aws_apigatewayv2_deployment.socket_deployment",
            "module.chat_engine.aws_iam_role.socket_lambda_role",
            "module.chat_engine.data.aws_iam_policy_document.lambda_assume_role_policy",
            "module.chat_engine.module.configuration_route.aws_apigatewayv2_integration.route_integration",
            "module.chat_engine.module.configuration_route.aws_apigatewayv2_route.route",
            "module.chat_engine.module.configuration_route.aws_lambda_function.socket_route_lambda",
            "module.chat_engine.module.connect_route.aws_apigatewayv2_integration.route_integration",
            "module.chat_engine.module.connect_route.aws_apigatewayv2_route.route",
            "module.chat_engine.module.connect_route.aws_lambda_function.socket_route_lambda",
            "module.chat_engine.module.disconnect_route.aws_apigatewayv2_integration.route_integration",
            "module.chat_engine.module.disconnect_route.aws_apigatewayv2_route.route",
            "module.chat_engine.module.disconnect_route.aws_lambda_function.socket_route_lambda",
            "module.chat_engine.module.sendmessage_route.aws_apigatewayv2_integration.route_integration",
            "module.chat_engine.module.sendmessage_route.aws_apigatewayv2_route.route",
            "module.chat_engine.module.sendmessage_route.aws_lambda_function.socket_route_lambda"
          ],
          "create_before_destroy": true
        }
      ]
    },
    {
      "module": "module.chat_engine",
      "mode": "managed",
      "type": "aws_cloudwatch_log_group",
      "name": "message_response",
      "provider": "provider[\"registry.terraform.io/hashicorp/aws\"]",
      "instances": [
        {
          "schema_version": 0,
          "attributes": {
            "arn": "arn:aws:logs:ap-southeast-1:097947100355:log-group:/aws/lambda/vlim-ws-chat-dev-ver-i-message_response",
            "id": "/aws/lambda/vlim-ws-chat-dev-ver-i-message_response",
            "kms_key_id": "",
            "name": "/aws/lambda/vlim-ws-chat-dev-ver-i-message_response",
            "name_prefix": null,
            "retention_in_days": 30,
            "tags": {},
            "tags_all": {
              "Environment": "dev",
              "Project": "vlim-ws-chat"
            }
          },
          "sensitive_attributes": [],
          "private": "bnVsbA==",
          "dependencies": [
            "aws_dynamodb_table.message-dynamodb-table",
            "aws_dynamodb_table.socket-connection-dynamodb-table",
            "aws_dynamodb_table.users-dynamodb-table",
            "aws_lambda_layer_version.core_lib_layer",
            "aws_lambda_layer_version.image_processing_libs_layer",
            "aws_lambda_layer_version.python_libs_layer",
            "module.chat_engine.aws_apigatewayv2_api.socket_api_gateway",
            "module.chat_engine.aws_apigatewayv2_deployment.socket_deployment",
            "module.chat_engine.aws_apigatewayv2_stage.stage",
            "module.chat_engine.aws_iam_role.message_response_lambda_assume_role",
            "module.chat_engine.aws_iam_role.socket_lambda_role",
            "module.chat_engine.aws_lambda_function.message_response_lambda",
            "module.chat_engine.data.aws_iam_policy_document.lambda_assume_role_policy",
            "module.chat_engine.module.configuration_route.aws_apigatewayv2_integration.route_integration",
            "module.chat_engine.module.configuration_route.aws_apigatewayv2_route.route",
            "module.chat_engine.module.configuration_route.aws_lambda_function.socket_route_lambda",
            "module.chat_engine.module.connect_route.aws_apigatewayv2_integration.route_integration",
            "module.chat_engine.module.connect_route.aws_apigatewayv2_route.route",
            "module.chat_engine.module.connect_route.aws_lambda_function.socket_route_lambda",
            "module.chat_engine.module.disconnect_route.aws_apigatewayv2_integration.route_integration",
            "module.chat_engine.module.disconnect_route.aws_apigatewayv2_route.route",
            "module.chat_engine.module.disconnect_route.aws_lambda_function.socket_route_lambda",
            "module.chat_engine.module.sendmessage_route.aws_apigatewayv2_integration.route_integration",
            "module.chat_engine.module.sendmessage_route.aws_apigatewayv2_route.route",
            "module.chat_engine.module.sendmessage_route.aws_lambda_function.socket_route_lambda"
          ]
        }
      ]
    },
    {
      "module": "module.chat_engine",
      "mode": "managed",
      "type": "aws_iam_role",
      "name": "message_response_lambda_assume_role",
      "provider": "provider[\"registry.terraform.io/hashicorp/aws\"]",
      "instances": [
        {
          "schema_version": 0,
          "attributes": {
            "arn": "arn:aws:iam::097947100355:role/vlim-ws-chat_chat-engine_dev_message_response_lambda_assume_role",
            "assume_role_policy": "{\"Version\":\"2012-10-17\",\"Statement\":[{\"Sid\":\"\",\"Effect\":\"Allow\",\"Principal\":{\"Service\":\"lambda.amazonaws.com\"},\"Action\":\"sts:AssumeRole\"}]}",
            "create_date": "2022-03-26T17:06:39Z",
            "description": "",
            "force_detach_policies": false,
            "id": "vlim-ws-chat_chat-engine_dev_message_response_lambda_assume_role",
            "inline_policy": [
              {
                "name": "ManageConnections",
                "policy": "{\n  \"Version\": \"2012-10-17\",\n  \"Statement\": [\n    {\n      \"Sid\": \"\",\n      \"Effect\": \"Allow\",\n      \"Action\": \"execute-api:ManageConnections\",\n      \"Resource\": \"arn:aws:execute-api:ap-southeast-1:097947100355:7wkf4olvsa/*\"\n    }\n  ]\n}"
              },
              {
                "name": "vlim-ws-chat-dev-lambda-dynamodb_event_read_policy",
                "policy": "{\"Statement\":[{\"Action\":[\"logs:*\"],\"Effect\":\"Allow\",\"Resource\":[\"arn:aws:logs:*:*:*\"]},{\"Action\":[\"dynamodb:GetItem\",\"dynamodb:DeleteItem\",\"dynamodb:PutItem\",\"dynamodb:Scan\",\"dynamodb:Query\",\"dynamodb:UpdateItem\",\"dynamodb:GetRecords\",\"dynamodb:BatchWriteItem\",\"dynamodb:BatchGetItem\",\"dynamodb:DescribeTable\",\"dynamodb:ConditionCheckItem\",\"dynamodb:GetShardIterator\",\"dynamodb:DescribeStream\",\"dynamodb:ListStreams\"],\"Effect\":\"Allow\",\"Resource\":[\"arn:aws:dynamodb:ap-southeast-1:097947100355:table/vlim-ws-chat-dev-socket-connection-dynamodb\",\"arn:aws:dynamodb:ap-southeast-1:097947100355:table/vlim-ws-chat-dev-socket-connection-dynamodb/index/*\",\"arn:aws:dynamodb:ap-southeast-1:097947100355:table/vlim-ws-chat-dev-user-messages-dynamodb\",\"arn:aws:dynamodb:ap-southeast-1:097947100355:table/vlim-ws-chat-dev-user-messages-dynamodb/index/*\",\"arn:aws:dynamodb:ap-southeast-1:097947100355:table/vlim-ws-chat-dev-user-messages-dynamodb/stream/*\",\"arn:aws:dynamodb:ap-southeast-1:097947100355:table/vlim-ws-chat-dev-users-dynamodb\",\"arn:aws:dynamodb:ap-southeast-1:097947100355:table/vlim-ws-chat-dev-users-dynamodb/index/*\"]}]}"
              },
              {
                "name": "vlim-ws-chat_chat-engine_dev_message_response_manageConnections_lambda_policy",
                "policy": "{\n  \"Version\": \"2012-10-17\",\n  \"Statement\": [\n    {\n      \"Sid\": \"\",\n      \"Effect\": \"Allow\",\n      \"Action\": \"execute-api:ManageConnections\",\n      \"Resource\": \"arn:aws:execute-api:ap-southeast-1:097947100355:7wkf4olvsa/*\"\n    }\n  ]\n}"
              }
            ],
            "managed_policy_arns": [],
            "max_session_duration": 3600,
            "name": "vlim-ws-chat_chat-engine_dev_message_response_lambda_assume_role",
            "name_prefix": "",
            "path": "/",
            "permissions_boundary": null,
            "tags": {},
            "tags_all": {
              "Environment": "dev",
              "Project": "vlim-ws-chat"
            },
            "unique_id": "AROARNTQ2ETBW2GZ6OBMO"
          },
          "sensitive_attributes": [],
          "private": "bnVsbA==",
          "dependencies": [
            "module.chat_engine.data.aws_iam_policy_document.lambda_assume_role_policy"
          ],
          "create_before_destroy": true
        }
      ]
    },
    {
      "module": "module.chat_engine",
      "mode": "managed",
      "type": "aws_iam_role",
      "name": "socket_lambda_role",
      "provider": "provider[\"registry.terraform.io/hashicorp/aws\"]",
      "instances": [
        {
          "schema_version": 0,
          "attributes": {
            "arn": "arn:aws:iam::097947100355:role/vlim-ws-chat_chat-engine_dev_lambda_role",
            "assume_role_policy": "{\"Version\":\"2012-10-17\",\"Statement\":[{\"Sid\":\"\",\"Effect\":\"Allow\",\"Principal\":{\"Service\":\"lambda.amazonaws.com\"},\"Action\":\"sts:AssumeRole\"}]}",
            "create_date": "2022-03-25T03:56:55Z",
            "description": "",
            "force_detach_policies": false,
            "id": "vlim-ws-chat_chat-engine_dev_lambda_role",
            "inline_policy": [
              {
                "name": "vlim-ws-chat_chat-engine_dev_lambda_dynamodb_policy",
                "policy": "{\"Statement\":[{\"Action\":[\"dynamodb:GetItem\",\"dynamodb:DeleteItem\",\"dynamodb:PutItem\",\"dynamodb:Scan\",\"dynamodb:Query\",\"dynamodb:UpdateItem\",\"dynamodb:BatchWriteItem\",\"dynamodb:BatchGetItem\",\"dynamodb:DescribeTable\",\"dynamodb:ConditionCheckItem\"],\"Effect\":\"Allow\",\"Resource\":[\"arn:aws:dynamodb:ap-southeast-1:097947100355:table/vlim-ws-chat-dev-socket-connection-dynamodb\",\"arn:aws:dynamodb:ap-southeast-1:097947100355:table/vlim-ws-chat-dev-socket-connection-dynamodb/index/*\",\"arn:aws:dynamodb:ap-southeast-1:097947100355:table/vlim-ws-chat-dev-user-messages-dynamodb\",\"arn:aws:dynamodb:ap-southeast-1:097947100355:table/vlim-ws-chat-dev-user-messages-dynamodb/index/*\",\"arn:aws:dynamodb:ap-southeast-1:097947100355:table/vlim-ws-chat-dev-users-dynamodb\",\"arn:aws:dynamodb:ap-southeast-1:097947100355:table/vlim-ws-chat-dev-users-dynamodb/index/*\"]}]}"
              },
              {
                "name": "vlim-ws-chat_chat-engine_dev_lambda_logs_policy",
                "policy": "{\"Statement\":[{\"Action\":\"logs:*\",\"Effect\":\"Allow\",\"Resource\":\"*\",\"Sid\":\"Stmt1636620306577\"}],\"Version\":\"2012-10-17\"}"
              },
              {
                "name": "vlim-ws-chat_chat-engine_dev_socket_lambda_policy",
                "policy": "{\n  \"Version\": \"2012-10-17\",\n  \"Statement\": [\n    {\n      \"Sid\": \"\",\n      \"Effect\": \"Allow\",\n      \"Action\": \"execute-api:ManageConnections\",\n      \"Resource\": \"arn:aws:execute-api:ap-southeast-1:097947100355:7wkf4olvsa/*\"\n    }\n  ]\n}"
              }
            ],
            "managed_policy_arns": [],
            "max_session_duration": 3600,
            "name": "vlim-ws-chat_chat-engine_dev_lambda_role",
            "name_prefix": "",
            "path": "/",
            "permissions_boundary": null,
            "tags": {},
            "tags_all": {
              "Environment": "dev",
              "Project": "vlim-ws-chat"
            },
            "unique_id": "AROARNTQ2ETB23VSYT2Y5"
          },
          "sensitive_attributes": [],
          "private": "bnVsbA==",
          "dependencies": [
            "module.chat_engine.data.aws_iam_policy_document.lambda_assume_role_policy"
          ],
          "create_before_destroy": true
        }
      ]
    },
    {
      "module": "module.chat_engine",
      "mode": "managed",
      "type": "aws_iam_role_policy",
      "name": "dynamodb_event_read_policy",
      "provider": "provider[\"registry.terraform.io/hashicorp/aws\"]",
      "instances": [
        {
          "schema_version": 0,
          "attributes": {
            "id": "vlim-ws-chat_chat-engine_dev_message_response_lambda_assume_role:vlim-ws-chat-dev-lambda-dynamodb_event_read_policy",
            "name": "vlim-ws-chat-dev-lambda-dynamodb_event_read_policy",
            "name_prefix": null,
            "policy": "{\"Statement\":[{\"Action\":[\"logs:*\"],\"Effect\":\"Allow\",\"Resource\":[\"arn:aws:logs:*:*:*\"]},{\"Action\":[\"dynamodb:GetItem\",\"dynamodb:DeleteItem\",\"dynamodb:PutItem\",\"dynamodb:Scan\",\"dynamodb:Query\",\"dynamodb:UpdateItem\",\"dynamodb:GetRecords\",\"dynamodb:BatchWriteItem\",\"dynamodb:BatchGetItem\",\"dynamodb:DescribeTable\",\"dynamodb:ConditionCheckItem\",\"dynamodb:GetShardIterator\",\"dynamodb:DescribeStream\",\"dynamodb:ListStreams\"],\"Effect\":\"Allow\",\"Resource\":[\"arn:aws:dynamodb:ap-southeast-1:097947100355:table/vlim-ws-chat-dev-socket-connection-dynamodb\",\"arn:aws:dynamodb:ap-southeast-1:097947100355:table/vlim-ws-chat-dev-socket-connection-dynamodb/index/*\",\"arn:aws:dynamodb:ap-southeast-1:097947100355:table/vlim-ws-chat-dev-user-messages-dynamodb\",\"arn:aws:dynamodb:ap-southeast-1:097947100355:table/vlim-ws-chat-dev-user-messages-dynamodb/index/*\",\"arn:aws:dynamodb:ap-southeast-1:097947100355:table/vlim-ws-chat-dev-user-messages-dynamodb/stream/*\",\"arn:aws:dynamodb:ap-southeast-1:097947100355:table/vlim-ws-chat-dev-users-dynamodb\",\"arn:aws:dynamodb:ap-southeast-1:097947100355:table/vlim-ws-chat-dev-users-dynamodb/index/*\"]}]}",
            "role": "vlim-ws-chat_chat-engine_dev_message_response_lambda_assume_role"
          },
          "sensitive_attributes": [],
          "private": "bnVsbA==",
          "dependencies": [
            "aws_dynamodb_table.message-dynamodb-table",
            "aws_dynamodb_table.socket-connection-dynamodb-table",
            "aws_dynamodb_table.users-dynamodb-table",
            "module.chat_engine.aws_iam_role.message_response_lambda_assume_role",
            "module.chat_engine.data.aws_iam_policy_document.lambda_assume_role_policy"
          ]
        }
      ]
    },
    {
      "module": "module.chat_engine",
      "mode": "managed",
      "type": "aws_iam_role_policy",
      "name": "lambda_dynamodb_policy",
      "provider": "provider[\"registry.terraform.io/hashicorp/aws\"]",
      "instances": [
        {
          "schema_version": 0,
          "attributes": {
            "id": "vlim-ws-chat_chat-engine_dev_lambda_role:vlim-ws-chat_chat-engine_dev_lambda_dynamodb_policy",
            "name": "vlim-ws-chat_chat-engine_dev_lambda_dynamodb_policy",
            "name_prefix": null,
            "policy": "{\"Statement\":[{\"Action\":[\"dynamodb:GetItem\",\"dynamodb:DeleteItem\",\"dynamodb:PutItem\",\"dynamodb:Scan\",\"dynamodb:Query\",\"dynamodb:UpdateItem\",\"dynamodb:BatchWriteItem\",\"dynamodb:BatchGetItem\",\"dynamodb:DescribeTable\",\"dynamodb:ConditionCheckItem\"],\"Effect\":\"Allow\",\"Resource\":[\"arn:aws:dynamodb:ap-southeast-1:097947100355:table/vlim-ws-chat-dev-socket-connection-dynamodb\",\"arn:aws:dynamodb:ap-southeast-1:097947100355:table/vlim-ws-chat-dev-socket-connection-dynamodb/index/*\",\"arn:aws:dynamodb:ap-southeast-1:097947100355:table/vlim-ws-chat-dev-user-messages-dynamodb\",\"arn:aws:dynamodb:ap-southeast-1:097947100355:table/vlim-ws-chat-dev-user-messages-dynamodb/index/*\",\"arn:aws:dynamodb:ap-southeast-1:097947100355:table/vlim-ws-chat-dev-users-dynamodb\",\"arn:aws:dynamodb:ap-southeast-1:097947100355:table/vlim-ws-chat-dev-users-dynamodb/index/*\"]}]}",
            "role": "vlim-ws-chat_chat-engine_dev_lambda_role"
          },
          "sensitive_attributes": [],
          "private": "bnVsbA==",
          "dependencies": [
            "aws_dynamodb_table.message-dynamodb-table",
            "aws_dynamodb_table.socket-connection-dynamodb-table",
            "aws_dynamodb_table.users-dynamodb-table",
            "module.chat_engine.aws_iam_role.socket_lambda_role",
            "module.chat_engine.data.aws_iam_policy_document.lambda_assume_role_policy"
          ]
        }
      ]
    },
    {
      "module": "module.chat_engine",
      "mode": "managed",
      "type": "aws_iam_role_policy",
      "name": "lambda_logs_policy",
      "provider": "provider[\"registry.terraform.io/hashicorp/aws\"]",
      "instances": [
        {
          "schema_version": 0,
          "attributes": {
            "id": "vlim-ws-chat_chat-engine_dev_lambda_role:vlim-ws-chat_chat-engine_dev_lambda_logs_policy",
            "name": "vlim-ws-chat_chat-engine_dev_lambda_logs_policy",
            "name_prefix": null,
            "policy": "{\"Statement\":[{\"Action\":\"logs:*\",\"Effect\":\"Allow\",\"Resource\":\"*\",\"Sid\":\"Stmt1636620306577\"}],\"Version\":\"2012-10-17\"}",
            "role": "vlim-ws-chat_chat-engine_dev_lambda_role"
          },
          "sensitive_attributes": [],
          "private": "bnVsbA==",
          "dependencies": [
            "module.chat_engine.aws_iam_role.socket_lambda_role",
            "module.chat_engine.data.aws_iam_policy_document.lambda_assume_role_policy"
          ]
        }
      ]
    },
    {
      "module": "module.chat_engine",
      "mode": "managed",
      "type": "aws_iam_role_policy",
      "name": "message_response_manageConnections_lambda_policy",
      "provider": "provider[\"registry.terraform.io/hashicorp/aws\"]",
      "instances": [
        {
          "schema_version": 0,
          "attributes": {
            "id": "vlim-ws-chat_chat-engine_dev_message_response_lambda_assume_role:vlim-ws-chat_chat-engine_dev_message_response_manageConnections_lambda_policy",
            "name": "vlim-ws-chat_chat-engine_dev_message_response_manageConnections_lambda_policy",
            "name_prefix": null,
            "policy": "{\n  \"Version\": \"2012-10-17\",\n  \"Statement\": [\n    {\n      \"Sid\": \"\",\n      \"Effect\": \"Allow\",\n      \"Action\": \"execute-api:ManageConnections\",\n      \"Resource\": \"arn:aws:execute-api:ap-southeast-1:097947100355:7wkf4olvsa/*\"\n    }\n  ]\n}",
            "role": "vlim-ws-chat_chat-engine_dev_message_response_lambda_assume_role"
          },
          "sensitive_attributes": [],
          "private": "bnVsbA==",
          "dependencies": [
            "module.chat_engine.aws_apigatewayv2_api.socket_api_gateway",
            "module.chat_engine.aws_iam_role.message_response_lambda_assume_role",
            "module.chat_engine.data.aws_iam_policy_document.lambda_assume_role_policy",
            "module.chat_engine.data.aws_iam_policy_document.lambda_manage_socket_connection_role_policy"
          ]
        }
      ]
    },
    {
      "module": "module.chat_engine",
      "mode": "managed",
      "type": "aws_iam_role_policy",
      "name": "socket_lambda_policy",
      "provider": "provider[\"registry.terraform.io/hashicorp/aws\"]",
      "instances": [
        {
          "schema_version": 0,
          "attributes": {
            "id": "vlim-ws-chat_chat-engine_dev_lambda_role:vlim-ws-chat_chat-engine_dev_socket_lambda_policy",
            "name": "vlim-ws-chat_chat-engine_dev_socket_lambda_policy",
            "name_prefix": null,
            "policy": "{\n  \"Version\": \"2012-10-17\",\n  \"Statement\": [\n    {\n      \"Sid\": \"\",\n      \"Effect\": \"Allow\",\n      \"Action\": \"execute-api:ManageConnections\",\n      \"Resource\": \"arn:aws:execute-api:ap-southeast-1:097947100355:7wkf4olvsa/*\"\n    }\n  ]\n}",
            "role": "vlim-ws-chat_chat-engine_dev_lambda_role"
          },
          "sensitive_attributes": [],
          "private": "bnVsbA==",
          "dependencies": [
            "module.chat_engine.aws_apigatewayv2_api.socket_api_gateway",
            "module.chat_engine.aws_iam_role.socket_lambda_role",
            "module.chat_engine.data.aws_iam_policy_document.lambda_assume_role_policy",
            "module.chat_engine.data.aws_iam_policy_document.lambda_manage_socket_connection_role_policy"
          ]
        }
      ]
    },
    {
      "module": "module.chat_engine",
      "mode": "managed",
      "type": "aws_lambda_event_source_mapping",
      "name": "message_db_source_mapping",
      "provider": "provider[\"registry.terraform.io/hashicorp/aws\"]",
      "instances": [
        {
          "schema_version": 0,
          "attributes": {
            "batch_size": 100,
            "bisect_batch_on_function_error": false,
            "destination_config": [
              {
                "on_failure": [
                  {
                    "destination_arn": null
                  }
                ]
              }
            ],
            "enabled": true,
            "event_source_arn": "arn:aws:dynamodb:ap-southeast-1:097947100355:table/vlim-ws-chat-dev-user-messages-dynamodb/stream/2022-03-26T16:46:43.419",
            "filter_criteria": [],
            "function_arn": "arn:aws:lambda:ap-southeast-1:097947100355:function:vlim-ws-chat-dev-ver-i-message_response",
            "function_name": "arn:aws:lambda:ap-southeast-1:097947100355:function:vlim-ws-chat-dev-ver-i-message_response",
            "function_response_types": [],
            "id": "1931c867-f290-4606-b948-8e2dc1cdc137",
            "last_modified": "2022-03-26T18:12:00Z",
            "last_processing_result": "OK",
            "maximum_batching_window_in_seconds": 0,
            "maximum_record_age_in_seconds": -1,
            "maximum_retry_attempts": 2,
            "parallelization_factor": 1,
            "queues": [],
            "self_managed_event_source": [],
            "source_access_configuration": [],
            "starting_position": "LATEST",
            "starting_position_timestamp": "",
            "state": "Enabled",
            "state_transition_reason": "User action",
            "topics": [],
            "tumbling_window_in_seconds": 0,
            "uuid": "1931c867-f290-4606-b948-8e2dc1cdc137"
          },
          "sensitive_attributes": [],
          "private": "bnVsbA==",
          "dependencies": [
            "aws_dynamodb_table.message-dynamodb-table",
            "aws_dynamodb_table.socket-connection-dynamodb-table",
            "aws_dynamodb_table.users-dynamodb-table",
            "aws_lambda_layer_version.core_lib_layer",
            "aws_lambda_layer_version.image_processing_libs_layer",
            "aws_lambda_layer_version.python_libs_layer",
            "module.chat_engine.aws_apigatewayv2_api.socket_api_gateway",
            "module.chat_engine.aws_apigatewayv2_deployment.socket_deployment",
            "module.chat_engine.aws_apigatewayv2_stage.stage",
            "module.chat_engine.aws_iam_role.message_response_lambda_assume_role",
            "module.chat_engine.aws_iam_role.socket_lambda_role",
            "module.chat_engine.aws_lambda_function.message_response_lambda",
            "module.chat_engine.data.aws_iam_policy_document.lambda_assume_role_policy",
            "module.chat_engine.module.configuration_route.aws_apigatewayv2_integration.route_integration",
            "module.chat_engine.module.configuration_route.aws_apigatewayv2_route.route",
            "module.chat_engine.module.configuration_route.aws_lambda_function.socket_route_lambda",
            "module.chat_engine.module.connect_route.aws_apigatewayv2_integration.route_integration",
            "module.chat_engine.module.connect_route.aws_apigatewayv2_route.route",
            "module.chat_engine.module.connect_route.aws_lambda_function.socket_route_lambda",
            "module.chat_engine.module.disconnect_route.aws_apigatewayv2_integration.route_integration",
            "module.chat_engine.module.disconnect_route.aws_apigatewayv2_route.route",
            "module.chat_engine.module.disconnect_route.aws_lambda_function.socket_route_lambda",
            "module.chat_engine.module.sendmessage_route.aws_apigatewayv2_integration.route_integration",
            "module.chat_engine.module.sendmessage_route.aws_apigatewayv2_route.route",
            "module.chat_engine.module.sendmessage_route.aws_lambda_function.socket_route_lambda"
          ]
        }
      ]
    },
    {
      "module": "module.chat_engine",
      "mode": "managed",
      "type": "aws_lambda_function",
      "name": "message_response_lambda",
      "provider": "provider[\"registry.terraform.io/hashicorp/aws\"]",
      "instances": [
        {
          "schema_version": 0,
          "attributes": {
            "architectures": [
              "x86_64"
            ],
            "arn": "arn:aws:lambda:ap-southeast-1:097947100355:function:vlim-ws-chat-dev-ver-i-message_response",
            "code_signing_config_arn": "",
            "dead_letter_config": [],
            "description": "",
            "environment": [
              {
                "variables": {
                  "CONNECTION_TABLE_NAME": "vlim-ws-chat-dev-socket-connection-dynamodb",
                  "IS_USING_LOCAL_DYNAMODB": "0",
                  "SECRET_KEY": "62fec8f63ccfeeb60149f4c49fbcda10",
                  "SOCKET_URL": "https://7wkf4olvsa.execute-api.ap-southeast-1.amazonaws.com/dev",
                  "STAGE_NAME": "dev",
                  "USER_MESSAGE_TABLE_NAME": "vlim-ws-chat-dev-user-messages-dynamodb"
                }
              }
            ],
            "file_system_config": [],
            "filename": "outputs/message-response-lambda.zip",
            "function_name": "vlim-ws-chat-dev-ver-i-message_response",
            "handler": "message_response.handler",
            "id": "vlim-ws-chat-dev-ver-i-message_response",
            "image_config": [],
            "image_uri": "",
            "invoke_arn": "arn:aws:apigateway:ap-southeast-1:lambda:path/2015-03-31/functions/arn:aws:lambda:ap-southeast-1:097947100355:function:vlim-ws-chat-dev-ver-i-message_response/invocations",
            "kms_key_arn": "",
            "last_modified": "2022-03-27T12:19:20.000+0000",
            "layers": [
              "arn:aws:lambda:ap-southeast-1:097947100355:layer:vlim-ws-chat-dev-ver-i-CoreLibs:4",
              "arn:aws:lambda:ap-southeast-1:097947100355:layer:vlim-ws-chat-dev-ver-i-PythonLibs:2"
            ],
            "memory_size": 128,
            "package_type": "Zip",
            "publish": false,
            "qualified_arn": "arn:aws:lambda:ap-southeast-1:097947100355:function:vlim-ws-chat-dev-ver-i-message_response:$LATEST",
            "reserved_concurrent_executions": -1,
            "role": "arn:aws:iam::097947100355:role/vlim-ws-chat_chat-engine_dev_message_response_lambda_assume_role",
            "runtime": "python3.9",
            "s3_bucket": null,
            "s3_key": null,
            "s3_object_version": null,
            "signing_job_arn": "",
            "signing_profile_version_arn": "",
            "source_code_hash": "FnMLCbkZX6zDRPG+l1wvWOokuXPBM13mAZf9burtWF8=",
            "source_code_size": 888,
            "tags": {
              "function_name": "vlim-ws-chat-dev-ver-i-message_response",
              "service": "chat-engine"
            },
            "tags_all": {
              "Environment": "dev",
              "Project": "vlim-ws-chat",
              "function_name": "vlim-ws-chat-dev-ver-i-message_response",
              "service": "chat-engine"
            },
            "timeout": 90,
            "timeouts": null,
            "tracing_config": [
              {
                "mode": "PassThrough"
              }
            ],
            "version": "$LATEST",
            "vpc_config": []
          },
          "sensitive_attributes": [],
          "private": "eyJlMmJmYjczMC1lY2FhLTExZTYtOGY4OC0zNDM2M2JjN2M0YzAiOnsiY3JlYXRlIjo2MDAwMDAwMDAwMDB9fQ==",
          "dependencies": [
            "aws_dynamodb_table.message-dynamodb-table",
            "aws_dynamodb_table.socket-connection-dynamodb-table",
            "aws_dynamodb_table.users-dynamodb-table",
            "aws_lambda_layer_version.core_lib_layer",
            "aws_lambda_layer_version.image_processing_libs_layer",
            "aws_lambda_layer_version.python_libs_layer",
            "module.chat_engine.aws_apigatewayv2_api.socket_api_gateway",
            "module.chat_engine.aws_apigatewayv2_deployment.socket_deployment",
            "module.chat_engine.aws_apigatewayv2_stage.stage",
            "module.chat_engine.aws_iam_role.message_response_lambda_assume_role",
            "module.chat_engine.aws_iam_role.socket_lambda_role",
            "module.chat_engine.data.aws_iam_policy_document.lambda_assume_role_policy",
            "module.chat_engine.module.configuration_route.aws_apigatewayv2_integration.route_integration",
            "module.chat_engine.module.configuration_route.aws_apigatewayv2_route.route",
            "module.chat_engine.module.configuration_route.aws_lambda_function.socket_route_lambda",
            "module.chat_engine.module.connect_route.aws_apigatewayv2_integration.route_integration",
            "module.chat_engine.module.connect_route.aws_apigatewayv2_route.route",
            "module.chat_engine.module.connect_route.aws_lambda_function.socket_route_lambda",
            "module.chat_engine.module.disconnect_route.aws_apigatewayv2_integration.route_integration",
            "module.chat_engine.module.disconnect_route.aws_apigatewayv2_route.route",
            "module.chat_engine.module.disconnect_route.aws_lambda_function.socket_route_lambda",
            "module.chat_engine.module.sendmessage_route.aws_apigatewayv2_integration.route_integration",
            "module.chat_engine.module.sendmessage_route.aws_apigatewayv2_route.route",
            "module.chat_engine.module.sendmessage_route.aws_lambda_function.socket_route_lambda"
          ],
          "create_before_destroy": true
        }
      ]
    },
    {
      "module": "module.chat_engine.module.configuration_route",
      "mode": "data",
      "type": "archive_file",
      "name": "socket-route-lambda-archive",
      "provider": "provider[\"registry.terraform.io/hashicorp/archive\"]",
      "instances": [
        {
          "schema_version": 0,
          "attributes": {
            "excludes": null,
            "id": "d6bbc230f1f6e9dc6a11b4e07d8875dae5008ddd",
            "output_base64sha256": "CZW0dGR3bPrVFnCeYWlBxDxfKRaJ4sgswp4vbCHLO7w=",
            "output_file_mode": null,
            "output_md5": "c5683b8e2303df03f6299b02f7714a1c",
            "output_path": "outputs/socket-configuration-route-lambda.zip",
            "output_sha": "d6bbc230f1f6e9dc6a11b4e07d8875dae5008ddd",
            "output_size": 1707,
            "source": [],
            "source_content": null,
            "source_content_filename": null,
            "source_dir": null,
            "source_file": "../configuration/app.py",
            "type": "zip"
          },
          "sensitive_attributes": []
        }
      ]
    },
    {
      "module": "module.chat_engine.module.configuration_route",
      "mode": "managed",
      "type": "aws_apigatewayv2_integration",
      "name": "route_integration",
      "provider": "provider[\"registry.terraform.io/hashicorp/aws\"]",
      "instances": [
        {
          "schema_version": 0,
          "attributes": {
            "api_id": "7wkf4olvsa",
            "connection_id": "",
            "connection_type": "INTERNET",
            "content_handling_strategy": "",
            "credentials_arn": "",
            "description": "configuration integration",
            "id": "18oh1a7",
            "integration_method": "POST",
            "integration_response_selection_expression": "",
            "integration_subtype": "",
            "integration_type": "AWS_PROXY",
            "integration_uri": "arn:aws:apigateway:ap-southeast-1:lambda:path/2015-03-31/functions/arn:aws:lambda:ap-southeast-1:097947100355:function:vlim-ws-chat-chat-engine-dev-socket_route-configuration/invocations",
            "passthrough_behavior": "WHEN_NO_MATCH",
            "payload_format_version": "1.0",
            "request_parameters": {},
            "request_templates": {},
            "response_parameters": [],
            "template_selection_expression": "",
            "timeout_milliseconds": 29000,
            "tls_config": []
          },
          "sensitive_attributes": [],
          "private": "bnVsbA==",
          "dependencies": [
            "aws_dynamodb_table.message-dynamodb-table",
            "aws_dynamodb_table.socket-connection-dynamodb-table",
            "aws_dynamodb_table.users-dynamodb-table",
            "aws_lambda_layer_version.core_lib_layer",
            "aws_lambda_layer_version.image_processing_libs_layer",
            "aws_lambda_layer_version.python_libs_layer",
            "module.chat_engine.aws_apigatewayv2_api.socket_api_gateway",
            "module.chat_engine.aws_iam_role.socket_lambda_role",
            "module.chat_engine.data.aws_iam_policy_document.lambda_assume_role_policy",
            "module.chat_engine.module.configuration_route.aws_lambda_function.socket_route_lambda"
          ],
          "create_before_destroy": true
        }
      ]
    },
    {
      "module": "module.chat_engine.module.configuration_route",
      "mode": "managed",
      "type": "aws_apigatewayv2_route",
      "name": "route",
      "provider": "provider[\"registry.terraform.io/hashicorp/aws\"]",
      "instances": [
        {
          "schema_version": 0,
          "attributes": {
            "api_id": "7wkf4olvsa",
            "api_key_required": false,
            "authorization_scopes": [],
            "authorization_type": "NONE",
            "authorizer_id": "",
            "id": "u67ptgi",
            "model_selection_expression": "",
            "operation_name": "configuration",
            "request_models": {},
            "request_parameter": [],
            "route_key": "configuration",
            "route_response_selection_expression": "",
            "target": "integrations/18oh1a7"
          },
          "sensitive_attributes": [],
          "private": "bnVsbA==",
          "dependencies": [
            "aws_dynamodb_table.message-dynamodb-table",
            "aws_dynamodb_table.socket-connection-dynamodb-table",
            "aws_dynamodb_table.users-dynamodb-table",
            "aws_lambda_layer_version.core_lib_layer",
            "aws_lambda_layer_version.image_processing_libs_layer",
            "aws_lambda_layer_version.python_libs_layer",
            "module.chat_engine.aws_apigatewayv2_api.socket_api_gateway",
            "module.chat_engine.aws_iam_role.socket_lambda_role",
            "module.chat_engine.data.aws_iam_policy_document.lambda_assume_role_policy",
            "module.chat_engine.module.configuration_route.aws_apigatewayv2_integration.route_integration",
            "module.chat_engine.module.configuration_route.aws_lambda_function.socket_route_lambda"
          ],
          "create_before_destroy": true
        }
      ]
    },
    {
      "module": "module.chat_engine.module.configuration_route",
      "mode": "managed",
      "type": "aws_cloudwatch_log_group",
      "name": "socket_route_log",
      "provider": "provider[\"registry.terraform.io/hashicorp/aws\"]",
      "instances": [
        {
          "schema_version": 0,
          "attributes": {
            "arn": "arn:aws:logs:ap-southeast-1:097947100355:log-group:/aws/lambda/vlim-ws-chat-chat-engine-dev-socket_route-configuration",
            "id": "/aws/lambda/vlim-ws-chat-chat-engine-dev-socket_route-configuration",
            "kms_key_id": "",
            "name": "/aws/lambda/vlim-ws-chat-chat-engine-dev-socket_route-configuration",
            "name_prefix": null,
            "retention_in_days": 30,
            "tags": {},
            "tags_all": {
              "Environment": "dev",
              "Project": "vlim-ws-chat"
            }
          },
          "sensitive_attributes": [],
          "private": "bnVsbA==",
          "dependencies": [
            "aws_dynamodb_table.message-dynamodb-table",
            "aws_dynamodb_table.socket-connection-dynamodb-table",
            "aws_dynamodb_table.users-dynamodb-table",
            "aws_lambda_layer_version.core_lib_layer",
            "aws_lambda_layer_version.image_processing_libs_layer",
            "aws_lambda_layer_version.python_libs_layer",
            "module.chat_engine.aws_iam_role.socket_lambda_role",
            "module.chat_engine.data.aws_iam_policy_document.lambda_assume_role_policy",
            "module.chat_engine.module.configuration_route.aws_lambda_function.socket_route_lambda"
          ]
        }
      ]
    },
    {
      "module": "module.chat_engine.module.configuration_route",
      "mode": "managed",
      "type": "aws_lambda_function",
      "name": "socket_route_lambda",
      "provider": "provider[\"registry.terraform.io/hashicorp/aws\"]",
      "instances": [
        {
          "schema_version": 0,
          "attributes": {
            "architectures": [
              "x86_64"
            ],
            "arn": "arn:aws:lambda:ap-southeast-1:097947100355:function:vlim-ws-chat-chat-engine-dev-socket_route-configuration",
            "code_signing_config_arn": "",
            "dead_letter_config": [],
            "description": "",
            "environment": [
              {
                "variables": {
                  "CONNECTION_TABLE_NAME": "vlim-ws-chat-dev-socket-connection-dynamodb",
                  "IS_USING_LOCAL_DYNAMODB": "0",
                  "SECRET_KEY": "62fec8f63ccfeeb60149f4c49fbcda10",
                  "SOCKET_URL": "https://7wkf4olvsa.execute-api.ap-southeast-1.amazonaws.com/dev",
                  "STAGE_NAME": "dev",
                  "USER_MESSAGE_TABLE_NAME": "vlim-ws-chat-dev-user-messages-dynamodb",
                  "USER_TABLE_NAME": "vlim-ws-chat-dev-users-dynamodb"
                }
              }
            ],
            "file_system_config": [],
            "filename": "outputs/socket-configuration-route-lambda.zip",
            "function_name": "vlim-ws-chat-chat-engine-dev-socket_route-configuration",
            "handler": "app.handler",
            "id": "vlim-ws-chat-chat-engine-dev-socket_route-configuration",
            "image_config": [],
            "image_uri": "",
            "invoke_arn": "arn:aws:apigateway:ap-southeast-1:lambda:path/2015-03-31/functions/arn:aws:lambda:ap-southeast-1:097947100355:function:vlim-ws-chat-chat-engine-dev-socket_route-configuration/invocations",
            "kms_key_arn": "",
            "last_modified": "2022-03-26T15:32:55.971+0000",
            "layers": [
              "arn:aws:lambda:ap-southeast-1:097947100355:layer:vlim-ws-chat-dev-ver-i-CoreLibs:4",
              "arn:aws:lambda:ap-southeast-1:097947100355:layer:vlim-ws-chat-dev-ver-i-PythonLibs:2",
              "arn:aws:lambda:ap-southeast-1:097947100355:layer:vlim-ws-chat-dev-ver-i-ImageProcessingLibs:2"
            ],
            "memory_size": 128,
            "package_type": "Zip",
            "publish": false,
            "qualified_arn": "arn:aws:lambda:ap-southeast-1:097947100355:function:vlim-ws-chat-chat-engine-dev-socket_route-configuration:$LATEST",
            "reserved_concurrent_executions": -1,
            "role": "arn:aws:iam::097947100355:role/vlim-ws-chat_chat-engine_dev_lambda_role",
            "runtime": "python3.8",
            "s3_bucket": null,
            "s3_key": null,
            "s3_object_version": null,
            "signing_job_arn": "",
            "signing_profile_version_arn": "",
            "source_code_hash": "CZW0dGR3bPrVFnCeYWlBxDxfKRaJ4sgswp4vbCHLO7w=",
            "source_code_size": 1707,
            "tags": {
              "function_name": "vlim-ws-chat-chat-engine-dev-socket_route-configuration",
              "service": "chat-engine"
            },
            "tags_all": {
              "Environment": "dev",
              "Project": "vlim-ws-chat",
              "function_name": "vlim-ws-chat-chat-engine-dev-socket_route-configuration",
              "service": "chat-engine"
            },
            "timeout": 90,
            "timeouts": null,
            "tracing_config": [
              {
                "mode": "PassThrough"
              }
            ],
            "version": "$LATEST",
            "vpc_config": []
          },
          "sensitive_attributes": [],
          "private": "eyJlMmJmYjczMC1lY2FhLTExZTYtOGY4OC0zNDM2M2JjN2M0YzAiOnsiY3JlYXRlIjo2MDAwMDAwMDAwMDB9fQ==",
          "dependencies": [
            "aws_dynamodb_table.message-dynamodb-table",
            "aws_dynamodb_table.socket-connection-dynamodb-table",
            "aws_dynamodb_table.users-dynamodb-table",
            "aws_lambda_layer_version.core_lib_layer",
            "aws_lambda_layer_version.image_processing_libs_layer",
            "aws_lambda_layer_version.python_libs_layer",
            "module.chat_engine.aws_iam_role.socket_lambda_role",
            "module.chat_engine.data.aws_iam_policy_document.lambda_assume_role_policy"
          ],
          "create_before_destroy": true
        }
      ]
    },
    {
      "module": "module.chat_engine.module.configuration_route",
      "mode": "managed",
      "type": "aws_lambda_permission",
      "name": "socket_permission",
      "provider": "provider[\"registry.terraform.io/hashicorp/aws\"]",
      "instances": [
        {
          "schema_version": 0,
          "attributes": {
            "action": "lambda:InvokeFunction",
            "event_source_token": null,
            "function_name": "vlim-ws-chat-chat-engine-dev-socket_route-configuration",
            "id": "AllowExecutionFromSocket",
            "principal": "apigateway.amazonaws.com",
            "qualifier": "",
            "source_account": null,
            "source_arn": null,
            "statement_id": "AllowExecutionFromSocket",
            "statement_id_prefix": null
          },
          "sensitive_attributes": [],
          "private": "bnVsbA==",
          "dependencies": [
            "aws_dynamodb_table.message-dynamodb-table",
            "aws_dynamodb_table.socket-connection-dynamodb-table",
            "aws_dynamodb_table.users-dynamodb-table",
            "aws_lambda_layer_version.core_lib_layer",
            "aws_lambda_layer_version.image_processing_libs_layer",
            "aws_lambda_layer_version.python_libs_layer",
            "module.chat_engine.aws_apigatewayv2_api.socket_api_gateway",
            "module.chat_engine.aws_iam_role.socket_lambda_role",
            "module.chat_engine.data.aws_iam_policy_document.lambda_assume_role_policy",
            "module.chat_engine.module.configuration_route.aws_lambda_function.socket_route_lambda"
          ]
        }
      ]
    },
    {
      "module": "module.chat_engine.module.connect_route",
      "mode": "data",
      "type": "archive_file",
      "name": "socket-route-lambda-archive",
      "provider": "provider[\"registry.terraform.io/hashicorp/archive\"]",
      "instances": [
        {
          "schema_version": 0,
          "attributes": {
            "excludes": null,
            "id": "931f34fcbb5b4e111f59d673dfcd73f91d2091d9",
            "output_base64sha256": "4SOqJA4D+DgGE2q3Ao8Xnc4en0GMnPfV7atGTG+1d+A=",
            "output_file_mode": null,
            "output_md5": "a38e3fd2de9f3ca90a9aa8b852a094b1",
            "output_path": "outputs/socket-connect-route-lambda.zip",
            "output_sha": "931f34fcbb5b4e111f59d673dfcd73f91d2091d9",
            "output_size": 843,
            "source": [],
            "source_content": null,
            "source_content_filename": null,
            "source_dir": null,
            "source_file": "../onconnect/app.py",
            "type": "zip"
          },
          "sensitive_attributes": []
        }
      ]
    },
    {
      "module": "module.chat_engine.module.connect_route",
      "mode": "managed",
      "type": "aws_apigatewayv2_integration",
      "name": "route_integration",
      "provider": "provider[\"registry.terraform.io/hashicorp/aws\"]",
      "instances": [
        {
          "schema_version": 0,
          "attributes": {
            "api_id": "7wkf4olvsa",
            "connection_id": "",
            "connection_type": "INTERNET",
            "content_handling_strategy": "",
            "credentials_arn": "",
            "description": "$connect integration",
            "id": "a1r7u8i",
            "integration_method": "POST",
            "integration_response_selection_expression": "",
            "integration_subtype": "",
            "integration_type": "AWS_PROXY",
            "integration_uri": "arn:aws:apigateway:ap-southeast-1:lambda:path/2015-03-31/functions/arn:aws:lambda:ap-southeast-1:097947100355:function:vlim-ws-chat-chat-engine-dev-socket_route-connect/invocations",
            "passthrough_behavior": "WHEN_NO_MATCH",
            "payload_format_version": "1.0",
            "request_parameters": {},
            "request_templates": {},
            "response_parameters": [],
            "template_selection_expression": "",
            "timeout_milliseconds": 29000,
            "tls_config": []
          },
          "sensitive_attributes": [],
          "private": "bnVsbA==",
          "dependencies": [
            "aws_dynamodb_table.message-dynamodb-table",
            "aws_dynamodb_table.socket-connection-dynamodb-table",
            "aws_dynamodb_table.users-dynamodb-table",
            "aws_lambda_layer_version.core_lib_layer",
            "aws_lambda_layer_version.image_processing_libs_layer",
            "aws_lambda_layer_version.python_libs_layer",
            "module.chat_engine.aws_apigatewayv2_api.socket_api_gateway",
            "module.chat_engine.aws_iam_role.socket_lambda_role",
            "module.chat_engine.data.aws_iam_policy_document.lambda_assume_role_policy",
            "module.chat_engine.module.connect_route.aws_lambda_function.socket_route_lambda"
          ],
          "create_before_destroy": true
        }
      ]
    },
    {
      "module": "module.chat_engine.module.connect_route",
      "mode": "managed",
      "type": "aws_apigatewayv2_route",
      "name": "route",
      "provider": "provider[\"registry.terraform.io/hashicorp/aws\"]",
      "instances": [
        {
          "schema_version": 0,
          "attributes": {
            "api_id": "7wkf4olvsa",
            "api_key_required": false,
            "authorization_scopes": [],
            "authorization_type": "NONE",
            "authorizer_id": "",
            "id": "bftniz9",
            "model_selection_expression": "",
            "operation_name": "connect",
            "request_models": {},
            "request_parameter": [],
            "route_key": "$connect",
            "route_response_selection_expression": "",
            "target": "integrations/a1r7u8i"
          },
          "sensitive_attributes": [],
          "private": "bnVsbA==",
          "dependencies": [
            "aws_dynamodb_table.message-dynamodb-table",
            "aws_dynamodb_table.socket-connection-dynamodb-table",
            "aws_dynamodb_table.users-dynamodb-table",
            "aws_lambda_layer_version.core_lib_layer",
            "aws_lambda_layer_version.image_processing_libs_layer",
            "aws_lambda_layer_version.python_libs_layer",
            "module.chat_engine.aws_apigatewayv2_api.socket_api_gateway",
            "module.chat_engine.aws_iam_role.socket_lambda_role",
            "module.chat_engine.data.aws_iam_policy_document.lambda_assume_role_policy",
            "module.chat_engine.module.connect_route.aws_apigatewayv2_integration.route_integration",
            "module.chat_engine.module.connect_route.aws_lambda_function.socket_route_lambda"
          ],
          "create_before_destroy": true
        }
      ]
    },
    {
      "module": "module.chat_engine.module.connect_route",
      "mode": "managed",
      "type": "aws_cloudwatch_log_group",
      "name": "socket_route_log",
      "provider": "provider[\"registry.terraform.io/hashicorp/aws\"]",
      "instances": [
        {
          "schema_version": 0,
          "attributes": {
            "arn": "arn:aws:logs:ap-southeast-1:097947100355:log-group:/aws/lambda/vlim-ws-chat-chat-engine-dev-socket_route-connect",
            "id": "/aws/lambda/vlim-ws-chat-chat-engine-dev-socket_route-connect",
            "kms_key_id": "",
            "name": "/aws/lambda/vlim-ws-chat-chat-engine-dev-socket_route-connect",
            "name_prefix": null,
            "retention_in_days": 30,
            "tags": {},
            "tags_all": {
              "Environment": "dev",
              "Project": "vlim-ws-chat"
            }
          },
          "sensitive_attributes": [],
          "private": "bnVsbA==",
          "dependencies": [
            "aws_dynamodb_table.message-dynamodb-table",
            "aws_dynamodb_table.socket-connection-dynamodb-table",
            "aws_dynamodb_table.users-dynamodb-table",
            "aws_lambda_layer_version.core_lib_layer",
            "aws_lambda_layer_version.image_processing_libs_layer",
            "aws_lambda_layer_version.python_libs_layer",
            "module.chat_engine.aws_iam_role.socket_lambda_role",
            "module.chat_engine.data.aws_iam_policy_document.lambda_assume_role_policy",
            "module.chat_engine.module.connect_route.aws_lambda_function.socket_route_lambda"
          ]
        }
      ]
    },
    {
      "module": "module.chat_engine.module.connect_route",
      "mode": "managed",
      "type": "aws_lambda_function",
      "name": "socket_route_lambda",
      "provider": "provider[\"registry.terraform.io/hashicorp/aws\"]",
      "instances": [
        {
          "schema_version": 0,
          "attributes": {
            "architectures": [
              "x86_64"
            ],
            "arn": "arn:aws:lambda:ap-southeast-1:097947100355:function:vlim-ws-chat-chat-engine-dev-socket_route-connect",
            "code_signing_config_arn": "",
            "dead_letter_config": [],
            "description": "",
            "environment": [
              {
                "variables": {
                  "CONNECTION_TABLE_NAME": "vlim-ws-chat-dev-socket-connection-dynamodb",
                  "IS_USING_LOCAL_DYNAMODB": "0",
                  "SECRET_KEY": "62fec8f63ccfeeb60149f4c49fbcda10",
                  "SOCKET_URL": "https://7wkf4olvsa.execute-api.ap-southeast-1.amazonaws.com/dev",
                  "STAGE_NAME": "dev",
                  "USER_MESSAGE_TABLE_NAME": "vlim-ws-chat-dev-user-messages-dynamodb",
                  "USER_TABLE_NAME": "vlim-ws-chat-dev-users-dynamodb"
                }
              }
            ],
            "file_system_config": [],
            "filename": "outputs/socket-connect-route-lambda.zip",
            "function_name": "vlim-ws-chat-chat-engine-dev-socket_route-connect",
            "handler": "app.handler",
            "id": "vlim-ws-chat-chat-engine-dev-socket_route-connect",
            "image_config": [],
            "image_uri": "",
            "invoke_arn": "arn:aws:apigateway:ap-southeast-1:lambda:path/2015-03-31/functions/arn:aws:lambda:ap-southeast-1:097947100355:function:vlim-ws-chat-chat-engine-dev-socket_route-connect/invocations",
            "kms_key_arn": "",
            "last_modified": "2022-03-26T15:32:55.970+0000",
            "layers": [
              "arn:aws:lambda:ap-southeast-1:097947100355:layer:vlim-ws-chat-dev-ver-i-CoreLibs:4",
              "arn:aws:lambda:ap-southeast-1:097947100355:layer:vlim-ws-chat-dev-ver-i-PythonLibs:2",
              "arn:aws:lambda:ap-southeast-1:097947100355:layer:vlim-ws-chat-dev-ver-i-ImageProcessingLibs:2"
            ],
            "memory_size": 128,
            "package_type": "Zip",
            "publish": false,
            "qualified_arn": "arn:aws:lambda:ap-southeast-1:097947100355:function:vlim-ws-chat-chat-engine-dev-socket_route-connect:$LATEST",
            "reserved_concurrent_executions": -1,
            "role": "arn:aws:iam::097947100355:role/vlim-ws-chat_chat-engine_dev_lambda_role",
            "runtime": "python3.8",
            "s3_bucket": null,
            "s3_key": null,
            "s3_object_version": null,
            "signing_job_arn": "",
            "signing_profile_version_arn": "",
            "source_code_hash": "4SOqJA4D+DgGE2q3Ao8Xnc4en0GMnPfV7atGTG+1d+A=",
            "source_code_size": 843,
            "tags": {
              "function_name": "vlim-ws-chat-chat-engine-dev-socket_route-connect",
              "service": "chat-engine"
            },
            "tags_all": {
              "Environment": "dev",
              "Project": "vlim-ws-chat",
              "function_name": "vlim-ws-chat-chat-engine-dev-socket_route-connect",
              "service": "chat-engine"
            },
            "timeout": 90,
            "timeouts": null,
            "tracing_config": [
              {
                "mode": "PassThrough"
              }
            ],
            "version": "$LATEST",
            "vpc_config": []
          },
          "sensitive_attributes": [],
          "private": "eyJlMmJmYjczMC1lY2FhLTExZTYtOGY4OC0zNDM2M2JjN2M0YzAiOnsiY3JlYXRlIjo2MDAwMDAwMDAwMDB9fQ==",
          "dependencies": [
            "aws_dynamodb_table.message-dynamodb-table",
            "aws_dynamodb_table.socket-connection-dynamodb-table",
            "aws_dynamodb_table.users-dynamodb-table",
            "aws_lambda_layer_version.core_lib_layer",
            "aws_lambda_layer_version.image_processing_libs_layer",
            "aws_lambda_layer_version.python_libs_layer",
            "module.chat_engine.aws_iam_role.socket_lambda_role",
            "module.chat_engine.data.aws_iam_policy_document.lambda_assume_role_policy"
          ],
          "create_before_destroy": true
        }
      ]
    },
    {
      "module": "module.chat_engine.module.connect_route",
      "mode": "managed",
      "type": "aws_lambda_permission",
      "name": "socket_permission",
      "provider": "provider[\"registry.terraform.io/hashicorp/aws\"]",
      "instances": [
        {
          "schema_version": 0,
          "attributes": {
            "action": "lambda:InvokeFunction",
            "event_source_token": null,
            "function_name": "vlim-ws-chat-chat-engine-dev-socket_route-connect",
            "id": "AllowExecutionFromSocket",
            "principal": "apigateway.amazonaws.com",
            "qualifier": "",
            "source_account": null,
            "source_arn": null,
            "statement_id": "AllowExecutionFromSocket",
            "statement_id_prefix": null
          },
          "sensitive_attributes": [],
          "private": "bnVsbA==",
          "dependencies": [
            "aws_dynamodb_table.message-dynamodb-table",
            "aws_dynamodb_table.socket-connection-dynamodb-table",
            "aws_dynamodb_table.users-dynamodb-table",
            "aws_lambda_layer_version.core_lib_layer",
            "aws_lambda_layer_version.image_processing_libs_layer",
            "aws_lambda_layer_version.python_libs_layer",
            "module.chat_engine.aws_apigatewayv2_api.socket_api_gateway",
            "module.chat_engine.aws_iam_role.socket_lambda_role",
            "module.chat_engine.data.aws_iam_policy_document.lambda_assume_role_policy",
            "module.chat_engine.module.connect_route.aws_lambda_function.socket_route_lambda"
          ]
        }
      ]
    },
    {
      "module": "module.chat_engine.module.disconnect_route",
      "mode": "data",
      "type": "archive_file",
      "name": "socket-route-lambda-archive",
      "provider": "provider[\"registry.terraform.io/hashicorp/archive\"]",
      "instances": [
        {
          "schema_version": 0,
          "attributes": {
            "excludes": null,
            "id": "641e2d253a2df359a7bbdd0531358c3e3f7ad721",
            "output_base64sha256": "0t69j+J+ve+s8BtO08zXBENkPTGSbcI4zNaIBXInOjE=",
            "output_file_mode": null,
            "output_md5": "0f3d3859d1cd33aaf8a385bcf05d1e6b",
            "output_path": "outputs/socket-disconnect-route-lambda.zip",
            "output_sha": "641e2d253a2df359a7bbdd0531358c3e3f7ad721",
            "output_size": 429,
            "source": [],
            "source_content": null,
            "source_content_filename": null,
            "source_dir": null,
            "source_file": "../ondisconnect/app.py",
            "type": "zip"
          },
          "sensitive_attributes": []
        }
      ]
    },
    {
      "module": "module.chat_engine.module.disconnect_route",
      "mode": "managed",
      "type": "aws_apigatewayv2_integration",
      "name": "route_integration",
      "provider": "provider[\"registry.terraform.io/hashicorp/aws\"]",
      "instances": [
        {
          "schema_version": 0,
          "attributes": {
            "api_id": "7wkf4olvsa",
            "connection_id": "",
            "connection_type": "INTERNET",
            "content_handling_strategy": "",
            "credentials_arn": "",
            "description": "$disconnect integration",
            "id": "bquxnwp",
            "integration_method": "POST",
            "integration_response_selection_expression": "",
            "integration_subtype": "",
            "integration_type": "AWS_PROXY",
            "integration_uri": "arn:aws:apigateway:ap-southeast-1:lambda:path/2015-03-31/functions/arn:aws:lambda:ap-southeast-1:097947100355:function:vlim-ws-chat-chat-engine-dev-socket_route-disconnect/invocations",
            "passthrough_behavior": "WHEN_NO_MATCH",
            "payload_format_version": "1.0",
            "request_parameters": {},
            "request_templates": {},
            "response_parameters": [],
            "template_selection_expression": "",
            "timeout_milliseconds": 29000,
            "tls_config": []
          },
          "sensitive_attributes": [],
          "private": "bnVsbA==",
          "dependencies": [
            "aws_dynamodb_table.message-dynamodb-table",
            "aws_dynamodb_table.socket-connection-dynamodb-table",
            "aws_dynamodb_table.users-dynamodb-table",
            "aws_lambda_layer_version.core_lib_layer",
            "aws_lambda_layer_version.image_processing_libs_layer",
            "aws_lambda_layer_version.python_libs_layer",
            "module.chat_engine.aws_apigatewayv2_api.socket_api_gateway",
            "module.chat_engine.aws_iam_role.socket_lambda_role",
            "module.chat_engine.data.aws_iam_policy_document.lambda_assume_role_policy",
            "module.chat_engine.module.disconnect_route.aws_lambda_function.socket_route_lambda"
          ],
          "create_before_destroy": true
        }
      ]
    },
    {
      "module": "module.chat_engine.module.disconnect_route",
      "mode": "managed",
      "type": "aws_apigatewayv2_route",
      "name": "route",
      "provider": "provider[\"registry.terraform.io/hashicorp/aws\"]",
      "instances": [
        {
          "schema_version": 0,
          "attributes": {
            "api_id": "7wkf4olvsa",
            "api_key_required": false,
            "authorization_scopes": [],
            "authorization_type": "NONE",
            "authorizer_id": "",
            "id": "hewqqca",
            "model_selection_expression": "",
            "operation_name": "disconnect",
            "request_models": {},
            "request_parameter": [],
            "route_key": "$disconnect",
            "route_response_selection_expression": "",
            "target": "integrations/bquxnwp"
          },
          "sensitive_attributes": [],
          "private": "bnVsbA==",
          "dependencies": [
            "aws_dynamodb_table.message-dynamodb-table",
            "aws_dynamodb_table.socket-connection-dynamodb-table",
            "aws_dynamodb_table.users-dynamodb-table",
            "aws_lambda_layer_version.core_lib_layer",
            "aws_lambda_layer_version.image_processing_libs_layer",
            "aws_lambda_layer_version.python_libs_layer",
            "module.chat_engine.aws_apigatewayv2_api.socket_api_gateway",
            "module.chat_engine.aws_iam_role.socket_lambda_role",
            "module.chat_engine.data.aws_iam_policy_document.lambda_assume_role_policy",
            "module.chat_engine.module.disconnect_route.aws_apigatewayv2_integration.route_integration",
            "module.chat_engine.module.disconnect_route.aws_lambda_function.socket_route_lambda"
          ],
          "create_before_destroy": true
        }
      ]
    },
    {
      "module": "module.chat_engine.module.disconnect_route",
      "mode": "managed",
      "type": "aws_cloudwatch_log_group",
      "name": "socket_route_log",
      "provider": "provider[\"registry.terraform.io/hashicorp/aws\"]",
      "instances": [
        {
          "schema_version": 0,
          "attributes": {
            "arn": "arn:aws:logs:ap-southeast-1:097947100355:log-group:/aws/lambda/vlim-ws-chat-chat-engine-dev-socket_route-disconnect",
            "id": "/aws/lambda/vlim-ws-chat-chat-engine-dev-socket_route-disconnect",
            "kms_key_id": "",
            "name": "/aws/lambda/vlim-ws-chat-chat-engine-dev-socket_route-disconnect",
            "name_prefix": null,
            "retention_in_days": 30,
            "tags": {},
            "tags_all": {
              "Environment": "dev",
              "Project": "vlim-ws-chat"
            }
          },
          "sensitive_attributes": [],
          "private": "bnVsbA==",
          "dependencies": [
            "aws_dynamodb_table.message-dynamodb-table",
            "aws_dynamodb_table.socket-connection-dynamodb-table",
            "aws_dynamodb_table.users-dynamodb-table",
            "aws_lambda_layer_version.core_lib_layer",
            "aws_lambda_layer_version.image_processing_libs_layer",
            "aws_lambda_layer_version.python_libs_layer",
            "module.chat_engine.aws_iam_role.socket_lambda_role",
            "module.chat_engine.data.aws_iam_policy_document.lambda_assume_role_policy",
            "module.chat_engine.module.disconnect_route.aws_lambda_function.socket_route_lambda"
          ]
        }
      ]
    },
    {
      "module": "module.chat_engine.module.disconnect_route",
      "mode": "managed",
      "type": "aws_lambda_function",
      "name": "socket_route_lambda",
      "provider": "provider[\"registry.terraform.io/hashicorp/aws\"]",
      "instances": [
        {
          "schema_version": 0,
          "attributes": {
            "architectures": [
              "x86_64"
            ],
            "arn": "arn:aws:lambda:ap-southeast-1:097947100355:function:vlim-ws-chat-chat-engine-dev-socket_route-disconnect",
            "code_signing_config_arn": "",
            "dead_letter_config": [],
            "description": "",
            "environment": [
              {
                "variables": {
                  "CONNECTION_TABLE_NAME": "vlim-ws-chat-dev-socket-connection-dynamodb",
                  "IS_USING_LOCAL_DYNAMODB": "0",
                  "SECRET_KEY": "62fec8f63ccfeeb60149f4c49fbcda10",
                  "SOCKET_URL": "https://7wkf4olvsa.execute-api.ap-southeast-1.amazonaws.com/dev",
                  "STAGE_NAME": "dev",
                  "USER_MESSAGE_TABLE_NAME": "vlim-ws-chat-dev-user-messages-dynamodb",
                  "USER_TABLE_NAME": "vlim-ws-chat-dev-users-dynamodb"
                }
              }
            ],
            "file_system_config": [],
            "filename": "outputs/socket-disconnect-route-lambda.zip",
            "function_name": "vlim-ws-chat-chat-engine-dev-socket_route-disconnect",
            "handler": "app.handler",
            "id": "vlim-ws-chat-chat-engine-dev-socket_route-disconnect",
            "image_config": [],
            "image_uri": "",
            "invoke_arn": "arn:aws:apigateway:ap-southeast-1:lambda:path/2015-03-31/functions/arn:aws:lambda:ap-southeast-1:097947100355:function:vlim-ws-chat-chat-engine-dev-socket_route-disconnect/invocations",
            "kms_key_arn": "",
            "last_modified": "2022-03-26T15:32:55.964+0000",
            "layers": [
              "arn:aws:lambda:ap-southeast-1:097947100355:layer:vlim-ws-chat-dev-ver-i-CoreLibs:4",
              "arn:aws:lambda:ap-southeast-1:097947100355:layer:vlim-ws-chat-dev-ver-i-PythonLibs:2",
              "arn:aws:lambda:ap-southeast-1:097947100355:layer:vlim-ws-chat-dev-ver-i-ImageProcessingLibs:2"
            ],
            "memory_size": 128,
            "package_type": "Zip",
            "publish": false,
            "qualified_arn": "arn:aws:lambda:ap-southeast-1:097947100355:function:vlim-ws-chat-chat-engine-dev-socket_route-disconnect:$LATEST",
            "reserved_concurrent_executions": -1,
            "role": "arn:aws:iam::097947100355:role/vlim-ws-chat_chat-engine_dev_lambda_role",
            "runtime": "python3.8",
            "s3_bucket": null,
            "s3_key": null,
            "s3_object_version": null,
            "signing_job_arn": "",
            "signing_profile_version_arn": "",
            "source_code_hash": "0t69j+J+ve+s8BtO08zXBENkPTGSbcI4zNaIBXInOjE=",
            "source_code_size": 429,
            "tags": {
              "function_name": "vlim-ws-chat-chat-engine-dev-socket_route-disconnect",
              "service": "chat-engine"
            },
            "tags_all": {
              "Environment": "dev",
              "Project": "vlim-ws-chat",
              "function_name": "vlim-ws-chat-chat-engine-dev-socket_route-disconnect",
              "service": "chat-engine"
            },
            "timeout": 90,
            "timeouts": null,
            "tracing_config": [
              {
                "mode": "PassThrough"
              }
            ],
            "version": "$LATEST",
            "vpc_config": []
          },
          "sensitive_attributes": [],
          "private": "eyJlMmJmYjczMC1lY2FhLTExZTYtOGY4OC0zNDM2M2JjN2M0YzAiOnsiY3JlYXRlIjo2MDAwMDAwMDAwMDB9fQ==",
          "dependencies": [
            "aws_dynamodb_table.message-dynamodb-table",
            "aws_dynamodb_table.socket-connection-dynamodb-table",
            "aws_dynamodb_table.users-dynamodb-table",
            "aws_lambda_layer_version.core_lib_layer",
            "aws_lambda_layer_version.image_processing_libs_layer",
            "aws_lambda_layer_version.python_libs_layer",
            "module.chat_engine.aws_iam_role.socket_lambda_role",
            "module.chat_engine.data.aws_iam_policy_document.lambda_assume_role_policy"
          ],
          "create_before_destroy": true
        }
      ]
    },
    {
      "module": "module.chat_engine.module.disconnect_route",
      "mode": "managed",
      "type": "aws_lambda_permission",
      "name": "socket_permission",
      "provider": "provider[\"registry.terraform.io/hashicorp/aws\"]",
      "instances": [
        {
          "schema_version": 0,
          "attributes": {
            "action": "lambda:InvokeFunction",
            "event_source_token": null,
            "function_name": "vlim-ws-chat-chat-engine-dev-socket_route-disconnect",
            "id": "AllowExecutionFromSocket",
            "principal": "apigateway.amazonaws.com",
            "qualifier": "",
            "source_account": null,
            "source_arn": null,
            "statement_id": "AllowExecutionFromSocket",
            "statement_id_prefix": null
          },
          "sensitive_attributes": [],
          "private": "bnVsbA==",
          "dependencies": [
            "aws_dynamodb_table.message-dynamodb-table",
            "aws_dynamodb_table.socket-connection-dynamodb-table",
            "aws_dynamodb_table.users-dynamodb-table",
            "aws_lambda_layer_version.core_lib_layer",
            "aws_lambda_layer_version.image_processing_libs_layer",
            "aws_lambda_layer_version.python_libs_layer",
            "module.chat_engine.aws_apigatewayv2_api.socket_api_gateway",
            "module.chat_engine.aws_iam_role.socket_lambda_role",
            "module.chat_engine.data.aws_iam_policy_document.lambda_assume_role_policy",
            "module.chat_engine.module.disconnect_route.aws_lambda_function.socket_route_lambda"
          ]
        }
      ]
    },
    {
      "module": "module.chat_engine.module.sendmessage_route",
      "mode": "data",
      "type": "archive_file",
      "name": "socket-route-lambda-archive",
      "provider": "provider[\"registry.terraform.io/hashicorp/archive\"]",
      "instances": [
        {
          "schema_version": 0,
          "attributes": {
            "excludes": null,
            "id": "9d71d9c09faadf611851dbdf03d8e6fb2d2a63e2",
            "output_base64sha256": "qgFPom0GXLecNdThRyMq+BYUkKPWSlZM4UxkOoWXsXw=",
            "output_file_mode": null,
            "output_md5": "32eb3d89f37cf913dadac3da7d16a1f3",
            "output_path": "outputs/socket-sendmessage-route-lambda.zip",
            "output_sha": "9d71d9c09faadf611851dbdf03d8e6fb2d2a63e2",
            "output_size": 1575,
            "source": [],
            "source_content": null,
            "source_content_filename": null,
            "source_dir": null,
            "source_file": "../pysendmessage/app.py",
            "type": "zip"
          },
          "sensitive_attributes": []
        }
      ]
    },
    {
      "module": "module.chat_engine.module.sendmessage_route",
      "mode": "managed",
      "type": "aws_apigatewayv2_integration",
      "name": "route_integration",
      "provider": "provider[\"registry.terraform.io/hashicorp/aws\"]",
      "instances": [
        {
          "schema_version": 0,
          "attributes": {
            "api_id": "7wkf4olvsa",
            "connection_id": "",
            "connection_type": "INTERNET",
            "content_handling_strategy": "",
            "credentials_arn": "",
            "description": "sendmessage integration",
            "id": "c5xlub5",
            "integration_method": "POST",
            "integration_response_selection_expression": "",
            "integration_subtype": "",
            "integration_type": "AWS_PROXY",
            "integration_uri": "arn:aws:apigateway:ap-southeast-1:lambda:path/2015-03-31/functions/arn:aws:lambda:ap-southeast-1:097947100355:function:vlim-ws-chat-chat-engine-dev-socket_route-sendmessage/invocations",
            "passthrough_behavior": "WHEN_NO_MATCH",
            "payload_format_version": "1.0",
            "request_parameters": {},
            "request_templates": {},
            "response_parameters": [],
            "template_selection_expression": "",
            "timeout_milliseconds": 29000,
            "tls_config": []
          },
          "sensitive_attributes": [],
          "private": "bnVsbA==",
          "dependencies": [
            "aws_dynamodb_table.message-dynamodb-table",
            "aws_dynamodb_table.socket-connection-dynamodb-table",
            "aws_dynamodb_table.users-dynamodb-table",
            "aws_lambda_layer_version.core_lib_layer",
            "aws_lambda_layer_version.image_processing_libs_layer",
            "aws_lambda_layer_version.python_libs_layer",
            "module.chat_engine.aws_apigatewayv2_api.socket_api_gateway",
            "module.chat_engine.aws_iam_role.socket_lambda_role",
            "module.chat_engine.data.aws_iam_policy_document.lambda_assume_role_policy",
            "module.chat_engine.module.sendmessage_route.aws_lambda_function.socket_route_lambda"
          ],
          "create_before_destroy": true
        }
      ]
    },
    {
      "module": "module.chat_engine.module.sendmessage_route",
      "mode": "managed",
      "type": "aws_apigatewayv2_route",
      "name": "route",
      "provider": "provider[\"registry.terraform.io/hashicorp/aws\"]",
      "instances": [
        {
          "schema_version": 0,
          "attributes": {
            "api_id": "7wkf4olvsa",
            "api_key_required": false,
            "authorization_scopes": [],
            "authorization_type": "NONE",
            "authorizer_id": "",
            "id": "c58ff6g",
            "model_selection_expression": "",
            "operation_name": "sendmessage",
            "request_models": {},
            "request_parameter": [],
            "route_key": "sendmessage",
            "route_response_selection_expression": "",
            "target": "integrations/c5xlub5"
          },
          "sensitive_attributes": [],
          "private": "bnVsbA==",
          "dependencies": [
            "aws_dynamodb_table.message-dynamodb-table",
            "aws_dynamodb_table.socket-connection-dynamodb-table",
            "aws_dynamodb_table.users-dynamodb-table",
            "aws_lambda_layer_version.core_lib_layer",
            "aws_lambda_layer_version.image_processing_libs_layer",
            "aws_lambda_layer_version.python_libs_layer",
            "module.chat_engine.aws_apigatewayv2_api.socket_api_gateway",
            "module.chat_engine.aws_iam_role.socket_lambda_role",
            "module.chat_engine.data.aws_iam_policy_document.lambda_assume_role_policy",
            "module.chat_engine.module.sendmessage_route.aws_apigatewayv2_integration.route_integration",
            "module.chat_engine.module.sendmessage_route.aws_lambda_function.socket_route_lambda"
          ],
          "create_before_destroy": true
        }
      ]
    },
    {
      "module": "module.chat_engine.module.sendmessage_route",
      "mode": "managed",
      "type": "aws_cloudwatch_log_group",
      "name": "socket_route_log",
      "provider": "provider[\"registry.terraform.io/hashicorp/aws\"]",
      "instances": [
        {
          "schema_version": 0,
          "attributes": {
            "arn": "arn:aws:logs:ap-southeast-1:097947100355:log-group:/aws/lambda/vlim-ws-chat-chat-engine-dev-socket_route-sendmessage",
            "id": "/aws/lambda/vlim-ws-chat-chat-engine-dev-socket_route-sendmessage",
            "kms_key_id": "",
            "name": "/aws/lambda/vlim-ws-chat-chat-engine-dev-socket_route-sendmessage",
            "name_prefix": null,
            "retention_in_days": 30,
            "tags": {},
            "tags_all": {
              "Environment": "dev",
              "Project": "vlim-ws-chat"
            }
          },
          "sensitive_attributes": [],
          "private": "bnVsbA==",
          "dependencies": [
            "aws_dynamodb_table.message-dynamodb-table",
            "aws_dynamodb_table.socket-connection-dynamodb-table",
            "aws_dynamodb_table.users-dynamodb-table",
            "aws_lambda_layer_version.core_lib_layer",
            "aws_lambda_layer_version.image_processing_libs_layer",
            "aws_lambda_layer_version.python_libs_layer",
            "module.chat_engine.aws_iam_role.socket_lambda_role",
            "module.chat_engine.data.aws_iam_policy_document.lambda_assume_role_policy",
            "module.chat_engine.module.sendmessage_route.aws_lambda_function.socket_route_lambda"
          ]
        }
      ]
    },
    {
      "module": "module.chat_engine.module.sendmessage_route",
      "mode": "managed",
      "type": "aws_lambda_function",
      "name": "socket_route_lambda",
      "provider": "provider[\"registry.terraform.io/hashicorp/aws\"]",
      "instances": [
        {
          "schema_version": 0,
          "attributes": {
            "architectures": [
              "x86_64"
            ],
            "arn": "arn:aws:lambda:ap-southeast-1:097947100355:function:vlim-ws-chat-chat-engine-dev-socket_route-sendmessage",
            "code_signing_config_arn": "",
            "dead_letter_config": [],
            "description": "",
            "environment": [
              {
                "variables": {
                  "CONNECTION_TABLE_NAME": "vlim-ws-chat-dev-socket-connection-dynamodb",
                  "IS_USING_LOCAL_DYNAMODB": "0",
                  "SECRET_KEY": "62fec8f63ccfeeb60149f4c49fbcda10",
                  "SOCKET_URL": "https://7wkf4olvsa.execute-api.ap-southeast-1.amazonaws.com/dev",
                  "STAGE_NAME": "dev",
                  "USER_MESSAGE_TABLE_NAME": "vlim-ws-chat-dev-user-messages-dynamodb",
                  "USER_TABLE_NAME": "vlim-ws-chat-dev-users-dynamodb"
                }
              }
            ],
            "file_system_config": [],
            "filename": "outputs/socket-sendmessage-route-lambda.zip",
            "function_name": "vlim-ws-chat-chat-engine-dev-socket_route-sendmessage",
            "handler": "app.handler",
            "id": "vlim-ws-chat-chat-engine-dev-socket_route-sendmessage",
            "image_config": [],
            "image_uri": "",
            "invoke_arn": "arn:aws:apigateway:ap-southeast-1:lambda:path/2015-03-31/functions/arn:aws:lambda:ap-southeast-1:097947100355:function:vlim-ws-chat-chat-engine-dev-socket_route-sendmessage/invocations",
            "kms_key_arn": "",
            "last_modified": "2022-03-26T15:32:55.968+0000",
            "layers": [
              "arn:aws:lambda:ap-southeast-1:097947100355:layer:vlim-ws-chat-dev-ver-i-CoreLibs:4",
              "arn:aws:lambda:ap-southeast-1:097947100355:layer:vlim-ws-chat-dev-ver-i-PythonLibs:2",
              "arn:aws:lambda:ap-southeast-1:097947100355:layer:vlim-ws-chat-dev-ver-i-ImageProcessingLibs:2"
            ],
            "memory_size": 128,
            "package_type": "Zip",
            "publish": false,
            "qualified_arn": "arn:aws:lambda:ap-southeast-1:097947100355:function:vlim-ws-chat-chat-engine-dev-socket_route-sendmessage:$LATEST",
            "reserved_concurrent_executions": -1,
            "role": "arn:aws:iam::097947100355:role/vlim-ws-chat_chat-engine_dev_lambda_role",
            "runtime": "python3.8",
            "s3_bucket": null,
            "s3_key": null,
            "s3_object_version": null,
            "signing_job_arn": "",
            "signing_profile_version_arn": "",
            "source_code_hash": "qgFPom0GXLecNdThRyMq+BYUkKPWSlZM4UxkOoWXsXw=",
            "source_code_size": 1575,
            "tags": {
              "function_name": "vlim-ws-chat-chat-engine-dev-socket_route-sendmessage",
              "service": "chat-engine"
            },
            "tags_all": {
              "Environment": "dev",
              "Project": "vlim-ws-chat",
              "function_name": "vlim-ws-chat-chat-engine-dev-socket_route-sendmessage",
              "service": "chat-engine"
            },
            "timeout": 90,
            "timeouts": null,
            "tracing_config": [
              {
                "mode": "PassThrough"
              }
            ],
            "version": "$LATEST",
            "vpc_config": []
          },
          "sensitive_attributes": [],
          "private": "eyJlMmJmYjczMC1lY2FhLTExZTYtOGY4OC0zNDM2M2JjN2M0YzAiOnsiY3JlYXRlIjo2MDAwMDAwMDAwMDB9fQ==",
          "dependencies": [
            "aws_dynamodb_table.message-dynamodb-table",
            "aws_dynamodb_table.socket-connection-dynamodb-table",
            "aws_dynamodb_table.users-dynamodb-table",
            "aws_lambda_layer_version.core_lib_layer",
            "aws_lambda_layer_version.image_processing_libs_layer",
            "aws_lambda_layer_version.python_libs_layer",
            "module.chat_engine.aws_iam_role.socket_lambda_role",
            "module.chat_engine.data.aws_iam_policy_document.lambda_assume_role_policy"
          ],
          "create_before_destroy": true
        }
      ]
    },
    {
      "module": "module.chat_engine.module.sendmessage_route",
      "mode": "managed",
      "type": "aws_lambda_permission",
      "name": "socket_permission",
      "provider": "provider[\"registry.terraform.io/hashicorp/aws\"]",
      "instances": [
        {
          "schema_version": 0,
          "attributes": {
            "action": "lambda:InvokeFunction",
            "event_source_token": null,
            "function_name": "vlim-ws-chat-chat-engine-dev-socket_route-sendmessage",
            "id": "AllowExecutionFromSocket",
            "principal": "apigateway.amazonaws.com",
            "qualifier": "",
            "source_account": null,
            "source_arn": null,
            "statement_id": "AllowExecutionFromSocket",
            "statement_id_prefix": null
          },
          "sensitive_attributes": [],
          "private": "bnVsbA==",
          "dependencies": [
            "aws_dynamodb_table.message-dynamodb-table",
            "aws_dynamodb_table.socket-connection-dynamodb-table",
            "aws_dynamodb_table.users-dynamodb-table",
            "aws_lambda_layer_version.core_lib_layer",
            "aws_lambda_layer_version.image_processing_libs_layer",
            "aws_lambda_layer_version.python_libs_layer",
            "module.chat_engine.aws_apigatewayv2_api.socket_api_gateway",
            "module.chat_engine.aws_iam_role.socket_lambda_role",
            "module.chat_engine.data.aws_iam_policy_document.lambda_assume_role_policy",
            "module.chat_engine.module.sendmessage_route.aws_lambda_function.socket_route_lambda"
          ]
        }
      ]
    },
    {
      "module": "module.get_users_gateway_resource",
      "mode": "managed",
      "type": "aws_api_gateway_integration",
      "name": "api_integration",
      "provider": "provider[\"registry.terraform.io/hashicorp/aws\"]",
      "instances": [
        {
          "index_key": "GET",
          "schema_version": 0,
          "attributes": {
            "cache_key_parameters": [],
            "cache_namespace": "eps8ww",
            "connection_id": "",
            "connection_type": "INTERNET",
            "content_handling": "",
            "credentials": "",
            "http_method": "GET",
            "id": "agi-3kixvnepjc-eps8ww-GET",
            "integration_http_method": "POST",
            "passthrough_behavior": "WHEN_NO_MATCH",
            "request_parameters": {},
            "request_templates": {},
            "resource_id": "eps8ww",
            "rest_api_id": "3kixvnepjc",
            "timeout_milliseconds": 29000,
            "tls_config": [],
            "type": "AWS_PROXY",
            "uri": "arn:aws:apigateway:ap-southeast-1:lambda:path/2015-03-31/functions/arn:aws:lambda:ap-southeast-1:097947100355:function:vlim-ws-chat-dev-ver-i-user/invocations"
          },
          "sensitive_attributes": [],
          "private": "bnVsbA==",
          "dependencies": [
            "aws_api_gateway_rest_api.root_api",
            "aws_dynamodb_table.message-dynamodb-table",
            "aws_dynamodb_table.socket-connection-dynamodb-table",
            "aws_dynamodb_table.users-dynamodb-table",
            "aws_iam_role.full_access_dynamodb_lambda_role",
            "aws_lambda_function.user",
            "aws_lambda_layer_version.core_lib_layer",
            "aws_lambda_layer_version.image_processing_libs_layer",
            "aws_lambda_layer_version.python_libs_layer",
            "module.chat_engine.aws_apigatewayv2_api.socket_api_gateway",
            "module.chat_engine.aws_apigatewayv2_deployment.socket_deployment",
            "module.chat_engine.aws_apigatewayv2_stage.stage",
            "module.chat_engine.aws_iam_role.socket_lambda_role",
            "module.chat_engine.data.aws_iam_policy_document.lambda_assume_role_policy",
            "module.chat_engine.module.configuration_route.aws_apigatewayv2_integration.route_integration",
            "module.chat_engine.module.configuration_route.aws_apigatewayv2_route.route",
            "module.chat_engine.module.configuration_route.aws_lambda_function.socket_route_lambda",
            "module.chat_engine.module.connect_route.aws_apigatewayv2_integration.route_integration",
            "module.chat_engine.module.connect_route.aws_apigatewayv2_route.route",
            "module.chat_engine.module.connect_route.aws_lambda_function.socket_route_lambda",
            "module.chat_engine.module.disconnect_route.aws_apigatewayv2_integration.route_integration",
            "module.chat_engine.module.disconnect_route.aws_apigatewayv2_route.route",
            "module.chat_engine.module.disconnect_route.aws_lambda_function.socket_route_lambda",
            "module.chat_engine.module.sendmessage_route.aws_apigatewayv2_integration.route_integration",
            "module.chat_engine.module.sendmessage_route.aws_apigatewayv2_route.route",
            "module.chat_engine.module.sendmessage_route.aws_lambda_function.socket_route_lambda",
            "module.get_users_gateway_resource.aws_api_gateway_method.method",
            "module.get_users_gateway_resource.aws_api_gateway_resource.api_resource"
          ],
          "create_before_destroy": true
        },
        {
          "index_key": "POST",
          "schema_version": 0,
          "attributes": {
            "cache_key_parameters": [],
            "cache_namespace": "eps8ww",
            "connection_id": "",
            "connection_type": "INTERNET",
            "content_handling": "",
            "credentials": "",
            "http_method": "POST",
            "id": "agi-3kixvnepjc-eps8ww-POST",
            "integration_http_method": "POST",
            "passthrough_behavior": "WHEN_NO_MATCH",
            "request_parameters": {},
            "request_templates": {},
            "resource_id": "eps8ww",
            "rest_api_id": "3kixvnepjc",
            "timeout_milliseconds": 29000,
            "tls_config": [],
            "type": "AWS_PROXY",
            "uri": "arn:aws:apigateway:ap-southeast-1:lambda:path/2015-03-31/functions/arn:aws:lambda:ap-southeast-1:097947100355:function:vlim-ws-chat-dev-ver-i-user/invocations"
          },
          "sensitive_attributes": [],
          "private": "bnVsbA==",
          "dependencies": [
            "aws_api_gateway_rest_api.root_api",
            "aws_dynamodb_table.message-dynamodb-table",
            "aws_dynamodb_table.socket-connection-dynamodb-table",
            "aws_dynamodb_table.users-dynamodb-table",
            "aws_iam_role.full_access_dynamodb_lambda_role",
            "aws_lambda_function.user",
            "aws_lambda_layer_version.core_lib_layer",
            "aws_lambda_layer_version.image_processing_libs_layer",
            "aws_lambda_layer_version.python_libs_layer",
            "module.chat_engine.aws_apigatewayv2_api.socket_api_gateway",
            "module.chat_engine.aws_apigatewayv2_deployment.socket_deployment",
            "module.chat_engine.aws_apigatewayv2_stage.stage",
            "module.chat_engine.aws_iam_role.socket_lambda_role",
            "module.chat_engine.data.aws_iam_policy_document.lambda_assume_role_policy",
            "module.chat_engine.module.configuration_route.aws_apigatewayv2_integration.route_integration",
            "module.chat_engine.module.configuration_route.aws_apigatewayv2_route.route",
            "module.chat_engine.module.configuration_route.aws_lambda_function.socket_route_lambda",
            "module.chat_engine.module.connect_route.aws_apigatewayv2_integration.route_integration",
            "module.chat_engine.module.connect_route.aws_apigatewayv2_route.route",
            "module.chat_engine.module.connect_route.aws_lambda_function.socket_route_lambda",
            "module.chat_engine.module.disconnect_route.aws_apigatewayv2_integration.route_integration",
            "module.chat_engine.module.disconnect_route.aws_apigatewayv2_route.route",
            "module.chat_engine.module.disconnect_route.aws_lambda_function.socket_route_lambda",
            "module.chat_engine.module.sendmessage_route.aws_apigatewayv2_integration.route_integration",
            "module.chat_engine.module.sendmessage_route.aws_apigatewayv2_route.route",
            "module.chat_engine.module.sendmessage_route.aws_lambda_function.socket_route_lambda",
            "module.get_users_gateway_resource.aws_api_gateway_method.method",
            "module.get_users_gateway_resource.aws_api_gateway_resource.api_resource"
          ],
          "create_before_destroy": true
        },
        {
          "index_key": "PUT",
          "schema_version": 0,
          "attributes": {
            "cache_key_parameters": [],
            "cache_namespace": "eps8ww",
            "connection_id": "",
            "connection_type": "INTERNET",
            "content_handling": "",
            "credentials": "",
            "http_method": "PUT",
            "id": "agi-3kixvnepjc-eps8ww-PUT",
            "integration_http_method": "POST",
            "passthrough_behavior": "WHEN_NO_MATCH",
            "request_parameters": {},
            "request_templates": {},
            "resource_id": "eps8ww",
            "rest_api_id": "3kixvnepjc",
            "timeout_milliseconds": 29000,
            "tls_config": [],
            "type": "AWS_PROXY",
            "uri": "arn:aws:apigateway:ap-southeast-1:lambda:path/2015-03-31/functions/arn:aws:lambda:ap-southeast-1:097947100355:function:vlim-ws-chat-dev-ver-i-user/invocations"
          },
          "sensitive_attributes": [],
          "private": "bnVsbA==",
          "dependencies": [
            "aws_api_gateway_rest_api.root_api",
            "aws_dynamodb_table.message-dynamodb-table",
            "aws_dynamodb_table.socket-connection-dynamodb-table",
            "aws_dynamodb_table.users-dynamodb-table",
            "aws_iam_role.full_access_dynamodb_lambda_role",
            "aws_lambda_function.user",
            "aws_lambda_layer_version.core_lib_layer",
            "aws_lambda_layer_version.image_processing_libs_layer",
            "aws_lambda_layer_version.python_libs_layer",
            "module.chat_engine.aws_apigatewayv2_api.socket_api_gateway",
            "module.chat_engine.aws_apigatewayv2_deployment.socket_deployment",
            "module.chat_engine.aws_apigatewayv2_stage.stage",
            "module.chat_engine.aws_iam_role.socket_lambda_role",
            "module.chat_engine.data.aws_iam_policy_document.lambda_assume_role_policy",
            "module.chat_engine.module.configuration_route.aws_apigatewayv2_integration.route_integration",
            "module.chat_engine.module.configuration_route.aws_apigatewayv2_route.route",
            "module.chat_engine.module.configuration_route.aws_lambda_function.socket_route_lambda",
            "module.chat_engine.module.connect_route.aws_apigatewayv2_integration.route_integration",
            "module.chat_engine.module.connect_route.aws_apigatewayv2_route.route",
            "module.chat_engine.module.connect_route.aws_lambda_function.socket_route_lambda",
            "module.chat_engine.module.disconnect_route.aws_apigatewayv2_integration.route_integration",
            "module.chat_engine.module.disconnect_route.aws_apigatewayv2_route.route",
            "module.chat_engine.module.disconnect_route.aws_lambda_function.socket_route_lambda",
            "module.chat_engine.module.sendmessage_route.aws_apigatewayv2_integration.route_integration",
            "module.chat_engine.module.sendmessage_route.aws_apigatewayv2_route.route",
            "module.chat_engine.module.sendmessage_route.aws_lambda_function.socket_route_lambda",
            "module.get_users_gateway_resource.aws_api_gateway_method.method",
            "module.get_users_gateway_resource.aws_api_gateway_resource.api_resource"
          ],
          "create_before_destroy": true
        }
      ]
    },
    {
      "module": "module.get_users_gateway_resource",
      "mode": "managed",
      "type": "aws_api_gateway_integration",
      "name": "api_resource_specific_integration",
      "provider": "provider[\"registry.terraform.io/hashicorp/aws\"]",
      "instances": [
        {
          "index_key": 0,
          "schema_version": 0,
          "attributes": {
            "cache_key_parameters": [],
            "cache_namespace": "wd0yx3",
            "connection_id": "",
            "connection_type": "INTERNET",
            "content_handling": "",
            "credentials": "",
            "http_method": "GET",
            "id": "agi-3kixvnepjc-wd0yx3-GET",
            "integration_http_method": "POST",
            "passthrough_behavior": "WHEN_NO_MATCH",
            "request_parameters": {},
            "request_templates": {},
            "resource_id": "wd0yx3",
            "rest_api_id": "3kixvnepjc",
            "timeout_milliseconds": 29000,
            "tls_config": [],
            "type": "AWS_PROXY",
            "uri": "arn:aws:apigateway:ap-southeast-1:lambda:path/2015-03-31/functions/arn:aws:lambda:ap-southeast-1:097947100355:function:vlim-ws-chat-dev-ver-i-user/invocations"
          },
          "sensitive_attributes": [],
          "private": "bnVsbA==",
          "dependencies": [
            "aws_api_gateway_rest_api.root_api",
            "aws_dynamodb_table.message-dynamodb-table",
            "aws_dynamodb_table.socket-connection-dynamodb-table",
            "aws_dynamodb_table.users-dynamodb-table",
            "aws_iam_role.full_access_dynamodb_lambda_role",
            "aws_lambda_function.user",
            "aws_lambda_layer_version.core_lib_layer",
            "aws_lambda_layer_version.image_processing_libs_layer",
            "aws_lambda_layer_version.python_libs_layer",
            "module.chat_engine.aws_apigatewayv2_api.socket_api_gateway",
            "module.chat_engine.aws_apigatewayv2_deployment.socket_deployment",
            "module.chat_engine.aws_apigatewayv2_stage.stage",
            "module.chat_engine.aws_iam_role.socket_lambda_role",
            "module.chat_engine.data.aws_iam_policy_document.lambda_assume_role_policy",
            "module.chat_engine.module.configuration_route.aws_apigatewayv2_integration.route_integration",
            "module.chat_engine.module.configuration_route.aws_apigatewayv2_route.route",
            "module.chat_engine.module.configuration_route.aws_lambda_function.socket_route_lambda",
            "module.chat_engine.module.connect_route.aws_apigatewayv2_integration.route_integration",
            "module.chat_engine.module.connect_route.aws_apigatewayv2_route.route",
            "module.chat_engine.module.connect_route.aws_lambda_function.socket_route_lambda",
            "module.chat_engine.module.disconnect_route.aws_apigatewayv2_integration.route_integration",
            "module.chat_engine.module.disconnect_route.aws_apigatewayv2_route.route",
            "module.chat_engine.module.disconnect_route.aws_lambda_function.socket_route_lambda",
            "module.chat_engine.module.sendmessage_route.aws_apigatewayv2_integration.route_integration",
            "module.chat_engine.module.sendmessage_route.aws_apigatewayv2_route.route",
            "module.chat_engine.module.sendmessage_route.aws_lambda_function.socket_route_lambda",
            "module.get_users_gateway_resource.aws_api_gateway_resource.api_resource",
            "module.get_users_gateway_resource.aws_api_gateway_resource.api_resource_specific"
          ],
          "create_before_destroy": true
        },
        {
          "index_key": 1,
          "schema_version": 0,
          "attributes": {
            "cache_key_parameters": [],
            "cache_namespace": "wd0yx3",
            "connection_id": "",
            "connection_type": "INTERNET",
            "content_handling": "",
            "credentials": "",
            "http_method": "PUT",
            "id": "agi-3kixvnepjc-wd0yx3-PUT",
            "integration_http_method": "POST",
            "passthrough_behavior": "WHEN_NO_MATCH",
            "request_parameters": {},
            "request_templates": {},
            "resource_id": "wd0yx3",
            "rest_api_id": "3kixvnepjc",
            "timeout_milliseconds": 29000,
            "tls_config": [],
            "type": "AWS_PROXY",
            "uri": "arn:aws:apigateway:ap-southeast-1:lambda:path/2015-03-31/functions/arn:aws:lambda:ap-southeast-1:097947100355:function:vlim-ws-chat-dev-ver-i-user/invocations"
          },
          "sensitive_attributes": [],
          "private": "bnVsbA==",
          "dependencies": [
            "aws_api_gateway_rest_api.root_api",
            "aws_dynamodb_table.message-dynamodb-table",
            "aws_dynamodb_table.socket-connection-dynamodb-table",
            "aws_dynamodb_table.users-dynamodb-table",
            "aws_iam_role.full_access_dynamodb_lambda_role",
            "aws_lambda_function.user",
            "aws_lambda_layer_version.core_lib_layer",
            "aws_lambda_layer_version.image_processing_libs_layer",
            "aws_lambda_layer_version.python_libs_layer",
            "module.chat_engine.aws_apigatewayv2_api.socket_api_gateway",
            "module.chat_engine.aws_apigatewayv2_deployment.socket_deployment",
            "module.chat_engine.aws_apigatewayv2_stage.stage",
            "module.chat_engine.aws_iam_role.socket_lambda_role",
            "module.chat_engine.data.aws_iam_policy_document.lambda_assume_role_policy",
            "module.chat_engine.module.configuration_route.aws_apigatewayv2_integration.route_integration",
            "module.chat_engine.module.configuration_route.aws_apigatewayv2_route.route",
            "module.chat_engine.module.configuration_route.aws_lambda_function.socket_route_lambda",
            "module.chat_engine.module.connect_route.aws_apigatewayv2_integration.route_integration",
            "module.chat_engine.module.connect_route.aws_apigatewayv2_route.route",
            "module.chat_engine.module.connect_route.aws_lambda_function.socket_route_lambda",
            "module.chat_engine.module.disconnect_route.aws_apigatewayv2_integration.route_integration",
            "module.chat_engine.module.disconnect_route.aws_apigatewayv2_route.route",
            "module.chat_engine.module.disconnect_route.aws_lambda_function.socket_route_lambda",
            "module.chat_engine.module.sendmessage_route.aws_apigatewayv2_integration.route_integration",
            "module.chat_engine.module.sendmessage_route.aws_apigatewayv2_route.route",
            "module.chat_engine.module.sendmessage_route.aws_lambda_function.socket_route_lambda",
            "module.get_users_gateway_resource.aws_api_gateway_resource.api_resource",
            "module.get_users_gateway_resource.aws_api_gateway_resource.api_resource_specific"
          ],
          "create_before_destroy": true
        },
        {
          "index_key": 2,
          "schema_version": 0,
          "attributes": {
            "cache_key_parameters": [],
            "cache_namespace": "wd0yx3",
            "connection_id": "",
            "connection_type": "INTERNET",
            "content_handling": "",
            "credentials": "",
            "http_method": "DELETE",
            "id": "agi-3kixvnepjc-wd0yx3-DELETE",
            "integration_http_method": "POST",
            "passthrough_behavior": "WHEN_NO_MATCH",
            "request_parameters": {},
            "request_templates": {},
            "resource_id": "wd0yx3",
            "rest_api_id": "3kixvnepjc",
            "timeout_milliseconds": 29000,
            "tls_config": [],
            "type": "AWS_PROXY",
            "uri": "arn:aws:apigateway:ap-southeast-1:lambda:path/2015-03-31/functions/arn:aws:lambda:ap-southeast-1:097947100355:function:vlim-ws-chat-dev-ver-i-user/invocations"
          },
          "sensitive_attributes": [],
          "private": "bnVsbA==",
          "dependencies": [
            "aws_api_gateway_rest_api.root_api",
            "aws_dynamodb_table.message-dynamodb-table",
            "aws_dynamodb_table.socket-connection-dynamodb-table",
            "aws_dynamodb_table.users-dynamodb-table",
            "aws_iam_role.full_access_dynamodb_lambda_role",
            "aws_lambda_function.user",
            "aws_lambda_layer_version.core_lib_layer",
            "aws_lambda_layer_version.image_processing_libs_layer",
            "aws_lambda_layer_version.python_libs_layer",
            "module.chat_engine.aws_apigatewayv2_api.socket_api_gateway",
            "module.chat_engine.aws_apigatewayv2_deployment.socket_deployment",
            "module.chat_engine.aws_apigatewayv2_stage.stage",
            "module.chat_engine.aws_iam_role.socket_lambda_role",
            "module.chat_engine.data.aws_iam_policy_document.lambda_assume_role_policy",
            "module.chat_engine.module.configuration_route.aws_apigatewayv2_integration.route_integration",
            "module.chat_engine.module.configuration_route.aws_apigatewayv2_route.route",
            "module.chat_engine.module.configuration_route.aws_lambda_function.socket_route_lambda",
            "module.chat_engine.module.connect_route.aws_apigatewayv2_integration.route_integration",
            "module.chat_engine.module.connect_route.aws_apigatewayv2_route.route",
            "module.chat_engine.module.connect_route.aws_lambda_function.socket_route_lambda",
            "module.chat_engine.module.disconnect_route.aws_apigatewayv2_integration.route_integration",
            "module.chat_engine.module.disconnect_route.aws_apigatewayv2_route.route",
            "module.chat_engine.module.disconnect_route.aws_lambda_function.socket_route_lambda",
            "module.chat_engine.module.sendmessage_route.aws_apigatewayv2_integration.route_integration",
            "module.chat_engine.module.sendmessage_route.aws_apigatewayv2_route.route",
            "module.chat_engine.module.sendmessage_route.aws_lambda_function.socket_route_lambda",
            "module.get_users_gateway_resource.aws_api_gateway_resource.api_resource",
            "module.get_users_gateway_resource.aws_api_gateway_resource.api_resource_specific"
          ],
          "create_before_destroy": true
        }
      ]
    },
    {
      "module": "module.get_users_gateway_resource",
      "mode": "managed",
      "type": "aws_api_gateway_integration",
      "name": "options_integration",
      "provider": "provider[\"registry.terraform.io/hashicorp/aws\"]",
      "instances": [
        {
          "schema_version": 0,
          "attributes": {
            "cache_key_parameters": [],
            "cache_namespace": "eps8ww",
            "connection_id": "",
            "connection_type": "INTERNET",
            "content_handling": "",
            "credentials": "",
            "http_method": "OPTIONS",
            "id": "agi-3kixvnepjc-eps8ww-OPTIONS",
            "integration_http_method": "",
            "passthrough_behavior": "WHEN_NO_MATCH",
            "request_parameters": {},
            "request_templates": {
              "application/json": "{\"statusCode\": 200}"
            },
            "resource_id": "eps8ww",
            "rest_api_id": "3kixvnepjc",
            "timeout_milliseconds": 29000,
            "tls_config": [],
            "type": "MOCK",
            "uri": ""
          },
          "sensitive_attributes": [],
          "private": "bnVsbA==",
          "dependencies": [
            "aws_api_gateway_rest_api.root_api",
            "module.get_users_gateway_resource.aws_api_gateway_method.options_method",
            "module.get_users_gateway_resource.aws_api_gateway_resource.api_resource"
          ],
          "create_before_destroy": true
        }
      ]
    },
    {
      "module": "module.get_users_gateway_resource",
      "mode": "managed",
      "type": "aws_api_gateway_integration_response",
      "name": "options_integration_response",
      "provider": "provider[\"registry.terraform.io/hashicorp/aws\"]",
      "instances": [
        {
          "schema_version": 0,
          "attributes": {
            "content_handling": "",
            "http_method": "OPTIONS",
            "id": "agir-3kixvnepjc-eps8ww-OPTIONS-200",
            "resource_id": "eps8ww",
            "response_parameters": {
              "method.response.header.Access-Control-Allow-Headers": "'Content-Type,X-Amz-Date,Authorization,X-Api-Key,X-Amz-Security-Token'",
              "method.response.header.Access-Control-Allow-Methods": "'GET,OPTIONS,POST,PUT'",
              "method.response.header.Access-Control-Allow-Origin": "'*'"
            },
            "response_templates": {},
            "rest_api_id": "3kixvnepjc",
            "selection_pattern": "",
            "status_code": "200"
          },
          "sensitive_attributes": [],
          "private": "bnVsbA==",
          "dependencies": [
            "aws_api_gateway_rest_api.root_api",
            "module.get_users_gateway_resource.aws_api_gateway_method.options_method",
            "module.get_users_gateway_resource.aws_api_gateway_method_response.options_200",
            "module.get_users_gateway_resource.aws_api_gateway_resource.api_resource"
          ]
        }
      ]
    },
    {
      "module": "module.get_users_gateway_resource",
      "mode": "managed",
      "type": "aws_api_gateway_method",
      "name": "api_resource_specific_method",
      "provider": "provider[\"registry.terraform.io/hashicorp/aws\"]",
      "instances": [
        {
          "index_key": 0,
          "schema_version": 0,
          "attributes": {
            "api_key_required": false,
            "authorization": "NONE",
            "authorization_scopes": [],
            "authorizer_id": "",
            "http_method": "GET",
            "id": "agm-3kixvnepjc-wd0yx3-GET",
            "operation_name": "",
            "request_models": {},
            "request_parameters": {},
            "request_validator_id": "",
            "resource_id": "wd0yx3",
            "rest_api_id": "3kixvnepjc"
          },
          "sensitive_attributes": [],
          "private": "bnVsbA==",
          "dependencies": [
            "aws_api_gateway_rest_api.root_api",
            "module.get_users_gateway_resource.aws_api_gateway_resource.api_resource",
            "module.get_users_gateway_resource.aws_api_gateway_resource.api_resource_specific"
          ],
          "create_before_destroy": true
        },
        {
          "index_key": 1,
          "schema_version": 0,
          "attributes": {
            "api_key_required": false,
            "authorization": "NONE",
            "authorization_scopes": [],
            "authorizer_id": "",
            "http_method": "PUT",
            "id": "agm-3kixvnepjc-wd0yx3-PUT",
            "operation_name": "",
            "request_models": {},
            "request_parameters": {},
            "request_validator_id": "",
            "resource_id": "wd0yx3",
            "rest_api_id": "3kixvnepjc"
          },
          "sensitive_attributes": [],
          "private": "bnVsbA==",
          "dependencies": [
            "aws_api_gateway_rest_api.root_api",
            "module.get_users_gateway_resource.aws_api_gateway_resource.api_resource",
            "module.get_users_gateway_resource.aws_api_gateway_resource.api_resource_specific"
          ],
          "create_before_destroy": true
        },
        {
          "index_key": 2,
          "schema_version": 0,
          "attributes": {
            "api_key_required": false,
            "authorization": "NONE",
            "authorization_scopes": [],
            "authorizer_id": "",
            "http_method": "DELETE",
            "id": "agm-3kixvnepjc-wd0yx3-DELETE",
            "operation_name": "",
            "request_models": {},
            "request_parameters": {},
            "request_validator_id": "",
            "resource_id": "wd0yx3",
            "rest_api_id": "3kixvnepjc"
          },
          "sensitive_attributes": [],
          "private": "bnVsbA==",
          "dependencies": [
            "aws_api_gateway_rest_api.root_api",
            "module.get_users_gateway_resource.aws_api_gateway_resource.api_resource",
            "module.get_users_gateway_resource.aws_api_gateway_resource.api_resource_specific"
          ],
          "create_before_destroy": true
        }
      ]
    },
    {
      "module": "module.get_users_gateway_resource",
      "mode": "managed",
      "type": "aws_api_gateway_method",
      "name": "method",
      "provider": "provider[\"registry.terraform.io/hashicorp/aws\"]",
      "instances": [
        {
          "index_key": "GET",
          "schema_version": 0,
          "attributes": {
            "api_key_required": false,
            "authorization": "NONE",
            "authorization_scopes": [],
            "authorizer_id": "",
            "http_method": "GET",
            "id": "agm-3kixvnepjc-eps8ww-GET",
            "operation_name": "",
            "request_models": {},
            "request_parameters": {},
            "request_validator_id": "",
            "resource_id": "eps8ww",
            "rest_api_id": "3kixvnepjc"
          },
          "sensitive_attributes": [],
          "private": "bnVsbA==",
          "dependencies": [
            "aws_api_gateway_rest_api.root_api",
            "module.get_users_gateway_resource.aws_api_gateway_resource.api_resource"
          ],
          "create_before_destroy": true
        },
        {
          "index_key": "POST",
          "schema_version": 0,
          "attributes": {
            "api_key_required": false,
            "authorization": "NONE",
            "authorization_scopes": [],
            "authorizer_id": "",
            "http_method": "POST",
            "id": "agm-3kixvnepjc-eps8ww-POST",
            "operation_name": "",
            "request_models": {},
            "request_parameters": {},
            "request_validator_id": "",
            "resource_id": "eps8ww",
            "rest_api_id": "3kixvnepjc"
          },
          "sensitive_attributes": [],
          "private": "bnVsbA==",
          "dependencies": [
            "aws_api_gateway_rest_api.root_api",
            "module.get_users_gateway_resource.aws_api_gateway_resource.api_resource"
          ],
          "create_before_destroy": true
        },
        {
          "index_key": "PUT",
          "schema_version": 0,
          "attributes": {
            "api_key_required": false,
            "authorization": "NONE",
            "authorization_scopes": [],
            "authorizer_id": "",
            "http_method": "PUT",
            "id": "agm-3kixvnepjc-eps8ww-PUT",
            "operation_name": "",
            "request_models": {},
            "request_parameters": {},
            "request_validator_id": "",
            "resource_id": "eps8ww",
            "rest_api_id": "3kixvnepjc"
          },
          "sensitive_attributes": [],
          "private": "bnVsbA==",
          "dependencies": [
            "aws_api_gateway_rest_api.root_api",
            "module.get_users_gateway_resource.aws_api_gateway_resource.api_resource"
          ],
          "create_before_destroy": true
        }
      ]
    },
    {
      "module": "module.get_users_gateway_resource",
      "mode": "managed",
      "type": "aws_api_gateway_method",
      "name": "options_method",
      "provider": "provider[\"registry.terraform.io/hashicorp/aws\"]",
      "instances": [
        {
          "schema_version": 0,
          "attributes": {
            "api_key_required": false,
            "authorization": "NONE",
            "authorization_scopes": [],
            "authorizer_id": "",
            "http_method": "OPTIONS",
            "id": "agm-3kixvnepjc-eps8ww-OPTIONS",
            "operation_name": "",
            "request_models": {},
            "request_parameters": {},
            "request_validator_id": "",
            "resource_id": "eps8ww",
            "rest_api_id": "3kixvnepjc"
          },
          "sensitive_attributes": [],
          "private": "bnVsbA==",
          "dependencies": [
            "aws_api_gateway_rest_api.root_api",
            "module.get_users_gateway_resource.aws_api_gateway_resource.api_resource"
          ],
          "create_before_destroy": true
        }
      ]
    },
    {
      "module": "module.get_users_gateway_resource",
      "mode": "managed",
      "type": "aws_api_gateway_method_response",
      "name": "options_200",
      "provider": "provider[\"registry.terraform.io/hashicorp/aws\"]",
      "instances": [
        {
          "schema_version": 0,
          "attributes": {
            "http_method": "OPTIONS",
            "id": "agmr-3kixvnepjc-eps8ww-OPTIONS-200",
            "resource_id": "eps8ww",
            "response_models": {
              "application/json": "Empty"
            },
            "response_parameters": {
              "method.response.header.Access-Control-Allow-Headers": true,
              "method.response.header.Access-Control-Allow-Methods": true,
              "method.response.header.Access-Control-Allow-Origin": true
            },
            "rest_api_id": "3kixvnepjc",
            "status_code": "200"
          },
          "sensitive_attributes": [],
          "private": "bnVsbA==",
          "dependencies": [
            "aws_api_gateway_rest_api.root_api",
            "module.get_users_gateway_resource.aws_api_gateway_method.options_method",
            "module.get_users_gateway_resource.aws_api_gateway_resource.api_resource"
          ],
          "create_before_destroy": true
        }
      ]
    },
    {
      "module": "module.get_users_gateway_resource",
      "mode": "managed",
      "type": "aws_api_gateway_resource",
      "name": "api_resource",
      "provider": "provider[\"registry.terraform.io/hashicorp/aws\"]",
      "instances": [
        {
          "schema_version": 0,
          "attributes": {
            "id": "eps8ww",
            "parent_id": "bgznpl2hs9",
            "path": "/users",
            "path_part": "users",
            "rest_api_id": "3kixvnepjc"
          },
          "sensitive_attributes": [],
          "private": "bnVsbA==",
          "dependencies": [
            "aws_api_gateway_rest_api.root_api"
          ],
          "create_before_destroy": true
        }
      ]
    },
    {
      "module": "module.get_users_gateway_resource",
      "mode": "managed",
      "type": "aws_api_gateway_resource",
      "name": "api_resource_specific",
      "provider": "provider[\"registry.terraform.io/hashicorp/aws\"]",
      "instances": [
        {
          "index_key": 0,
          "schema_version": 0,
          "attributes": {
            "id": "wd0yx3",
            "parent_id": "eps8ww",
            "path": "/users/{id}",
            "path_part": "{id}",
            "rest_api_id": "3kixvnepjc"
          },
          "sensitive_attributes": [],
          "private": "bnVsbA==",
          "dependencies": [
            "aws_api_gateway_rest_api.root_api",
            "module.get_users_gateway_resource.aws_api_gateway_resource.api_resource"
          ],
          "create_before_destroy": true
        }
      ]
    },
    {
      "module": "module.get_users_gateway_resource",
      "mode": "managed",
      "type": "aws_lambda_permission",
      "name": "apigw_lambda_permission",
      "provider": "provider[\"registry.terraform.io/hashicorp/aws\"]",
      "instances": [
        {
          "index_key": "GET",
          "schema_version": 0,
          "attributes": {
            "action": "lambda:InvokeFunction",
            "event_source_token": null,
            "function_name": "vlim-ws-chat-dev-ver-i-user",
            "id": "vlim-ws-chat-dev-ver-i-root-apiAllow-usersGETInvoke",
            "principal": "apigateway.amazonaws.com",
            "qualifier": "",
            "source_account": null,
            "source_arn": "arn:aws:execute-api:ap-southeast-1:097947100355:3kixvnepjc/*/GET/users",
            "statement_id": "vlim-ws-chat-dev-ver-i-root-apiAllow-usersGETInvoke",
            "statement_id_prefix": null
          },
          "sensitive_attributes": [],
          "private": "bnVsbA==",
          "dependencies": [
            "aws_api_gateway_rest_api.root_api",
            "aws_dynamodb_table.message-dynamodb-table",
            "aws_dynamodb_table.socket-connection-dynamodb-table",
            "aws_dynamodb_table.users-dynamodb-table",
            "aws_iam_role.full_access_dynamodb_lambda_role",
            "aws_lambda_function.user",
            "aws_lambda_layer_version.core_lib_layer",
            "aws_lambda_layer_version.image_processing_libs_layer",
            "aws_lambda_layer_version.python_libs_layer",
            "module.chat_engine.aws_apigatewayv2_api.socket_api_gateway",
            "module.chat_engine.aws_apigatewayv2_deployment.socket_deployment",
            "module.chat_engine.aws_apigatewayv2_stage.stage",
            "module.chat_engine.aws_iam_role.socket_lambda_role",
            "module.chat_engine.data.aws_iam_policy_document.lambda_assume_role_policy",
            "module.chat_engine.module.configuration_route.aws_apigatewayv2_integration.route_integration",
            "module.chat_engine.module.configuration_route.aws_apigatewayv2_route.route",
            "module.chat_engine.module.configuration_route.aws_lambda_function.socket_route_lambda",
            "module.chat_engine.module.connect_route.aws_apigatewayv2_integration.route_integration",
            "module.chat_engine.module.connect_route.aws_apigatewayv2_route.route",
            "module.chat_engine.module.connect_route.aws_lambda_function.socket_route_lambda",
            "module.chat_engine.module.disconnect_route.aws_apigatewayv2_integration.route_integration",
            "module.chat_engine.module.disconnect_route.aws_apigatewayv2_route.route",
            "module.chat_engine.module.disconnect_route.aws_lambda_function.socket_route_lambda",
            "module.chat_engine.module.sendmessage_route.aws_apigatewayv2_integration.route_integration",
            "module.chat_engine.module.sendmessage_route.aws_apigatewayv2_route.route",
            "module.chat_engine.module.sendmessage_route.aws_lambda_function.socket_route_lambda",
            "module.get_users_gateway_resource.aws_api_gateway_resource.api_resource"
          ]
        },
        {
          "index_key": "POST",
          "schema_version": 0,
          "attributes": {
            "action": "lambda:InvokeFunction",
            "event_source_token": null,
            "function_name": "vlim-ws-chat-dev-ver-i-user",
            "id": "vlim-ws-chat-dev-ver-i-root-apiAllow-usersPOSTInvoke",
            "principal": "apigateway.amazonaws.com",
            "qualifier": "",
            "source_account": null,
            "source_arn": "arn:aws:execute-api:ap-southeast-1:097947100355:3kixvnepjc/*/POST/users",
            "statement_id": "vlim-ws-chat-dev-ver-i-root-apiAllow-usersPOSTInvoke",
            "statement_id_prefix": null
          },
          "sensitive_attributes": [],
          "private": "bnVsbA==",
          "dependencies": [
            "aws_api_gateway_rest_api.root_api",
            "aws_dynamodb_table.message-dynamodb-table",
            "aws_dynamodb_table.socket-connection-dynamodb-table",
            "aws_dynamodb_table.users-dynamodb-table",
            "aws_iam_role.full_access_dynamodb_lambda_role",
            "aws_lambda_function.user",
            "aws_lambda_layer_version.core_lib_layer",
            "aws_lambda_layer_version.image_processing_libs_layer",
            "aws_lambda_layer_version.python_libs_layer",
            "module.chat_engine.aws_apigatewayv2_api.socket_api_gateway",
            "module.chat_engine.aws_apigatewayv2_deployment.socket_deployment",
            "module.chat_engine.aws_apigatewayv2_stage.stage",
            "module.chat_engine.aws_iam_role.socket_lambda_role",
            "module.chat_engine.data.aws_iam_policy_document.lambda_assume_role_policy",
            "module.chat_engine.module.configuration_route.aws_apigatewayv2_integration.route_integration",
            "module.chat_engine.module.configuration_route.aws_apigatewayv2_route.route",
            "module.chat_engine.module.configuration_route.aws_lambda_function.socket_route_lambda",
            "module.chat_engine.module.connect_route.aws_apigatewayv2_integration.route_integration",
            "module.chat_engine.module.connect_route.aws_apigatewayv2_route.route",
            "module.chat_engine.module.connect_route.aws_lambda_function.socket_route_lambda",
            "module.chat_engine.module.disconnect_route.aws_apigatewayv2_integration.route_integration",
            "module.chat_engine.module.disconnect_route.aws_apigatewayv2_route.route",
            "module.chat_engine.module.disconnect_route.aws_lambda_function.socket_route_lambda",
            "module.chat_engine.module.sendmessage_route.aws_apigatewayv2_integration.route_integration",
            "module.chat_engine.module.sendmessage_route.aws_apigatewayv2_route.route",
            "module.chat_engine.module.sendmessage_route.aws_lambda_function.socket_route_lambda",
            "module.get_users_gateway_resource.aws_api_gateway_resource.api_resource"
          ]
        },
        {
          "index_key": "PUT",
          "schema_version": 0,
          "attributes": {
            "action": "lambda:InvokeFunction",
            "event_source_token": null,
            "function_name": "vlim-ws-chat-dev-ver-i-user",
            "id": "vlim-ws-chat-dev-ver-i-root-apiAllow-usersPUTInvoke",
            "principal": "apigateway.amazonaws.com",
            "qualifier": "",
            "source_account": null,
            "source_arn": "arn:aws:execute-api:ap-southeast-1:097947100355:3kixvnepjc/*/PUT/users",
            "statement_id": "vlim-ws-chat-dev-ver-i-root-apiAllow-usersPUTInvoke",
            "statement_id_prefix": null
          },
          "sensitive_attributes": [],
          "private": "bnVsbA==",
          "dependencies": [
            "aws_api_gateway_rest_api.root_api",
            "aws_dynamodb_table.message-dynamodb-table",
            "aws_dynamodb_table.socket-connection-dynamodb-table",
            "aws_dynamodb_table.users-dynamodb-table",
            "aws_iam_role.full_access_dynamodb_lambda_role",
            "aws_lambda_function.user",
            "aws_lambda_layer_version.core_lib_layer",
            "aws_lambda_layer_version.image_processing_libs_layer",
            "aws_lambda_layer_version.python_libs_layer",
            "module.chat_engine.aws_apigatewayv2_api.socket_api_gateway",
            "module.chat_engine.aws_apigatewayv2_deployment.socket_deployment",
            "module.chat_engine.aws_apigatewayv2_stage.stage",
            "module.chat_engine.aws_iam_role.socket_lambda_role",
            "module.chat_engine.data.aws_iam_policy_document.lambda_assume_role_policy",
            "module.chat_engine.module.configuration_route.aws_apigatewayv2_integration.route_integration",
            "module.chat_engine.module.configuration_route.aws_apigatewayv2_route.route",
            "module.chat_engine.module.configuration_route.aws_lambda_function.socket_route_lambda",
            "module.chat_engine.module.connect_route.aws_apigatewayv2_integration.route_integration",
            "module.chat_engine.module.connect_route.aws_apigatewayv2_route.route",
            "module.chat_engine.module.connect_route.aws_lambda_function.socket_route_lambda",
            "module.chat_engine.module.disconnect_route.aws_apigatewayv2_integration.route_integration",
            "module.chat_engine.module.disconnect_route.aws_apigatewayv2_route.route",
            "module.chat_engine.module.disconnect_route.aws_lambda_function.socket_route_lambda",
            "module.chat_engine.module.sendmessage_route.aws_apigatewayv2_integration.route_integration",
            "module.chat_engine.module.sendmessage_route.aws_apigatewayv2_route.route",
            "module.chat_engine.module.sendmessage_route.aws_lambda_function.socket_route_lambda",
            "module.get_users_gateway_resource.aws_api_gateway_resource.api_resource"
          ]
        }
      ]
    },
    {
      "module": "module.get_users_gateway_resource",
      "mode": "managed",
      "type": "aws_lambda_permission",
      "name": "apigw_resource_specific_lambda_permission",
      "provider": "provider[\"registry.terraform.io/hashicorp/aws\"]",
      "instances": [
        {
          "index_key": 0,
          "schema_version": 0,
          "attributes": {
            "action": "lambda:InvokeFunction",
            "event_source_token": null,
            "function_name": "vlim-ws-chat-dev-ver-i-user",
            "id": "vlim-ws-chat-dev-ver-i-root-apiAllow-Specific-Id-GETInvoke",
            "principal": "apigateway.amazonaws.com",
            "qualifier": "",
            "source_account": null,
            "source_arn": "arn:aws:execute-api:ap-southeast-1:097947100355:3kixvnepjc/*/GET/users/{id}",
            "statement_id": "vlim-ws-chat-dev-ver-i-root-apiAllow-Specific-Id-GETInvoke",
            "statement_id_prefix": null
          },
          "sensitive_attributes": [],
          "private": "bnVsbA==",
          "dependencies": [
            "aws_api_gateway_rest_api.root_api",
            "aws_dynamodb_table.message-dynamodb-table",
            "aws_dynamodb_table.socket-connection-dynamodb-table",
            "aws_dynamodb_table.users-dynamodb-table",
            "aws_iam_role.full_access_dynamodb_lambda_role",
            "aws_lambda_function.user",
            "aws_lambda_layer_version.core_lib_layer",
            "aws_lambda_layer_version.image_processing_libs_layer",
            "aws_lambda_layer_version.python_libs_layer",
            "module.chat_engine.aws_apigatewayv2_api.socket_api_gateway",
            "module.chat_engine.aws_apigatewayv2_deployment.socket_deployment",
            "module.chat_engine.aws_apigatewayv2_stage.stage",
            "module.chat_engine.aws_iam_role.socket_lambda_role",
            "module.chat_engine.data.aws_iam_policy_document.lambda_assume_role_policy",
            "module.chat_engine.module.configuration_route.aws_apigatewayv2_integration.route_integration",
            "module.chat_engine.module.configuration_route.aws_apigatewayv2_route.route",
            "module.chat_engine.module.configuration_route.aws_lambda_function.socket_route_lambda",
            "module.chat_engine.module.connect_route.aws_apigatewayv2_integration.route_integration",
            "module.chat_engine.module.connect_route.aws_apigatewayv2_route.route",
            "module.chat_engine.module.connect_route.aws_lambda_function.socket_route_lambda",
            "module.chat_engine.module.disconnect_route.aws_apigatewayv2_integration.route_integration",
            "module.chat_engine.module.disconnect_route.aws_apigatewayv2_route.route",
            "module.chat_engine.module.disconnect_route.aws_lambda_function.socket_route_lambda",
            "module.chat_engine.module.sendmessage_route.aws_apigatewayv2_integration.route_integration",
            "module.chat_engine.module.sendmessage_route.aws_apigatewayv2_route.route",
            "module.chat_engine.module.sendmessage_route.aws_lambda_function.socket_route_lambda",
            "module.get_users_gateway_resource.aws_api_gateway_resource.api_resource",
            "module.get_users_gateway_resource.aws_api_gateway_resource.api_resource_specific"
          ]
        },
        {
          "index_key": 1,
          "schema_version": 0,
          "attributes": {
            "action": "lambda:InvokeFunction",
            "event_source_token": null,
            "function_name": "vlim-ws-chat-dev-ver-i-user",
            "id": "vlim-ws-chat-dev-ver-i-root-apiAllow-Specific-Id-PUTInvoke",
            "principal": "apigateway.amazonaws.com",
            "qualifier": "",
            "source_account": null,
            "source_arn": "arn:aws:execute-api:ap-southeast-1:097947100355:3kixvnepjc/*/PUT/users/{id}",
            "statement_id": "vlim-ws-chat-dev-ver-i-root-apiAllow-Specific-Id-PUTInvoke",
            "statement_id_prefix": null
          },
          "sensitive_attributes": [],
          "private": "bnVsbA==",
          "dependencies": [
            "aws_api_gateway_rest_api.root_api",
            "aws_dynamodb_table.message-dynamodb-table",
            "aws_dynamodb_table.socket-connection-dynamodb-table",
            "aws_dynamodb_table.users-dynamodb-table",
            "aws_iam_role.full_access_dynamodb_lambda_role",
            "aws_lambda_function.user",
            "aws_lambda_layer_version.core_lib_layer",
            "aws_lambda_layer_version.image_processing_libs_layer",
            "aws_lambda_layer_version.python_libs_layer",
            "module.chat_engine.aws_apigatewayv2_api.socket_api_gateway",
            "module.chat_engine.aws_apigatewayv2_deployment.socket_deployment",
            "module.chat_engine.aws_apigatewayv2_stage.stage",
            "module.chat_engine.aws_iam_role.socket_lambda_role",
            "module.chat_engine.data.aws_iam_policy_document.lambda_assume_role_policy",
            "module.chat_engine.module.configuration_route.aws_apigatewayv2_integration.route_integration",
            "module.chat_engine.module.configuration_route.aws_apigatewayv2_route.route",
            "module.chat_engine.module.configuration_route.aws_lambda_function.socket_route_lambda",
            "module.chat_engine.module.connect_route.aws_apigatewayv2_integration.route_integration",
            "module.chat_engine.module.connect_route.aws_apigatewayv2_route.route",
            "module.chat_engine.module.connect_route.aws_lambda_function.socket_route_lambda",
            "module.chat_engine.module.disconnect_route.aws_apigatewayv2_integration.route_integration",
            "module.chat_engine.module.disconnect_route.aws_apigatewayv2_route.route",
            "module.chat_engine.module.disconnect_route.aws_lambda_function.socket_route_lambda",
            "module.chat_engine.module.sendmessage_route.aws_apigatewayv2_integration.route_integration",
            "module.chat_engine.module.sendmessage_route.aws_apigatewayv2_route.route",
            "module.chat_engine.module.sendmessage_route.aws_lambda_function.socket_route_lambda",
            "module.get_users_gateway_resource.aws_api_gateway_resource.api_resource",
            "module.get_users_gateway_resource.aws_api_gateway_resource.api_resource_specific"
          ]
        },
        {
          "index_key": 2,
          "schema_version": 0,
          "attributes": {
            "action": "lambda:InvokeFunction",
            "event_source_token": null,
            "function_name": "vlim-ws-chat-dev-ver-i-user",
            "id": "vlim-ws-chat-dev-ver-i-root-apiAllow-Specific-Id-DELETEInvoke",
            "principal": "apigateway.amazonaws.com",
            "qualifier": "",
            "source_account": null,
            "source_arn": "arn:aws:execute-api:ap-southeast-1:097947100355:3kixvnepjc/*/DELETE/users/{id}",
            "statement_id": "vlim-ws-chat-dev-ver-i-root-apiAllow-Specific-Id-DELETEInvoke",
            "statement_id_prefix": null
          },
          "sensitive_attributes": [],
          "private": "bnVsbA==",
          "dependencies": [
            "aws_api_gateway_rest_api.root_api",
            "aws_dynamodb_table.message-dynamodb-table",
            "aws_dynamodb_table.socket-connection-dynamodb-table",
            "aws_dynamodb_table.users-dynamodb-table",
            "aws_iam_role.full_access_dynamodb_lambda_role",
            "aws_lambda_function.user",
            "aws_lambda_layer_version.core_lib_layer",
            "aws_lambda_layer_version.image_processing_libs_layer",
            "aws_lambda_layer_version.python_libs_layer",
            "module.chat_engine.aws_apigatewayv2_api.socket_api_gateway",
            "module.chat_engine.aws_apigatewayv2_deployment.socket_deployment",
            "module.chat_engine.aws_apigatewayv2_stage.stage",
            "module.chat_engine.aws_iam_role.socket_lambda_role",
            "module.chat_engine.data.aws_iam_policy_document.lambda_assume_role_policy",
            "module.chat_engine.module.configuration_route.aws_apigatewayv2_integration.route_integration",
            "module.chat_engine.module.configuration_route.aws_apigatewayv2_route.route",
            "module.chat_engine.module.configuration_route.aws_lambda_function.socket_route_lambda",
            "module.chat_engine.module.connect_route.aws_apigatewayv2_integration.route_integration",
            "module.chat_engine.module.connect_route.aws_apigatewayv2_route.route",
            "module.chat_engine.module.connect_route.aws_lambda_function.socket_route_lambda",
            "module.chat_engine.module.disconnect_route.aws_apigatewayv2_integration.route_integration",
            "module.chat_engine.module.disconnect_route.aws_apigatewayv2_route.route",
            "module.chat_engine.module.disconnect_route.aws_lambda_function.socket_route_lambda",
            "module.chat_engine.module.sendmessage_route.aws_apigatewayv2_integration.route_integration",
            "module.chat_engine.module.sendmessage_route.aws_apigatewayv2_route.route",
            "module.chat_engine.module.sendmessage_route.aws_lambda_function.socket_route_lambda",
            "module.get_users_gateway_resource.aws_api_gateway_resource.api_resource",
            "module.get_users_gateway_resource.aws_api_gateway_resource.api_resource_specific"
          ]
        }
      ]
    },
    {
      "module": "module.image_processing",
      "mode": "data",
      "type": "archive_file",
      "name": "image-resize-lambda-archive",
      "provider": "provider[\"registry.terraform.io/hashicorp/archive\"]",
      "instances": [
        {
          "schema_version": 0,
          "attributes": {
            "excludes": null,
            "id": "4e0a16448d2a08e3a5be7861a08d9b73e8271d1a",
            "output_base64sha256": "es4mfft1ATMqX3h88Ij7G8Ee51EF4DVcaZ8OVLk/j7c=",
            "output_file_mode": null,
            "output_md5": "809038480c60afcfcb893c7df1f5ae55",
            "output_path": "outputs/image-resize-lambda.zip",
            "output_sha": "4e0a16448d2a08e3a5be7861a08d9b73e8271d1a",
            "output_size": 631,
            "source": [],
            "source_content": null,
            "source_content_filename": null,
            "source_dir": null,
            "source_file": "../services/image_processing/lambdas/image_resize/handler.py",
            "type": "zip"
          },
          "sensitive_attributes": []
        }
      ]
    },
    {
      "module": "module.image_processing",
      "mode": "data",
      "type": "archive_file",
      "name": "image-upload-url-lambda-archive",
      "provider": "provider[\"registry.terraform.io/hashicorp/archive\"]",
      "instances": [
        {
          "schema_version": 0,
          "attributes": {
            "excludes": null,
            "id": "38d4a09e9477e7ca21d086dbba9bfbe9d36f819a",
            "output_base64sha256": "ppxQ/cQRjRyl09+wzRsZpAK72zrw2S36lekMQS/Tbkk=",
            "output_file_mode": null,
            "output_md5": "3bd94f50863e5763ab86ba569ef76dd5",
            "output_path": "outputs/image-upload-url-lambda.zip",
            "output_sha": "38d4a09e9477e7ca21d086dbba9bfbe9d36f819a",
            "output_size": 580,
            "source": [],
            "source_content": null,
            "source_content_filename": null,
            "source_dir": null,
            "source_file": "../services/image_processing/lambdas/image_upload_presign_url/handler.py",
            "type": "zip"
          },
          "sensitive_attributes": []
        }
      ]
    },
    {
      "module": "module.image_processing",
      "mode": "data",
      "type": "aws_iam_policy_document",
      "name": "allow_access_from_public",
      "provider": "provider[\"registry.terraform.io/hashicorp/aws\"]",
      "instances": [
        {
          "schema_version": 0,
          "attributes": {
            "id": "2006568428",
            "json": "{\n  \"Version\": \"2012-10-17\",\n  \"Statement\": [\n    {\n      \"Sid\": \"allow_access_from_public-image_bucket\",\n      \"Effect\": \"Allow\",\n      \"Action\": [\n        \"s3:ListBucket\",\n        \"s3:GetObject\"\n      ],\n      \"Resource\": [\n        \"arn:aws:s3:::vlim-ws-chat-image-processing-dev-image-bucket/*\",\n        \"arn:aws:s3:::vlim-ws-chat-image-processing-dev-image-bucket\"\n      ],\n      \"Principal\": \"*\"\n    }\n  ]\n}",
            "override_json": null,
            "override_policy_documents": null,
            "policy_id": null,
            "source_json": null,
            "source_policy_documents": null,
            "statement": [
              {
                "actions": [
                  "s3:GetObject",
                  "s3:ListBucket"
                ],
                "condition": [],
                "effect": "Allow",
                "not_actions": [],
                "not_principals": [],
                "not_resources": [],
                "principals": [
                  {
                    "identifiers": [
                      "*"
                    ],
                    "type": "*"
                  }
                ],
                "resources": [
                  "arn:aws:s3:::vlim-ws-chat-image-processing-dev-image-bucket",
                  "arn:aws:s3:::vlim-ws-chat-image-processing-dev-image-bucket/*"
                ],
                "sid": "allow_access_from_public-image_bucket"
              }
            ],
            "version": "2012-10-17"
          },
          "sensitive_attributes": []
        }
      ]
    },
    {
      "module": "module.image_processing",
      "mode": "data",
      "type": "aws_iam_policy_document",
      "name": "allow_s3_full_access_from_lambda",
      "provider": "provider[\"registry.terraform.io/hashicorp/aws\"]",
      "instances": [
        {
          "schema_version": 0,
          "attributes": {
            "id": "2816256632",
            "json": "{\n  \"Version\": \"2012-10-17\",\n  \"Statement\": [\n    {\n      \"Sid\": \"\",\n      \"Effect\": \"Allow\",\n      \"Action\": \"logs:*\",\n      \"Resource\": \"arn:aws:logs:*:*:*\"\n    },\n    {\n      \"Sid\": \"UniqueSidOne\",\n      \"Effect\": \"Allow\",\n      \"Action\": \"s3:*\",\n      \"Resource\": [\n        \"arn:aws:s3:::vlim-ws-chat-image-processing-dev-image-bucket/*\",\n        \"arn:aws:s3:::vlim-ws-chat-image-processing-dev-image-bucket\"\n      ]\n    }\n  ]\n}",
            "override_json": null,
            "override_policy_documents": null,
            "policy_id": null,
            "source_json": null,
            "source_policy_documents": null,
            "statement": [
              {
                "actions": [
                  "logs:*"
                ],
                "condition": [],
                "effect": "Allow",
                "not_actions": [],
                "not_principals": [],
                "not_resources": [],
                "principals": [],
                "resources": [
                  "arn:aws:logs:*:*:*"
                ],
                "sid": ""
              },
              {
                "actions": [
                  "s3:*"
                ],
                "condition": [],
                "effect": "Allow",
                "not_actions": [],
                "not_principals": [],
                "not_resources": [],
                "principals": [],
                "resources": [
                  "arn:aws:s3:::vlim-ws-chat-image-processing-dev-image-bucket",
                  "arn:aws:s3:::vlim-ws-chat-image-processing-dev-image-bucket/*"
                ],
                "sid": "UniqueSidOne"
              }
            ],
            "version": "2012-10-17"
          },
          "sensitive_attributes": []
        }
      ]
    },
    {
      "module": "module.image_processing",
      "mode": "data",
      "type": "aws_iam_policy_document",
      "name": "lambda_assume_role_policy_docs",
      "provider": "provider[\"registry.terraform.io/hashicorp/aws\"]",
      "instances": [
        {
          "schema_version": 0,
          "attributes": {
            "id": "3693445097",
            "json": "{\n  \"Version\": \"2012-10-17\",\n  \"Statement\": [\n    {\n      \"Sid\": \"\",\n      \"Effect\": \"Allow\",\n      \"Action\": \"sts:AssumeRole\",\n      \"Principal\": {\n        \"Service\": \"lambda.amazonaws.com\"\n      }\n    }\n  ]\n}",
            "override_json": null,
            "override_policy_documents": null,
            "policy_id": null,
            "source_json": null,
            "source_policy_documents": null,
            "statement": [
              {
                "actions": [
                  "sts:AssumeRole"
                ],
                "condition": [],
                "effect": "Allow",
                "not_actions": [],
                "not_principals": [],
                "not_resources": [],
                "principals": [
                  {
                    "identifiers": [
                      "lambda.amazonaws.com"
                    ],
                    "type": "Service"
                  }
                ],
                "resources": [],
                "sid": ""
              }
            ],
            "version": "2012-10-17"
          },
          "sensitive_attributes": []
        }
      ]
    },
    {
      "module": "module.image_processing",
      "mode": "data",
      "type": "aws_iam_policy_document",
      "name": "lambda_logs_access_docs",
      "provider": "provider[\"registry.terraform.io/hashicorp/aws\"]",
      "instances": [
        {
          "schema_version": 0,
          "attributes": {
            "id": "3334621024",
            "json": "{\n  \"Version\": \"2012-10-17\",\n  \"Statement\": [\n    {\n      \"Sid\": \"\",\n      \"Effect\": \"Allow\",\n      \"Action\": \"logs:*\",\n      \"Resource\": \"arn:aws:logs:*:*:*\"\n    }\n  ]\n}",
            "override_json": null,
            "override_policy_documents": null,
            "policy_id": null,
            "source_json": null,
            "source_policy_documents": null,
            "statement": [
              {
                "actions": [
                  "logs:*"
                ],
                "condition": [],
                "effect": "Allow",
                "not_actions": [],
                "not_principals": [],
                "not_resources": [],
                "principals": [],
                "resources": [
                  "arn:aws:logs:*:*:*"
                ],
                "sid": ""
              }
            ],
            "version": "2012-10-17"
          },
          "sensitive_attributes": []
        }
      ]
    },
    {
      "module": "module.image_processing",
      "mode": "data",
      "type": "aws_iam_policy_document",
      "name": "presign_url_lambda_invoke_function_policy",
      "provider": "provider[\"registry.terraform.io/hashicorp/aws\"]",
      "instances": [
        {
          "schema_version": 0,
          "attributes": {
            "id": "3100942361",
            "json": "{\n  \"Version\": \"2012-10-17\",\n  \"Statement\": [\n    {\n      \"Sid\": \"\",\n      \"Effect\": \"Allow\",\n      \"Action\": \"lambda:InvokeFunction\",\n      \"Resource\": \"arn:aws:lambda:ap-southeast-1:097947100355:function:vlim-ws-chat-image-processing-dev-lambda_upload_url\"\n    }\n  ]\n}",
            "override_json": null,
            "override_policy_documents": null,
            "policy_id": null,
            "source_json": null,
            "source_policy_documents": null,
            "statement": [
              {
                "actions": [
                  "lambda:InvokeFunction"
                ],
                "condition": [],
                "effect": "Allow",
                "not_actions": [],
                "not_principals": [],
                "not_resources": [],
                "principals": [],
                "resources": [
                  "arn:aws:lambda:ap-southeast-1:097947100355:function:vlim-ws-chat-image-processing-dev-lambda_upload_url"
                ],
                "sid": ""
              }
            ],
            "version": "2012-10-17"
          },
          "sensitive_attributes": []
        }
      ]
    },
    {
      "module": "module.image_processing",
      "mode": "data",
      "type": "aws_iam_policy_document",
      "name": "presign_url_lambda_policy_docs",
      "provider": "provider[\"registry.terraform.io/hashicorp/aws\"]",
      "instances": [
        {
          "schema_version": 0,
          "attributes": {
            "id": "3085328631",
            "json": "{\n  \"Version\": \"2012-10-17\",\n  \"Statement\": [\n    {\n      \"Sid\": \"\",\n      \"Effect\": \"Allow\",\n      \"Action\": \"lambda:InvokeFunction\",\n      \"Resource\": \"arn:aws:lambda:ap-southeast-1:097947100355:function:vlim-ws-chat-image-processing-dev-lambda_upload_url\"\n    },\n    {\n      \"Sid\": \"\",\n      \"Effect\": \"Allow\",\n      \"Action\": \"logs:*\",\n      \"Resource\": \"arn:aws:logs:*:*:*\"\n    },\n    {\n      \"Sid\": \"UniqueSidOne\",\n      \"Effect\": \"Allow\",\n      \"Action\": \"s3:*\",\n      \"Resource\": [\n        \"arn:aws:s3:::vlim-ws-chat-image-processing-dev-image-bucket/*\",\n        \"arn:aws:s3:::vlim-ws-chat-image-processing-dev-image-bucket\"\n      ]\n    },\n    {\n      \"Sid\": \"\",\n      \"Effect\": \"Allow\",\n      \"Action\": \"logs:*\",\n      \"Resource\": \"arn:aws:logs:*:*:*\"\n    }\n  ]\n}",
            "override_json": null,
            "override_policy_documents": null,
            "policy_id": null,
            "source_json": null,
            "source_policy_documents": [
              "{\n  \"Version\": \"2012-10-17\",\n  \"Statement\": [\n    {\n      \"Sid\": \"\",\n      \"Effect\": \"Allow\",\n      \"Action\": \"lambda:InvokeFunction\",\n      \"Resource\": \"arn:aws:lambda:ap-southeast-1:097947100355:function:vlim-ws-chat-image-processing-dev-lambda_upload_url\"\n    }\n  ]\n}",
              "{\n  \"Version\": \"2012-10-17\",\n  \"Statement\": [\n    {\n      \"Sid\": \"\",\n      \"Effect\": \"Allow\",\n      \"Action\": \"logs:*\",\n      \"Resource\": \"arn:aws:logs:*:*:*\"\n    },\n    {\n      \"Sid\": \"UniqueSidOne\",\n      \"Effect\": \"Allow\",\n      \"Action\": \"s3:*\",\n      \"Resource\": [\n        \"arn:aws:s3:::vlim-ws-chat-image-processing-dev-image-bucket/*\",\n        \"arn:aws:s3:::vlim-ws-chat-image-processing-dev-image-bucket\"\n      ]\n    }\n  ]\n}",
              "{\n  \"Version\": \"2012-10-17\",\n  \"Statement\": [\n    {\n      \"Sid\": \"\",\n      \"Effect\": \"Allow\",\n      \"Action\": \"logs:*\",\n      \"Resource\": \"arn:aws:logs:*:*:*\"\n    }\n  ]\n}"
            ],
            "statement": null,
            "version": "2012-10-17"
          },
          "sensitive_attributes": []
        }
      ]
    },
    {
      "module": "module.image_processing",
      "mode": "managed",
      "type": "aws_cloudwatch_log_group",
      "name": "image_resize",
      "provider": "provider[\"registry.terraform.io/hashicorp/aws\"]",
      "instances": [
        {
          "schema_version": 0,
          "attributes": {
            "arn": "arn:aws:logs:ap-southeast-1:097947100355:log-group:/aws/lambda/vlim-ws-chat-image-processing-dev-image_resize",
            "id": "/aws/lambda/vlim-ws-chat-image-processing-dev-image_resize",
            "kms_key_id": "",
            "name": "/aws/lambda/vlim-ws-chat-image-processing-dev-image_resize",
            "name_prefix": null,
            "retention_in_days": 30,
            "tags": {},
            "tags_all": {
              "Environment": "dev",
              "Project": "vlim-ws-chat"
            }
          },
          "sensitive_attributes": [],
          "private": "bnVsbA==",
          "dependencies": [
            "aws_lambda_layer_version.core_lib_layer",
            "aws_lambda_layer_version.image_processing_libs_layer",
            "aws_lambda_layer_version.python_libs_layer",
            "module.image_processing.aws_iam_role.lambda_role",
            "module.image_processing.aws_lambda_function.image_resize_lambda",
            "module.image_processing.aws_s3_bucket.image_bucket",
            "module.image_processing.data.aws_iam_policy_document.lambda_assume_role_policy_docs"
          ]
        }
      ]
    },
    {
      "module": "module.image_processing",
      "mode": "managed",
      "type": "aws_cloudwatch_log_group",
      "name": "image_upload_url",
      "provider": "provider[\"registry.terraform.io/hashicorp/aws\"]",
      "instances": [
        {
          "schema_version": 0,
          "attributes": {
            "arn": "arn:aws:logs:ap-southeast-1:097947100355:log-group:/aws/lambda/vlim-ws-chat-image-processing-dev-lambda_upload_url",
            "id": "/aws/lambda/vlim-ws-chat-image-processing-dev-lambda_upload_url",
            "kms_key_id": "",
            "name": "/aws/lambda/vlim-ws-chat-image-processing-dev-lambda_upload_url",
            "name_prefix": null,
            "retention_in_days": 7,
            "tags": {},
            "tags_all": {
              "Environment": "dev",
              "Project": "vlim-ws-chat"
            }
          },
          "sensitive_attributes": [],
          "private": "bnVsbA==",
          "dependencies": [
            "aws_lambda_layer_version.core_lib_layer",
            "aws_lambda_layer_version.python_libs_layer",
            "module.image_processing.aws_iam_role.presign_url_lambda_role",
            "module.image_processing.aws_lambda_function.image_upload_url_lambda",
            "module.image_processing.aws_s3_bucket.image_bucket",
            "module.image_processing.data.aws_iam_policy_document.lambda_assume_role_policy_docs"
          ]
        }
      ]
    },
    {
      "module": "module.image_processing",
      "mode": "managed",
      "type": "aws_iam_role",
      "name": "lambda_role",
      "provider": "provider[\"registry.terraform.io/hashicorp/aws\"]",
      "instances": [
        {
          "schema_version": 0,
          "attributes": {
            "arn": "arn:aws:iam::097947100355:role/vlim-ws-chat_image-processing_dev_lambda_role",
            "assume_role_policy": "{\"Version\":\"2012-10-17\",\"Statement\":[{\"Sid\":\"\",\"Effect\":\"Allow\",\"Principal\":{\"Service\":\"lambda.amazonaws.com\"},\"Action\":\"sts:AssumeRole\"}]}",
            "create_date": "2022-03-24T16:25:42Z",
            "description": "",
            "force_detach_policies": false,
            "id": "vlim-ws-chat_image-processing_dev_lambda_role",
            "inline_policy": [
              {
                "name": "vlim-ws-chat_image-processing_dev_lambda_logs_policy",
                "policy": "{\n  \"Version\": \"2012-10-17\",\n  \"Statement\": [\n    {\n      \"Sid\": \"\",\n      \"Effect\": \"Allow\",\n      \"Action\": \"logs:*\",\n      \"Resource\": \"arn:aws:logs:*:*:*\"\n    }\n  ]\n}"
              }
            ],
            "managed_policy_arns": [
              "arn:aws:iam::097947100355:policy/vlim-ws-chat_image-processing_dev-s3-lambda-policy"
            ],
            "max_session_duration": 3600,
            "name": "vlim-ws-chat_image-processing_dev_lambda_role",
            "name_prefix": "",
            "path": "/",
            "permissions_boundary": null,
            "tags": {},
            "tags_all": {
              "Environment": "dev",
              "Project": "vlim-ws-chat"
            },
            "unique_id": "AROARNTQ2ETB2GBLXKZHT"
          },
          "sensitive_attributes": [],
          "private": "bnVsbA==",
          "dependencies": [
            "module.image_processing.data.aws_iam_policy_document.lambda_assume_role_policy_docs"
          ]
        }
      ]
    },
    {
      "module": "module.image_processing",
      "mode": "managed",
      "type": "aws_iam_role",
      "name": "presign_url_lambda_role",
      "provider": "provider[\"registry.terraform.io/hashicorp/aws\"]",
      "instances": [
        {
          "schema_version": 0,
          "attributes": {
            "arn": "arn:aws:iam::097947100355:role/vlim-ws-chat_image-processing_dev_presign_url_lambda_role",
            "assume_role_policy": "{\"Version\":\"2012-10-17\",\"Statement\":[{\"Sid\":\"\",\"Effect\":\"Allow\",\"Principal\":{\"Service\":\"lambda.amazonaws.com\"},\"Action\":\"sts:AssumeRole\"}]}",
            "create_date": "2022-03-27T16:55:47Z",
            "description": "",
            "force_detach_policies": false,
            "id": "vlim-ws-chat_image-processing_dev_presign_url_lambda_role",
            "inline_policy": [
              {
                "name": "vlim-ws-chat_image-processing_dev_presign_url_invocation_policy",
                "policy": "{\n  \"Version\": \"2012-10-17\",\n  \"Statement\": [\n    {\n      \"Sid\": \"\",\n      \"Effect\": \"Allow\",\n      \"Action\": \"lambda:InvokeFunction\",\n      \"Resource\": \"arn:aws:lambda:ap-southeast-1:097947100355:function:vlim-ws-chat-image-processing-dev-lambda_upload_url\"\n    },\n    {\n      \"Sid\": \"\",\n      \"Effect\": \"Allow\",\n      \"Action\": \"logs:*\",\n      \"Resource\": \"arn:aws:logs:*:*:*\"\n    }\n  ]\n}"
              }
            ],
            "managed_policy_arns": [],
            "max_session_duration": 3600,
            "name": "vlim-ws-chat_image-processing_dev_presign_url_lambda_role",
            "name_prefix": "",
            "path": "/",
            "permissions_boundary": null,
            "tags": {},
            "tags_all": {
              "Environment": "dev",
              "Project": "vlim-ws-chat"
            },
            "unique_id": "AROARNTQ2ETBVARZTNFLS"
          },
          "sensitive_attributes": [],
          "private": "bnVsbA==",
          "dependencies": [
            "module.image_processing.data.aws_iam_policy_document.lambda_assume_role_policy_docs"
          ],
          "create_before_destroy": true
        }
      ]
    },
    {
      "module": "module.image_processing",
      "mode": "managed",
      "type": "aws_iam_role_policy",
      "name": "lambda_logs_policy",
      "provider": "provider[\"registry.terraform.io/hashicorp/aws\"]",
      "instances": [
        {
          "schema_version": 0,
          "attributes": {
            "id": "vlim-ws-chat_image-processing_dev_lambda_role:vlim-ws-chat_image-processing_dev_lambda_logs_policy",
            "name": "vlim-ws-chat_image-processing_dev_lambda_logs_policy",
            "name_prefix": null,
            "policy": "{\n  \"Version\": \"2012-10-17\",\n  \"Statement\": [\n    {\n      \"Sid\": \"\",\n      \"Effect\": \"Allow\",\n      \"Action\": \"logs:*\",\n      \"Resource\": \"arn:aws:logs:*:*:*\"\n    }\n  ]\n}",
            "role": "vlim-ws-chat_image-processing_dev_lambda_role"
          },
          "sensitive_attributes": [],
          "private": "bnVsbA==",
          "dependencies": [
            "module.image_processing.aws_iam_role.lambda_role",
            "module.image_processing.data.aws_iam_policy_document.lambda_assume_role_policy_docs",
            "module.image_processing.data.aws_iam_policy_document.lambda_logs_access_docs"
          ]
        }
      ]
    },
    {
      "module": "module.image_processing",
      "mode": "managed",
      "type": "aws_iam_role_policy",
      "name": "presign_url_policy",
      "provider": "provider[\"registry.terraform.io/hashicorp/aws\"]",
      "instances": [
        {
          "schema_version": 0,
          "attributes": {
            "id": "vlim-ws-chat_image-processing_dev_presign_url_lambda_role:vlim-ws-chat_image-processing_dev_presign_url_invocation_policy",
            "name": "vlim-ws-chat_image-processing_dev_presign_url_invocation_policy",
            "name_prefix": null,
            "policy": "{\n  \"Version\": \"2012-10-17\",\n  \"Statement\": [\n    {\n      \"Sid\": \"\",\n      \"Effect\": \"Allow\",\n      \"Action\": \"lambda:InvokeFunction\",\n      \"Resource\": \"arn:aws:lambda:ap-southeast-1:097947100355:function:vlim-ws-chat-image-processing-dev-lambda_upload_url\"\n    },\n    {\n      \"Sid\": \"\",\n      \"Effect\": \"Allow\",\n      \"Action\": \"logs:*\",\n      \"Resource\": \"arn:aws:logs:*:*:*\"\n    },\n    {\n      \"Sid\": \"UniqueSidOne\",\n      \"Effect\": \"Allow\",\n      \"Action\": \"s3:*\",\n      \"Resource\": [\n        \"arn:aws:s3:::vlim-ws-chat-image-processing-dev-image-bucket/*\",\n        \"arn:aws:s3:::vlim-ws-chat-image-processing-dev-image-bucket\"\n      ]\n    },\n    {\n      \"Sid\": \"\",\n      \"Effect\": \"Allow\",\n      \"Action\": \"logs:*\",\n      \"Resource\": \"arn:aws:logs:*:*:*\"\n    }\n  ]\n}",
            "role": "vlim-ws-chat_image-processing_dev_presign_url_lambda_role"
          },
          "sensitive_attributes": [],
          "private": "bnVsbA==",
          "dependencies": [
            "module.image_processing.aws_iam_role.presign_url_lambda_role",
            "module.image_processing.data.aws_iam_policy_document.presign_url_lambda_policy_docs"
          ]
        }
      ]
    },
    {
      "module": "module.image_processing",
      "mode": "managed",
      "type": "aws_lambda_function",
      "name": "image_resize_lambda",
      "provider": "provider[\"registry.terraform.io/hashicorp/aws\"]",
      "instances": [
        {
          "schema_version": 0,
          "attributes": {
            "architectures": [
              "x86_64"
            ],
            "arn": "arn:aws:lambda:ap-southeast-1:097947100355:function:vlim-ws-chat-image-processing-dev-image_resize",
            "code_signing_config_arn": "",
            "dead_letter_config": [],
            "description": "",
            "environment": [
              {
                "variables": {
                  "IMAGE_BUCKET_DOMAIN": "vlim-ws-chat-image-processing-dev-image-bucket.s3.amazonaws.com",
                  "IMAGE_BUCKET_NAME": "vlim-ws-chat-image-processing-dev-image-bucket",
                  "IMAGE_SIZES": "[{\"key\":\"100x100\",\"value\":[100,100]},{\"key\":\"300x300\",\"value\":[300,300]},{\"key\":\"720x720\",\"value\":[720,720]}]"
                }
              }
            ],
            "file_system_config": [],
            "filename": "outputs/image-resize-lambda.zip",
            "function_name": "vlim-ws-chat-image-processing-dev-image_resize",
            "handler": "handler.handler",
            "id": "vlim-ws-chat-image-processing-dev-image_resize",
            "image_config": [],
            "image_uri": "",
            "invoke_arn": "arn:aws:apigateway:ap-southeast-1:lambda:path/2015-03-31/functions/arn:aws:lambda:ap-southeast-1:097947100355:function:vlim-ws-chat-image-processing-dev-image_resize/invocations",
            "kms_key_arn": "",
            "last_modified": "2022-03-26T15:32:55.588+0000",
            "layers": [
              "arn:aws:lambda:ap-southeast-1:097947100355:layer:vlim-ws-chat-dev-ver-i-CoreLibs:4",
              "arn:aws:lambda:ap-southeast-1:097947100355:layer:vlim-ws-chat-dev-ver-i-PythonLibs:2",
              "arn:aws:lambda:ap-southeast-1:097947100355:layer:vlim-ws-chat-dev-ver-i-ImageProcessingLibs:2"
            ],
            "memory_size": 128,
            "package_type": "Zip",
            "publish": false,
            "qualified_arn": "arn:aws:lambda:ap-southeast-1:097947100355:function:vlim-ws-chat-image-processing-dev-image_resize:$LATEST",
            "reserved_concurrent_executions": -1,
            "role": "arn:aws:iam::097947100355:role/vlim-ws-chat_image-processing_dev_lambda_role",
            "runtime": "python3.8",
            "s3_bucket": null,
            "s3_key": null,
            "s3_object_version": null,
            "signing_job_arn": "",
            "signing_profile_version_arn": "",
            "source_code_hash": "es4mfft1ATMqX3h88Ij7G8Ee51EF4DVcaZ8OVLk/j7c=",
            "source_code_size": 631,
            "tags": {
              "function_name": "vlim-ws-chat-image-processing-dev-image_resize",
              "service": "image-processing"
            },
            "tags_all": {
              "Environment": "dev",
              "Project": "vlim-ws-chat",
              "function_name": "vlim-ws-chat-image-processing-dev-image_resize",
              "service": "image-processing"
            },
            "timeout": 90,
            "timeouts": null,
            "tracing_config": [
              {
                "mode": "PassThrough"
              }
            ],
            "version": "$LATEST",
            "vpc_config": []
          },
          "sensitive_attributes": [],
          "private": "eyJlMmJmYjczMC1lY2FhLTExZTYtOGY4OC0zNDM2M2JjN2M0YzAiOnsiY3JlYXRlIjo2MDAwMDAwMDAwMDB9fQ==",
          "dependencies": [
            "aws_lambda_layer_version.core_lib_layer",
            "aws_lambda_layer_version.image_processing_libs_layer",
            "aws_lambda_layer_version.python_libs_layer",
            "module.image_processing.aws_iam_role.lambda_role",
            "module.image_processing.aws_s3_bucket.image_bucket",
            "module.image_processing.data.aws_iam_policy_document.lambda_assume_role_policy_docs"
          ]
        }
      ]
    },
    {
      "module": "module.image_processing",
      "mode": "managed",
      "type": "aws_lambda_function",
      "name": "image_upload_url_lambda",
      "provider": "provider[\"registry.terraform.io/hashicorp/aws\"]",
      "instances": [
        {
          "schema_version": 0,
          "attributes": {
            "architectures": [
              "x86_64"
            ],
            "arn": "arn:aws:lambda:ap-southeast-1:097947100355:function:vlim-ws-chat-image-processing-dev-lambda_upload_url",
            "code_signing_config_arn": "",
            "dead_letter_config": [],
            "description": "",
            "environment": [
              {
                "variables": {
                  "IMAGE_BUCKET_DOMAIN": "vlim-ws-chat-image-processing-dev-image-bucket.s3.amazonaws.com",
                  "IMAGE_BUCKET_NAME": "vlim-ws-chat-image-processing-dev-image-bucket",
                  "IMAGE_SIZES": "[{\"key\":\"100x100\",\"value\":[100,100]},{\"key\":\"300x300\",\"value\":[300,300]},{\"key\":\"720x720\",\"value\":[720,720]}]"
                }
              }
            ],
            "file_system_config": [],
            "filename": "outputs/image-upload-url-lambda.zip",
            "function_name": "vlim-ws-chat-image-processing-dev-lambda_upload_url",
            "handler": "handler.get_upload_url",
            "id": "vlim-ws-chat-image-processing-dev-lambda_upload_url",
            "image_config": [],
            "image_uri": "",
            "invoke_arn": "arn:aws:apigateway:ap-southeast-1:lambda:path/2015-03-31/functions/arn:aws:lambda:ap-southeast-1:097947100355:function:vlim-ws-chat-image-processing-dev-lambda_upload_url/invocations",
            "kms_key_arn": "",
            "last_modified": "2022-03-27T16:56:04.000+0000",
            "layers": [
              "arn:aws:lambda:ap-southeast-1:097947100355:layer:vlim-ws-chat-dev-ver-i-CoreLibs:4",
              "arn:aws:lambda:ap-southeast-1:097947100355:layer:vlim-ws-chat-dev-ver-i-PythonLibs:2"
            ],
            "memory_size": 128,
            "package_type": "Zip",
            "publish": false,
            "qualified_arn": "arn:aws:lambda:ap-southeast-1:097947100355:function:vlim-ws-chat-image-processing-dev-lambda_upload_url:$LATEST",
            "reserved_concurrent_executions": -1,
            "role": "arn:aws:iam::097947100355:role/vlim-ws-chat_image-processing_dev_presign_url_lambda_role",
            "runtime": "python3.8",
            "s3_bucket": null,
            "s3_key": null,
            "s3_object_version": null,
            "signing_job_arn": "",
            "signing_profile_version_arn": "",
            "source_code_hash": "ppxQ/cQRjRyl09+wzRsZpAK72zrw2S36lekMQS/Tbkk=",
            "source_code_size": 580,
            "tags": {
              "function_name": "vlim-ws-chat-image-processing-dev-lambda_upload_url",
              "service": "image-processing"
            },
            "tags_all": {
              "Environment": "dev",
              "Project": "vlim-ws-chat",
              "function_name": "vlim-ws-chat-image-processing-dev-lambda_upload_url",
              "service": "image-processing"
            },
            "timeout": 3,
            "timeouts": null,
            "tracing_config": [
              {
                "mode": "PassThrough"
              }
            ],
            "version": "$LATEST",
            "vpc_config": []
          },
          "sensitive_attributes": [],
          "private": "eyJlMmJmYjczMC1lY2FhLTExZTYtOGY4OC0zNDM2M2JjN2M0YzAiOnsiY3JlYXRlIjo2MDAwMDAwMDAwMDB9fQ==",
          "dependencies": [
            "aws_lambda_layer_version.core_lib_layer",
            "aws_lambda_layer_version.python_libs_layer",
            "module.image_processing.aws_iam_role.presign_url_lambda_role",
            "module.image_processing.aws_s3_bucket.image_bucket",
            "module.image_processing.data.aws_iam_policy_document.lambda_assume_role_policy_docs"
          ],
          "create_before_destroy": true
        }
      ]
    },
    {
      "module": "module.image_processing",
      "mode": "managed",
      "type": "aws_lambda_permission",
      "name": "allow_bucket_permission",
      "provider": "provider[\"registry.terraform.io/hashicorp/aws\"]",
      "instances": [
        {
          "schema_version": 0,
          "attributes": {
            "action": "lambda:InvokeFunction",
            "event_source_token": null,
            "function_name": "arn:aws:lambda:ap-southeast-1:097947100355:function:vlim-ws-chat-image-processing-dev-image_resize",
            "id": "AllowExecutionFromS3Bucket",
            "principal": "s3.amazonaws.com",
            "qualifier": "",
            "source_account": null,
            "source_arn": "arn:aws:s3:::vlim-ws-chat-image-processing-dev-image-bucket",
            "statement_id": "AllowExecutionFromS3Bucket",
            "statement_id_prefix": null
          },
          "sensitive_attributes": [],
          "private": "bnVsbA==",
          "dependencies": [
            "aws_lambda_layer_version.core_lib_layer",
            "aws_lambda_layer_version.image_processing_libs_layer",
            "aws_lambda_layer_version.python_libs_layer",
            "module.image_processing.aws_iam_role.lambda_role",
            "module.image_processing.aws_lambda_function.image_resize_lambda",
            "module.image_processing.aws_s3_bucket.image_bucket",
            "module.image_processing.data.aws_iam_policy_document.lambda_assume_role_policy_docs"
          ]
        }
      ]
    },
    {
      "module": "module.image_processing",
      "mode": "managed",
      "type": "aws_s3_bucket",
      "name": "image_bucket",
      "provider": "provider[\"registry.terraform.io/hashicorp/aws\"]",
      "instances": [
        {
          "schema_version": 0,
          "attributes": {
            "acceleration_status": "",
            "acl": "private",
            "arn": "arn:aws:s3:::vlim-ws-chat-image-processing-dev-image-bucket",
            "bucket": "vlim-ws-chat-image-processing-dev-image-bucket",
            "bucket_domain_name": "vlim-ws-chat-image-processing-dev-image-bucket.s3.amazonaws.com",
            "bucket_prefix": null,
            "bucket_regional_domain_name": "vlim-ws-chat-image-processing-dev-image-bucket.s3.ap-southeast-1.amazonaws.com",
            "cors_rule": [
              {
                "allowed_headers": [
                  "*"
                ],
                "allowed_methods": [
                  "POST",
                  "GET",
                  "PUT"
                ],
                "allowed_origins": [
                  "*"
                ],
                "expose_headers": [
                  "ETag",
                  "x-amz-server-side-encryption",
                  "x-amz-request-id",
                  "x-amz-id-2"
                ],
                "max_age_seconds": 3000
              }
            ],
            "force_destroy": true,
            "grant": [
              {
                "id": "",
                "permissions": [
                  "READ"
                ],
                "type": "Group",
                "uri": "http://acs.amazonaws.com/groups/global/AllUsers"
              },
              {
                "id": "1dfef05d296b7baadeb6ef942159abd6776f0ac99a224cb9e6ad666236d64eb9",
                "permissions": [
                  "FULL_CONTROL"
                ],
                "type": "CanonicalUser",
                "uri": ""
              }
            ],
            "hosted_zone_id": "Z3O0J2DXBE1FTB",
            "id": "vlim-ws-chat-image-processing-dev-image-bucket",
            "lifecycle_rule": [],
            "logging": [],
            "object_lock_configuration": [],
            "object_lock_enabled": false,
            "policy": "{\"Version\":\"2012-10-17\",\"Statement\":[{\"Sid\":\"allow_access_from_public-image_bucket\",\"Effect\":\"Allow\",\"Principal\":\"*\",\"Action\":[\"s3:ListBucket\",\"s3:GetObject\"],\"Resource\":[\"arn:aws:s3:::vlim-ws-chat-image-processing-dev-image-bucket/*\",\"arn:aws:s3:::vlim-ws-chat-image-processing-dev-image-bucket\"]}]}",
            "region": "ap-southeast-1",
            "replication_configuration": [],
            "request_payer": "BucketOwner",
            "server_side_encryption_configuration": [],
            "tags": {
              "bucket_name": "image-bucket",
              "service": "image-processing"
            },
            "tags_all": {
              "Environment": "dev",
              "Project": "vlim-ws-chat",
              "bucket_name": "image-bucket",
              "service": "image-processing"
            },
            "versioning": [
              {
                "enabled": false,
                "mfa_delete": false
              }
            ],
            "website": [],
            "website_domain": null,
            "website_endpoint": null
          },
          "sensitive_attributes": [],
          "private": "bnVsbA==",
          "create_before_destroy": true
        }
      ]
    },
    {
      "module": "module.image_processing",
      "mode": "managed",
      "type": "aws_s3_bucket_acl",
      "name": "bucket_acl",
      "provider": "provider[\"registry.terraform.io/hashicorp/aws\"]",
      "instances": [
        {
          "schema_version": 0,
          "attributes": {
            "access_control_policy": [
              {
                "grant": [
                  {
                    "grantee": [
                      {
                        "display_name": "",
                        "email_address": "",
                        "id": "",
                        "type": "Group",
                        "uri": "http://acs.amazonaws.com/groups/global/AllUsers"
                      }
                    ],
                    "permission": "READ"
                  },
                  {
                    "grantee": [
                      {
                        "display_name": "aws1.vlim",
                        "email_address": "",
                        "id": "1dfef05d296b7baadeb6ef942159abd6776f0ac99a224cb9e6ad666236d64eb9",
                        "type": "CanonicalUser",
                        "uri": ""
                      }
                    ],
                    "permission": "FULL_CONTROL"
                  }
                ],
                "owner": [
                  {
                    "display_name": "aws1.vlim",
                    "id": "1dfef05d296b7baadeb6ef942159abd6776f0ac99a224cb9e6ad666236d64eb9"
                  }
                ]
              }
            ],
            "acl": "public-read",
            "bucket": "vlim-ws-chat-image-processing-dev-image-bucket",
            "expected_bucket_owner": "",
            "id": "vlim-ws-chat-image-processing-dev-image-bucket,public-read"
          },
          "sensitive_attributes": [],
          "private": "bnVsbA==",
          "dependencies": [
            "module.image_processing.aws_s3_bucket.image_bucket"
          ]
        }
      ]
    },
    {
      "module": "module.image_processing",
      "mode": "managed",
      "type": "aws_s3_bucket_cors_configuration",
      "name": "bucket_cors_configuration",
      "provider": "provider[\"registry.terraform.io/hashicorp/aws\"]",
      "instances": [
        {
          "schema_version": 0,
          "attributes": {
            "bucket": "vlim-ws-chat-image-processing-dev-image-bucket",
            "cors_rule": [
              {
                "allowed_headers": [
                  "*"
                ],
                "allowed_methods": [
                  "GET",
                  "POST",
                  "PUT"
                ],
                "allowed_origins": [
                  "*"
                ],
                "expose_headers": [
                  "ETag",
                  "x-amz-id-2",
                  "x-amz-request-id",
                  "x-amz-server-side-encryption"
                ],
                "id": "",
                "max_age_seconds": 3000
              }
            ],
            "expected_bucket_owner": "",
            "id": "vlim-ws-chat-image-processing-dev-image-bucket"
          },
          "sensitive_attributes": [],
          "private": "bnVsbA==",
          "dependencies": [
            "module.image_processing.aws_s3_bucket.image_bucket"
          ]
        }
      ]
    },
    {
      "module": "module.image_processing",
      "mode": "managed",
      "type": "aws_s3_bucket_notification",
      "name": "bucket_notification",
      "provider": "provider[\"registry.terraform.io/hashicorp/aws\"]",
      "instances": [
        {
          "schema_version": 0,
          "attributes": {
            "bucket": "vlim-ws-chat-image-processing-dev-image-bucket",
            "eventbridge": false,
            "id": "vlim-ws-chat-image-processing-dev-image-bucket",
            "lambda_function": [
              {
                "events": [
                  "s3:ObjectCreated:*"
                ],
                "filter_prefix": "original/",
                "filter_suffix": ".jpg",
                "id": "tf-s3-lambda-20220324163752352000000002",
                "lambda_function_arn": "arn:aws:lambda:ap-southeast-1:097947100355:function:vlim-ws-chat-image-processing-dev-image_resize"
              },
              {
                "events": [
                  "s3:ObjectCreated:*"
                ],
                "filter_prefix": "original/",
                "filter_suffix": ".jpeg",
                "id": "tf-s3-lambda-20220324163752352000000003",
                "lambda_function_arn": "arn:aws:lambda:ap-southeast-1:097947100355:function:vlim-ws-chat-image-processing-dev-image_resize"
              },
              {
                "events": [
                  "s3:ObjectCreated:*"
                ],
                "filter_prefix": "original/",
                "filter_suffix": ".png",
                "id": "tf-s3-lambda-20220324163752352000000004",
                "lambda_function_arn": "arn:aws:lambda:ap-southeast-1:097947100355:function:vlim-ws-chat-image-processing-dev-image_resize"
              }
            ],
            "queue": [],
            "topic": []
          },
          "sensitive_attributes": [],
          "private": "bnVsbA==",
          "dependencies": [
            "aws_lambda_layer_version.core_lib_layer",
            "aws_lambda_layer_version.image_processing_libs_layer",
            "aws_lambda_layer_version.python_libs_layer",
            "module.image_processing.aws_iam_role.lambda_role",
            "module.image_processing.aws_lambda_function.image_resize_lambda",
            "module.image_processing.aws_lambda_permission.allow_bucket_permission",
            "module.image_processing.aws_s3_bucket.image_bucket",
            "module.image_processing.data.aws_iam_policy_document.lambda_assume_role_policy_docs"
          ]
        }
      ]
    },
    {
      "module": "module.image_processing",
      "mode": "managed",
      "type": "aws_s3_bucket_policy",
      "name": "allow_access_public",
      "provider": "provider[\"registry.terraform.io/hashicorp/aws\"]",
      "instances": [
        {
          "schema_version": 0,
          "attributes": {
            "bucket": "vlim-ws-chat-image-processing-dev-image-bucket",
            "id": "vlim-ws-chat-image-processing-dev-image-bucket",
            "policy": "{\"Statement\":[{\"Action\":[\"s3:ListBucket\",\"s3:GetObject\"],\"Effect\":\"Allow\",\"Principal\":\"*\",\"Resource\":[\"arn:aws:s3:::vlim-ws-chat-image-processing-dev-image-bucket/*\",\"arn:aws:s3:::vlim-ws-chat-image-processing-dev-image-bucket\"],\"Sid\":\"allow_access_from_public-image_bucket\"}],\"Version\":\"2012-10-17\"}"
          },
          "sensitive_attributes": [],
          "private": "bnVsbA==",
          "dependencies": [
            "module.image_processing.aws_s3_bucket.image_bucket",
            "module.image_processing.data.aws_iam_policy_document.allow_access_from_public"
          ]
        }
      ]
    },
    {
      "module": "module.image_processing.module.post_url_gateway_resource",
      "mode": "managed",
      "type": "aws_api_gateway_integration",
      "name": "api_integration",
      "provider": "provider[\"registry.terraform.io/hashicorp/aws\"]",
      "instances": [
        {
          "index_key": "POST",
          "schema_version": 0,
          "attributes": {
            "cache_key_parameters": [],
            "cache_namespace": "f4j76k",
            "connection_id": "",
            "connection_type": "INTERNET",
            "content_handling": "",
            "credentials": "",
            "http_method": "POST",
            "id": "agi-3kixvnepjc-f4j76k-POST",
            "integration_http_method": "POST",
            "passthrough_behavior": "WHEN_NO_MATCH",
            "request_parameters": {},
            "request_templates": {},
            "resource_id": "f4j76k",
            "rest_api_id": "3kixvnepjc",
            "timeout_milliseconds": 29000,
            "tls_config": [],
            "type": "AWS_PROXY",
            "uri": "arn:aws:apigateway:ap-southeast-1:lambda:path/2015-03-31/functions/arn:aws:lambda:ap-southeast-1:097947100355:function:vlim-ws-chat-image-processing-dev-lambda_upload_url/invocations"
          },
          "sensitive_attributes": [],
          "private": "bnVsbA==",
          "dependencies": [
            "aws_api_gateway_rest_api.root_api",
            "aws_lambda_layer_version.core_lib_layer",
            "aws_lambda_layer_version.python_libs_layer",
            "module.image_processing.aws_iam_role.presign_url_lambda_role",
            "module.image_processing.aws_lambda_function.image_upload_url_lambda",
            "module.image_processing.aws_s3_bucket.image_bucket",
            "module.image_processing.data.aws_iam_policy_document.lambda_assume_role_policy_docs",
            "module.image_processing.module.post_url_gateway_resource.aws_api_gateway_method.method",
            "module.image_processing.module.post_url_gateway_resource.aws_api_gateway_resource.api_resource"
          ],
          "create_before_destroy": true
        }
      ]
    },
    {
      "module": "module.image_processing.module.post_url_gateway_resource",
      "mode": "managed",
      "type": "aws_api_gateway_integration",
      "name": "options_integration",
      "provider": "provider[\"registry.terraform.io/hashicorp/aws\"]",
      "instances": [
        {
          "schema_version": 0,
          "attributes": {
            "cache_key_parameters": [],
            "cache_namespace": "f4j76k",
            "connection_id": "",
            "connection_type": "INTERNET",
            "content_handling": "",
            "credentials": "",
            "http_method": "OPTIONS",
            "id": "agi-3kixvnepjc-f4j76k-OPTIONS",
            "integration_http_method": "",
            "passthrough_behavior": "WHEN_NO_MATCH",
            "request_parameters": {},
            "request_templates": {
              "application/json": "{\"statusCode\": 200}"
            },
            "resource_id": "f4j76k",
            "rest_api_id": "3kixvnepjc",
            "timeout_milliseconds": 29000,
            "tls_config": [],
            "type": "MOCK",
            "uri": ""
          },
          "sensitive_attributes": [],
          "private": "bnVsbA==",
          "dependencies": [
            "aws_api_gateway_rest_api.root_api",
            "module.image_processing.module.post_url_gateway_resource.aws_api_gateway_method.options_method",
            "module.image_processing.module.post_url_gateway_resource.aws_api_gateway_resource.api_resource"
          ],
          "create_before_destroy": true
        }
      ]
    },
    {
      "module": "module.image_processing.module.post_url_gateway_resource",
      "mode": "managed",
      "type": "aws_api_gateway_integration_response",
      "name": "options_integration_response",
      "provider": "provider[\"registry.terraform.io/hashicorp/aws\"]",
      "instances": [
        {
          "schema_version": 0,
          "attributes": {
            "content_handling": "",
            "http_method": "OPTIONS",
            "id": "agir-3kixvnepjc-f4j76k-OPTIONS-200",
            "resource_id": "f4j76k",
            "response_parameters": {
              "method.response.header.Access-Control-Allow-Headers": "'Content-Type,X-Amz-Date,Authorization,X-Api-Key,X-Amz-Security-Token'",
              "method.response.header.Access-Control-Allow-Methods": "'GET,OPTIONS,POST,PUT'",
              "method.response.header.Access-Control-Allow-Origin": "'*'"
            },
            "response_templates": {},
            "rest_api_id": "3kixvnepjc",
            "selection_pattern": "",
            "status_code": "200"
          },
          "sensitive_attributes": [],
          "private": "bnVsbA==",
          "dependencies": [
            "aws_api_gateway_rest_api.root_api",
            "module.image_processing.module.post_url_gateway_resource.aws_api_gateway_method.options_method",
            "module.image_processing.module.post_url_gateway_resource.aws_api_gateway_method_response.options_200",
            "module.image_processing.module.post_url_gateway_resource.aws_api_gateway_resource.api_resource"
          ]
        }
      ]
    },
    {
      "module": "module.image_processing.module.post_url_gateway_resource",
      "mode": "managed",
      "type": "aws_api_gateway_method",
      "name": "method",
      "provider": "provider[\"registry.terraform.io/hashicorp/aws\"]",
      "instances": [
        {
          "index_key": "POST",
          "schema_version": 0,
          "attributes": {
            "api_key_required": false,
            "authorization": "NONE",
            "authorization_scopes": [],
            "authorizer_id": "",
            "http_method": "POST",
            "id": "agm-3kixvnepjc-f4j76k-POST",
            "operation_name": "",
            "request_models": {},
            "request_parameters": {},
            "request_validator_id": "",
            "resource_id": "f4j76k",
            "rest_api_id": "3kixvnepjc"
          },
          "sensitive_attributes": [],
          "private": "bnVsbA==",
          "dependencies": [
            "aws_api_gateway_rest_api.root_api",
            "module.image_processing.module.post_url_gateway_resource.aws_api_gateway_resource.api_resource"
          ],
          "create_before_destroy": true
        }
      ]
    },
    {
      "module": "module.image_processing.module.post_url_gateway_resource",
      "mode": "managed",
      "type": "aws_api_gateway_method",
      "name": "options_method",
      "provider": "provider[\"registry.terraform.io/hashicorp/aws\"]",
      "instances": [
        {
          "schema_version": 0,
          "attributes": {
            "api_key_required": false,
            "authorization": "NONE",
            "authorization_scopes": [],
            "authorizer_id": "",
            "http_method": "OPTIONS",
            "id": "agm-3kixvnepjc-f4j76k-OPTIONS",
            "operation_name": "",
            "request_models": {},
            "request_parameters": {},
            "request_validator_id": "",
            "resource_id": "f4j76k",
            "rest_api_id": "3kixvnepjc"
          },
          "sensitive_attributes": [],
          "private": "bnVsbA==",
          "dependencies": [
            "aws_api_gateway_rest_api.root_api",
            "module.image_processing.module.post_url_gateway_resource.aws_api_gateway_resource.api_resource"
          ],
          "create_before_destroy": true
        }
      ]
    },
    {
      "module": "module.image_processing.module.post_url_gateway_resource",
      "mode": "managed",
      "type": "aws_api_gateway_method_response",
      "name": "options_200",
      "provider": "provider[\"registry.terraform.io/hashicorp/aws\"]",
      "instances": [
        {
          "schema_version": 0,
          "attributes": {
            "http_method": "OPTIONS",
            "id": "agmr-3kixvnepjc-f4j76k-OPTIONS-200",
            "resource_id": "f4j76k",
            "response_models": {
              "application/json": "Empty"
            },
            "response_parameters": {
              "method.response.header.Access-Control-Allow-Headers": true,
              "method.response.header.Access-Control-Allow-Methods": true,
              "method.response.header.Access-Control-Allow-Origin": true
            },
            "rest_api_id": "3kixvnepjc",
            "status_code": "200"
          },
          "sensitive_attributes": [],
          "private": "bnVsbA==",
          "dependencies": [
            "aws_api_gateway_rest_api.root_api",
            "module.image_processing.module.post_url_gateway_resource.aws_api_gateway_method.options_method",
            "module.image_processing.module.post_url_gateway_resource.aws_api_gateway_resource.api_resource"
          ],
          "create_before_destroy": true
        }
      ]
    },
    {
      "module": "module.image_processing.module.post_url_gateway_resource",
      "mode": "managed",
      "type": "aws_api_gateway_resource",
      "name": "api_resource",
      "provider": "provider[\"registry.terraform.io/hashicorp/aws\"]",
      "instances": [
        {
          "schema_version": 0,
          "attributes": {
            "id": "f4j76k",
            "parent_id": "bgznpl2hs9",
            "path": "/preSignUrl",
            "path_part": "preSignUrl",
            "rest_api_id": "3kixvnepjc"
          },
          "sensitive_attributes": [],
          "private": "bnVsbA==",
          "dependencies": [
            "aws_api_gateway_rest_api.root_api"
          ],
          "create_before_destroy": true
        }
      ]
    },
    {
      "module": "module.image_processing.module.post_url_gateway_resource",
      "mode": "managed",
      "type": "aws_lambda_permission",
      "name": "apigw_lambda_permission",
      "provider": "provider[\"registry.terraform.io/hashicorp/aws\"]",
      "instances": [
        {
          "index_key": "POST",
          "schema_version": 0,
          "attributes": {
            "action": "lambda:InvokeFunction",
            "event_source_token": null,
            "function_name": "vlim-ws-chat-image-processing-dev-lambda_upload_url",
            "id": "vlim-ws-chat-dev-ver-i-root-apiAllow-preSignUrlPOSTInvoke",
            "principal": "apigateway.amazonaws.com",
            "qualifier": "",
            "source_account": null,
            "source_arn": "arn:aws:execute-api:ap-southeast-1:097947100355:3kixvnepjc/*/POST/preSignUrl",
            "statement_id": "vlim-ws-chat-dev-ver-i-root-apiAllow-preSignUrlPOSTInvoke",
            "statement_id_prefix": null
          },
          "sensitive_attributes": [],
          "private": "bnVsbA==",
          "dependencies": [
            "aws_api_gateway_rest_api.root_api",
            "aws_lambda_layer_version.core_lib_layer",
            "aws_lambda_layer_version.python_libs_layer",
            "module.image_processing.aws_iam_role.presign_url_lambda_role",
            "module.image_processing.aws_lambda_function.image_upload_url_lambda",
            "module.image_processing.aws_s3_bucket.image_bucket",
            "module.image_processing.data.aws_iam_policy_document.lambda_assume_role_policy_docs",
            "module.image_processing.module.post_url_gateway_resource.aws_api_gateway_resource.api_resource"
          ]
        }
      ]
    },
    {
      "module": "module.users_login_gateway_resource",
      "mode": "managed",
      "type": "aws_api_gateway_integration",
      "name": "api_integration",
      "provider": "provider[\"registry.terraform.io/hashicorp/aws\"]",
      "instances": [
        {
          "index_key": "POST",
          "schema_version": 0,
          "attributes": {
            "cache_key_parameters": [],
            "cache_namespace": "nciep3",
            "connection_id": "",
            "connection_type": "INTERNET",
            "content_handling": "",
            "credentials": "",
            "http_method": "POST",
            "id": "agi-3kixvnepjc-nciep3-POST",
            "integration_http_method": "POST",
            "passthrough_behavior": "WHEN_NO_MATCH",
            "request_parameters": {},
            "request_templates": {},
            "resource_id": "nciep3",
            "rest_api_id": "3kixvnepjc",
            "timeout_milliseconds": 29000,
            "tls_config": [],
            "type": "AWS_PROXY",
            "uri": "arn:aws:apigateway:ap-southeast-1:lambda:path/2015-03-31/functions/arn:aws:lambda:ap-southeast-1:097947100355:function:vlim-ws-chat-dev-ver-i-user/invocations"
          },
          "sensitive_attributes": [],
          "private": "bnVsbA==",
          "dependencies": [
            "aws_api_gateway_rest_api.root_api",
            "aws_dynamodb_table.message-dynamodb-table",
            "aws_dynamodb_table.socket-connection-dynamodb-table",
            "aws_dynamodb_table.users-dynamodb-table",
            "aws_iam_role.full_access_dynamodb_lambda_role",
            "aws_lambda_function.user",
            "aws_lambda_layer_version.core_lib_layer",
            "aws_lambda_layer_version.image_processing_libs_layer",
            "aws_lambda_layer_version.python_libs_layer",
            "module.chat_engine.aws_apigatewayv2_api.socket_api_gateway",
            "module.chat_engine.aws_apigatewayv2_deployment.socket_deployment",
            "module.chat_engine.aws_apigatewayv2_stage.stage",
            "module.chat_engine.aws_iam_role.socket_lambda_role",
            "module.chat_engine.data.aws_iam_policy_document.lambda_assume_role_policy",
            "module.chat_engine.module.configuration_route.aws_apigatewayv2_integration.route_integration",
            "module.chat_engine.module.configuration_route.aws_apigatewayv2_route.route",
            "module.chat_engine.module.configuration_route.aws_lambda_function.socket_route_lambda",
            "module.chat_engine.module.connect_route.aws_apigatewayv2_integration.route_integration",
            "module.chat_engine.module.connect_route.aws_apigatewayv2_route.route",
            "module.chat_engine.module.connect_route.aws_lambda_function.socket_route_lambda",
            "module.chat_engine.module.disconnect_route.aws_apigatewayv2_integration.route_integration",
            "module.chat_engine.module.disconnect_route.aws_apigatewayv2_route.route",
            "module.chat_engine.module.disconnect_route.aws_lambda_function.socket_route_lambda",
            "module.chat_engine.module.sendmessage_route.aws_apigatewayv2_integration.route_integration",
            "module.chat_engine.module.sendmessage_route.aws_apigatewayv2_route.route",
            "module.chat_engine.module.sendmessage_route.aws_lambda_function.socket_route_lambda",
            "module.get_users_gateway_resource.aws_api_gateway_resource.api_resource",
            "module.users_login_gateway_resource.aws_api_gateway_method.method",
            "module.users_login_gateway_resource.aws_api_gateway_resource.api_resource"
          ],
          "create_before_destroy": true
        }
      ]
    },
    {
      "module": "module.users_login_gateway_resource",
      "mode": "managed",
      "type": "aws_api_gateway_integration",
      "name": "options_integration",
      "provider": "provider[\"registry.terraform.io/hashicorp/aws\"]",
      "instances": [
        {
          "schema_version": 0,
          "attributes": {
            "cache_key_parameters": [],
            "cache_namespace": "nciep3",
            "connection_id": "",
            "connection_type": "INTERNET",
            "content_handling": "",
            "credentials": "",
            "http_method": "OPTIONS",
            "id": "agi-3kixvnepjc-nciep3-OPTIONS",
            "integration_http_method": "",
            "passthrough_behavior": "WHEN_NO_MATCH",
            "request_parameters": {},
            "request_templates": {
              "application/json": "{\"statusCode\": 200}"
            },
            "resource_id": "nciep3",
            "rest_api_id": "3kixvnepjc",
            "timeout_milliseconds": 29000,
            "tls_config": [],
            "type": "MOCK",
            "uri": ""
          },
          "sensitive_attributes": [],
          "private": "bnVsbA==",
          "dependencies": [
            "aws_api_gateway_rest_api.root_api",
            "module.get_users_gateway_resource.aws_api_gateway_resource.api_resource",
            "module.users_login_gateway_resource.aws_api_gateway_method.options_method",
            "module.users_login_gateway_resource.aws_api_gateway_resource.api_resource"
          ],
          "create_before_destroy": true
        }
      ]
    },
    {
      "module": "module.users_login_gateway_resource",
      "mode": "managed",
      "type": "aws_api_gateway_integration_response",
      "name": "options_integration_response",
      "provider": "provider[\"registry.terraform.io/hashicorp/aws\"]",
      "instances": [
        {
          "schema_version": 0,
          "attributes": {
            "content_handling": "",
            "http_method": "OPTIONS",
            "id": "agir-3kixvnepjc-nciep3-OPTIONS-200",
            "resource_id": "nciep3",
            "response_parameters": {
              "method.response.header.Access-Control-Allow-Headers": "'Content-Type,X-Amz-Date,Authorization,X-Api-Key,X-Amz-Security-Token'",
              "method.response.header.Access-Control-Allow-Methods": "'GET,OPTIONS,POST,PUT'",
              "method.response.header.Access-Control-Allow-Origin": "'*'"
            },
            "response_templates": {},
            "rest_api_id": "3kixvnepjc",
            "selection_pattern": "",
            "status_code": "200"
          },
          "sensitive_attributes": [],
          "private": "bnVsbA==",
          "dependencies": [
            "aws_api_gateway_rest_api.root_api",
            "module.get_users_gateway_resource.aws_api_gateway_resource.api_resource",
            "module.users_login_gateway_resource.aws_api_gateway_method.options_method",
            "module.users_login_gateway_resource.aws_api_gateway_method_response.options_200",
            "module.users_login_gateway_resource.aws_api_gateway_resource.api_resource"
          ]
        }
      ]
    },
    {
      "module": "module.users_login_gateway_resource",
      "mode": "managed",
      "type": "aws_api_gateway_method",
      "name": "method",
      "provider": "provider[\"registry.terraform.io/hashicorp/aws\"]",
      "instances": [
        {
          "index_key": "POST",
          "schema_version": 0,
          "attributes": {
            "api_key_required": false,
            "authorization": "NONE",
            "authorization_scopes": [],
            "authorizer_id": "",
            "http_method": "POST",
            "id": "agm-3kixvnepjc-nciep3-POST",
            "operation_name": "",
            "request_models": {},
            "request_parameters": {},
            "request_validator_id": "",
            "resource_id": "nciep3",
            "rest_api_id": "3kixvnepjc"
          },
          "sensitive_attributes": [],
          "private": "bnVsbA==",
          "dependencies": [
            "aws_api_gateway_rest_api.root_api",
            "module.get_users_gateway_resource.aws_api_gateway_resource.api_resource",
            "module.users_login_gateway_resource.aws_api_gateway_resource.api_resource"
          ],
          "create_before_destroy": true
        }
      ]
    },
    {
      "module": "module.users_login_gateway_resource",
      "mode": "managed",
      "type": "aws_api_gateway_method",
      "name": "options_method",
      "provider": "provider[\"registry.terraform.io/hashicorp/aws\"]",
      "instances": [
        {
          "schema_version": 0,
          "attributes": {
            "api_key_required": false,
            "authorization": "NONE",
            "authorization_scopes": [],
            "authorizer_id": "",
            "http_method": "OPTIONS",
            "id": "agm-3kixvnepjc-nciep3-OPTIONS",
            "operation_name": "",
            "request_models": {},
            "request_parameters": {},
            "request_validator_id": "",
            "resource_id": "nciep3",
            "rest_api_id": "3kixvnepjc"
          },
          "sensitive_attributes": [],
          "private": "bnVsbA==",
          "dependencies": [
            "aws_api_gateway_rest_api.root_api",
            "module.get_users_gateway_resource.aws_api_gateway_resource.api_resource",
            "module.users_login_gateway_resource.aws_api_gateway_resource.api_resource"
          ],
          "create_before_destroy": true
        }
      ]
    },
    {
      "module": "module.users_login_gateway_resource",
      "mode": "managed",
      "type": "aws_api_gateway_method_response",
      "name": "options_200",
      "provider": "provider[\"registry.terraform.io/hashicorp/aws\"]",
      "instances": [
        {
          "schema_version": 0,
          "attributes": {
            "http_method": "OPTIONS",
            "id": "agmr-3kixvnepjc-nciep3-OPTIONS-200",
            "resource_id": "nciep3",
            "response_models": {
              "application/json": "Empty"
            },
            "response_parameters": {
              "method.response.header.Access-Control-Allow-Headers": true,
              "method.response.header.Access-Control-Allow-Methods": true,
              "method.response.header.Access-Control-Allow-Origin": true
            },
            "rest_api_id": "3kixvnepjc",
            "status_code": "200"
          },
          "sensitive_attributes": [],
          "private": "bnVsbA==",
          "dependencies": [
            "aws_api_gateway_rest_api.root_api",
            "module.get_users_gateway_resource.aws_api_gateway_resource.api_resource",
            "module.users_login_gateway_resource.aws_api_gateway_method.options_method",
            "module.users_login_gateway_resource.aws_api_gateway_resource.api_resource"
          ],
          "create_before_destroy": true
        }
      ]
    },
    {
      "module": "module.users_login_gateway_resource",
      "mode": "managed",
      "type": "aws_api_gateway_resource",
      "name": "api_resource",
      "provider": "provider[\"registry.terraform.io/hashicorp/aws\"]",
      "instances": [
        {
          "schema_version": 0,
          "attributes": {
            "id": "nciep3",
            "parent_id": "eps8ww",
            "path": "/users/login",
            "path_part": "login",
            "rest_api_id": "3kixvnepjc"
          },
          "sensitive_attributes": [],
          "private": "bnVsbA==",
          "dependencies": [
            "aws_api_gateway_rest_api.root_api",
            "module.get_users_gateway_resource.aws_api_gateway_resource.api_resource"
          ],
          "create_before_destroy": true
        }
      ]
    },
    {
      "module": "module.users_login_gateway_resource",
      "mode": "managed",
      "type": "aws_lambda_permission",
      "name": "apigw_lambda_permission",
      "provider": "provider[\"registry.terraform.io/hashicorp/aws\"]",
      "instances": [
        {
          "index_key": "POST",
          "schema_version": 0,
          "attributes": {
            "action": "lambda:InvokeFunction",
            "event_source_token": null,
            "function_name": "vlim-ws-chat-dev-ver-i-user",
            "id": "vlim-ws-chat-dev-ver-i-root-apiAllow-users-loginPOSTInvoke",
            "principal": "apigateway.amazonaws.com",
            "qualifier": "",
            "source_account": null,
            "source_arn": "arn:aws:execute-api:ap-southeast-1:097947100355:3kixvnepjc/*/POST/users/login",
            "statement_id": "vlim-ws-chat-dev-ver-i-root-apiAllow-users-loginPOSTInvoke",
            "statement_id_prefix": null
          },
          "sensitive_attributes": [],
          "private": "bnVsbA==",
          "dependencies": [
            "aws_api_gateway_rest_api.root_api",
            "aws_dynamodb_table.message-dynamodb-table",
            "aws_dynamodb_table.socket-connection-dynamodb-table",
            "aws_dynamodb_table.users-dynamodb-table",
            "aws_iam_role.full_access_dynamodb_lambda_role",
            "aws_lambda_function.user",
            "aws_lambda_layer_version.core_lib_layer",
            "aws_lambda_layer_version.image_processing_libs_layer",
            "aws_lambda_layer_version.python_libs_layer",
            "module.chat_engine.aws_apigatewayv2_api.socket_api_gateway",
            "module.chat_engine.aws_apigatewayv2_deployment.socket_deployment",
            "module.chat_engine.aws_apigatewayv2_stage.stage",
            "module.chat_engine.aws_iam_role.socket_lambda_role",
            "module.chat_engine.data.aws_iam_policy_document.lambda_assume_role_policy",
            "module.chat_engine.module.configuration_route.aws_apigatewayv2_integration.route_integration",
            "module.chat_engine.module.configuration_route.aws_apigatewayv2_route.route",
            "module.chat_engine.module.configuration_route.aws_lambda_function.socket_route_lambda",
            "module.chat_engine.module.connect_route.aws_apigatewayv2_integration.route_integration",
            "module.chat_engine.module.connect_route.aws_apigatewayv2_route.route",
            "module.chat_engine.module.connect_route.aws_lambda_function.socket_route_lambda",
            "module.chat_engine.module.disconnect_route.aws_apigatewayv2_integration.route_integration",
            "module.chat_engine.module.disconnect_route.aws_apigatewayv2_route.route",
            "module.chat_engine.module.disconnect_route.aws_lambda_function.socket_route_lambda",
            "module.chat_engine.module.sendmessage_route.aws_apigatewayv2_integration.route_integration",
            "module.chat_engine.module.sendmessage_route.aws_apigatewayv2_route.route",
            "module.chat_engine.module.sendmessage_route.aws_lambda_function.socket_route_lambda",
            "module.get_users_gateway_resource.aws_api_gateway_resource.api_resource",
            "module.users_login_gateway_resource.aws_api_gateway_resource.api_resource"
          ]
        }
      ]
    },
    {
      "module": "module.users_signup_gateway_resource",
      "mode": "managed",
      "type": "aws_api_gateway_integration",
      "name": "api_integration",
      "provider": "provider[\"registry.terraform.io/hashicorp/aws\"]",
      "instances": [
        {
          "index_key": "POST",
          "schema_version": 0,
          "attributes": {
            "cache_key_parameters": [],
            "cache_namespace": "nuno4t",
            "connection_id": "",
            "connection_type": "INTERNET",
            "content_handling": "",
            "credentials": "",
            "http_method": "POST",
            "id": "agi-3kixvnepjc-nuno4t-POST",
            "integration_http_method": "POST",
            "passthrough_behavior": "WHEN_NO_MATCH",
            "request_parameters": {},
            "request_templates": {},
            "resource_id": "nuno4t",
            "rest_api_id": "3kixvnepjc",
            "timeout_milliseconds": 29000,
            "tls_config": [],
            "type": "AWS_PROXY",
            "uri": "arn:aws:apigateway:ap-southeast-1:lambda:path/2015-03-31/functions/arn:aws:lambda:ap-southeast-1:097947100355:function:vlim-ws-chat-dev-ver-i-user/invocations"
          },
          "sensitive_attributes": [],
          "private": "bnVsbA==",
          "dependencies": [
            "aws_api_gateway_rest_api.root_api",
            "aws_dynamodb_table.message-dynamodb-table",
            "aws_dynamodb_table.socket-connection-dynamodb-table",
            "aws_dynamodb_table.users-dynamodb-table",
            "aws_iam_role.full_access_dynamodb_lambda_role",
            "aws_lambda_function.user",
            "aws_lambda_layer_version.core_lib_layer",
            "aws_lambda_layer_version.image_processing_libs_layer",
            "aws_lambda_layer_version.python_libs_layer",
            "module.chat_engine.aws_apigatewayv2_api.socket_api_gateway",
            "module.chat_engine.aws_apigatewayv2_deployment.socket_deployment",
            "module.chat_engine.aws_apigatewayv2_stage.stage",
            "module.chat_engine.aws_iam_role.socket_lambda_role",
            "module.chat_engine.data.aws_iam_policy_document.lambda_assume_role_policy",
            "module.chat_engine.module.configuration_route.aws_apigatewayv2_integration.route_integration",
            "module.chat_engine.module.configuration_route.aws_apigatewayv2_route.route",
            "module.chat_engine.module.configuration_route.aws_lambda_function.socket_route_lambda",
            "module.chat_engine.module.connect_route.aws_apigatewayv2_integration.route_integration",
            "module.chat_engine.module.connect_route.aws_apigatewayv2_route.route",
            "module.chat_engine.module.connect_route.aws_lambda_function.socket_route_lambda",
            "module.chat_engine.module.disconnect_route.aws_apigatewayv2_integration.route_integration",
            "module.chat_engine.module.disconnect_route.aws_apigatewayv2_route.route",
            "module.chat_engine.module.disconnect_route.aws_lambda_function.socket_route_lambda",
            "module.chat_engine.module.sendmessage_route.aws_apigatewayv2_integration.route_integration",
            "module.chat_engine.module.sendmessage_route.aws_apigatewayv2_route.route",
            "module.chat_engine.module.sendmessage_route.aws_lambda_function.socket_route_lambda",
            "module.get_users_gateway_resource.aws_api_gateway_resource.api_resource",
            "module.users_signup_gateway_resource.aws_api_gateway_method.method",
            "module.users_signup_gateway_resource.aws_api_gateway_resource.api_resource"
          ],
          "create_before_destroy": true
        }
      ]
    },
    {
      "module": "module.users_signup_gateway_resource",
      "mode": "managed",
      "type": "aws_api_gateway_integration",
      "name": "options_integration",
      "provider": "provider[\"registry.terraform.io/hashicorp/aws\"]",
      "instances": [
        {
          "schema_version": 0,
          "attributes": {
            "cache_key_parameters": [],
            "cache_namespace": "nuno4t",
            "connection_id": "",
            "connection_type": "INTERNET",
            "content_handling": "",
            "credentials": "",
            "http_method": "OPTIONS",
            "id": "agi-3kixvnepjc-nuno4t-OPTIONS",
            "integration_http_method": "",
            "passthrough_behavior": "WHEN_NO_MATCH",
            "request_parameters": {},
            "request_templates": {
              "application/json": "{\"statusCode\": 200}"
            },
            "resource_id": "nuno4t",
            "rest_api_id": "3kixvnepjc",
            "timeout_milliseconds": 29000,
            "tls_config": [],
            "type": "MOCK",
            "uri": ""
          },
          "sensitive_attributes": [],
          "private": "bnVsbA==",
          "dependencies": [
            "aws_api_gateway_rest_api.root_api",
            "module.get_users_gateway_resource.aws_api_gateway_resource.api_resource",
            "module.users_signup_gateway_resource.aws_api_gateway_method.options_method",
            "module.users_signup_gateway_resource.aws_api_gateway_resource.api_resource"
          ],
          "create_before_destroy": true
        }
      ]
    },
    {
      "module": "module.users_signup_gateway_resource",
      "mode": "managed",
      "type": "aws_api_gateway_integration_response",
      "name": "options_integration_response",
      "provider": "provider[\"registry.terraform.io/hashicorp/aws\"]",
      "instances": [
        {
          "schema_version": 0,
          "attributes": {
            "content_handling": "",
            "http_method": "OPTIONS",
            "id": "agir-3kixvnepjc-nuno4t-OPTIONS-200",
            "resource_id": "nuno4t",
            "response_parameters": {
              "method.response.header.Access-Control-Allow-Headers": "'Content-Type,X-Amz-Date,Authorization,X-Api-Key,X-Amz-Security-Token'",
              "method.response.header.Access-Control-Allow-Methods": "'GET,OPTIONS,POST,PUT'",
              "method.response.header.Access-Control-Allow-Origin": "'*'"
            },
            "response_templates": {},
            "rest_api_id": "3kixvnepjc",
            "selection_pattern": "",
            "status_code": "200"
          },
          "sensitive_attributes": [],
          "private": "bnVsbA==",
          "dependencies": [
            "aws_api_gateway_rest_api.root_api",
            "module.get_users_gateway_resource.aws_api_gateway_resource.api_resource",
            "module.users_signup_gateway_resource.aws_api_gateway_method.options_method",
            "module.users_signup_gateway_resource.aws_api_gateway_method_response.options_200",
            "module.users_signup_gateway_resource.aws_api_gateway_resource.api_resource"
          ]
        }
      ]
    },
    {
      "module": "module.users_signup_gateway_resource",
      "mode": "managed",
      "type": "aws_api_gateway_method",
      "name": "method",
      "provider": "provider[\"registry.terraform.io/hashicorp/aws\"]",
      "instances": [
        {
          "index_key": "POST",
          "schema_version": 0,
          "attributes": {
            "api_key_required": false,
            "authorization": "NONE",
            "authorization_scopes": [],
            "authorizer_id": "",
            "http_method": "POST",
            "id": "agm-3kixvnepjc-nuno4t-POST",
            "operation_name": "",
            "request_models": {},
            "request_parameters": {},
            "request_validator_id": "",
            "resource_id": "nuno4t",
            "rest_api_id": "3kixvnepjc"
          },
          "sensitive_attributes": [],
          "private": "bnVsbA==",
          "dependencies": [
            "aws_api_gateway_rest_api.root_api",
            "module.get_users_gateway_resource.aws_api_gateway_resource.api_resource",
            "module.users_signup_gateway_resource.aws_api_gateway_resource.api_resource"
          ],
          "create_before_destroy": true
        }
      ]
    },
    {
      "module": "module.users_signup_gateway_resource",
      "mode": "managed",
      "type": "aws_api_gateway_method",
      "name": "options_method",
      "provider": "provider[\"registry.terraform.io/hashicorp/aws\"]",
      "instances": [
        {
          "schema_version": 0,
          "attributes": {
            "api_key_required": false,
            "authorization": "NONE",
            "authorization_scopes": [],
            "authorizer_id": "",
            "http_method": "OPTIONS",
            "id": "agm-3kixvnepjc-nuno4t-OPTIONS",
            "operation_name": "",
            "request_models": {},
            "request_parameters": {},
            "request_validator_id": "",
            "resource_id": "nuno4t",
            "rest_api_id": "3kixvnepjc"
          },
          "sensitive_attributes": [],
          "private": "bnVsbA==",
          "dependencies": [
            "aws_api_gateway_rest_api.root_api",
            "module.get_users_gateway_resource.aws_api_gateway_resource.api_resource",
            "module.users_signup_gateway_resource.aws_api_gateway_resource.api_resource"
          ],
          "create_before_destroy": true
        }
      ]
    },
    {
      "module": "module.users_signup_gateway_resource",
      "mode": "managed",
      "type": "aws_api_gateway_method_response",
      "name": "options_200",
      "provider": "provider[\"registry.terraform.io/hashicorp/aws\"]",
      "instances": [
        {
          "schema_version": 0,
          "attributes": {
            "http_method": "OPTIONS",
            "id": "agmr-3kixvnepjc-nuno4t-OPTIONS-200",
            "resource_id": "nuno4t",
            "response_models": {
              "application/json": "Empty"
            },
            "response_parameters": {
              "method.response.header.Access-Control-Allow-Headers": true,
              "method.response.header.Access-Control-Allow-Methods": true,
              "method.response.header.Access-Control-Allow-Origin": true
            },
            "rest_api_id": "3kixvnepjc",
            "status_code": "200"
          },
          "sensitive_attributes": [],
          "private": "bnVsbA==",
          "dependencies": [
            "aws_api_gateway_rest_api.root_api",
            "module.get_users_gateway_resource.aws_api_gateway_resource.api_resource",
            "module.users_signup_gateway_resource.aws_api_gateway_method.options_method",
            "module.users_signup_gateway_resource.aws_api_gateway_resource.api_resource"
          ],
          "create_before_destroy": true
        }
      ]
    },
    {
      "module": "module.users_signup_gateway_resource",
      "mode": "managed",
      "type": "aws_api_gateway_resource",
      "name": "api_resource",
      "provider": "provider[\"registry.terraform.io/hashicorp/aws\"]",
      "instances": [
        {
          "schema_version": 0,
          "attributes": {
            "id": "nuno4t",
            "parent_id": "eps8ww",
            "path": "/users/signup",
            "path_part": "signup",
            "rest_api_id": "3kixvnepjc"
          },
          "sensitive_attributes": [],
          "private": "bnVsbA==",
          "dependencies": [
            "aws_api_gateway_rest_api.root_api",
            "module.get_users_gateway_resource.aws_api_gateway_resource.api_resource"
          ],
          "create_before_destroy": true
        }
      ]
    },
    {
      "module": "module.users_signup_gateway_resource",
      "mode": "managed",
      "type": "aws_lambda_permission",
      "name": "apigw_lambda_permission",
      "provider": "provider[\"registry.terraform.io/hashicorp/aws\"]",
      "instances": [
        {
          "index_key": "POST",
          "schema_version": 0,
          "attributes": {
            "action": "lambda:InvokeFunction",
            "event_source_token": null,
            "function_name": "vlim-ws-chat-dev-ver-i-user",
            "id": "vlim-ws-chat-dev-ver-i-root-apiAllow-users-signupPOSTInvoke",
            "principal": "apigateway.amazonaws.com",
            "qualifier": "",
            "source_account": null,
            "source_arn": "arn:aws:execute-api:ap-southeast-1:097947100355:3kixvnepjc/*/POST/users/signup",
            "statement_id": "vlim-ws-chat-dev-ver-i-root-apiAllow-users-signupPOSTInvoke",
            "statement_id_prefix": null
          },
          "sensitive_attributes": [],
          "private": "bnVsbA==",
          "dependencies": [
            "aws_api_gateway_rest_api.root_api",
            "aws_dynamodb_table.message-dynamodb-table",
            "aws_dynamodb_table.socket-connection-dynamodb-table",
            "aws_dynamodb_table.users-dynamodb-table",
            "aws_iam_role.full_access_dynamodb_lambda_role",
            "aws_lambda_function.user",
            "aws_lambda_layer_version.core_lib_layer",
            "aws_lambda_layer_version.image_processing_libs_layer",
            "aws_lambda_layer_version.python_libs_layer",
            "module.chat_engine.aws_apigatewayv2_api.socket_api_gateway",
            "module.chat_engine.aws_apigatewayv2_deployment.socket_deployment",
            "module.chat_engine.aws_apigatewayv2_stage.stage",
            "module.chat_engine.aws_iam_role.socket_lambda_role",
            "module.chat_engine.data.aws_iam_policy_document.lambda_assume_role_policy",
            "module.chat_engine.module.configuration_route.aws_apigatewayv2_integration.route_integration",
            "module.chat_engine.module.configuration_route.aws_apigatewayv2_route.route",
            "module.chat_engine.module.configuration_route.aws_lambda_function.socket_route_lambda",
            "module.chat_engine.module.connect_route.aws_apigatewayv2_integration.route_integration",
            "module.chat_engine.module.connect_route.aws_apigatewayv2_route.route",
            "module.chat_engine.module.connect_route.aws_lambda_function.socket_route_lambda",
            "module.chat_engine.module.disconnect_route.aws_apigatewayv2_integration.route_integration",
            "module.chat_engine.module.disconnect_route.aws_apigatewayv2_route.route",
            "module.chat_engine.module.disconnect_route.aws_lambda_function.socket_route_lambda",
            "module.chat_engine.module.sendmessage_route.aws_apigatewayv2_integration.route_integration",
            "module.chat_engine.module.sendmessage_route.aws_apigatewayv2_route.route",
            "module.chat_engine.module.sendmessage_route.aws_lambda_function.socket_route_lambda",
            "module.get_users_gateway_resource.aws_api_gateway_resource.api_resource",
            "module.users_signup_gateway_resource.aws_api_gateway_resource.api_resource"
          ]
        }
      ]
    }
  ]
}
